{
  "version": 4,
  "terraform_version": "1.13.2",
  "serial": 14674,
  "lineage": "5f26ffdf-d033-b46c-9155-5a1f45b6b066",
  "outputs": {
    "acm_certificate_arn": {
      "value": "arn:aws:acm:eu-north-1:610964304971:certificate/6cea771c-f3f2-41ee-996b-d15a51239f36",
      "type": "string"
    },
    "alb_arn": {
      "value": "arn:aws:elasticloadbalancing:eu-north-1:610964304971:loadbalancer/app/devops-quiz-eks-alb/9314541b42770e15",
      "type": "string"
    },
    "alb_controller_role_arn": {
      "value": "arn:aws:iam::610964304971:role/devops-quiz-alb-controller-irsa",
      "type": "string"
    },
    "alb_dns_name": {
      "value": "devops-quiz-eks-alb-549904150.eu-north-1.elb.amazonaws.com",
      "type": "string"
    },
    "alb_name": {
      "value": "devops-quiz-eks-alb",
      "type": "string"
    },
    "alb_security_group_id": {
      "value": "sg-06c8e81ce291ec63d",
      "type": "string"
    },
    "alb_zone_id": {
      "value": "Z23TAZ6LKFMNIO",
      "type": "string"
    },
    "argocd_target_group_arn": {
      "value": "arn:aws:elasticloadbalancing:eu-north-1:610964304971:targetgroup/devops-quiz-eks-argocd-tg/0243884bab636227",
      "type": "string"
    },
    "argocd_url": {
      "value": "https://argocd.weatherlabs.org",
      "type": "string"
    },
    "aws_auth_configmap": {
      "value": {
        "configmap_name": "aws-auth",
        "configmap_namespace": "kube-system",
        "managed_by": "prod_cluster.kubernetes"
      },
      "type": [
        "object",
        {
          "configmap_name": "string",
          "configmap_namespace": "string",
          "managed_by": "string"
        }
      ]
    },
    "ebs_csi_driver_role_arn": {
      "value": "arn:aws:iam::610964304971:role/devops-quiz-ebs-csi-driver-role",
      "type": "string"
    },
    "eks_cluster_ca_certificate": {
      "value": "LS0tLS1CRUdJTiBDRVJUSUZJQ0FURS0tLS0tCk1JSURCVENDQWUyZ0F3SUJBZ0lJTUVML0VSWU1KVGd3RFFZSktvWklodmNOQVFFTEJRQXdGVEVUTUJFR0ExVUUKQXhNS2EzVmlaWEp1WlhSbGN6QWVGdzB5TlRFeE1URXhNVFEzTlROYUZ3MHpOVEV4TURreE1UVXlOVE5hTUJVeApFekFSQmdOVkJBTVRDbXQxWW1WeWJtVjBaWE13Z2dFaU1BMEdDU3FHU0liM0RRRUJBUVVBQTRJQkR3QXdnZ0VLCkFvSUJBUUQ3UUNnR1NiNWJlMVk2ZFp2b3R0QmNvb0FhYmdoSld4UFkyWGRmclB0N0xTK2xPVUVVa3huNzNnRHUKa003QWhTdS9RZFJNVWxEOUdZV0pHRGVqejNseXYyME8vOUdsS2NDNTg2TEVJUWwyeW40WVluRXNOZEE5Q1lBSgo1azZ0RE82Vm9iOHFMeGtpUW94OGxrRnZYTC9IUEVaYXZFbjdiVEx4MkZVUE56Y3d6bUcvWXVJNjVLQ1F6MUMzCmJzZ2hxNldQSVkrL3p3dVVqKzZ4c3B1cHZVYnhubVpFekpGaVhmcWxmTzNzMEo0ZEU5NE5OQkVGUWlMcmZITWYKalJxbjZKdXhXSDBrT3hKSTNEb3hYQ3VuN2tDQ1JGMXgzNzlzLzJwOFNwNG9wMXB2aDZaS0pTT2FhazlkTHZycgo0TFo2ZnpJRkIzeWRHVkRhTmJRVGFDbExaZnFuQWdNQkFBR2pXVEJYTUE0R0ExVWREd0VCL3dRRUF3SUNwREFQCkJnTlZIUk1CQWY4RUJUQURBUUgvTUIwR0ExVWREZ1FXQkJSdmFnRXBpU3BSZnFMUnBpaU1pQkxSNC8xM3BUQVYKQmdOVkhSRUVEakFNZ2dwcmRXSmxjbTVsZEdWek1BMEdDU3FHU0liM0RRRUJDd1VBQTRJQkFRQ2tnekQ1VXpLagpxK28xSG5tSFZBQVZ4OUVVM1dqTU9HbnVMcEFUalR4TldMSS9wRFpVZlRQK3AxSWtlUmVTR0hOZUFUL05LbUMxCm56MVVZOWtaZkorRXZtTmp2Ykk1eVlQMHgzUURWTUM4d1lZTndkR1VGRzI5cWcwRGU3emJRZHFvb1kxbE1MbGcKUms0WDhyU1ZiR2ZEZ2tZYXEzay9DbW5kVC83QUdTTWRiRFkwK0E4OUhaUDVEOFBVUFVlL2xQK1B2VHlhR1pVTApCMW1Yd1p6TTNGcFBZdFlTUzFQKzY0anorM1ZKVXJMdkkwT2diUnpxOHEwLzVPU1NkdFNDeWJ0Y0h6dXBmZkxXCmZocytDSm52cjU4VnhuVlhEWWdCU3cweFhFSGdLY3FJV0UzTVVFZFljd0VvazhhcU93Nk1ycmRyV0lTSVB4ZGYKMGE1UVRvNkxIbVIxCi0tLS0tRU5EIENFUlRJRklDQVRFLS0tLS0K",
      "type": "string",
      "sensitive": true
    },
    "eks_cluster_endpoint": {
      "value": "https://C3FD7D82FEB99FFCFB43226371C86AAA.gr7.eu-north-1.eks.amazonaws.com",
      "type": "string"
    },
    "eks_cluster_name": {
      "value": "devops-quiz-eks",
      "type": "string"
    },
    "external_secrets_role_arn": {
      "value": "arn:aws:iam::610964304971:role/devops-quiz-external-secrets-irsa",
      "type": "string"
    },
    "jenkins_instance_id": {
      "value": "i-073c38cffeb158fa6",
      "type": "string"
    },
    "jenkins_private_ip": {
      "value": "10.0.4.59",
      "type": "string"
    },
    "jenkins_security_group_id": {
      "value": "sg-078243dc7754bacd2",
      "type": "string"
    },
    "private_subnet_ids": {
      "value": [
        "subnet-09a4843c98a8dcb8e",
        "subnet-08eaeacff5eb95b1f"
      ],
      "type": [
        "tuple",
        [
          "string",
          "string"
        ]
      ]
    },
    "prod_eks_cluster_arn": {
      "value": "arn:aws:eks:eu-north-1:610964304971:cluster/devops-quiz-eks",
      "type": "string"
    },
    "prod_eks_cluster_endpoint": {
      "value": "https://C3FD7D82FEB99FFCFB43226371C86AAA.gr7.eu-north-1.eks.amazonaws.com",
      "type": "string"
    },
    "prod_eks_cluster_id": {
      "value": "devops-quiz-eks",
      "type": "string"
    },
    "prod_eks_kubectl_config_command": {
      "value": "aws eks update-kubeconfig --region eu-north-1 --name devops-quiz-eks",
      "type": "string"
    },
    "prod_jenkins_integration": {
      "value": {
        "kubectl_command": "aws eks update-kubeconfig --region eu-north-1 --name devops-quiz-eks"
      },
      "type": [
        "object",
        {
          "kubectl_command": "string"
        }
      ]
    },
    "public_subnet_ids": {
      "value": [
        "subnet-06f00d26a06aeda30",
        "subnet-04286572934b29f17"
      ],
      "type": [
        "tuple",
        [
          "string",
          "string"
        ]
      ]
    },
    "quiz_app_target_group_arn": {
      "value": "arn:aws:elasticloadbalancing:eu-north-1:610964304971:targetgroup/devops-quiz-eks-quiz-backend-tg/b25bc99905ec48bd",
      "type": "string"
    },
    "quiz_app_url": {
      "value": "https://quiz.weatherlabs.org",
      "type": "string"
    },
    "quiz_backend_target_group_arn": {
      "value": "arn:aws:elasticloadbalancing:eu-north-1:610964304971:targetgroup/devops-quiz-eks-quiz-backend-tg/b25bc99905ec48bd",
      "type": "string"
    },
    "quiz_frontend_target_group_arn": {
      "value": "arn:aws:elasticloadbalancing:eu-north-1:610964304971:targetgroup/devops-quiz-eks-quiz-frontend-tg/d43c04e8f2b1e0f6",
      "type": "string"
    },
    "region": {
      "value": "eu-north-1",
      "type": "string"
    },
    "vpc_id": {
      "value": "vpc-08d3d5be591726bdb",
      "type": "string"
    }
  },
  "resources": [
    {
      "mode": "data",
      "type": "aws_route53_zone",
      "name": "public_for_alb",
      "provider": "provider[\"registry.terraform.io/hashicorp/aws\"]",
      "instances": [
        {
          "index_key": 0,
          "schema_version": 0,
          "attributes": {
            "arn": "arn:aws:route53:::hostedzone/Z06307832TD07PZVN77GO",
            "caller_reference": "f8b15066-a0ea-4094-9821-939626f05de8",
            "comment": "",
            "id": "Z06307832TD07PZVN77GO",
            "linked_service_description": null,
            "linked_service_principal": null,
            "name": "weatherlabs.org",
            "name_servers": [
              "ns-34.awsdns-04.com",
              "ns-589.awsdns-09.net",
              "ns-1141.awsdns-14.org",
              "ns-1717.awsdns-22.co.uk"
            ],
            "primary_name_server": "ns-34.awsdns-04.com",
            "private_zone": false,
            "resource_record_set_count": 9,
            "tags": {},
            "vpc_id": null,
            "zone_id": "Z06307832TD07PZVN77GO"
          },
          "sensitive_attributes": [],
          "identity_schema_version": 0
        }
      ]
    },
    {
      "mode": "managed",
      "type": "aws_route53_record",
      "name": "argocd_alb",
      "provider": "provider[\"registry.terraform.io/hashicorp/aws\"]",
      "instances": [
        {
          "index_key": 0,
          "schema_version": 2,
          "attributes": {
            "alias": [
              {
                "evaluate_target_health": true,
                "name": "devops-quiz-eks-alb-549904150.eu-north-1.elb.amazonaws.com",
                "zone_id": "Z23TAZ6LKFMNIO"
              }
            ],
            "allow_overwrite": null,
            "cidr_routing_policy": [],
            "failover_routing_policy": [],
            "fqdn": "argocd.weatherlabs.org",
            "geolocation_routing_policy": [],
            "geoproximity_routing_policy": [],
            "health_check_id": "",
            "id": "Z06307832TD07PZVN77GO_argocd.weatherlabs.org_A",
            "latency_routing_policy": [],
            "multivalue_answer_routing_policy": false,
            "name": "argocd.weatherlabs.org",
            "records": [],
            "set_identifier": "",
            "timeouts": null,
            "ttl": 0,
            "type": "A",
            "weighted_routing_policy": [],
            "zone_id": "Z06307832TD07PZVN77GO"
          },
          "sensitive_attributes": [],
          "identity_schema_version": 0,
          "private": "eyJlMmJmYjczMC1lY2FhLTExZTYtOGY4OC0zNDM2M2JjN2M0YzAiOnsiY3JlYXRlIjoxODAwMDAwMDAwMDAwLCJkZWxldGUiOjE4MDAwMDAwMDAwMDAsInVwZGF0ZSI6MTgwMDAwMDAwMDAwMH0sInNjaGVtYV92ZXJzaW9uIjoiMiJ9",
          "dependencies": [
            "data.aws_route53_zone.public_for_alb",
            "module.iam.aws_iam_instance_profile.ec2_instance_profile",
            "module.iam.aws_iam_role.ebs_csi_driver",
            "module.iam.aws_iam_role.ec2_instance_role",
            "module.jenkins.aws_instance.jenkins",
            "module.prod_cluster.module.addons.aws_eks_addon.coredns",
            "module.prod_cluster.module.addons.aws_eks_addon.ebs_csi_driver",
            "module.prod_cluster.module.addons.aws_eks_addon.kube_proxy",
            "module.prod_cluster.module.addons.aws_eks_addon.vpc_cni",
            "module.prod_cluster.module.addons.data.aws_eks_addon_version.coredns",
            "module.prod_cluster.module.addons.data.aws_eks_addon_version.ebs_csi_driver",
            "module.prod_cluster.module.addons.data.aws_eks_addon_version.kube_proxy",
            "module.prod_cluster.module.addons.data.aws_eks_addon_version.vpc_cni",
            "module.prod_cluster.module.alb.aws_lb.main",
            "module.prod_cluster.module.alb.aws_lb_listener.http",
            "module.prod_cluster.module.alb.aws_lb_listener.http_passthrough",
            "module.prod_cluster.module.alb.aws_lb_listener.https",
            "module.prod_cluster.module.alb.aws_lb_listener_rule.argocd",
            "module.prod_cluster.module.alb.aws_lb_listener_rule.jenkins",
            "module.prod_cluster.module.alb.aws_lb_listener_rule.quiz_backend_api",
            "module.prod_cluster.module.alb.aws_lb_listener_rule.quiz_frontend",
            "module.prod_cluster.module.alb.aws_lb_target_group.argocd",
            "module.prod_cluster.module.alb.aws_lb_target_group.default",
            "module.prod_cluster.module.alb.aws_lb_target_group.jenkins",
            "module.prod_cluster.module.alb.aws_lb_target_group.quiz_backend",
            "module.prod_cluster.module.alb.aws_lb_target_group.quiz_frontend",
            "module.prod_cluster.module.alb.aws_lb_target_group_attachment.jenkins",
            "module.prod_cluster.module.alb.aws_security_group.alb",
            "module.prod_cluster.module.eks_cluster.data.aws_caller_identity.current",
            "module.prod_cluster.module.eks_cluster.module.eks.aws_cloudwatch_log_group.this",
            "module.prod_cluster.module.eks_cluster.module.eks.aws_ec2_tag.cluster_primary_security_group",
            "module.prod_cluster.module.eks_cluster.module.eks.aws_eks_access_entry.this",
            "module.prod_cluster.module.eks_cluster.module.eks.aws_eks_access_policy_association.this",
            "module.prod_cluster.module.eks_cluster.module.eks.aws_eks_addon.before_compute",
            "module.prod_cluster.module.eks_cluster.module.eks.aws_eks_addon.this",
            "module.prod_cluster.module.eks_cluster.module.eks.aws_eks_cluster.this",
            "module.prod_cluster.module.eks_cluster.module.eks.aws_eks_identity_provider_config.this",
            "module.prod_cluster.module.eks_cluster.module.eks.aws_iam_openid_connect_provider.oidc_provider",
            "module.prod_cluster.module.eks_cluster.module.eks.aws_iam_policy.cluster_encryption",
            "module.prod_cluster.module.eks_cluster.module.eks.aws_iam_policy.cni_ipv6_policy",
            "module.prod_cluster.module.eks_cluster.module.eks.aws_iam_policy.custom",
            "module.prod_cluster.module.eks_cluster.module.eks.aws_iam_role.eks_auto",
            "module.prod_cluster.module.eks_cluster.module.eks.aws_iam_role.this",
            "module.prod_cluster.module.eks_cluster.module.eks.aws_iam_role_policy_attachment.additional",
            "module.prod_cluster.module.eks_cluster.module.eks.aws_iam_role_policy_attachment.cluster_encryption",
            "module.prod_cluster.module.eks_cluster.module.eks.aws_iam_role_policy_attachment.custom",
            "module.prod_cluster.module.eks_cluster.module.eks.aws_iam_role_policy_attachment.eks_auto",
            "module.prod_cluster.module.eks_cluster.module.eks.aws_iam_role_policy_attachment.eks_auto_additional",
            "module.prod_cluster.module.eks_cluster.module.eks.aws_iam_role_policy_attachment.this",
            "module.prod_cluster.module.eks_cluster.module.eks.aws_security_group.cluster",
            "module.prod_cluster.module.eks_cluster.module.eks.aws_security_group.node",
            "module.prod_cluster.module.eks_cluster.module.eks.aws_security_group_rule.cluster",
            "module.prod_cluster.module.eks_cluster.module.eks.aws_security_group_rule.node",
            "module.prod_cluster.module.eks_cluster.module.eks.data.aws_caller_identity.current",
            "module.prod_cluster.module.eks_cluster.module.eks.data.aws_eks_addon_version.this",
            "module.prod_cluster.module.eks_cluster.module.eks.data.aws_iam_policy_document.assume_role_policy",
            "module.prod_cluster.module.eks_cluster.module.eks.data.aws_iam_policy_document.cni_ipv6_policy",
            "module.prod_cluster.module.eks_cluster.module.eks.data.aws_iam_policy_document.custom",
            "module.prod_cluster.module.eks_cluster.module.eks.data.aws_iam_policy_document.node_assume_role_policy",
            "module.prod_cluster.module.eks_cluster.module.eks.data.aws_iam_session_context.current",
            "module.prod_cluster.module.eks_cluster.module.eks.data.aws_partition.current",
            "module.prod_cluster.module.eks_cluster.module.eks.data.tls_certificate.this",
            "module.prod_cluster.module.eks_cluster.module.eks.module.eks_managed_node_group.aws_autoscaling_schedule.this",
            "module.prod_cluster.module.eks_cluster.module.eks.module.eks_managed_node_group.aws_eks_node_group.this",
            "module.prod_cluster.module.eks_cluster.module.eks.module.eks_managed_node_group.aws_iam_role.this",
            "module.prod_cluster.module.eks_cluster.module.eks.module.eks_managed_node_group.aws_iam_role_policy.this",
            "module.prod_cluster.module.eks_cluster.module.eks.module.eks_managed_node_group.aws_iam_role_policy_attachment.additional",
            "module.prod_cluster.module.eks_cluster.module.eks.module.eks_managed_node_group.aws_iam_role_policy_attachment.this",
            "module.prod_cluster.module.eks_cluster.module.eks.module.eks_managed_node_group.aws_launch_template.this",
            "module.prod_cluster.module.eks_cluster.module.eks.module.eks_managed_node_group.aws_placement_group.this",
            "module.prod_cluster.module.eks_cluster.module.eks.module.eks_managed_node_group.data.aws_caller_identity.current",
            "module.prod_cluster.module.eks_cluster.module.eks.module.eks_managed_node_group.data.aws_ec2_instance_type.this",
            "module.prod_cluster.module.eks_cluster.module.eks.module.eks_managed_node_group.data.aws_ec2_instance_type_offerings.this",
            "module.prod_cluster.module.eks_cluster.module.eks.module.eks_managed_node_group.data.aws_iam_policy_document.assume_role_policy",
            "module.prod_cluster.module.eks_cluster.module.eks.module.eks_managed_node_group.data.aws_iam_policy_document.role",
            "module.prod_cluster.module.eks_cluster.module.eks.module.eks_managed_node_group.data.aws_partition.current",
            "module.prod_cluster.module.eks_cluster.module.eks.module.eks_managed_node_group.data.aws_ssm_parameter.ami",
            "module.prod_cluster.module.eks_cluster.module.eks.module.eks_managed_node_group.data.aws_subnets.placement_group",
            "module.prod_cluster.module.eks_cluster.module.eks.module.eks_managed_node_group.module.user_data.data.cloudinit_config.al2023_eks_managed_node_group",
            "module.prod_cluster.module.eks_cluster.module.eks.module.eks_managed_node_group.module.user_data.data.cloudinit_config.linux_eks_managed_node_group",
            "module.prod_cluster.module.eks_cluster.module.eks.module.eks_managed_node_group.module.user_data.null_resource.validate_cluster_service_cidr",
            "module.prod_cluster.module.eks_cluster.module.eks.module.fargate_profile.aws_eks_fargate_profile.this",
            "module.prod_cluster.module.eks_cluster.module.eks.module.fargate_profile.aws_iam_role.this",
            "module.prod_cluster.module.eks_cluster.module.eks.module.fargate_profile.aws_iam_role_policy.this",
            "module.prod_cluster.module.eks_cluster.module.eks.module.fargate_profile.aws_iam_role_policy_attachment.additional",
            "module.prod_cluster.module.eks_cluster.module.eks.module.fargate_profile.aws_iam_role_policy_attachment.this",
            "module.prod_cluster.module.eks_cluster.module.eks.module.fargate_profile.data.aws_caller_identity.current",
            "module.prod_cluster.module.eks_cluster.module.eks.module.fargate_profile.data.aws_iam_policy_document.assume_role_policy",
            "module.prod_cluster.module.eks_cluster.module.eks.module.fargate_profile.data.aws_iam_policy_document.role",
            "module.prod_cluster.module.eks_cluster.module.eks.module.fargate_profile.data.aws_partition.current",
            "module.prod_cluster.module.eks_cluster.module.eks.module.fargate_profile.data.aws_region.current",
            "module.prod_cluster.module.eks_cluster.module.eks.module.kms.aws_kms_alias.this",
            "module.prod_cluster.module.eks_cluster.module.eks.module.kms.aws_kms_external_key.this",
            "module.prod_cluster.module.eks_cluster.module.eks.module.kms.aws_kms_grant.this",
            "module.prod_cluster.module.eks_cluster.module.eks.module.kms.aws_kms_key.this",
            "module.prod_cluster.module.eks_cluster.module.eks.module.kms.aws_kms_replica_external_key.this",
            "module.prod_cluster.module.eks_cluster.module.eks.module.kms.aws_kms_replica_key.this",
            "module.prod_cluster.module.eks_cluster.module.eks.module.kms.data.aws_caller_identity.current",
            "module.prod_cluster.module.eks_cluster.module.eks.module.kms.data.aws_iam_policy_document.this",
            "module.prod_cluster.module.eks_cluster.module.eks.module.kms.data.aws_partition.current",
            "module.prod_cluster.module.eks_cluster.module.eks.module.self_managed_node_group.aws_autoscaling_group.this",
            "module.prod_cluster.module.eks_cluster.module.eks.module.self_managed_node_group.aws_autoscaling_schedule.this",
            "module.prod_cluster.module.eks_cluster.module.eks.module.self_managed_node_group.aws_eks_access_entry.this",
            "module.prod_cluster.module.eks_cluster.module.eks.module.self_managed_node_group.aws_iam_instance_profile.this",
            "module.prod_cluster.module.eks_cluster.module.eks.module.self_managed_node_group.aws_iam_role.this",
            "module.prod_cluster.module.eks_cluster.module.eks.module.self_managed_node_group.aws_iam_role_policy.this",
            "module.prod_cluster.module.eks_cluster.module.eks.module.self_managed_node_group.aws_iam_role_policy_attachment.additional",
            "module.prod_cluster.module.eks_cluster.module.eks.module.self_managed_node_group.aws_iam_role_policy_attachment.this",
            "module.prod_cluster.module.eks_cluster.module.eks.module.self_managed_node_group.aws_launch_template.this",
            "module.prod_cluster.module.eks_cluster.module.eks.module.self_managed_node_group.aws_placement_group.this",
            "module.prod_cluster.module.eks_cluster.module.eks.module.self_managed_node_group.data.aws_caller_identity.current",
            "module.prod_cluster.module.eks_cluster.module.eks.module.self_managed_node_group.data.aws_ec2_instance_type.this",
            "module.prod_cluster.module.eks_cluster.module.eks.module.self_managed_node_group.data.aws_ec2_instance_type_offerings.this",
            "module.prod_cluster.module.eks_cluster.module.eks.module.self_managed_node_group.data.aws_iam_policy_document.assume_role_policy",
            "module.prod_cluster.module.eks_cluster.module.eks.module.self_managed_node_group.data.aws_iam_policy_document.role",
            "module.prod_cluster.module.eks_cluster.module.eks.module.self_managed_node_group.data.aws_partition.current",
            "module.prod_cluster.module.eks_cluster.module.eks.module.self_managed_node_group.data.aws_ssm_parameter.ami",
            "module.prod_cluster.module.eks_cluster.module.eks.module.self_managed_node_group.data.aws_subnets.placement_group",
            "module.prod_cluster.module.eks_cluster.module.eks.module.self_managed_node_group.module.user_data.data.cloudinit_config.al2023_eks_managed_node_group",
            "module.prod_cluster.module.eks_cluster.module.eks.module.self_managed_node_group.module.user_data.data.cloudinit_config.linux_eks_managed_node_group",
            "module.prod_cluster.module.eks_cluster.module.eks.module.self_managed_node_group.module.user_data.null_resource.validate_cluster_service_cidr",
            "module.prod_cluster.module.eks_cluster.module.eks.time_sleep.this",
            "module.prod_cluster.module.node_groups.module.eks_managed_node_groups.aws_autoscaling_schedule.this",
            "module.prod_cluster.module.node_groups.module.eks_managed_node_groups.aws_eks_node_group.this",
            "module.prod_cluster.module.node_groups.module.eks_managed_node_groups.aws_iam_role.this",
            "module.prod_cluster.module.node_groups.module.eks_managed_node_groups.aws_iam_role_policy.this",
            "module.prod_cluster.module.node_groups.module.eks_managed_node_groups.aws_iam_role_policy_attachment.additional",
            "module.prod_cluster.module.node_groups.module.eks_managed_node_groups.aws_iam_role_policy_attachment.this",
            "module.prod_cluster.module.node_groups.module.eks_managed_node_groups.aws_launch_template.this",
            "module.prod_cluster.module.node_groups.module.eks_managed_node_groups.aws_placement_group.this",
            "module.prod_cluster.module.node_groups.module.eks_managed_node_groups.data.aws_caller_identity.current",
            "module.prod_cluster.module.node_groups.module.eks_managed_node_groups.data.aws_ec2_instance_type.this",
            "module.prod_cluster.module.node_groups.module.eks_managed_node_groups.data.aws_ec2_instance_type_offerings.this",
            "module.prod_cluster.module.node_groups.module.eks_managed_node_groups.data.aws_iam_policy_document.assume_role_policy",
            "module.prod_cluster.module.node_groups.module.eks_managed_node_groups.data.aws_iam_policy_document.role",
            "module.prod_cluster.module.node_groups.module.eks_managed_node_groups.data.aws_partition.current",
            "module.prod_cluster.module.node_groups.module.eks_managed_node_groups.data.aws_ssm_parameter.ami",
            "module.prod_cluster.module.node_groups.module.eks_managed_node_groups.data.aws_subnets.placement_group",
            "module.prod_cluster.module.node_groups.module.eks_managed_node_groups.module.user_data.data.cloudinit_config.al2023_eks_managed_node_group",
            "module.prod_cluster.module.node_groups.module.eks_managed_node_groups.module.user_data.data.cloudinit_config.linux_eks_managed_node_group",
            "module.prod_cluster.module.node_groups.module.eks_managed_node_groups.module.user_data.null_resource.validate_cluster_service_cidr",
            "module.prod_cluster.module.security_groups.aws_security_group_rule.jenkins_egress_to_eks",
            "module.prod_cluster.module.security_groups.aws_security_group_rule.jenkins_to_eks_api",
            "module.prod_cluster.module.security_groups.aws_security_group_rule.jenkins_to_worker_nodes",
            "module.route53.aws_acm_certificate.main",
            "module.route53.aws_acm_certificate_validation.main",
            "module.route53.aws_route53_record.cert_validation",
            "module.route53.data.aws_route53_zone.public",
            "module.security_groups.aws_security_group.jenkins",
            "module.vpc.module.subnets.aws_subnet.private",
            "module.vpc.module.subnets.aws_subnet.public",
            "module.vpc.module.vpc_core.aws_vpc.main"
          ]
        }
      ]
    },
    {
      "mode": "managed",
      "type": "aws_route53_record",
      "name": "jenkins_alb",
      "provider": "provider[\"registry.terraform.io/hashicorp/aws\"]",
      "instances": [
        {
          "index_key": 0,
          "schema_version": 2,
          "attributes": {
            "alias": [
              {
                "evaluate_target_health": true,
                "name": "devops-quiz-eks-alb-549904150.eu-north-1.elb.amazonaws.com",
                "zone_id": "Z23TAZ6LKFMNIO"
              }
            ],
            "allow_overwrite": null,
            "cidr_routing_policy": [],
            "failover_routing_policy": [],
            "fqdn": "jenkins.weatherlabs.org",
            "geolocation_routing_policy": [],
            "geoproximity_routing_policy": [],
            "health_check_id": "",
            "id": "Z06307832TD07PZVN77GO_jenkins.weatherlabs.org_A",
            "latency_routing_policy": [],
            "multivalue_answer_routing_policy": false,
            "name": "jenkins.weatherlabs.org",
            "records": [],
            "set_identifier": "",
            "timeouts": null,
            "ttl": 0,
            "type": "A",
            "weighted_routing_policy": [],
            "zone_id": "Z06307832TD07PZVN77GO"
          },
          "sensitive_attributes": [],
          "identity_schema_version": 0,
          "private": "eyJlMmJmYjczMC1lY2FhLTExZTYtOGY4OC0zNDM2M2JjN2M0YzAiOnsiY3JlYXRlIjoxODAwMDAwMDAwMDAwLCJkZWxldGUiOjE4MDAwMDAwMDAwMDAsInVwZGF0ZSI6MTgwMDAwMDAwMDAwMH0sInNjaGVtYV92ZXJzaW9uIjoiMiJ9",
          "dependencies": [
            "data.aws_route53_zone.public_for_alb",
            "module.iam.aws_iam_instance_profile.ec2_instance_profile",
            "module.iam.aws_iam_role.ebs_csi_driver",
            "module.iam.aws_iam_role.ec2_instance_role",
            "module.jenkins.aws_instance.jenkins",
            "module.prod_cluster.module.addons.aws_eks_addon.coredns",
            "module.prod_cluster.module.addons.aws_eks_addon.ebs_csi_driver",
            "module.prod_cluster.module.addons.aws_eks_addon.kube_proxy",
            "module.prod_cluster.module.addons.aws_eks_addon.vpc_cni",
            "module.prod_cluster.module.addons.data.aws_eks_addon_version.coredns",
            "module.prod_cluster.module.addons.data.aws_eks_addon_version.ebs_csi_driver",
            "module.prod_cluster.module.addons.data.aws_eks_addon_version.kube_proxy",
            "module.prod_cluster.module.addons.data.aws_eks_addon_version.vpc_cni",
            "module.prod_cluster.module.alb.aws_lb.main",
            "module.prod_cluster.module.alb.aws_lb_listener.http",
            "module.prod_cluster.module.alb.aws_lb_listener.http_passthrough",
            "module.prod_cluster.module.alb.aws_lb_listener.https",
            "module.prod_cluster.module.alb.aws_lb_listener_rule.argocd",
            "module.prod_cluster.module.alb.aws_lb_listener_rule.jenkins",
            "module.prod_cluster.module.alb.aws_lb_listener_rule.quiz_backend_api",
            "module.prod_cluster.module.alb.aws_lb_listener_rule.quiz_frontend",
            "module.prod_cluster.module.alb.aws_lb_target_group.argocd",
            "module.prod_cluster.module.alb.aws_lb_target_group.default",
            "module.prod_cluster.module.alb.aws_lb_target_group.jenkins",
            "module.prod_cluster.module.alb.aws_lb_target_group.quiz_backend",
            "module.prod_cluster.module.alb.aws_lb_target_group.quiz_frontend",
            "module.prod_cluster.module.alb.aws_lb_target_group_attachment.jenkins",
            "module.prod_cluster.module.alb.aws_security_group.alb",
            "module.prod_cluster.module.eks_cluster.data.aws_caller_identity.current",
            "module.prod_cluster.module.eks_cluster.module.eks.aws_cloudwatch_log_group.this",
            "module.prod_cluster.module.eks_cluster.module.eks.aws_ec2_tag.cluster_primary_security_group",
            "module.prod_cluster.module.eks_cluster.module.eks.aws_eks_access_entry.this",
            "module.prod_cluster.module.eks_cluster.module.eks.aws_eks_access_policy_association.this",
            "module.prod_cluster.module.eks_cluster.module.eks.aws_eks_addon.before_compute",
            "module.prod_cluster.module.eks_cluster.module.eks.aws_eks_addon.this",
            "module.prod_cluster.module.eks_cluster.module.eks.aws_eks_cluster.this",
            "module.prod_cluster.module.eks_cluster.module.eks.aws_eks_identity_provider_config.this",
            "module.prod_cluster.module.eks_cluster.module.eks.aws_iam_openid_connect_provider.oidc_provider",
            "module.prod_cluster.module.eks_cluster.module.eks.aws_iam_policy.cluster_encryption",
            "module.prod_cluster.module.eks_cluster.module.eks.aws_iam_policy.cni_ipv6_policy",
            "module.prod_cluster.module.eks_cluster.module.eks.aws_iam_policy.custom",
            "module.prod_cluster.module.eks_cluster.module.eks.aws_iam_role.eks_auto",
            "module.prod_cluster.module.eks_cluster.module.eks.aws_iam_role.this",
            "module.prod_cluster.module.eks_cluster.module.eks.aws_iam_role_policy_attachment.additional",
            "module.prod_cluster.module.eks_cluster.module.eks.aws_iam_role_policy_attachment.cluster_encryption",
            "module.prod_cluster.module.eks_cluster.module.eks.aws_iam_role_policy_attachment.custom",
            "module.prod_cluster.module.eks_cluster.module.eks.aws_iam_role_policy_attachment.eks_auto",
            "module.prod_cluster.module.eks_cluster.module.eks.aws_iam_role_policy_attachment.eks_auto_additional",
            "module.prod_cluster.module.eks_cluster.module.eks.aws_iam_role_policy_attachment.this",
            "module.prod_cluster.module.eks_cluster.module.eks.aws_security_group.cluster",
            "module.prod_cluster.module.eks_cluster.module.eks.aws_security_group.node",
            "module.prod_cluster.module.eks_cluster.module.eks.aws_security_group_rule.cluster",
            "module.prod_cluster.module.eks_cluster.module.eks.aws_security_group_rule.node",
            "module.prod_cluster.module.eks_cluster.module.eks.data.aws_caller_identity.current",
            "module.prod_cluster.module.eks_cluster.module.eks.data.aws_eks_addon_version.this",
            "module.prod_cluster.module.eks_cluster.module.eks.data.aws_iam_policy_document.assume_role_policy",
            "module.prod_cluster.module.eks_cluster.module.eks.data.aws_iam_policy_document.cni_ipv6_policy",
            "module.prod_cluster.module.eks_cluster.module.eks.data.aws_iam_policy_document.custom",
            "module.prod_cluster.module.eks_cluster.module.eks.data.aws_iam_policy_document.node_assume_role_policy",
            "module.prod_cluster.module.eks_cluster.module.eks.data.aws_iam_session_context.current",
            "module.prod_cluster.module.eks_cluster.module.eks.data.aws_partition.current",
            "module.prod_cluster.module.eks_cluster.module.eks.data.tls_certificate.this",
            "module.prod_cluster.module.eks_cluster.module.eks.module.eks_managed_node_group.aws_autoscaling_schedule.this",
            "module.prod_cluster.module.eks_cluster.module.eks.module.eks_managed_node_group.aws_eks_node_group.this",
            "module.prod_cluster.module.eks_cluster.module.eks.module.eks_managed_node_group.aws_iam_role.this",
            "module.prod_cluster.module.eks_cluster.module.eks.module.eks_managed_node_group.aws_iam_role_policy.this",
            "module.prod_cluster.module.eks_cluster.module.eks.module.eks_managed_node_group.aws_iam_role_policy_attachment.additional",
            "module.prod_cluster.module.eks_cluster.module.eks.module.eks_managed_node_group.aws_iam_role_policy_attachment.this",
            "module.prod_cluster.module.eks_cluster.module.eks.module.eks_managed_node_group.aws_launch_template.this",
            "module.prod_cluster.module.eks_cluster.module.eks.module.eks_managed_node_group.aws_placement_group.this",
            "module.prod_cluster.module.eks_cluster.module.eks.module.eks_managed_node_group.data.aws_caller_identity.current",
            "module.prod_cluster.module.eks_cluster.module.eks.module.eks_managed_node_group.data.aws_ec2_instance_type.this",
            "module.prod_cluster.module.eks_cluster.module.eks.module.eks_managed_node_group.data.aws_ec2_instance_type_offerings.this",
            "module.prod_cluster.module.eks_cluster.module.eks.module.eks_managed_node_group.data.aws_iam_policy_document.assume_role_policy",
            "module.prod_cluster.module.eks_cluster.module.eks.module.eks_managed_node_group.data.aws_iam_policy_document.role",
            "module.prod_cluster.module.eks_cluster.module.eks.module.eks_managed_node_group.data.aws_partition.current",
            "module.prod_cluster.module.eks_cluster.module.eks.module.eks_managed_node_group.data.aws_ssm_parameter.ami",
            "module.prod_cluster.module.eks_cluster.module.eks.module.eks_managed_node_group.data.aws_subnets.placement_group",
            "module.prod_cluster.module.eks_cluster.module.eks.module.eks_managed_node_group.module.user_data.data.cloudinit_config.al2023_eks_managed_node_group",
            "module.prod_cluster.module.eks_cluster.module.eks.module.eks_managed_node_group.module.user_data.data.cloudinit_config.linux_eks_managed_node_group",
            "module.prod_cluster.module.eks_cluster.module.eks.module.eks_managed_node_group.module.user_data.null_resource.validate_cluster_service_cidr",
            "module.prod_cluster.module.eks_cluster.module.eks.module.fargate_profile.aws_eks_fargate_profile.this",
            "module.prod_cluster.module.eks_cluster.module.eks.module.fargate_profile.aws_iam_role.this",
            "module.prod_cluster.module.eks_cluster.module.eks.module.fargate_profile.aws_iam_role_policy.this",
            "module.prod_cluster.module.eks_cluster.module.eks.module.fargate_profile.aws_iam_role_policy_attachment.additional",
            "module.prod_cluster.module.eks_cluster.module.eks.module.fargate_profile.aws_iam_role_policy_attachment.this",
            "module.prod_cluster.module.eks_cluster.module.eks.module.fargate_profile.data.aws_caller_identity.current",
            "module.prod_cluster.module.eks_cluster.module.eks.module.fargate_profile.data.aws_iam_policy_document.assume_role_policy",
            "module.prod_cluster.module.eks_cluster.module.eks.module.fargate_profile.data.aws_iam_policy_document.role",
            "module.prod_cluster.module.eks_cluster.module.eks.module.fargate_profile.data.aws_partition.current",
            "module.prod_cluster.module.eks_cluster.module.eks.module.fargate_profile.data.aws_region.current",
            "module.prod_cluster.module.eks_cluster.module.eks.module.kms.aws_kms_alias.this",
            "module.prod_cluster.module.eks_cluster.module.eks.module.kms.aws_kms_external_key.this",
            "module.prod_cluster.module.eks_cluster.module.eks.module.kms.aws_kms_grant.this",
            "module.prod_cluster.module.eks_cluster.module.eks.module.kms.aws_kms_key.this",
            "module.prod_cluster.module.eks_cluster.module.eks.module.kms.aws_kms_replica_external_key.this",
            "module.prod_cluster.module.eks_cluster.module.eks.module.kms.aws_kms_replica_key.this",
            "module.prod_cluster.module.eks_cluster.module.eks.module.kms.data.aws_caller_identity.current",
            "module.prod_cluster.module.eks_cluster.module.eks.module.kms.data.aws_iam_policy_document.this",
            "module.prod_cluster.module.eks_cluster.module.eks.module.kms.data.aws_partition.current",
            "module.prod_cluster.module.eks_cluster.module.eks.module.self_managed_node_group.aws_autoscaling_group.this",
            "module.prod_cluster.module.eks_cluster.module.eks.module.self_managed_node_group.aws_autoscaling_schedule.this",
            "module.prod_cluster.module.eks_cluster.module.eks.module.self_managed_node_group.aws_eks_access_entry.this",
            "module.prod_cluster.module.eks_cluster.module.eks.module.self_managed_node_group.aws_iam_instance_profile.this",
            "module.prod_cluster.module.eks_cluster.module.eks.module.self_managed_node_group.aws_iam_role.this",
            "module.prod_cluster.module.eks_cluster.module.eks.module.self_managed_node_group.aws_iam_role_policy.this",
            "module.prod_cluster.module.eks_cluster.module.eks.module.self_managed_node_group.aws_iam_role_policy_attachment.additional",
            "module.prod_cluster.module.eks_cluster.module.eks.module.self_managed_node_group.aws_iam_role_policy_attachment.this",
            "module.prod_cluster.module.eks_cluster.module.eks.module.self_managed_node_group.aws_launch_template.this",
            "module.prod_cluster.module.eks_cluster.module.eks.module.self_managed_node_group.aws_placement_group.this",
            "module.prod_cluster.module.eks_cluster.module.eks.module.self_managed_node_group.data.aws_caller_identity.current",
            "module.prod_cluster.module.eks_cluster.module.eks.module.self_managed_node_group.data.aws_ec2_instance_type.this",
            "module.prod_cluster.module.eks_cluster.module.eks.module.self_managed_node_group.data.aws_ec2_instance_type_offerings.this",
            "module.prod_cluster.module.eks_cluster.module.eks.module.self_managed_node_group.data.aws_iam_policy_document.assume_role_policy",
            "module.prod_cluster.module.eks_cluster.module.eks.module.self_managed_node_group.data.aws_iam_policy_document.role",
            "module.prod_cluster.module.eks_cluster.module.eks.module.self_managed_node_group.data.aws_partition.current",
            "module.prod_cluster.module.eks_cluster.module.eks.module.self_managed_node_group.data.aws_ssm_parameter.ami",
            "module.prod_cluster.module.eks_cluster.module.eks.module.self_managed_node_group.data.aws_subnets.placement_group",
            "module.prod_cluster.module.eks_cluster.module.eks.module.self_managed_node_group.module.user_data.data.cloudinit_config.al2023_eks_managed_node_group",
            "module.prod_cluster.module.eks_cluster.module.eks.module.self_managed_node_group.module.user_data.data.cloudinit_config.linux_eks_managed_node_group",
            "module.prod_cluster.module.eks_cluster.module.eks.module.self_managed_node_group.module.user_data.null_resource.validate_cluster_service_cidr",
            "module.prod_cluster.module.eks_cluster.module.eks.time_sleep.this",
            "module.prod_cluster.module.node_groups.module.eks_managed_node_groups.aws_autoscaling_schedule.this",
            "module.prod_cluster.module.node_groups.module.eks_managed_node_groups.aws_eks_node_group.this",
            "module.prod_cluster.module.node_groups.module.eks_managed_node_groups.aws_iam_role.this",
            "module.prod_cluster.module.node_groups.module.eks_managed_node_groups.aws_iam_role_policy.this",
            "module.prod_cluster.module.node_groups.module.eks_managed_node_groups.aws_iam_role_policy_attachment.additional",
            "module.prod_cluster.module.node_groups.module.eks_managed_node_groups.aws_iam_role_policy_attachment.this",
            "module.prod_cluster.module.node_groups.module.eks_managed_node_groups.aws_launch_template.this",
            "module.prod_cluster.module.node_groups.module.eks_managed_node_groups.aws_placement_group.this",
            "module.prod_cluster.module.node_groups.module.eks_managed_node_groups.data.aws_caller_identity.current",
            "module.prod_cluster.module.node_groups.module.eks_managed_node_groups.data.aws_ec2_instance_type.this",
            "module.prod_cluster.module.node_groups.module.eks_managed_node_groups.data.aws_ec2_instance_type_offerings.this",
            "module.prod_cluster.module.node_groups.module.eks_managed_node_groups.data.aws_iam_policy_document.assume_role_policy",
            "module.prod_cluster.module.node_groups.module.eks_managed_node_groups.data.aws_iam_policy_document.role",
            "module.prod_cluster.module.node_groups.module.eks_managed_node_groups.data.aws_partition.current",
            "module.prod_cluster.module.node_groups.module.eks_managed_node_groups.data.aws_ssm_parameter.ami",
            "module.prod_cluster.module.node_groups.module.eks_managed_node_groups.data.aws_subnets.placement_group",
            "module.prod_cluster.module.node_groups.module.eks_managed_node_groups.module.user_data.data.cloudinit_config.al2023_eks_managed_node_group",
            "module.prod_cluster.module.node_groups.module.eks_managed_node_groups.module.user_data.data.cloudinit_config.linux_eks_managed_node_group",
            "module.prod_cluster.module.node_groups.module.eks_managed_node_groups.module.user_data.null_resource.validate_cluster_service_cidr",
            "module.prod_cluster.module.security_groups.aws_security_group_rule.jenkins_egress_to_eks",
            "module.prod_cluster.module.security_groups.aws_security_group_rule.jenkins_to_eks_api",
            "module.prod_cluster.module.security_groups.aws_security_group_rule.jenkins_to_worker_nodes",
            "module.route53.aws_acm_certificate.main",
            "module.route53.aws_acm_certificate_validation.main",
            "module.route53.aws_route53_record.cert_validation",
            "module.route53.data.aws_route53_zone.public",
            "module.security_groups.aws_security_group.jenkins",
            "module.vpc.module.subnets.aws_subnet.private",
            "module.vpc.module.subnets.aws_subnet.public",
            "module.vpc.module.vpc_core.aws_vpc.main"
          ]
        }
      ]
    },
    {
      "mode": "managed",
      "type": "aws_route53_record",
      "name": "quiz_app_alb",
      "provider": "provider[\"registry.terraform.io/hashicorp/aws\"]",
      "instances": [
        {
          "index_key": 0,
          "schema_version": 2,
          "attributes": {
            "alias": [
              {
                "evaluate_target_health": true,
                "name": "devops-quiz-eks-alb-549904150.eu-north-1.elb.amazonaws.com",
                "zone_id": "Z23TAZ6LKFMNIO"
              }
            ],
            "allow_overwrite": null,
            "cidr_routing_policy": [],
            "failover_routing_policy": [],
            "fqdn": "quiz.weatherlabs.org",
            "geolocation_routing_policy": [],
            "geoproximity_routing_policy": [],
            "health_check_id": "",
            "id": "Z06307832TD07PZVN77GO_quiz.weatherlabs.org_A",
            "latency_routing_policy": [],
            "multivalue_answer_routing_policy": false,
            "name": "quiz.weatherlabs.org",
            "records": [],
            "set_identifier": "",
            "timeouts": null,
            "ttl": 0,
            "type": "A",
            "weighted_routing_policy": [],
            "zone_id": "Z06307832TD07PZVN77GO"
          },
          "sensitive_attributes": [],
          "identity_schema_version": 0,
          "private": "eyJlMmJmYjczMC1lY2FhLTExZTYtOGY4OC0zNDM2M2JjN2M0YzAiOnsiY3JlYXRlIjoxODAwMDAwMDAwMDAwLCJkZWxldGUiOjE4MDAwMDAwMDAwMDAsInVwZGF0ZSI6MTgwMDAwMDAwMDAwMH0sInNjaGVtYV92ZXJzaW9uIjoiMiJ9",
          "dependencies": [
            "data.aws_route53_zone.public_for_alb",
            "module.iam.aws_iam_instance_profile.ec2_instance_profile",
            "module.iam.aws_iam_role.ebs_csi_driver",
            "module.iam.aws_iam_role.ec2_instance_role",
            "module.jenkins.aws_instance.jenkins",
            "module.prod_cluster.module.addons.aws_eks_addon.coredns",
            "module.prod_cluster.module.addons.aws_eks_addon.ebs_csi_driver",
            "module.prod_cluster.module.addons.aws_eks_addon.kube_proxy",
            "module.prod_cluster.module.addons.aws_eks_addon.vpc_cni",
            "module.prod_cluster.module.addons.data.aws_eks_addon_version.coredns",
            "module.prod_cluster.module.addons.data.aws_eks_addon_version.ebs_csi_driver",
            "module.prod_cluster.module.addons.data.aws_eks_addon_version.kube_proxy",
            "module.prod_cluster.module.addons.data.aws_eks_addon_version.vpc_cni",
            "module.prod_cluster.module.alb.aws_lb.main",
            "module.prod_cluster.module.alb.aws_lb_listener.http",
            "module.prod_cluster.module.alb.aws_lb_listener.http_passthrough",
            "module.prod_cluster.module.alb.aws_lb_listener.https",
            "module.prod_cluster.module.alb.aws_lb_listener_rule.argocd",
            "module.prod_cluster.module.alb.aws_lb_listener_rule.jenkins",
            "module.prod_cluster.module.alb.aws_lb_listener_rule.quiz_backend_api",
            "module.prod_cluster.module.alb.aws_lb_listener_rule.quiz_frontend",
            "module.prod_cluster.module.alb.aws_lb_target_group.argocd",
            "module.prod_cluster.module.alb.aws_lb_target_group.default",
            "module.prod_cluster.module.alb.aws_lb_target_group.jenkins",
            "module.prod_cluster.module.alb.aws_lb_target_group.quiz_backend",
            "module.prod_cluster.module.alb.aws_lb_target_group.quiz_frontend",
            "module.prod_cluster.module.alb.aws_lb_target_group_attachment.jenkins",
            "module.prod_cluster.module.alb.aws_security_group.alb",
            "module.prod_cluster.module.eks_cluster.data.aws_caller_identity.current",
            "module.prod_cluster.module.eks_cluster.module.eks.aws_cloudwatch_log_group.this",
            "module.prod_cluster.module.eks_cluster.module.eks.aws_ec2_tag.cluster_primary_security_group",
            "module.prod_cluster.module.eks_cluster.module.eks.aws_eks_access_entry.this",
            "module.prod_cluster.module.eks_cluster.module.eks.aws_eks_access_policy_association.this",
            "module.prod_cluster.module.eks_cluster.module.eks.aws_eks_addon.before_compute",
            "module.prod_cluster.module.eks_cluster.module.eks.aws_eks_addon.this",
            "module.prod_cluster.module.eks_cluster.module.eks.aws_eks_cluster.this",
            "module.prod_cluster.module.eks_cluster.module.eks.aws_eks_identity_provider_config.this",
            "module.prod_cluster.module.eks_cluster.module.eks.aws_iam_openid_connect_provider.oidc_provider",
            "module.prod_cluster.module.eks_cluster.module.eks.aws_iam_policy.cluster_encryption",
            "module.prod_cluster.module.eks_cluster.module.eks.aws_iam_policy.cni_ipv6_policy",
            "module.prod_cluster.module.eks_cluster.module.eks.aws_iam_policy.custom",
            "module.prod_cluster.module.eks_cluster.module.eks.aws_iam_role.eks_auto",
            "module.prod_cluster.module.eks_cluster.module.eks.aws_iam_role.this",
            "module.prod_cluster.module.eks_cluster.module.eks.aws_iam_role_policy_attachment.additional",
            "module.prod_cluster.module.eks_cluster.module.eks.aws_iam_role_policy_attachment.cluster_encryption",
            "module.prod_cluster.module.eks_cluster.module.eks.aws_iam_role_policy_attachment.custom",
            "module.prod_cluster.module.eks_cluster.module.eks.aws_iam_role_policy_attachment.eks_auto",
            "module.prod_cluster.module.eks_cluster.module.eks.aws_iam_role_policy_attachment.eks_auto_additional",
            "module.prod_cluster.module.eks_cluster.module.eks.aws_iam_role_policy_attachment.this",
            "module.prod_cluster.module.eks_cluster.module.eks.aws_security_group.cluster",
            "module.prod_cluster.module.eks_cluster.module.eks.aws_security_group.node",
            "module.prod_cluster.module.eks_cluster.module.eks.aws_security_group_rule.cluster",
            "module.prod_cluster.module.eks_cluster.module.eks.aws_security_group_rule.node",
            "module.prod_cluster.module.eks_cluster.module.eks.data.aws_caller_identity.current",
            "module.prod_cluster.module.eks_cluster.module.eks.data.aws_eks_addon_version.this",
            "module.prod_cluster.module.eks_cluster.module.eks.data.aws_iam_policy_document.assume_role_policy",
            "module.prod_cluster.module.eks_cluster.module.eks.data.aws_iam_policy_document.cni_ipv6_policy",
            "module.prod_cluster.module.eks_cluster.module.eks.data.aws_iam_policy_document.custom",
            "module.prod_cluster.module.eks_cluster.module.eks.data.aws_iam_policy_document.node_assume_role_policy",
            "module.prod_cluster.module.eks_cluster.module.eks.data.aws_iam_session_context.current",
            "module.prod_cluster.module.eks_cluster.module.eks.data.aws_partition.current",
            "module.prod_cluster.module.eks_cluster.module.eks.data.tls_certificate.this",
            "module.prod_cluster.module.eks_cluster.module.eks.module.eks_managed_node_group.aws_autoscaling_schedule.this",
            "module.prod_cluster.module.eks_cluster.module.eks.module.eks_managed_node_group.aws_eks_node_group.this",
            "module.prod_cluster.module.eks_cluster.module.eks.module.eks_managed_node_group.aws_iam_role.this",
            "module.prod_cluster.module.eks_cluster.module.eks.module.eks_managed_node_group.aws_iam_role_policy.this",
            "module.prod_cluster.module.eks_cluster.module.eks.module.eks_managed_node_group.aws_iam_role_policy_attachment.additional",
            "module.prod_cluster.module.eks_cluster.module.eks.module.eks_managed_node_group.aws_iam_role_policy_attachment.this",
            "module.prod_cluster.module.eks_cluster.module.eks.module.eks_managed_node_group.aws_launch_template.this",
            "module.prod_cluster.module.eks_cluster.module.eks.module.eks_managed_node_group.aws_placement_group.this",
            "module.prod_cluster.module.eks_cluster.module.eks.module.eks_managed_node_group.data.aws_caller_identity.current",
            "module.prod_cluster.module.eks_cluster.module.eks.module.eks_managed_node_group.data.aws_ec2_instance_type.this",
            "module.prod_cluster.module.eks_cluster.module.eks.module.eks_managed_node_group.data.aws_ec2_instance_type_offerings.this",
            "module.prod_cluster.module.eks_cluster.module.eks.module.eks_managed_node_group.data.aws_iam_policy_document.assume_role_policy",
            "module.prod_cluster.module.eks_cluster.module.eks.module.eks_managed_node_group.data.aws_iam_policy_document.role",
            "module.prod_cluster.module.eks_cluster.module.eks.module.eks_managed_node_group.data.aws_partition.current",
            "module.prod_cluster.module.eks_cluster.module.eks.module.eks_managed_node_group.data.aws_ssm_parameter.ami",
            "module.prod_cluster.module.eks_cluster.module.eks.module.eks_managed_node_group.data.aws_subnets.placement_group",
            "module.prod_cluster.module.eks_cluster.module.eks.module.eks_managed_node_group.module.user_data.data.cloudinit_config.al2023_eks_managed_node_group",
            "module.prod_cluster.module.eks_cluster.module.eks.module.eks_managed_node_group.module.user_data.data.cloudinit_config.linux_eks_managed_node_group",
            "module.prod_cluster.module.eks_cluster.module.eks.module.eks_managed_node_group.module.user_data.null_resource.validate_cluster_service_cidr",
            "module.prod_cluster.module.eks_cluster.module.eks.module.fargate_profile.aws_eks_fargate_profile.this",
            "module.prod_cluster.module.eks_cluster.module.eks.module.fargate_profile.aws_iam_role.this",
            "module.prod_cluster.module.eks_cluster.module.eks.module.fargate_profile.aws_iam_role_policy.this",
            "module.prod_cluster.module.eks_cluster.module.eks.module.fargate_profile.aws_iam_role_policy_attachment.additional",
            "module.prod_cluster.module.eks_cluster.module.eks.module.fargate_profile.aws_iam_role_policy_attachment.this",
            "module.prod_cluster.module.eks_cluster.module.eks.module.fargate_profile.data.aws_caller_identity.current",
            "module.prod_cluster.module.eks_cluster.module.eks.module.fargate_profile.data.aws_iam_policy_document.assume_role_policy",
            "module.prod_cluster.module.eks_cluster.module.eks.module.fargate_profile.data.aws_iam_policy_document.role",
            "module.prod_cluster.module.eks_cluster.module.eks.module.fargate_profile.data.aws_partition.current",
            "module.prod_cluster.module.eks_cluster.module.eks.module.fargate_profile.data.aws_region.current",
            "module.prod_cluster.module.eks_cluster.module.eks.module.kms.aws_kms_alias.this",
            "module.prod_cluster.module.eks_cluster.module.eks.module.kms.aws_kms_external_key.this",
            "module.prod_cluster.module.eks_cluster.module.eks.module.kms.aws_kms_grant.this",
            "module.prod_cluster.module.eks_cluster.module.eks.module.kms.aws_kms_key.this",
            "module.prod_cluster.module.eks_cluster.module.eks.module.kms.aws_kms_replica_external_key.this",
            "module.prod_cluster.module.eks_cluster.module.eks.module.kms.aws_kms_replica_key.this",
            "module.prod_cluster.module.eks_cluster.module.eks.module.kms.data.aws_caller_identity.current",
            "module.prod_cluster.module.eks_cluster.module.eks.module.kms.data.aws_iam_policy_document.this",
            "module.prod_cluster.module.eks_cluster.module.eks.module.kms.data.aws_partition.current",
            "module.prod_cluster.module.eks_cluster.module.eks.module.self_managed_node_group.aws_autoscaling_group.this",
            "module.prod_cluster.module.eks_cluster.module.eks.module.self_managed_node_group.aws_autoscaling_schedule.this",
            "module.prod_cluster.module.eks_cluster.module.eks.module.self_managed_node_group.aws_eks_access_entry.this",
            "module.prod_cluster.module.eks_cluster.module.eks.module.self_managed_node_group.aws_iam_instance_profile.this",
            "module.prod_cluster.module.eks_cluster.module.eks.module.self_managed_node_group.aws_iam_role.this",
            "module.prod_cluster.module.eks_cluster.module.eks.module.self_managed_node_group.aws_iam_role_policy.this",
            "module.prod_cluster.module.eks_cluster.module.eks.module.self_managed_node_group.aws_iam_role_policy_attachment.additional",
            "module.prod_cluster.module.eks_cluster.module.eks.module.self_managed_node_group.aws_iam_role_policy_attachment.this",
            "module.prod_cluster.module.eks_cluster.module.eks.module.self_managed_node_group.aws_launch_template.this",
            "module.prod_cluster.module.eks_cluster.module.eks.module.self_managed_node_group.aws_placement_group.this",
            "module.prod_cluster.module.eks_cluster.module.eks.module.self_managed_node_group.data.aws_caller_identity.current",
            "module.prod_cluster.module.eks_cluster.module.eks.module.self_managed_node_group.data.aws_ec2_instance_type.this",
            "module.prod_cluster.module.eks_cluster.module.eks.module.self_managed_node_group.data.aws_ec2_instance_type_offerings.this",
            "module.prod_cluster.module.eks_cluster.module.eks.module.self_managed_node_group.data.aws_iam_policy_document.assume_role_policy",
            "module.prod_cluster.module.eks_cluster.module.eks.module.self_managed_node_group.data.aws_iam_policy_document.role",
            "module.prod_cluster.module.eks_cluster.module.eks.module.self_managed_node_group.data.aws_partition.current",
            "module.prod_cluster.module.eks_cluster.module.eks.module.self_managed_node_group.data.aws_ssm_parameter.ami",
            "module.prod_cluster.module.eks_cluster.module.eks.module.self_managed_node_group.data.aws_subnets.placement_group",
            "module.prod_cluster.module.eks_cluster.module.eks.module.self_managed_node_group.module.user_data.data.cloudinit_config.al2023_eks_managed_node_group",
            "module.prod_cluster.module.eks_cluster.module.eks.module.self_managed_node_group.module.user_data.data.cloudinit_config.linux_eks_managed_node_group",
            "module.prod_cluster.module.eks_cluster.module.eks.module.self_managed_node_group.module.user_data.null_resource.validate_cluster_service_cidr",
            "module.prod_cluster.module.eks_cluster.module.eks.time_sleep.this",
            "module.prod_cluster.module.node_groups.module.eks_managed_node_groups.aws_autoscaling_schedule.this",
            "module.prod_cluster.module.node_groups.module.eks_managed_node_groups.aws_eks_node_group.this",
            "module.prod_cluster.module.node_groups.module.eks_managed_node_groups.aws_iam_role.this",
            "module.prod_cluster.module.node_groups.module.eks_managed_node_groups.aws_iam_role_policy.this",
            "module.prod_cluster.module.node_groups.module.eks_managed_node_groups.aws_iam_role_policy_attachment.additional",
            "module.prod_cluster.module.node_groups.module.eks_managed_node_groups.aws_iam_role_policy_attachment.this",
            "module.prod_cluster.module.node_groups.module.eks_managed_node_groups.aws_launch_template.this",
            "module.prod_cluster.module.node_groups.module.eks_managed_node_groups.aws_placement_group.this",
            "module.prod_cluster.module.node_groups.module.eks_managed_node_groups.data.aws_caller_identity.current",
            "module.prod_cluster.module.node_groups.module.eks_managed_node_groups.data.aws_ec2_instance_type.this",
            "module.prod_cluster.module.node_groups.module.eks_managed_node_groups.data.aws_ec2_instance_type_offerings.this",
            "module.prod_cluster.module.node_groups.module.eks_managed_node_groups.data.aws_iam_policy_document.assume_role_policy",
            "module.prod_cluster.module.node_groups.module.eks_managed_node_groups.data.aws_iam_policy_document.role",
            "module.prod_cluster.module.node_groups.module.eks_managed_node_groups.data.aws_partition.current",
            "module.prod_cluster.module.node_groups.module.eks_managed_node_groups.data.aws_ssm_parameter.ami",
            "module.prod_cluster.module.node_groups.module.eks_managed_node_groups.data.aws_subnets.placement_group",
            "module.prod_cluster.module.node_groups.module.eks_managed_node_groups.module.user_data.data.cloudinit_config.al2023_eks_managed_node_group",
            "module.prod_cluster.module.node_groups.module.eks_managed_node_groups.module.user_data.data.cloudinit_config.linux_eks_managed_node_group",
            "module.prod_cluster.module.node_groups.module.eks_managed_node_groups.module.user_data.null_resource.validate_cluster_service_cidr",
            "module.prod_cluster.module.security_groups.aws_security_group_rule.jenkins_egress_to_eks",
            "module.prod_cluster.module.security_groups.aws_security_group_rule.jenkins_to_eks_api",
            "module.prod_cluster.module.security_groups.aws_security_group_rule.jenkins_to_worker_nodes",
            "module.route53.aws_acm_certificate.main",
            "module.route53.aws_acm_certificate_validation.main",
            "module.route53.aws_route53_record.cert_validation",
            "module.route53.data.aws_route53_zone.public",
            "module.security_groups.aws_security_group.jenkins",
            "module.vpc.module.subnets.aws_subnet.private",
            "module.vpc.module.subnets.aws_subnet.public",
            "module.vpc.module.vpc_core.aws_vpc.main"
          ]
        }
      ]
    },
    {
      "module": "module.iam",
      "mode": "managed",
      "type": "aws_iam_instance_profile",
      "name": "ec2_instance_profile",
      "provider": "provider[\"registry.terraform.io/hashicorp/aws\"]",
      "instances": [
        {
          "schema_version": 0,
          "attributes": {
            "arn": "arn:aws:iam::610964304971:instance-profile/EC2-Infrastructure-Profile",
            "create_date": "2025-11-11T11:46:27Z",
            "id": "EC2-Infrastructure-Profile",
            "name": "EC2-Infrastructure-Profile",
            "name_prefix": "",
            "path": "/",
            "role": "EC2-Infrastructure-Role",
            "tags": {
              "Environment": "production",
              "Name": "EC2 Infrastructure Instance Profile"
            },
            "tags_all": {
              "Environment": "production",
              "ManagedBy": "Terraform",
              "Name": "EC2 Infrastructure Instance Profile",
              "Owner": "Liav",
              "Project": "Devops-Quiz"
            },
            "unique_id": "AIPAY4QCPORF6AKHMXU5M"
          },
          "sensitive_attributes": [],
          "identity_schema_version": 0,
          "private": "bnVsbA==",
          "dependencies": [
            "module.iam.aws_iam_role.ec2_instance_role"
          ]
        }
      ]
    },
    {
      "module": "module.iam",
      "mode": "managed",
      "type": "aws_iam_role",
      "name": "alb_controller",
      "provider": "provider[\"registry.terraform.io/hashicorp/aws\"]",
      "instances": [
        {
          "schema_version": 0,
          "attributes": {
            "arn": "arn:aws:iam::610964304971:role/devops-quiz-alb-controller-irsa",
            "assume_role_policy": "{\"Statement\":[{\"Action\":\"sts:AssumeRoleWithWebIdentity\",\"Condition\":{\"StringEquals\":{\"oidc.eks.eu-north-1.amazonaws.com/id/C3FD7D82FEB99FFCFB43226371C86AAA:aud\":\"sts.amazonaws.com\",\"oidc.eks.eu-north-1.amazonaws.com/id/C3FD7D82FEB99FFCFB43226371C86AAA:sub\":\"system:serviceaccount:kube-system:aws-load-balancer-controller\"}},\"Effect\":\"Allow\",\"Principal\":{\"Federated\":\"arn:aws:iam::610964304971:oidc-provider/oidc.eks.eu-north-1.amazonaws.com/id/C3FD7D82FEB99FFCFB43226371C86AAA\"}}],\"Version\":\"2012-10-17\"}",
            "create_date": "2025-11-11T11:57:51Z",
            "description": "IRSA role for AWS Load Balancer Controller on prod EKS",
            "force_detach_policies": false,
            "id": "devops-quiz-alb-controller-irsa",
            "inline_policy": [
              {
                "name": "AWSLoadBalancerControllerPolicy",
                "policy": "{\"Version\":\"2012-10-17\",\"Statement\":[{\"Action\":[\"iam:CreateServiceLinkedRole\"],\"Condition\":{\"StringEquals\":{\"iam:AWSServiceName\":\"elasticloadbalancing.amazonaws.com\"}},\"Effect\":\"Allow\",\"Resource\":\"*\"},{\"Action\":[\"ec2:DescribeAccountAttributes\",\"ec2:DescribeAddresses\",\"ec2:DescribeAvailabilityZones\",\"ec2:DescribeInternetGateways\",\"ec2:DescribeVpcs\",\"ec2:DescribeVpcPeeringConnections\",\"ec2:DescribeSubnets\",\"ec2:DescribeSecurityGroups\",\"ec2:DescribeInstances\",\"ec2:DescribeNetworkInterfaces\",\"ec2:DescribeTags\",\"ec2:GetCoipPoolUsage\",\"ec2:DescribeCoipPools\",\"elasticloadbalancing:DescribeLoadBalancers\",\"elasticloadbalancing:DescribeLoadBalancerAttributes\",\"elasticloadbalancing:DescribeListeners\",\"elasticloadbalancing:DescribeListenerCertificates\",\"elasticloadbalancing:DescribeSSLPolicies\",\"elasticloadbalancing:DescribeRules\",\"elasticloadbalancing:DescribeTargetGroups\",\"elasticloadbalancing:DescribeTargetGroupAttributes\",\"elasticloadbalancing:DescribeTargetHealth\",\"elasticloadbalancing:DescribeTags\",\"elasticloadbalancing:DescribeTrustStores\"],\"Effect\":\"Allow\",\"Resource\":\"*\"},{\"Action\":[\"cognito-idp:DescribeUserPoolClient\",\"acm:ListCertificates\",\"acm:DescribeCertificate\",\"iam:ListServerCertificates\",\"iam:GetServerCertificate\",\"waf-regional:GetWebACL\",\"waf-regional:GetWebACLForResource\",\"waf-regional:AssociateWebACL\",\"waf-regional:DisassociateWebACL\",\"wafv2:GetWebACL\",\"wafv2:GetWebACLForResource\",\"wafv2:AssociateWebACL\",\"wafv2:DisassociateWebACL\",\"shield:GetSubscriptionState\",\"shield:DescribeProtection\",\"shield:CreateProtection\",\"shield:DeleteProtection\"],\"Effect\":\"Allow\",\"Resource\":\"*\"},{\"Action\":[\"ec2:AuthorizeSecurityGroupIngress\",\"ec2:RevokeSecurityGroupIngress\",\"ec2:CreateSecurityGroup\",\"ec2:DeleteSecurityGroup\"],\"Effect\":\"Allow\",\"Resource\":\"*\"},{\"Action\":[\"ec2:CreateTags\"],\"Condition\":{\"Null\":{\"aws:RequestTag/elbv2.k8s.aws/cluster\":\"false\"},\"StringEquals\":{\"ec2:CreateAction\":\"CreateSecurityGroup\"}},\"Effect\":\"Allow\",\"Resource\":\"arn:aws:ec2:*:*:security-group/*\"},{\"Action\":[\"ec2:CreateTags\",\"ec2:DeleteTags\"],\"Condition\":{\"Null\":{\"aws:RequestTag/elbv2.k8s.aws/cluster\":\"true\",\"aws:ResourceTag/elbv2.k8s.aws/cluster\":\"false\"}},\"Effect\":\"Allow\",\"Resource\":\"arn:aws:ec2:*:*:security-group/*\"},{\"Action\":[\"ec2:AuthorizeSecurityGroupIngress\",\"ec2:RevokeSecurityGroupIngress\",\"ec2:DeleteSecurityGroup\"],\"Condition\":{\"Null\":{\"aws:ResourceTag/elbv2.k8s.aws/cluster\":\"false\"}},\"Effect\":\"Allow\",\"Resource\":\"*\"},{\"Action\":[\"elasticloadbalancing:CreateLoadBalancer\",\"elasticloadbalancing:CreateTargetGroup\"],\"Condition\":{\"Null\":{\"aws:RequestTag/elbv2.k8s.aws/cluster\":\"false\"}},\"Effect\":\"Allow\",\"Resource\":\"*\"},{\"Action\":[\"elasticloadbalancing:CreateListener\",\"elasticloadbalancing:DeleteListener\",\"elasticloadbalancing:CreateRule\",\"elasticloadbalancing:DeleteRule\"],\"Effect\":\"Allow\",\"Resource\":\"*\"},{\"Action\":[\"elasticloadbalancing:AddListenerCertificates\",\"elasticloadbalancing:RemoveListenerCertificates\",\"elasticloadbalancing:ModifyListener\"],\"Effect\":\"Allow\",\"Resource\":\"*\"},{\"Action\":[\"elasticloadbalancing:AddTags\",\"elasticloadbalancing:RemoveTags\"],\"Condition\":{\"Null\":{\"aws:RequestTag/elbv2.k8s.aws/cluster\":\"true\",\"aws:ResourceTag/elbv2.k8s.aws/cluster\":\"false\"}},\"Effect\":\"Allow\",\"Resource\":[\"arn:aws:elasticloadbalancing:*:*:targetgroup/*/*\",\"arn:aws:elasticloadbalancing:*:*:loadbalancer/net/*/*\",\"arn:aws:elasticloadbalancing:*:*:loadbalancer/app/*/*\"]},{\"Action\":[\"elasticloadbalancing:AddTags\",\"elasticloadbalancing:RemoveTags\"],\"Effect\":\"Allow\",\"Resource\":[\"arn:aws:elasticloadbalancing:*:*:listener/net/*/*/*\",\"arn:aws:elasticloadbalancing:*:*:listener/app/*/*/*\",\"arn:aws:elasticloadbalancing:*:*:listener-rule/net/*/*/*\",\"arn:aws:elasticloadbalancing:*:*:listener-rule/app/*/*/*\"]},{\"Action\":[\"elasticloadbalancing:ModifyLoadBalancerAttributes\",\"elasticloadbalancing:SetIpAddressType\",\"elasticloadbalancing:SetSecurityGroups\",\"elasticloadbalancing:SetSubnets\",\"elasticloadbalancing:DeleteLoadBalancer\",\"elasticloadbalancing:ModifyTargetGroup\",\"elasticloadbalancing:ModifyTargetGroupAttributes\",\"elasticloadbalancing:DeleteTargetGroup\"],\"Condition\":{\"Null\":{\"aws:ResourceTag/elbv2.k8s.aws/cluster\":\"false\"}},\"Effect\":\"Allow\",\"Resource\":\"*\"},{\"Action\":[\"elasticloadbalancing:AddTags\"],\"Condition\":{\"Null\":{\"aws:RequestTag/elbv2.k8s.aws/cluster\":\"false\"},\"StringEquals\":{\"elasticloadbalancing:CreateAction\":[\"CreateTargetGroup\",\"CreateLoadBalancer\"]}},\"Effect\":\"Allow\",\"Resource\":[\"arn:aws:elasticloadbalancing:*:*:targetgroup/*/*\",\"arn:aws:elasticloadbalancing:*:*:loadbalancer/net/*/*\",\"arn:aws:elasticloadbalancing:*:*:loadbalancer/app/*/*\"]},{\"Action\":[\"elasticloadbalancing:RegisterTargets\",\"elasticloadbalancing:DeregisterTargets\"],\"Effect\":\"Allow\",\"Resource\":\"arn:aws:elasticloadbalancing:*:*:targetgroup/*/*\"},{\"Action\":[\"elasticloadbalancing:SetWebAcl\",\"elasticloadbalancing:ModifyListener\",\"elasticloadbalancing:AddListenerCertificates\",\"elasticloadbalancing:RemoveListenerCertificates\",\"elasticloadbalancing:ModifyRule\"],\"Effect\":\"Allow\",\"Resource\":\"*\"}]}"
              }
            ],
            "managed_policy_arns": [],
            "max_session_duration": 3600,
            "name": "devops-quiz-alb-controller-irsa",
            "name_prefix": "",
            "path": "/",
            "permissions_boundary": "",
            "tags": {},
            "tags_all": {
              "Environment": "Production",
              "ManagedBy": "Terraform",
              "Owner": "Liav",
              "Project": "Devops-Quiz"
            },
            "unique_id": "AROAY4QCPORF4QQDQV4JF"
          },
          "sensitive_attributes": [],
          "identity_schema_version": 0,
          "private": "bnVsbA==",
          "dependencies": [
            "module.prod_cluster.module.eks_cluster.module.eks.aws_cloudwatch_log_group.this",
            "module.prod_cluster.module.eks_cluster.module.eks.aws_eks_cluster.this",
            "module.prod_cluster.module.eks_cluster.module.eks.aws_iam_openid_connect_provider.oidc_provider",
            "module.prod_cluster.module.eks_cluster.module.eks.aws_iam_policy.cni_ipv6_policy",
            "module.prod_cluster.module.eks_cluster.module.eks.aws_iam_role.eks_auto",
            "module.prod_cluster.module.eks_cluster.module.eks.aws_iam_role.this",
            "module.prod_cluster.module.eks_cluster.module.eks.aws_iam_role_policy_attachment.this",
            "module.prod_cluster.module.eks_cluster.module.eks.aws_security_group.cluster",
            "module.prod_cluster.module.eks_cluster.module.eks.aws_security_group.node",
            "module.prod_cluster.module.eks_cluster.module.eks.aws_security_group_rule.cluster",
            "module.prod_cluster.module.eks_cluster.module.eks.aws_security_group_rule.node",
            "module.prod_cluster.module.eks_cluster.module.eks.data.aws_caller_identity.current",
            "module.prod_cluster.module.eks_cluster.module.eks.data.aws_iam_policy_document.assume_role_policy",
            "module.prod_cluster.module.eks_cluster.module.eks.data.aws_iam_policy_document.cni_ipv6_policy",
            "module.prod_cluster.module.eks_cluster.module.eks.data.aws_iam_policy_document.node_assume_role_policy",
            "module.prod_cluster.module.eks_cluster.module.eks.data.aws_iam_session_context.current",
            "module.prod_cluster.module.eks_cluster.module.eks.data.aws_partition.current",
            "module.prod_cluster.module.eks_cluster.module.eks.data.tls_certificate.this",
            "module.prod_cluster.module.eks_cluster.module.eks.module.kms.aws_kms_external_key.this",
            "module.prod_cluster.module.eks_cluster.module.eks.module.kms.aws_kms_key.this",
            "module.prod_cluster.module.eks_cluster.module.eks.module.kms.aws_kms_replica_external_key.this",
            "module.prod_cluster.module.eks_cluster.module.eks.module.kms.aws_kms_replica_key.this",
            "module.prod_cluster.module.eks_cluster.module.eks.module.kms.data.aws_caller_identity.current",
            "module.prod_cluster.module.eks_cluster.module.eks.module.kms.data.aws_iam_policy_document.this",
            "module.prod_cluster.module.eks_cluster.module.eks.module.kms.data.aws_partition.current",
            "module.vpc.module.subnets.aws_subnet.private",
            "module.vpc.module.vpc_core.aws_vpc.main"
          ]
        }
      ]
    },
    {
      "module": "module.iam",
      "mode": "managed",
      "type": "aws_iam_role",
      "name": "ebs_csi_driver",
      "provider": "provider[\"registry.terraform.io/hashicorp/aws\"]",
      "instances": [
        {
          "schema_version": 0,
          "attributes": {
            "arn": "arn:aws:iam::610964304971:role/devops-quiz-ebs-csi-driver-role",
            "assume_role_policy": "{\"Statement\":[{\"Action\":\"sts:AssumeRoleWithWebIdentity\",\"Condition\":{\"StringEquals\":{\"oidc.eks.eu-north-1.amazonaws.com/id/C3FD7D82FEB99FFCFB43226371C86AAA:aud\":\"sts.amazonaws.com\",\"oidc.eks.eu-north-1.amazonaws.com/id/C3FD7D82FEB99FFCFB43226371C86AAA:sub\":\"system:serviceaccount:kube-system:ebs-csi-controller-sa\"}},\"Effect\":\"Allow\",\"Principal\":{\"Federated\":\"arn:aws:iam::610964304971:oidc-provider/oidc.eks.eu-north-1.amazonaws.com/id/C3FD7D82FEB99FFCFB43226371C86AAA\"}}],\"Version\":\"2012-10-17\"}",
            "create_date": "2025-11-11T15:42:45Z",
            "description": "",
            "force_detach_policies": false,
            "id": "devops-quiz-ebs-csi-driver-role",
            "inline_policy": [],
            "managed_policy_arns": [
              "arn:aws:iam::aws:policy/service-role/AmazonEBSCSIDriverPolicy"
            ],
            "max_session_duration": 3600,
            "name": "devops-quiz-ebs-csi-driver-role",
            "name_prefix": "",
            "path": "/",
            "permissions_boundary": "",
            "tags": {
              "Environment": "production",
              "Name": "EBS CSI Driver Role",
              "Purpose": "Allow EBS CSI driver to manage EBS volumes"
            },
            "tags_all": {
              "Environment": "production",
              "ManagedBy": "Terraform",
              "Name": "EBS CSI Driver Role",
              "Owner": "Liav",
              "Project": "Devops-Quiz",
              "Purpose": "Allow EBS CSI driver to manage EBS volumes"
            },
            "unique_id": "AROAY4QCPORF35PUOJTAU"
          },
          "sensitive_attributes": [],
          "identity_schema_version": 0,
          "private": "bnVsbA==",
          "dependencies": [
            "module.prod_cluster.module.eks_cluster.module.eks.aws_cloudwatch_log_group.this",
            "module.prod_cluster.module.eks_cluster.module.eks.aws_eks_cluster.this",
            "module.prod_cluster.module.eks_cluster.module.eks.aws_iam_openid_connect_provider.oidc_provider",
            "module.prod_cluster.module.eks_cluster.module.eks.aws_iam_policy.cni_ipv6_policy",
            "module.prod_cluster.module.eks_cluster.module.eks.aws_iam_role.eks_auto",
            "module.prod_cluster.module.eks_cluster.module.eks.aws_iam_role.this",
            "module.prod_cluster.module.eks_cluster.module.eks.aws_iam_role_policy_attachment.this",
            "module.prod_cluster.module.eks_cluster.module.eks.aws_security_group.cluster",
            "module.prod_cluster.module.eks_cluster.module.eks.aws_security_group.node",
            "module.prod_cluster.module.eks_cluster.module.eks.aws_security_group_rule.cluster",
            "module.prod_cluster.module.eks_cluster.module.eks.aws_security_group_rule.node",
            "module.prod_cluster.module.eks_cluster.module.eks.data.aws_caller_identity.current",
            "module.prod_cluster.module.eks_cluster.module.eks.data.aws_iam_policy_document.assume_role_policy",
            "module.prod_cluster.module.eks_cluster.module.eks.data.aws_iam_policy_document.cni_ipv6_policy",
            "module.prod_cluster.module.eks_cluster.module.eks.data.aws_iam_policy_document.node_assume_role_policy",
            "module.prod_cluster.module.eks_cluster.module.eks.data.aws_iam_session_context.current",
            "module.prod_cluster.module.eks_cluster.module.eks.data.aws_partition.current",
            "module.prod_cluster.module.eks_cluster.module.eks.data.tls_certificate.this",
            "module.prod_cluster.module.eks_cluster.module.eks.module.kms.aws_kms_external_key.this",
            "module.prod_cluster.module.eks_cluster.module.eks.module.kms.aws_kms_key.this",
            "module.prod_cluster.module.eks_cluster.module.eks.module.kms.aws_kms_replica_external_key.this",
            "module.prod_cluster.module.eks_cluster.module.eks.module.kms.aws_kms_replica_key.this",
            "module.prod_cluster.module.eks_cluster.module.eks.module.kms.data.aws_caller_identity.current",
            "module.prod_cluster.module.eks_cluster.module.eks.module.kms.data.aws_iam_policy_document.this",
            "module.prod_cluster.module.eks_cluster.module.eks.module.kms.data.aws_partition.current",
            "module.vpc.module.subnets.aws_subnet.private",
            "module.vpc.module.vpc_core.aws_vpc.main"
          ]
        }
      ]
    },
    {
      "module": "module.iam",
      "mode": "managed",
      "type": "aws_iam_role",
      "name": "ec2_instance_role",
      "provider": "provider[\"registry.terraform.io/hashicorp/aws\"]",
      "instances": [
        {
          "schema_version": 0,
          "attributes": {
            "arn": "arn:aws:iam::610964304971:role/EC2-Infrastructure-Role",
            "assume_role_policy": "{\"Statement\":[{\"Action\":\"sts:AssumeRole\",\"Effect\":\"Allow\",\"Principal\":{\"Service\":\"ec2.amazonaws.com\"}}],\"Version\":\"2012-10-17\"}",
            "create_date": "2025-11-11T11:46:26Z",
            "description": "",
            "force_detach_policies": false,
            "id": "EC2-Infrastructure-Role",
            "inline_policy": [
              {
                "name": "InfrastructurePermissions",
                "policy": "{\"Version\":\"2012-10-17\",\"Statement\":[{\"Action\":[\"s3:GetObject\",\"s3:PutObject\",\"s3:DeleteObject\",\"s3:ListBucket\"],\"Effect\":\"Allow\",\"Resource\":[\"arn:aws:s3:::devops-quiz-*\",\"arn:aws:s3:::devops-quiz-*/*\"],\"Sid\":\"S3Access\"},{\"Action\":[\"ssm:StartSession\",\"ssm:SendCommand\",\"ssm:GetCommandInvocation\",\"ssm:DescribeInstanceInformation\",\"ssm:ListCommandInvocations\"],\"Effect\":\"Allow\",\"Resource\":\"*\",\"Sid\":\"SSMSessionAccess\"},{\"Action\":[\"ssm:GetParameter\",\"ssm:GetParameters\",\"ssm:GetParametersByPath\",\"ssm:DescribeParameters\"],\"Effect\":\"Allow\",\"Resource\":[\"arn:aws:ssm:*:*:parameter/devops-quiz/*\"],\"Sid\":\"SSMParameterStoreRead\"},{\"Action\":[\"ec2:DescribeInstances\",\"ec2:DescribeTags\",\"ec2:DescribeSecurityGroups\",\"ec2:DescribeSubnets\",\"ec2:DescribeVpcs\"],\"Effect\":\"Allow\",\"Resource\":\"*\",\"Sid\":\"EC2MetadataAccess\"},{\"Action\":[\"eks:DescribeCluster\",\"eks:ListClusters\"],\"Effect\":\"Allow\",\"Resource\":\"*\",\"Sid\":\"EKSReadAccess\"}]}"
              }
            ],
            "managed_policy_arns": [
              "arn:aws:iam::aws:policy/AmazonSSMManagedInstanceCore"
            ],
            "max_session_duration": 3600,
            "name": "EC2-Infrastructure-Role",
            "name_prefix": "",
            "path": "/",
            "permissions_boundary": "",
            "tags": {
              "Environment": "production",
              "Name": "EC2 Infrastructure Role",
              "Purpose": "Enable EC2 instances to access AWS services"
            },
            "tags_all": {
              "Environment": "production",
              "ManagedBy": "Terraform",
              "Name": "EC2 Infrastructure Role",
              "Owner": "Liav",
              "Project": "Devops-Quiz",
              "Purpose": "Enable EC2 instances to access AWS services"
            },
            "unique_id": "AROAY4QCPORF62FAVKSVY"
          },
          "sensitive_attributes": [],
          "identity_schema_version": 0,
          "private": "bnVsbA=="
        }
      ]
    },
    {
      "module": "module.iam",
      "mode": "managed",
      "type": "aws_iam_role",
      "name": "eso",
      "provider": "provider[\"registry.terraform.io/hashicorp/aws\"]",
      "instances": [
        {
          "schema_version": 0,
          "attributes": {
            "arn": "arn:aws:iam::610964304971:role/devops-quiz-external-secrets-irsa",
            "assume_role_policy": "{\"Statement\":[{\"Action\":\"sts:AssumeRoleWithWebIdentity\",\"Condition\":{\"StringEquals\":{\"oidc.eks.eu-north-1.amazonaws.com/id/C3FD7D82FEB99FFCFB43226371C86AAA:aud\":\"sts.amazonaws.com\",\"oidc.eks.eu-north-1.amazonaws.com/id/C3FD7D82FEB99FFCFB43226371C86AAA:sub\":\"system:serviceaccount:external-secrets-system:external-secrets\"}},\"Effect\":\"Allow\",\"Principal\":{\"Federated\":\"arn:aws:iam::610964304971:oidc-provider/oidc.eks.eu-north-1.amazonaws.com/id/C3FD7D82FEB99FFCFB43226371C86AAA\"}}],\"Version\":\"2012-10-17\"}",
            "create_date": "2025-11-11T11:57:51Z",
            "description": "IRSA role for External Secrets Operator on prod EKS",
            "force_detach_policies": false,
            "id": "devops-quiz-external-secrets-irsa",
            "inline_policy": [
              {
                "name": "ExternalSecretsParameterStoreAccess",
                "policy": "{\"Version\":\"2012-10-17\",\"Statement\":[{\"Action\":[\"ssm:GetParameter\",\"ssm:GetParameters\",\"ssm:GetParametersByPath\",\"ssm:DescribeParameters\"],\"Effect\":\"Allow\",\"Resource\":\"*\"},{\"Action\":[\"kms:Decrypt\"],\"Effect\":\"Allow\",\"Resource\":\"*\"}]}"
              }
            ],
            "managed_policy_arns": [],
            "max_session_duration": 3600,
            "name": "devops-quiz-external-secrets-irsa",
            "name_prefix": "",
            "path": "/",
            "permissions_boundary": "",
            "tags": {},
            "tags_all": {
              "Environment": "Production",
              "ManagedBy": "Terraform",
              "Owner": "Liav",
              "Project": "Devops-Quiz"
            },
            "unique_id": "AROAY4QCPORF43UKKM3XC"
          },
          "sensitive_attributes": [],
          "identity_schema_version": 0,
          "private": "bnVsbA==",
          "dependencies": [
            "module.prod_cluster.module.eks_cluster.module.eks.aws_cloudwatch_log_group.this",
            "module.prod_cluster.module.eks_cluster.module.eks.aws_eks_cluster.this",
            "module.prod_cluster.module.eks_cluster.module.eks.aws_iam_openid_connect_provider.oidc_provider",
            "module.prod_cluster.module.eks_cluster.module.eks.aws_iam_policy.cni_ipv6_policy",
            "module.prod_cluster.module.eks_cluster.module.eks.aws_iam_role.eks_auto",
            "module.prod_cluster.module.eks_cluster.module.eks.aws_iam_role.this",
            "module.prod_cluster.module.eks_cluster.module.eks.aws_iam_role_policy_attachment.this",
            "module.prod_cluster.module.eks_cluster.module.eks.aws_security_group.cluster",
            "module.prod_cluster.module.eks_cluster.module.eks.aws_security_group.node",
            "module.prod_cluster.module.eks_cluster.module.eks.aws_security_group_rule.cluster",
            "module.prod_cluster.module.eks_cluster.module.eks.aws_security_group_rule.node",
            "module.prod_cluster.module.eks_cluster.module.eks.data.aws_caller_identity.current",
            "module.prod_cluster.module.eks_cluster.module.eks.data.aws_iam_policy_document.assume_role_policy",
            "module.prod_cluster.module.eks_cluster.module.eks.data.aws_iam_policy_document.cni_ipv6_policy",
            "module.prod_cluster.module.eks_cluster.module.eks.data.aws_iam_policy_document.node_assume_role_policy",
            "module.prod_cluster.module.eks_cluster.module.eks.data.aws_iam_session_context.current",
            "module.prod_cluster.module.eks_cluster.module.eks.data.aws_partition.current",
            "module.prod_cluster.module.eks_cluster.module.eks.data.tls_certificate.this",
            "module.prod_cluster.module.eks_cluster.module.eks.module.kms.aws_kms_external_key.this",
            "module.prod_cluster.module.eks_cluster.module.eks.module.kms.aws_kms_key.this",
            "module.prod_cluster.module.eks_cluster.module.eks.module.kms.aws_kms_replica_external_key.this",
            "module.prod_cluster.module.eks_cluster.module.eks.module.kms.aws_kms_replica_key.this",
            "module.prod_cluster.module.eks_cluster.module.eks.module.kms.data.aws_caller_identity.current",
            "module.prod_cluster.module.eks_cluster.module.eks.module.kms.data.aws_iam_policy_document.this",
            "module.prod_cluster.module.eks_cluster.module.eks.module.kms.data.aws_partition.current",
            "module.vpc.module.subnets.aws_subnet.private",
            "module.vpc.module.vpc_core.aws_vpc.main"
          ]
        }
      ]
    },
    {
      "module": "module.iam",
      "mode": "managed",
      "type": "aws_iam_role_policy",
      "name": "alb_controller",
      "provider": "provider[\"registry.terraform.io/hashicorp/aws\"]",
      "instances": [
        {
          "schema_version": 0,
          "attributes": {
            "id": "devops-quiz-alb-controller-irsa:AWSLoadBalancerControllerPolicy",
            "name": "AWSLoadBalancerControllerPolicy",
            "name_prefix": "",
            "policy": "{\"Version\":\"2012-10-17\",\"Statement\":[{\"Action\":[\"iam:CreateServiceLinkedRole\"],\"Condition\":{\"StringEquals\":{\"iam:AWSServiceName\":\"elasticloadbalancing.amazonaws.com\"}},\"Effect\":\"Allow\",\"Resource\":\"*\"},{\"Action\":[\"ec2:DescribeAccountAttributes\",\"ec2:DescribeAddresses\",\"ec2:DescribeAvailabilityZones\",\"ec2:DescribeInternetGateways\",\"ec2:DescribeVpcs\",\"ec2:DescribeVpcPeeringConnections\",\"ec2:DescribeSubnets\",\"ec2:DescribeSecurityGroups\",\"ec2:DescribeInstances\",\"ec2:DescribeNetworkInterfaces\",\"ec2:DescribeTags\",\"ec2:GetCoipPoolUsage\",\"ec2:DescribeCoipPools\",\"elasticloadbalancing:DescribeLoadBalancers\",\"elasticloadbalancing:DescribeLoadBalancerAttributes\",\"elasticloadbalancing:DescribeListeners\",\"elasticloadbalancing:DescribeListenerCertificates\",\"elasticloadbalancing:DescribeSSLPolicies\",\"elasticloadbalancing:DescribeRules\",\"elasticloadbalancing:DescribeTargetGroups\",\"elasticloadbalancing:DescribeTargetGroupAttributes\",\"elasticloadbalancing:DescribeTargetHealth\",\"elasticloadbalancing:DescribeTags\",\"elasticloadbalancing:DescribeTrustStores\"],\"Effect\":\"Allow\",\"Resource\":\"*\"},{\"Action\":[\"cognito-idp:DescribeUserPoolClient\",\"acm:ListCertificates\",\"acm:DescribeCertificate\",\"iam:ListServerCertificates\",\"iam:GetServerCertificate\",\"waf-regional:GetWebACL\",\"waf-regional:GetWebACLForResource\",\"waf-regional:AssociateWebACL\",\"waf-regional:DisassociateWebACL\",\"wafv2:GetWebACL\",\"wafv2:GetWebACLForResource\",\"wafv2:AssociateWebACL\",\"wafv2:DisassociateWebACL\",\"shield:GetSubscriptionState\",\"shield:DescribeProtection\",\"shield:CreateProtection\",\"shield:DeleteProtection\"],\"Effect\":\"Allow\",\"Resource\":\"*\"},{\"Action\":[\"ec2:AuthorizeSecurityGroupIngress\",\"ec2:RevokeSecurityGroupIngress\",\"ec2:CreateSecurityGroup\",\"ec2:DeleteSecurityGroup\"],\"Effect\":\"Allow\",\"Resource\":\"*\"},{\"Action\":[\"ec2:CreateTags\"],\"Condition\":{\"Null\":{\"aws:RequestTag/elbv2.k8s.aws/cluster\":\"false\"},\"StringEquals\":{\"ec2:CreateAction\":\"CreateSecurityGroup\"}},\"Effect\":\"Allow\",\"Resource\":\"arn:aws:ec2:*:*:security-group/*\"},{\"Action\":[\"ec2:CreateTags\",\"ec2:DeleteTags\"],\"Condition\":{\"Null\":{\"aws:RequestTag/elbv2.k8s.aws/cluster\":\"true\",\"aws:ResourceTag/elbv2.k8s.aws/cluster\":\"false\"}},\"Effect\":\"Allow\",\"Resource\":\"arn:aws:ec2:*:*:security-group/*\"},{\"Action\":[\"ec2:AuthorizeSecurityGroupIngress\",\"ec2:RevokeSecurityGroupIngress\",\"ec2:DeleteSecurityGroup\"],\"Condition\":{\"Null\":{\"aws:ResourceTag/elbv2.k8s.aws/cluster\":\"false\"}},\"Effect\":\"Allow\",\"Resource\":\"*\"},{\"Action\":[\"elasticloadbalancing:CreateLoadBalancer\",\"elasticloadbalancing:CreateTargetGroup\"],\"Condition\":{\"Null\":{\"aws:RequestTag/elbv2.k8s.aws/cluster\":\"false\"}},\"Effect\":\"Allow\",\"Resource\":\"*\"},{\"Action\":[\"elasticloadbalancing:CreateListener\",\"elasticloadbalancing:DeleteListener\",\"elasticloadbalancing:CreateRule\",\"elasticloadbalancing:DeleteRule\"],\"Effect\":\"Allow\",\"Resource\":\"*\"},{\"Action\":[\"elasticloadbalancing:AddListenerCertificates\",\"elasticloadbalancing:RemoveListenerCertificates\",\"elasticloadbalancing:ModifyListener\"],\"Effect\":\"Allow\",\"Resource\":\"*\"},{\"Action\":[\"elasticloadbalancing:AddTags\",\"elasticloadbalancing:RemoveTags\"],\"Condition\":{\"Null\":{\"aws:RequestTag/elbv2.k8s.aws/cluster\":\"true\",\"aws:ResourceTag/elbv2.k8s.aws/cluster\":\"false\"}},\"Effect\":\"Allow\",\"Resource\":[\"arn:aws:elasticloadbalancing:*:*:targetgroup/*/*\",\"arn:aws:elasticloadbalancing:*:*:loadbalancer/net/*/*\",\"arn:aws:elasticloadbalancing:*:*:loadbalancer/app/*/*\"]},{\"Action\":[\"elasticloadbalancing:AddTags\",\"elasticloadbalancing:RemoveTags\"],\"Effect\":\"Allow\",\"Resource\":[\"arn:aws:elasticloadbalancing:*:*:listener/net/*/*/*\",\"arn:aws:elasticloadbalancing:*:*:listener/app/*/*/*\",\"arn:aws:elasticloadbalancing:*:*:listener-rule/net/*/*/*\",\"arn:aws:elasticloadbalancing:*:*:listener-rule/app/*/*/*\"]},{\"Action\":[\"elasticloadbalancing:ModifyLoadBalancerAttributes\",\"elasticloadbalancing:SetIpAddressType\",\"elasticloadbalancing:SetSecurityGroups\",\"elasticloadbalancing:SetSubnets\",\"elasticloadbalancing:DeleteLoadBalancer\",\"elasticloadbalancing:ModifyTargetGroup\",\"elasticloadbalancing:ModifyTargetGroupAttributes\",\"elasticloadbalancing:DeleteTargetGroup\"],\"Condition\":{\"Null\":{\"aws:ResourceTag/elbv2.k8s.aws/cluster\":\"false\"}},\"Effect\":\"Allow\",\"Resource\":\"*\"},{\"Action\":[\"elasticloadbalancing:AddTags\"],\"Condition\":{\"Null\":{\"aws:RequestTag/elbv2.k8s.aws/cluster\":\"false\"},\"StringEquals\":{\"elasticloadbalancing:CreateAction\":[\"CreateTargetGroup\",\"CreateLoadBalancer\"]}},\"Effect\":\"Allow\",\"Resource\":[\"arn:aws:elasticloadbalancing:*:*:targetgroup/*/*\",\"arn:aws:elasticloadbalancing:*:*:loadbalancer/net/*/*\",\"arn:aws:elasticloadbalancing:*:*:loadbalancer/app/*/*\"]},{\"Action\":[\"elasticloadbalancing:RegisterTargets\",\"elasticloadbalancing:DeregisterTargets\"],\"Effect\":\"Allow\",\"Resource\":\"arn:aws:elasticloadbalancing:*:*:targetgroup/*/*\"},{\"Action\":[\"elasticloadbalancing:SetWebAcl\",\"elasticloadbalancing:ModifyListener\",\"elasticloadbalancing:AddListenerCertificates\",\"elasticloadbalancing:RemoveListenerCertificates\",\"elasticloadbalancing:ModifyRule\"],\"Effect\":\"Allow\",\"Resource\":\"*\"}]}",
            "role": "devops-quiz-alb-controller-irsa"
          },
          "sensitive_attributes": [],
          "identity_schema_version": 0,
          "private": "bnVsbA==",
          "dependencies": [
            "module.iam.aws_iam_role.alb_controller",
            "module.prod_cluster.module.eks_cluster.module.eks.aws_cloudwatch_log_group.this",
            "module.prod_cluster.module.eks_cluster.module.eks.aws_eks_cluster.this",
            "module.prod_cluster.module.eks_cluster.module.eks.aws_iam_openid_connect_provider.oidc_provider",
            "module.prod_cluster.module.eks_cluster.module.eks.aws_iam_policy.cni_ipv6_policy",
            "module.prod_cluster.module.eks_cluster.module.eks.aws_iam_role.eks_auto",
            "module.prod_cluster.module.eks_cluster.module.eks.aws_iam_role.this",
            "module.prod_cluster.module.eks_cluster.module.eks.aws_iam_role_policy_attachment.this",
            "module.prod_cluster.module.eks_cluster.module.eks.aws_security_group.cluster",
            "module.prod_cluster.module.eks_cluster.module.eks.aws_security_group.node",
            "module.prod_cluster.module.eks_cluster.module.eks.aws_security_group_rule.cluster",
            "module.prod_cluster.module.eks_cluster.module.eks.aws_security_group_rule.node",
            "module.prod_cluster.module.eks_cluster.module.eks.data.aws_caller_identity.current",
            "module.prod_cluster.module.eks_cluster.module.eks.data.aws_iam_policy_document.assume_role_policy",
            "module.prod_cluster.module.eks_cluster.module.eks.data.aws_iam_policy_document.cni_ipv6_policy",
            "module.prod_cluster.module.eks_cluster.module.eks.data.aws_iam_policy_document.node_assume_role_policy",
            "module.prod_cluster.module.eks_cluster.module.eks.data.aws_iam_session_context.current",
            "module.prod_cluster.module.eks_cluster.module.eks.data.aws_partition.current",
            "module.prod_cluster.module.eks_cluster.module.eks.data.tls_certificate.this",
            "module.prod_cluster.module.eks_cluster.module.eks.module.kms.aws_kms_external_key.this",
            "module.prod_cluster.module.eks_cluster.module.eks.module.kms.aws_kms_key.this",
            "module.prod_cluster.module.eks_cluster.module.eks.module.kms.aws_kms_replica_external_key.this",
            "module.prod_cluster.module.eks_cluster.module.eks.module.kms.aws_kms_replica_key.this",
            "module.prod_cluster.module.eks_cluster.module.eks.module.kms.data.aws_caller_identity.current",
            "module.prod_cluster.module.eks_cluster.module.eks.module.kms.data.aws_iam_policy_document.this",
            "module.prod_cluster.module.eks_cluster.module.eks.module.kms.data.aws_partition.current",
            "module.vpc.module.subnets.aws_subnet.private",
            "module.vpc.module.vpc_core.aws_vpc.main"
          ]
        }
      ]
    },
    {
      "module": "module.iam",
      "mode": "managed",
      "type": "aws_iam_role_policy",
      "name": "eso_ssm",
      "provider": "provider[\"registry.terraform.io/hashicorp/aws\"]",
      "instances": [
        {
          "schema_version": 0,
          "attributes": {
            "id": "devops-quiz-external-secrets-irsa:ExternalSecretsParameterStoreAccess",
            "name": "ExternalSecretsParameterStoreAccess",
            "name_prefix": "",
            "policy": "{\"Version\":\"2012-10-17\",\"Statement\":[{\"Action\":[\"ssm:GetParameter\",\"ssm:GetParameters\",\"ssm:GetParametersByPath\",\"ssm:DescribeParameters\"],\"Effect\":\"Allow\",\"Resource\":\"*\"},{\"Action\":[\"kms:Decrypt\"],\"Effect\":\"Allow\",\"Resource\":\"*\"}]}",
            "role": "devops-quiz-external-secrets-irsa"
          },
          "sensitive_attributes": [],
          "identity_schema_version": 0,
          "private": "bnVsbA==",
          "dependencies": [
            "module.iam.aws_iam_role.eso",
            "module.prod_cluster.module.eks_cluster.module.eks.aws_cloudwatch_log_group.this",
            "module.prod_cluster.module.eks_cluster.module.eks.aws_eks_cluster.this",
            "module.prod_cluster.module.eks_cluster.module.eks.aws_iam_openid_connect_provider.oidc_provider",
            "module.prod_cluster.module.eks_cluster.module.eks.aws_iam_policy.cni_ipv6_policy",
            "module.prod_cluster.module.eks_cluster.module.eks.aws_iam_role.eks_auto",
            "module.prod_cluster.module.eks_cluster.module.eks.aws_iam_role.this",
            "module.prod_cluster.module.eks_cluster.module.eks.aws_iam_role_policy_attachment.this",
            "module.prod_cluster.module.eks_cluster.module.eks.aws_security_group.cluster",
            "module.prod_cluster.module.eks_cluster.module.eks.aws_security_group.node",
            "module.prod_cluster.module.eks_cluster.module.eks.aws_security_group_rule.cluster",
            "module.prod_cluster.module.eks_cluster.module.eks.aws_security_group_rule.node",
            "module.prod_cluster.module.eks_cluster.module.eks.data.aws_caller_identity.current",
            "module.prod_cluster.module.eks_cluster.module.eks.data.aws_iam_policy_document.assume_role_policy",
            "module.prod_cluster.module.eks_cluster.module.eks.data.aws_iam_policy_document.cni_ipv6_policy",
            "module.prod_cluster.module.eks_cluster.module.eks.data.aws_iam_policy_document.node_assume_role_policy",
            "module.prod_cluster.module.eks_cluster.module.eks.data.aws_iam_session_context.current",
            "module.prod_cluster.module.eks_cluster.module.eks.data.aws_partition.current",
            "module.prod_cluster.module.eks_cluster.module.eks.data.tls_certificate.this",
            "module.prod_cluster.module.eks_cluster.module.eks.module.kms.aws_kms_external_key.this",
            "module.prod_cluster.module.eks_cluster.module.eks.module.kms.aws_kms_key.this",
            "module.prod_cluster.module.eks_cluster.module.eks.module.kms.aws_kms_replica_external_key.this",
            "module.prod_cluster.module.eks_cluster.module.eks.module.kms.aws_kms_replica_key.this",
            "module.prod_cluster.module.eks_cluster.module.eks.module.kms.data.aws_caller_identity.current",
            "module.prod_cluster.module.eks_cluster.module.eks.module.kms.data.aws_iam_policy_document.this",
            "module.prod_cluster.module.eks_cluster.module.eks.module.kms.data.aws_partition.current",
            "module.vpc.module.subnets.aws_subnet.private",
            "module.vpc.module.vpc_core.aws_vpc.main"
          ]
        }
      ]
    },
    {
      "module": "module.iam",
      "mode": "managed",
      "type": "aws_iam_role_policy",
      "name": "infrastructure_permissions",
      "provider": "provider[\"registry.terraform.io/hashicorp/aws\"]",
      "instances": [
        {
          "schema_version": 0,
          "attributes": {
            "id": "EC2-Infrastructure-Role:InfrastructurePermissions",
            "name": "InfrastructurePermissions",
            "name_prefix": "",
            "policy": "{\"Version\":\"2012-10-17\",\"Statement\":[{\"Action\":[\"s3:GetObject\",\"s3:PutObject\",\"s3:DeleteObject\",\"s3:ListBucket\"],\"Effect\":\"Allow\",\"Resource\":[\"arn:aws:s3:::devops-quiz-*\",\"arn:aws:s3:::devops-quiz-*/*\"],\"Sid\":\"S3Access\"},{\"Action\":[\"ssm:StartSession\",\"ssm:SendCommand\",\"ssm:GetCommandInvocation\",\"ssm:DescribeInstanceInformation\",\"ssm:ListCommandInvocations\"],\"Effect\":\"Allow\",\"Resource\":\"*\",\"Sid\":\"SSMSessionAccess\"},{\"Action\":[\"ssm:GetParameter\",\"ssm:GetParameters\",\"ssm:GetParametersByPath\",\"ssm:DescribeParameters\"],\"Effect\":\"Allow\",\"Resource\":[\"arn:aws:ssm:*:*:parameter/devops-quiz/*\"],\"Sid\":\"SSMParameterStoreRead\"},{\"Action\":[\"ec2:DescribeInstances\",\"ec2:DescribeTags\",\"ec2:DescribeSecurityGroups\",\"ec2:DescribeSubnets\",\"ec2:DescribeVpcs\"],\"Effect\":\"Allow\",\"Resource\":\"*\",\"Sid\":\"EC2MetadataAccess\"},{\"Action\":[\"eks:DescribeCluster\",\"eks:ListClusters\"],\"Effect\":\"Allow\",\"Resource\":\"*\",\"Sid\":\"EKSReadAccess\"}]}",
            "role": "EC2-Infrastructure-Role"
          },
          "sensitive_attributes": [],
          "identity_schema_version": 0,
          "private": "bnVsbA==",
          "dependencies": [
            "module.iam.aws_iam_role.ec2_instance_role"
          ]
        }
      ]
    },
    {
      "module": "module.iam",
      "mode": "managed",
      "type": "aws_iam_role_policy_attachment",
      "name": "ebs_csi_driver_policy",
      "provider": "provider[\"registry.terraform.io/hashicorp/aws\"]",
      "instances": [
        {
          "schema_version": 0,
          "attributes": {
            "id": "devops-quiz-ebs-csi-driver-role-20251111154246262600000002",
            "policy_arn": "arn:aws:iam::aws:policy/service-role/AmazonEBSCSIDriverPolicy",
            "role": "devops-quiz-ebs-csi-driver-role"
          },
          "sensitive_attributes": [],
          "identity_schema_version": 0,
          "private": "bnVsbA==",
          "dependencies": [
            "module.iam.aws_iam_role.ebs_csi_driver",
            "module.prod_cluster.module.eks_cluster.module.eks.aws_cloudwatch_log_group.this",
            "module.prod_cluster.module.eks_cluster.module.eks.aws_eks_cluster.this",
            "module.prod_cluster.module.eks_cluster.module.eks.aws_iam_openid_connect_provider.oidc_provider",
            "module.prod_cluster.module.eks_cluster.module.eks.aws_iam_policy.cni_ipv6_policy",
            "module.prod_cluster.module.eks_cluster.module.eks.aws_iam_role.eks_auto",
            "module.prod_cluster.module.eks_cluster.module.eks.aws_iam_role.this",
            "module.prod_cluster.module.eks_cluster.module.eks.aws_iam_role_policy_attachment.this",
            "module.prod_cluster.module.eks_cluster.module.eks.aws_security_group.cluster",
            "module.prod_cluster.module.eks_cluster.module.eks.aws_security_group.node",
            "module.prod_cluster.module.eks_cluster.module.eks.aws_security_group_rule.cluster",
            "module.prod_cluster.module.eks_cluster.module.eks.aws_security_group_rule.node",
            "module.prod_cluster.module.eks_cluster.module.eks.data.aws_caller_identity.current",
            "module.prod_cluster.module.eks_cluster.module.eks.data.aws_iam_policy_document.assume_role_policy",
            "module.prod_cluster.module.eks_cluster.module.eks.data.aws_iam_policy_document.cni_ipv6_policy",
            "module.prod_cluster.module.eks_cluster.module.eks.data.aws_iam_policy_document.node_assume_role_policy",
            "module.prod_cluster.module.eks_cluster.module.eks.data.aws_iam_session_context.current",
            "module.prod_cluster.module.eks_cluster.module.eks.data.aws_partition.current",
            "module.prod_cluster.module.eks_cluster.module.eks.data.tls_certificate.this",
            "module.prod_cluster.module.eks_cluster.module.eks.module.kms.aws_kms_external_key.this",
            "module.prod_cluster.module.eks_cluster.module.eks.module.kms.aws_kms_key.this",
            "module.prod_cluster.module.eks_cluster.module.eks.module.kms.aws_kms_replica_external_key.this",
            "module.prod_cluster.module.eks_cluster.module.eks.module.kms.aws_kms_replica_key.this",
            "module.prod_cluster.module.eks_cluster.module.eks.module.kms.data.aws_caller_identity.current",
            "module.prod_cluster.module.eks_cluster.module.eks.module.kms.data.aws_iam_policy_document.this",
            "module.prod_cluster.module.eks_cluster.module.eks.module.kms.data.aws_partition.current",
            "module.vpc.module.subnets.aws_subnet.private",
            "module.vpc.module.vpc_core.aws_vpc.main"
          ]
        }
      ]
    },
    {
      "module": "module.iam",
      "mode": "managed",
      "type": "aws_iam_role_policy_attachment",
      "name": "ssm_managed_instance_core",
      "provider": "provider[\"registry.terraform.io/hashicorp/aws\"]",
      "instances": [
        {
          "schema_version": 0,
          "attributes": {
            "id": "EC2-Infrastructure-Role-20251111114627251100000007",
            "policy_arn": "arn:aws:iam::aws:policy/AmazonSSMManagedInstanceCore",
            "role": "EC2-Infrastructure-Role"
          },
          "sensitive_attributes": [],
          "identity_schema_version": 0,
          "private": "bnVsbA==",
          "dependencies": [
            "module.iam.aws_iam_role.ec2_instance_role"
          ]
        }
      ]
    },
    {
      "module": "module.jenkins",
      "mode": "managed",
      "type": "aws_instance",
      "name": "jenkins",
      "provider": "provider[\"registry.terraform.io/hashicorp/aws\"]",
      "instances": [
        {
          "schema_version": 1,
          "attributes": {
            "ami": "ami-0a83c166f673df4de",
            "arn": "arn:aws:ec2:eu-north-1:610964304971:instance/i-073c38cffeb158fa6",
            "associate_public_ip_address": false,
            "availability_zone": "eu-north-1b",
            "capacity_reservation_specification": [
              {
                "capacity_reservation_preference": "open",
                "capacity_reservation_target": []
              }
            ],
            "cpu_core_count": 1,
            "cpu_options": [
              {
                "amd_sev_snp": "",
                "core_count": 1,
                "threads_per_core": 2
              }
            ],
            "cpu_threads_per_core": 2,
            "credit_specification": [
              {
                "cpu_credits": "unlimited"
              }
            ],
            "disable_api_stop": false,
            "disable_api_termination": false,
            "ebs_block_device": [],
            "ebs_optimized": false,
            "enable_primary_ipv6": null,
            "enclave_options": [
              {
                "enabled": false
              }
            ],
            "ephemeral_block_device": [],
            "get_password_data": false,
            "hibernation": false,
            "host_id": "",
            "host_resource_group_arn": null,
            "iam_instance_profile": "EC2-Infrastructure-Profile",
            "id": "i-073c38cffeb158fa6",
            "instance_initiated_shutdown_behavior": "stop",
            "instance_lifecycle": "",
            "instance_market_options": [],
            "instance_state": "running",
            "instance_type": "t3.small",
            "ipv6_address_count": 0,
            "ipv6_addresses": [],
            "key_name": "",
            "launch_template": [],
            "maintenance_options": [
              {
                "auto_recovery": "default"
              }
            ],
            "metadata_options": [
              {
                "http_endpoint": "enabled",
                "http_protocol_ipv6": "disabled",
                "http_put_response_hop_limit": 2,
                "http_tokens": "required",
                "instance_metadata_tags": "disabled"
              }
            ],
            "monitoring": false,
            "network_interface": [],
            "outpost_arn": "",
            "password_data": "",
            "placement_group": "",
            "placement_partition_number": 0,
            "primary_network_interface_id": "eni-0799ebaffa09e9c6f",
            "private_dns": "ip-10-0-4-59.eu-north-1.compute.internal",
            "private_dns_name_options": [
              {
                "enable_resource_name_dns_a_record": false,
                "enable_resource_name_dns_aaaa_record": false,
                "hostname_type": "ip-name"
              }
            ],
            "private_ip": "10.0.4.59",
            "public_dns": "",
            "public_ip": "",
            "root_block_device": [
              {
                "delete_on_termination": true,
                "device_name": "/dev/sda1",
                "encrypted": true,
                "iops": 3000,
                "kms_key_id": "arn:aws:kms:eu-north-1:610964304971:key/18d95a5d-82e4-425d-a8ed-b34964566fc5",
                "tags": {},
                "tags_all": {
                  "Environment": "Production",
                  "ManagedBy": "Terraform",
                  "Owner": "Liav",
                  "Project": "Devops-Quiz"
                },
                "throughput": 125,
                "volume_id": "vol-0e7cefad9d69084c1",
                "volume_size": 12,
                "volume_type": "gp3"
              }
            ],
            "secondary_private_ips": [],
            "security_groups": [],
            "source_dest_check": true,
            "spot_instance_request_id": "",
            "subnet_id": "subnet-08eaeacff5eb95b1f",
            "tags": {
              "Environment": "Development",
              "Name": "devops-quiz-jenkins",
              "Service": "Jenkins",
              "Subnet": "Private",
              "Type": "DevOps Infrastructure"
            },
            "tags_all": {
              "Environment": "Development",
              "ManagedBy": "Terraform",
              "Name": "devops-quiz-jenkins",
              "Owner": "Liav",
              "Project": "Devops-Quiz",
              "Service": "Jenkins",
              "Subnet": "Private",
              "Type": "DevOps Infrastructure"
            },
            "tenancy": "default",
            "timeouts": null,
            "user_data": null,
            "user_data_base64": null,
            "user_data_replace_on_change": false,
            "volume_tags": null,
            "vpc_security_group_ids": [
              "sg-078243dc7754bacd2"
            ]
          },
          "sensitive_attributes": [],
          "identity_schema_version": 0,
          "private": "eyJlMmJmYjczMC1lY2FhLTExZTYtOGY4OC0zNDM2M2JjN2M0YzAiOnsiY3JlYXRlIjo2MDAwMDAwMDAwMDAsImRlbGV0ZSI6MTIwMDAwMDAwMDAwMCwicmVhZCI6OTAwMDAwMDAwMDAwLCJ1cGRhdGUiOjYwMDAwMDAwMDAwMH0sInNjaGVtYV92ZXJzaW9uIjoiMSJ9",
          "dependencies": [
            "module.iam.aws_iam_instance_profile.ec2_instance_profile",
            "module.iam.aws_iam_role.ec2_instance_role",
            "module.security_groups.aws_security_group.jenkins",
            "module.vpc.module.subnets.aws_subnet.private",
            "module.vpc.module.vpc_core.aws_vpc.main"
          ]
        }
      ]
    },
    {
      "module": "module.prod_cluster.module.addons",
      "mode": "data",
      "type": "aws_eks_addon_version",
      "name": "coredns",
      "provider": "provider[\"registry.terraform.io/hashicorp/aws\"]",
      "instances": [
        {
          "schema_version": 0,
          "attributes": {
            "addon_name": "coredns",
            "id": "coredns",
            "kubernetes_version": "1.31",
            "most_recent": true,
            "version": "v1.11.4-eksbuild.24"
          },
          "sensitive_attributes": [],
          "identity_schema_version": 0
        }
      ]
    },
    {
      "module": "module.prod_cluster.module.addons",
      "mode": "data",
      "type": "aws_eks_addon_version",
      "name": "ebs_csi_driver",
      "provider": "provider[\"registry.terraform.io/hashicorp/aws\"]",
      "instances": [
        {
          "schema_version": 0,
          "attributes": {
            "addon_name": "aws-ebs-csi-driver",
            "id": "aws-ebs-csi-driver",
            "kubernetes_version": "1.31",
            "most_recent": true,
            "version": "v1.52.1-eksbuild.1"
          },
          "sensitive_attributes": [],
          "identity_schema_version": 0
        }
      ]
    },
    {
      "module": "module.prod_cluster.module.addons",
      "mode": "data",
      "type": "aws_eks_addon_version",
      "name": "kube_proxy",
      "provider": "provider[\"registry.terraform.io/hashicorp/aws\"]",
      "instances": [
        {
          "schema_version": 0,
          "attributes": {
            "addon_name": "kube-proxy",
            "id": "kube-proxy",
            "kubernetes_version": "1.31",
            "most_recent": true,
            "version": "v1.31.10-eksbuild.12"
          },
          "sensitive_attributes": [],
          "identity_schema_version": 0
        }
      ]
    },
    {
      "module": "module.prod_cluster.module.addons",
      "mode": "data",
      "type": "aws_eks_addon_version",
      "name": "vpc_cni",
      "provider": "provider[\"registry.terraform.io/hashicorp/aws\"]",
      "instances": [
        {
          "schema_version": 0,
          "attributes": {
            "addon_name": "vpc-cni",
            "id": "vpc-cni",
            "kubernetes_version": "1.31",
            "most_recent": true,
            "version": "v1.20.4-eksbuild.2"
          },
          "sensitive_attributes": [],
          "identity_schema_version": 0
        }
      ]
    },
    {
      "module": "module.prod_cluster.module.addons",
      "mode": "managed",
      "type": "aws_eks_addon",
      "name": "coredns",
      "provider": "provider[\"registry.terraform.io/hashicorp/aws\"]",
      "instances": [
        {
          "schema_version": 0,
          "attributes": {
            "addon_name": "coredns",
            "addon_version": "v1.11.4-eksbuild.24",
            "arn": "arn:aws:eks:eu-north-1:610964304971:addon/devops-quiz-eks/coredns/36cd3965-6635-5327-285c-c007d3a78b29",
            "cluster_name": "devops-quiz-eks",
            "configuration_values": "",
            "created_at": "2025-11-11T12:01:24Z",
            "id": "devops-quiz-eks:coredns",
            "modified_at": "2025-11-11T12:01:36Z",
            "pod_identity_association": [],
            "preserve": null,
            "resolve_conflicts": null,
            "resolve_conflicts_on_create": "OVERWRITE",
            "resolve_conflicts_on_update": "PRESERVE",
            "service_account_role_arn": "",
            "tags": {
              "Name": "devops-quiz-eks-coredns"
            },
            "tags_all": {
              "Environment": "Production",
              "ManagedBy": "Terraform",
              "Name": "devops-quiz-eks-coredns",
              "Owner": "Liav",
              "Project": "Devops-Quiz"
            },
            "timeouts": null
          },
          "sensitive_attributes": [],
          "identity_schema_version": 0,
          "private": "eyJlMmJmYjczMC1lY2FhLTExZTYtOGY4OC0zNDM2M2JjN2M0YzAiOnsiY3JlYXRlIjoxMjAwMDAwMDAwMDAwLCJkZWxldGUiOjI0MDAwMDAwMDAwMDAsInVwZGF0ZSI6MTIwMDAwMDAwMDAwMH19",
          "dependencies": [
            "module.prod_cluster.module.addons.aws_eks_addon.vpc_cni",
            "module.prod_cluster.module.addons.data.aws_eks_addon_version.coredns",
            "module.prod_cluster.module.addons.data.aws_eks_addon_version.vpc_cni",
            "module.prod_cluster.module.eks_cluster.data.aws_caller_identity.current",
            "module.prod_cluster.module.eks_cluster.module.eks.aws_cloudwatch_log_group.this",
            "module.prod_cluster.module.eks_cluster.module.eks.aws_ec2_tag.cluster_primary_security_group",
            "module.prod_cluster.module.eks_cluster.module.eks.aws_eks_access_entry.this",
            "module.prod_cluster.module.eks_cluster.module.eks.aws_eks_access_policy_association.this",
            "module.prod_cluster.module.eks_cluster.module.eks.aws_eks_addon.before_compute",
            "module.prod_cluster.module.eks_cluster.module.eks.aws_eks_addon.this",
            "module.prod_cluster.module.eks_cluster.module.eks.aws_eks_cluster.this",
            "module.prod_cluster.module.eks_cluster.module.eks.aws_eks_identity_provider_config.this",
            "module.prod_cluster.module.eks_cluster.module.eks.aws_iam_openid_connect_provider.oidc_provider",
            "module.prod_cluster.module.eks_cluster.module.eks.aws_iam_policy.cluster_encryption",
            "module.prod_cluster.module.eks_cluster.module.eks.aws_iam_policy.cni_ipv6_policy",
            "module.prod_cluster.module.eks_cluster.module.eks.aws_iam_policy.custom",
            "module.prod_cluster.module.eks_cluster.module.eks.aws_iam_role.eks_auto",
            "module.prod_cluster.module.eks_cluster.module.eks.aws_iam_role.this",
            "module.prod_cluster.module.eks_cluster.module.eks.aws_iam_role_policy_attachment.additional",
            "module.prod_cluster.module.eks_cluster.module.eks.aws_iam_role_policy_attachment.cluster_encryption",
            "module.prod_cluster.module.eks_cluster.module.eks.aws_iam_role_policy_attachment.custom",
            "module.prod_cluster.module.eks_cluster.module.eks.aws_iam_role_policy_attachment.eks_auto",
            "module.prod_cluster.module.eks_cluster.module.eks.aws_iam_role_policy_attachment.eks_auto_additional",
            "module.prod_cluster.module.eks_cluster.module.eks.aws_iam_role_policy_attachment.this",
            "module.prod_cluster.module.eks_cluster.module.eks.aws_security_group.cluster",
            "module.prod_cluster.module.eks_cluster.module.eks.aws_security_group.node",
            "module.prod_cluster.module.eks_cluster.module.eks.aws_security_group_rule.cluster",
            "module.prod_cluster.module.eks_cluster.module.eks.aws_security_group_rule.node",
            "module.prod_cluster.module.eks_cluster.module.eks.data.aws_caller_identity.current",
            "module.prod_cluster.module.eks_cluster.module.eks.data.aws_eks_addon_version.this",
            "module.prod_cluster.module.eks_cluster.module.eks.data.aws_iam_policy_document.assume_role_policy",
            "module.prod_cluster.module.eks_cluster.module.eks.data.aws_iam_policy_document.cni_ipv6_policy",
            "module.prod_cluster.module.eks_cluster.module.eks.data.aws_iam_policy_document.custom",
            "module.prod_cluster.module.eks_cluster.module.eks.data.aws_iam_policy_document.node_assume_role_policy",
            "module.prod_cluster.module.eks_cluster.module.eks.data.aws_iam_session_context.current",
            "module.prod_cluster.module.eks_cluster.module.eks.data.aws_partition.current",
            "module.prod_cluster.module.eks_cluster.module.eks.data.tls_certificate.this",
            "module.prod_cluster.module.eks_cluster.module.eks.module.eks_managed_node_group.aws_autoscaling_schedule.this",
            "module.prod_cluster.module.eks_cluster.module.eks.module.eks_managed_node_group.aws_eks_node_group.this",
            "module.prod_cluster.module.eks_cluster.module.eks.module.eks_managed_node_group.aws_iam_role.this",
            "module.prod_cluster.module.eks_cluster.module.eks.module.eks_managed_node_group.aws_iam_role_policy.this",
            "module.prod_cluster.module.eks_cluster.module.eks.module.eks_managed_node_group.aws_iam_role_policy_attachment.additional",
            "module.prod_cluster.module.eks_cluster.module.eks.module.eks_managed_node_group.aws_iam_role_policy_attachment.this",
            "module.prod_cluster.module.eks_cluster.module.eks.module.eks_managed_node_group.aws_launch_template.this",
            "module.prod_cluster.module.eks_cluster.module.eks.module.eks_managed_node_group.aws_placement_group.this",
            "module.prod_cluster.module.eks_cluster.module.eks.module.eks_managed_node_group.data.aws_caller_identity.current",
            "module.prod_cluster.module.eks_cluster.module.eks.module.eks_managed_node_group.data.aws_ec2_instance_type.this",
            "module.prod_cluster.module.eks_cluster.module.eks.module.eks_managed_node_group.data.aws_ec2_instance_type_offerings.this",
            "module.prod_cluster.module.eks_cluster.module.eks.module.eks_managed_node_group.data.aws_iam_policy_document.assume_role_policy",
            "module.prod_cluster.module.eks_cluster.module.eks.module.eks_managed_node_group.data.aws_iam_policy_document.role",
            "module.prod_cluster.module.eks_cluster.module.eks.module.eks_managed_node_group.data.aws_partition.current",
            "module.prod_cluster.module.eks_cluster.module.eks.module.eks_managed_node_group.data.aws_ssm_parameter.ami",
            "module.prod_cluster.module.eks_cluster.module.eks.module.eks_managed_node_group.data.aws_subnets.placement_group",
            "module.prod_cluster.module.eks_cluster.module.eks.module.eks_managed_node_group.module.user_data.data.cloudinit_config.al2023_eks_managed_node_group",
            "module.prod_cluster.module.eks_cluster.module.eks.module.eks_managed_node_group.module.user_data.data.cloudinit_config.linux_eks_managed_node_group",
            "module.prod_cluster.module.eks_cluster.module.eks.module.eks_managed_node_group.module.user_data.null_resource.validate_cluster_service_cidr",
            "module.prod_cluster.module.eks_cluster.module.eks.module.fargate_profile.aws_eks_fargate_profile.this",
            "module.prod_cluster.module.eks_cluster.module.eks.module.fargate_profile.aws_iam_role.this",
            "module.prod_cluster.module.eks_cluster.module.eks.module.fargate_profile.aws_iam_role_policy.this",
            "module.prod_cluster.module.eks_cluster.module.eks.module.fargate_profile.aws_iam_role_policy_attachment.additional",
            "module.prod_cluster.module.eks_cluster.module.eks.module.fargate_profile.aws_iam_role_policy_attachment.this",
            "module.prod_cluster.module.eks_cluster.module.eks.module.fargate_profile.data.aws_caller_identity.current",
            "module.prod_cluster.module.eks_cluster.module.eks.module.fargate_profile.data.aws_iam_policy_document.assume_role_policy",
            "module.prod_cluster.module.eks_cluster.module.eks.module.fargate_profile.data.aws_iam_policy_document.role",
            "module.prod_cluster.module.eks_cluster.module.eks.module.fargate_profile.data.aws_partition.current",
            "module.prod_cluster.module.eks_cluster.module.eks.module.fargate_profile.data.aws_region.current",
            "module.prod_cluster.module.eks_cluster.module.eks.module.kms.aws_kms_alias.this",
            "module.prod_cluster.module.eks_cluster.module.eks.module.kms.aws_kms_external_key.this",
            "module.prod_cluster.module.eks_cluster.module.eks.module.kms.aws_kms_grant.this",
            "module.prod_cluster.module.eks_cluster.module.eks.module.kms.aws_kms_key.this",
            "module.prod_cluster.module.eks_cluster.module.eks.module.kms.aws_kms_replica_external_key.this",
            "module.prod_cluster.module.eks_cluster.module.eks.module.kms.aws_kms_replica_key.this",
            "module.prod_cluster.module.eks_cluster.module.eks.module.kms.data.aws_caller_identity.current",
            "module.prod_cluster.module.eks_cluster.module.eks.module.kms.data.aws_iam_policy_document.this",
            "module.prod_cluster.module.eks_cluster.module.eks.module.kms.data.aws_partition.current",
            "module.prod_cluster.module.eks_cluster.module.eks.module.self_managed_node_group.aws_autoscaling_group.this",
            "module.prod_cluster.module.eks_cluster.module.eks.module.self_managed_node_group.aws_autoscaling_schedule.this",
            "module.prod_cluster.module.eks_cluster.module.eks.module.self_managed_node_group.aws_eks_access_entry.this",
            "module.prod_cluster.module.eks_cluster.module.eks.module.self_managed_node_group.aws_iam_instance_profile.this",
            "module.prod_cluster.module.eks_cluster.module.eks.module.self_managed_node_group.aws_iam_role.this",
            "module.prod_cluster.module.eks_cluster.module.eks.module.self_managed_node_group.aws_iam_role_policy.this",
            "module.prod_cluster.module.eks_cluster.module.eks.module.self_managed_node_group.aws_iam_role_policy_attachment.additional",
            "module.prod_cluster.module.eks_cluster.module.eks.module.self_managed_node_group.aws_iam_role_policy_attachment.this",
            "module.prod_cluster.module.eks_cluster.module.eks.module.self_managed_node_group.aws_launch_template.this",
            "module.prod_cluster.module.eks_cluster.module.eks.module.self_managed_node_group.aws_placement_group.this",
            "module.prod_cluster.module.eks_cluster.module.eks.module.self_managed_node_group.data.aws_caller_identity.current",
            "module.prod_cluster.module.eks_cluster.module.eks.module.self_managed_node_group.data.aws_ec2_instance_type.this",
            "module.prod_cluster.module.eks_cluster.module.eks.module.self_managed_node_group.data.aws_ec2_instance_type_offerings.this",
            "module.prod_cluster.module.eks_cluster.module.eks.module.self_managed_node_group.data.aws_iam_policy_document.assume_role_policy",
            "module.prod_cluster.module.eks_cluster.module.eks.module.self_managed_node_group.data.aws_iam_policy_document.role",
            "module.prod_cluster.module.eks_cluster.module.eks.module.self_managed_node_group.data.aws_partition.current",
            "module.prod_cluster.module.eks_cluster.module.eks.module.self_managed_node_group.data.aws_ssm_parameter.ami",
            "module.prod_cluster.module.eks_cluster.module.eks.module.self_managed_node_group.data.aws_subnets.placement_group",
            "module.prod_cluster.module.eks_cluster.module.eks.module.self_managed_node_group.module.user_data.data.cloudinit_config.al2023_eks_managed_node_group",
            "module.prod_cluster.module.eks_cluster.module.eks.module.self_managed_node_group.module.user_data.data.cloudinit_config.linux_eks_managed_node_group",
            "module.prod_cluster.module.eks_cluster.module.eks.module.self_managed_node_group.module.user_data.null_resource.validate_cluster_service_cidr",
            "module.prod_cluster.module.eks_cluster.module.eks.time_sleep.this",
            "module.prod_cluster.module.node_groups.module.eks_managed_node_groups.aws_autoscaling_schedule.this",
            "module.prod_cluster.module.node_groups.module.eks_managed_node_groups.aws_eks_node_group.this",
            "module.prod_cluster.module.node_groups.module.eks_managed_node_groups.aws_iam_role.this",
            "module.prod_cluster.module.node_groups.module.eks_managed_node_groups.aws_iam_role_policy.this",
            "module.prod_cluster.module.node_groups.module.eks_managed_node_groups.aws_iam_role_policy_attachment.additional",
            "module.prod_cluster.module.node_groups.module.eks_managed_node_groups.aws_iam_role_policy_attachment.this",
            "module.prod_cluster.module.node_groups.module.eks_managed_node_groups.aws_launch_template.this",
            "module.prod_cluster.module.node_groups.module.eks_managed_node_groups.aws_placement_group.this",
            "module.prod_cluster.module.node_groups.module.eks_managed_node_groups.data.aws_caller_identity.current",
            "module.prod_cluster.module.node_groups.module.eks_managed_node_groups.data.aws_ec2_instance_type.this",
            "module.prod_cluster.module.node_groups.module.eks_managed_node_groups.data.aws_ec2_instance_type_offerings.this",
            "module.prod_cluster.module.node_groups.module.eks_managed_node_groups.data.aws_iam_policy_document.assume_role_policy",
            "module.prod_cluster.module.node_groups.module.eks_managed_node_groups.data.aws_iam_policy_document.role",
            "module.prod_cluster.module.node_groups.module.eks_managed_node_groups.data.aws_partition.current",
            "module.prod_cluster.module.node_groups.module.eks_managed_node_groups.data.aws_ssm_parameter.ami",
            "module.prod_cluster.module.node_groups.module.eks_managed_node_groups.data.aws_subnets.placement_group",
            "module.prod_cluster.module.node_groups.module.eks_managed_node_groups.module.user_data.data.cloudinit_config.al2023_eks_managed_node_group",
            "module.prod_cluster.module.node_groups.module.eks_managed_node_groups.module.user_data.data.cloudinit_config.linux_eks_managed_node_group",
            "module.prod_cluster.module.node_groups.module.eks_managed_node_groups.module.user_data.null_resource.validate_cluster_service_cidr",
            "module.vpc.module.subnets.aws_subnet.private",
            "module.vpc.module.vpc_core.aws_vpc.main"
          ]
        }
      ]
    },
    {
      "module": "module.prod_cluster.module.addons",
      "mode": "managed",
      "type": "aws_eks_addon",
      "name": "ebs_csi_driver",
      "provider": "provider[\"registry.terraform.io/hashicorp/aws\"]",
      "instances": [
        {
          "schema_version": 0,
          "attributes": {
            "addon_name": "aws-ebs-csi-driver",
            "addon_version": "v1.52.1-eksbuild.1",
            "arn": "arn:aws:eks:eu-north-1:610964304971:addon/devops-quiz-eks/aws-ebs-csi-driver/eecd39be-7d2a-f548-2af4-f7f3989170b6",
            "cluster_name": "devops-quiz-eks",
            "configuration_values": "",
            "created_at": "2025-11-11T15:16:01Z",
            "id": "devops-quiz-eks:aws-ebs-csi-driver",
            "modified_at": "2025-11-11T15:16:01Z",
            "pod_identity_association": [],
            "preserve": null,
            "resolve_conflicts": null,
            "resolve_conflicts_on_create": "OVERWRITE",
            "resolve_conflicts_on_update": "OVERWRITE",
            "service_account_role_arn": "arn:aws:iam::610964304971:role/devops-quiz-ebs-csi-driver-role",
            "tags": {
              "Name": "devops-quiz-eks-ebs-csi-driver"
            },
            "tags_all": {
              "Environment": "Production",
              "ManagedBy": "Terraform",
              "Name": "devops-quiz-eks-ebs-csi-driver",
              "Owner": "Liav",
              "Project": "Devops-Quiz"
            },
            "timeouts": null
          },
          "sensitive_attributes": [],
          "identity_schema_version": 0,
          "private": "eyJlMmJmYjczMC1lY2FhLTExZTYtOGY4OC0zNDM2M2JjN2M0YzAiOnsiY3JlYXRlIjoxMjAwMDAwMDAwMDAwLCJkZWxldGUiOjI0MDAwMDAwMDAwMDAsInVwZGF0ZSI6MTIwMDAwMDAwMDAwMH19",
          "dependencies": [
            "module.iam.aws_iam_role.ebs_csi_driver",
            "module.prod_cluster.module.addons.aws_eks_addon.vpc_cni",
            "module.prod_cluster.module.addons.data.aws_eks_addon_version.ebs_csi_driver",
            "module.prod_cluster.module.addons.data.aws_eks_addon_version.vpc_cni",
            "module.prod_cluster.module.eks_cluster.data.aws_caller_identity.current",
            "module.prod_cluster.module.eks_cluster.module.eks.aws_cloudwatch_log_group.this",
            "module.prod_cluster.module.eks_cluster.module.eks.aws_ec2_tag.cluster_primary_security_group",
            "module.prod_cluster.module.eks_cluster.module.eks.aws_eks_access_entry.this",
            "module.prod_cluster.module.eks_cluster.module.eks.aws_eks_access_policy_association.this",
            "module.prod_cluster.module.eks_cluster.module.eks.aws_eks_addon.before_compute",
            "module.prod_cluster.module.eks_cluster.module.eks.aws_eks_addon.this",
            "module.prod_cluster.module.eks_cluster.module.eks.aws_eks_cluster.this",
            "module.prod_cluster.module.eks_cluster.module.eks.aws_eks_identity_provider_config.this",
            "module.prod_cluster.module.eks_cluster.module.eks.aws_iam_openid_connect_provider.oidc_provider",
            "module.prod_cluster.module.eks_cluster.module.eks.aws_iam_policy.cluster_encryption",
            "module.prod_cluster.module.eks_cluster.module.eks.aws_iam_policy.cni_ipv6_policy",
            "module.prod_cluster.module.eks_cluster.module.eks.aws_iam_policy.custom",
            "module.prod_cluster.module.eks_cluster.module.eks.aws_iam_role.eks_auto",
            "module.prod_cluster.module.eks_cluster.module.eks.aws_iam_role.this",
            "module.prod_cluster.module.eks_cluster.module.eks.aws_iam_role_policy_attachment.additional",
            "module.prod_cluster.module.eks_cluster.module.eks.aws_iam_role_policy_attachment.cluster_encryption",
            "module.prod_cluster.module.eks_cluster.module.eks.aws_iam_role_policy_attachment.custom",
            "module.prod_cluster.module.eks_cluster.module.eks.aws_iam_role_policy_attachment.eks_auto",
            "module.prod_cluster.module.eks_cluster.module.eks.aws_iam_role_policy_attachment.eks_auto_additional",
            "module.prod_cluster.module.eks_cluster.module.eks.aws_iam_role_policy_attachment.this",
            "module.prod_cluster.module.eks_cluster.module.eks.aws_security_group.cluster",
            "module.prod_cluster.module.eks_cluster.module.eks.aws_security_group.node",
            "module.prod_cluster.module.eks_cluster.module.eks.aws_security_group_rule.cluster",
            "module.prod_cluster.module.eks_cluster.module.eks.aws_security_group_rule.node",
            "module.prod_cluster.module.eks_cluster.module.eks.data.aws_caller_identity.current",
            "module.prod_cluster.module.eks_cluster.module.eks.data.aws_eks_addon_version.this",
            "module.prod_cluster.module.eks_cluster.module.eks.data.aws_iam_policy_document.assume_role_policy",
            "module.prod_cluster.module.eks_cluster.module.eks.data.aws_iam_policy_document.cni_ipv6_policy",
            "module.prod_cluster.module.eks_cluster.module.eks.data.aws_iam_policy_document.custom",
            "module.prod_cluster.module.eks_cluster.module.eks.data.aws_iam_policy_document.node_assume_role_policy",
            "module.prod_cluster.module.eks_cluster.module.eks.data.aws_iam_session_context.current",
            "module.prod_cluster.module.eks_cluster.module.eks.data.aws_partition.current",
            "module.prod_cluster.module.eks_cluster.module.eks.data.tls_certificate.this",
            "module.prod_cluster.module.eks_cluster.module.eks.module.eks_managed_node_group.aws_autoscaling_schedule.this",
            "module.prod_cluster.module.eks_cluster.module.eks.module.eks_managed_node_group.aws_eks_node_group.this",
            "module.prod_cluster.module.eks_cluster.module.eks.module.eks_managed_node_group.aws_iam_role.this",
            "module.prod_cluster.module.eks_cluster.module.eks.module.eks_managed_node_group.aws_iam_role_policy.this",
            "module.prod_cluster.module.eks_cluster.module.eks.module.eks_managed_node_group.aws_iam_role_policy_attachment.additional",
            "module.prod_cluster.module.eks_cluster.module.eks.module.eks_managed_node_group.aws_iam_role_policy_attachment.this",
            "module.prod_cluster.module.eks_cluster.module.eks.module.eks_managed_node_group.aws_launch_template.this",
            "module.prod_cluster.module.eks_cluster.module.eks.module.eks_managed_node_group.aws_placement_group.this",
            "module.prod_cluster.module.eks_cluster.module.eks.module.eks_managed_node_group.data.aws_caller_identity.current",
            "module.prod_cluster.module.eks_cluster.module.eks.module.eks_managed_node_group.data.aws_ec2_instance_type.this",
            "module.prod_cluster.module.eks_cluster.module.eks.module.eks_managed_node_group.data.aws_ec2_instance_type_offerings.this",
            "module.prod_cluster.module.eks_cluster.module.eks.module.eks_managed_node_group.data.aws_iam_policy_document.assume_role_policy",
            "module.prod_cluster.module.eks_cluster.module.eks.module.eks_managed_node_group.data.aws_iam_policy_document.role",
            "module.prod_cluster.module.eks_cluster.module.eks.module.eks_managed_node_group.data.aws_partition.current",
            "module.prod_cluster.module.eks_cluster.module.eks.module.eks_managed_node_group.data.aws_ssm_parameter.ami",
            "module.prod_cluster.module.eks_cluster.module.eks.module.eks_managed_node_group.data.aws_subnets.placement_group",
            "module.prod_cluster.module.eks_cluster.module.eks.module.eks_managed_node_group.module.user_data.data.cloudinit_config.al2023_eks_managed_node_group",
            "module.prod_cluster.module.eks_cluster.module.eks.module.eks_managed_node_group.module.user_data.data.cloudinit_config.linux_eks_managed_node_group",
            "module.prod_cluster.module.eks_cluster.module.eks.module.eks_managed_node_group.module.user_data.null_resource.validate_cluster_service_cidr",
            "module.prod_cluster.module.eks_cluster.module.eks.module.fargate_profile.aws_eks_fargate_profile.this",
            "module.prod_cluster.module.eks_cluster.module.eks.module.fargate_profile.aws_iam_role.this",
            "module.prod_cluster.module.eks_cluster.module.eks.module.fargate_profile.aws_iam_role_policy.this",
            "module.prod_cluster.module.eks_cluster.module.eks.module.fargate_profile.aws_iam_role_policy_attachment.additional",
            "module.prod_cluster.module.eks_cluster.module.eks.module.fargate_profile.aws_iam_role_policy_attachment.this",
            "module.prod_cluster.module.eks_cluster.module.eks.module.fargate_profile.data.aws_caller_identity.current",
            "module.prod_cluster.module.eks_cluster.module.eks.module.fargate_profile.data.aws_iam_policy_document.assume_role_policy",
            "module.prod_cluster.module.eks_cluster.module.eks.module.fargate_profile.data.aws_iam_policy_document.role",
            "module.prod_cluster.module.eks_cluster.module.eks.module.fargate_profile.data.aws_partition.current",
            "module.prod_cluster.module.eks_cluster.module.eks.module.fargate_profile.data.aws_region.current",
            "module.prod_cluster.module.eks_cluster.module.eks.module.kms.aws_kms_alias.this",
            "module.prod_cluster.module.eks_cluster.module.eks.module.kms.aws_kms_external_key.this",
            "module.prod_cluster.module.eks_cluster.module.eks.module.kms.aws_kms_grant.this",
            "module.prod_cluster.module.eks_cluster.module.eks.module.kms.aws_kms_key.this",
            "module.prod_cluster.module.eks_cluster.module.eks.module.kms.aws_kms_replica_external_key.this",
            "module.prod_cluster.module.eks_cluster.module.eks.module.kms.aws_kms_replica_key.this",
            "module.prod_cluster.module.eks_cluster.module.eks.module.kms.data.aws_caller_identity.current",
            "module.prod_cluster.module.eks_cluster.module.eks.module.kms.data.aws_iam_policy_document.this",
            "module.prod_cluster.module.eks_cluster.module.eks.module.kms.data.aws_partition.current",
            "module.prod_cluster.module.eks_cluster.module.eks.module.self_managed_node_group.aws_autoscaling_group.this",
            "module.prod_cluster.module.eks_cluster.module.eks.module.self_managed_node_group.aws_autoscaling_schedule.this",
            "module.prod_cluster.module.eks_cluster.module.eks.module.self_managed_node_group.aws_eks_access_entry.this",
            "module.prod_cluster.module.eks_cluster.module.eks.module.self_managed_node_group.aws_iam_instance_profile.this",
            "module.prod_cluster.module.eks_cluster.module.eks.module.self_managed_node_group.aws_iam_role.this",
            "module.prod_cluster.module.eks_cluster.module.eks.module.self_managed_node_group.aws_iam_role_policy.this",
            "module.prod_cluster.module.eks_cluster.module.eks.module.self_managed_node_group.aws_iam_role_policy_attachment.additional",
            "module.prod_cluster.module.eks_cluster.module.eks.module.self_managed_node_group.aws_iam_role_policy_attachment.this",
            "module.prod_cluster.module.eks_cluster.module.eks.module.self_managed_node_group.aws_launch_template.this",
            "module.prod_cluster.module.eks_cluster.module.eks.module.self_managed_node_group.aws_placement_group.this",
            "module.prod_cluster.module.eks_cluster.module.eks.module.self_managed_node_group.data.aws_caller_identity.current",
            "module.prod_cluster.module.eks_cluster.module.eks.module.self_managed_node_group.data.aws_ec2_instance_type.this",
            "module.prod_cluster.module.eks_cluster.module.eks.module.self_managed_node_group.data.aws_ec2_instance_type_offerings.this",
            "module.prod_cluster.module.eks_cluster.module.eks.module.self_managed_node_group.data.aws_iam_policy_document.assume_role_policy",
            "module.prod_cluster.module.eks_cluster.module.eks.module.self_managed_node_group.data.aws_iam_policy_document.role",
            "module.prod_cluster.module.eks_cluster.module.eks.module.self_managed_node_group.data.aws_partition.current",
            "module.prod_cluster.module.eks_cluster.module.eks.module.self_managed_node_group.data.aws_ssm_parameter.ami",
            "module.prod_cluster.module.eks_cluster.module.eks.module.self_managed_node_group.data.aws_subnets.placement_group",
            "module.prod_cluster.module.eks_cluster.module.eks.module.self_managed_node_group.module.user_data.data.cloudinit_config.al2023_eks_managed_node_group",
            "module.prod_cluster.module.eks_cluster.module.eks.module.self_managed_node_group.module.user_data.data.cloudinit_config.linux_eks_managed_node_group",
            "module.prod_cluster.module.eks_cluster.module.eks.module.self_managed_node_group.module.user_data.null_resource.validate_cluster_service_cidr",
            "module.prod_cluster.module.eks_cluster.module.eks.time_sleep.this",
            "module.prod_cluster.module.node_groups.module.eks_managed_node_groups.aws_autoscaling_schedule.this",
            "module.prod_cluster.module.node_groups.module.eks_managed_node_groups.aws_eks_node_group.this",
            "module.prod_cluster.module.node_groups.module.eks_managed_node_groups.aws_iam_role.this",
            "module.prod_cluster.module.node_groups.module.eks_managed_node_groups.aws_iam_role_policy.this",
            "module.prod_cluster.module.node_groups.module.eks_managed_node_groups.aws_iam_role_policy_attachment.additional",
            "module.prod_cluster.module.node_groups.module.eks_managed_node_groups.aws_iam_role_policy_attachment.this",
            "module.prod_cluster.module.node_groups.module.eks_managed_node_groups.aws_launch_template.this",
            "module.prod_cluster.module.node_groups.module.eks_managed_node_groups.aws_placement_group.this",
            "module.prod_cluster.module.node_groups.module.eks_managed_node_groups.data.aws_caller_identity.current",
            "module.prod_cluster.module.node_groups.module.eks_managed_node_groups.data.aws_ec2_instance_type.this",
            "module.prod_cluster.module.node_groups.module.eks_managed_node_groups.data.aws_ec2_instance_type_offerings.this",
            "module.prod_cluster.module.node_groups.module.eks_managed_node_groups.data.aws_iam_policy_document.assume_role_policy",
            "module.prod_cluster.module.node_groups.module.eks_managed_node_groups.data.aws_iam_policy_document.role",
            "module.prod_cluster.module.node_groups.module.eks_managed_node_groups.data.aws_partition.current",
            "module.prod_cluster.module.node_groups.module.eks_managed_node_groups.data.aws_ssm_parameter.ami",
            "module.prod_cluster.module.node_groups.module.eks_managed_node_groups.data.aws_subnets.placement_group",
            "module.prod_cluster.module.node_groups.module.eks_managed_node_groups.module.user_data.data.cloudinit_config.al2023_eks_managed_node_group",
            "module.prod_cluster.module.node_groups.module.eks_managed_node_groups.module.user_data.data.cloudinit_config.linux_eks_managed_node_group",
            "module.prod_cluster.module.node_groups.module.eks_managed_node_groups.module.user_data.null_resource.validate_cluster_service_cidr",
            "module.vpc.module.subnets.aws_subnet.private",
            "module.vpc.module.vpc_core.aws_vpc.main"
          ]
        }
      ]
    },
    {
      "module": "module.prod_cluster.module.addons",
      "mode": "managed",
      "type": "aws_eks_addon",
      "name": "kube_proxy",
      "provider": "provider[\"registry.terraform.io/hashicorp/aws\"]",
      "instances": [
        {
          "schema_version": 0,
          "attributes": {
            "addon_name": "kube-proxy",
            "addon_version": "v1.31.10-eksbuild.12",
            "arn": "arn:aws:eks:eu-north-1:610964304971:addon/devops-quiz-eks/kube-proxy/e0cd3965-6637-56bc-a4a2-9614120bf7df",
            "cluster_name": "devops-quiz-eks",
            "configuration_values": "",
            "created_at": "2025-11-11T12:01:24Z",
            "id": "devops-quiz-eks:kube-proxy",
            "modified_at": "2025-11-11T12:01:41Z",
            "pod_identity_association": [],
            "preserve": null,
            "resolve_conflicts": null,
            "resolve_conflicts_on_create": "OVERWRITE",
            "resolve_conflicts_on_update": "PRESERVE",
            "service_account_role_arn": "",
            "tags": {
              "Name": "devops-quiz-eks-kube-proxy"
            },
            "tags_all": {
              "Environment": "Production",
              "ManagedBy": "Terraform",
              "Name": "devops-quiz-eks-kube-proxy",
              "Owner": "Liav",
              "Project": "Devops-Quiz"
            },
            "timeouts": null
          },
          "sensitive_attributes": [],
          "identity_schema_version": 0,
          "private": "eyJlMmJmYjczMC1lY2FhLTExZTYtOGY4OC0zNDM2M2JjN2M0YzAiOnsiY3JlYXRlIjoxMjAwMDAwMDAwMDAwLCJkZWxldGUiOjI0MDAwMDAwMDAwMDAsInVwZGF0ZSI6MTIwMDAwMDAwMDAwMH19",
          "dependencies": [
            "module.prod_cluster.module.addons.aws_eks_addon.vpc_cni",
            "module.prod_cluster.module.addons.data.aws_eks_addon_version.kube_proxy",
            "module.prod_cluster.module.addons.data.aws_eks_addon_version.vpc_cni",
            "module.prod_cluster.module.eks_cluster.data.aws_caller_identity.current",
            "module.prod_cluster.module.eks_cluster.module.eks.aws_cloudwatch_log_group.this",
            "module.prod_cluster.module.eks_cluster.module.eks.aws_ec2_tag.cluster_primary_security_group",
            "module.prod_cluster.module.eks_cluster.module.eks.aws_eks_access_entry.this",
            "module.prod_cluster.module.eks_cluster.module.eks.aws_eks_access_policy_association.this",
            "module.prod_cluster.module.eks_cluster.module.eks.aws_eks_addon.before_compute",
            "module.prod_cluster.module.eks_cluster.module.eks.aws_eks_addon.this",
            "module.prod_cluster.module.eks_cluster.module.eks.aws_eks_cluster.this",
            "module.prod_cluster.module.eks_cluster.module.eks.aws_eks_identity_provider_config.this",
            "module.prod_cluster.module.eks_cluster.module.eks.aws_iam_openid_connect_provider.oidc_provider",
            "module.prod_cluster.module.eks_cluster.module.eks.aws_iam_policy.cluster_encryption",
            "module.prod_cluster.module.eks_cluster.module.eks.aws_iam_policy.cni_ipv6_policy",
            "module.prod_cluster.module.eks_cluster.module.eks.aws_iam_policy.custom",
            "module.prod_cluster.module.eks_cluster.module.eks.aws_iam_role.eks_auto",
            "module.prod_cluster.module.eks_cluster.module.eks.aws_iam_role.this",
            "module.prod_cluster.module.eks_cluster.module.eks.aws_iam_role_policy_attachment.additional",
            "module.prod_cluster.module.eks_cluster.module.eks.aws_iam_role_policy_attachment.cluster_encryption",
            "module.prod_cluster.module.eks_cluster.module.eks.aws_iam_role_policy_attachment.custom",
            "module.prod_cluster.module.eks_cluster.module.eks.aws_iam_role_policy_attachment.eks_auto",
            "module.prod_cluster.module.eks_cluster.module.eks.aws_iam_role_policy_attachment.eks_auto_additional",
            "module.prod_cluster.module.eks_cluster.module.eks.aws_iam_role_policy_attachment.this",
            "module.prod_cluster.module.eks_cluster.module.eks.aws_security_group.cluster",
            "module.prod_cluster.module.eks_cluster.module.eks.aws_security_group.node",
            "module.prod_cluster.module.eks_cluster.module.eks.aws_security_group_rule.cluster",
            "module.prod_cluster.module.eks_cluster.module.eks.aws_security_group_rule.node",
            "module.prod_cluster.module.eks_cluster.module.eks.data.aws_caller_identity.current",
            "module.prod_cluster.module.eks_cluster.module.eks.data.aws_eks_addon_version.this",
            "module.prod_cluster.module.eks_cluster.module.eks.data.aws_iam_policy_document.assume_role_policy",
            "module.prod_cluster.module.eks_cluster.module.eks.data.aws_iam_policy_document.cni_ipv6_policy",
            "module.prod_cluster.module.eks_cluster.module.eks.data.aws_iam_policy_document.custom",
            "module.prod_cluster.module.eks_cluster.module.eks.data.aws_iam_policy_document.node_assume_role_policy",
            "module.prod_cluster.module.eks_cluster.module.eks.data.aws_iam_session_context.current",
            "module.prod_cluster.module.eks_cluster.module.eks.data.aws_partition.current",
            "module.prod_cluster.module.eks_cluster.module.eks.data.tls_certificate.this",
            "module.prod_cluster.module.eks_cluster.module.eks.module.eks_managed_node_group.aws_autoscaling_schedule.this",
            "module.prod_cluster.module.eks_cluster.module.eks.module.eks_managed_node_group.aws_eks_node_group.this",
            "module.prod_cluster.module.eks_cluster.module.eks.module.eks_managed_node_group.aws_iam_role.this",
            "module.prod_cluster.module.eks_cluster.module.eks.module.eks_managed_node_group.aws_iam_role_policy.this",
            "module.prod_cluster.module.eks_cluster.module.eks.module.eks_managed_node_group.aws_iam_role_policy_attachment.additional",
            "module.prod_cluster.module.eks_cluster.module.eks.module.eks_managed_node_group.aws_iam_role_policy_attachment.this",
            "module.prod_cluster.module.eks_cluster.module.eks.module.eks_managed_node_group.aws_launch_template.this",
            "module.prod_cluster.module.eks_cluster.module.eks.module.eks_managed_node_group.aws_placement_group.this",
            "module.prod_cluster.module.eks_cluster.module.eks.module.eks_managed_node_group.data.aws_caller_identity.current",
            "module.prod_cluster.module.eks_cluster.module.eks.module.eks_managed_node_group.data.aws_ec2_instance_type.this",
            "module.prod_cluster.module.eks_cluster.module.eks.module.eks_managed_node_group.data.aws_ec2_instance_type_offerings.this",
            "module.prod_cluster.module.eks_cluster.module.eks.module.eks_managed_node_group.data.aws_iam_policy_document.assume_role_policy",
            "module.prod_cluster.module.eks_cluster.module.eks.module.eks_managed_node_group.data.aws_iam_policy_document.role",
            "module.prod_cluster.module.eks_cluster.module.eks.module.eks_managed_node_group.data.aws_partition.current",
            "module.prod_cluster.module.eks_cluster.module.eks.module.eks_managed_node_group.data.aws_ssm_parameter.ami",
            "module.prod_cluster.module.eks_cluster.module.eks.module.eks_managed_node_group.data.aws_subnets.placement_group",
            "module.prod_cluster.module.eks_cluster.module.eks.module.eks_managed_node_group.module.user_data.data.cloudinit_config.al2023_eks_managed_node_group",
            "module.prod_cluster.module.eks_cluster.module.eks.module.eks_managed_node_group.module.user_data.data.cloudinit_config.linux_eks_managed_node_group",
            "module.prod_cluster.module.eks_cluster.module.eks.module.eks_managed_node_group.module.user_data.null_resource.validate_cluster_service_cidr",
            "module.prod_cluster.module.eks_cluster.module.eks.module.fargate_profile.aws_eks_fargate_profile.this",
            "module.prod_cluster.module.eks_cluster.module.eks.module.fargate_profile.aws_iam_role.this",
            "module.prod_cluster.module.eks_cluster.module.eks.module.fargate_profile.aws_iam_role_policy.this",
            "module.prod_cluster.module.eks_cluster.module.eks.module.fargate_profile.aws_iam_role_policy_attachment.additional",
            "module.prod_cluster.module.eks_cluster.module.eks.module.fargate_profile.aws_iam_role_policy_attachment.this",
            "module.prod_cluster.module.eks_cluster.module.eks.module.fargate_profile.data.aws_caller_identity.current",
            "module.prod_cluster.module.eks_cluster.module.eks.module.fargate_profile.data.aws_iam_policy_document.assume_role_policy",
            "module.prod_cluster.module.eks_cluster.module.eks.module.fargate_profile.data.aws_iam_policy_document.role",
            "module.prod_cluster.module.eks_cluster.module.eks.module.fargate_profile.data.aws_partition.current",
            "module.prod_cluster.module.eks_cluster.module.eks.module.fargate_profile.data.aws_region.current",
            "module.prod_cluster.module.eks_cluster.module.eks.module.kms.aws_kms_alias.this",
            "module.prod_cluster.module.eks_cluster.module.eks.module.kms.aws_kms_external_key.this",
            "module.prod_cluster.module.eks_cluster.module.eks.module.kms.aws_kms_grant.this",
            "module.prod_cluster.module.eks_cluster.module.eks.module.kms.aws_kms_key.this",
            "module.prod_cluster.module.eks_cluster.module.eks.module.kms.aws_kms_replica_external_key.this",
            "module.prod_cluster.module.eks_cluster.module.eks.module.kms.aws_kms_replica_key.this",
            "module.prod_cluster.module.eks_cluster.module.eks.module.kms.data.aws_caller_identity.current",
            "module.prod_cluster.module.eks_cluster.module.eks.module.kms.data.aws_iam_policy_document.this",
            "module.prod_cluster.module.eks_cluster.module.eks.module.kms.data.aws_partition.current",
            "module.prod_cluster.module.eks_cluster.module.eks.module.self_managed_node_group.aws_autoscaling_group.this",
            "module.prod_cluster.module.eks_cluster.module.eks.module.self_managed_node_group.aws_autoscaling_schedule.this",
            "module.prod_cluster.module.eks_cluster.module.eks.module.self_managed_node_group.aws_eks_access_entry.this",
            "module.prod_cluster.module.eks_cluster.module.eks.module.self_managed_node_group.aws_iam_instance_profile.this",
            "module.prod_cluster.module.eks_cluster.module.eks.module.self_managed_node_group.aws_iam_role.this",
            "module.prod_cluster.module.eks_cluster.module.eks.module.self_managed_node_group.aws_iam_role_policy.this",
            "module.prod_cluster.module.eks_cluster.module.eks.module.self_managed_node_group.aws_iam_role_policy_attachment.additional",
            "module.prod_cluster.module.eks_cluster.module.eks.module.self_managed_node_group.aws_iam_role_policy_attachment.this",
            "module.prod_cluster.module.eks_cluster.module.eks.module.self_managed_node_group.aws_launch_template.this",
            "module.prod_cluster.module.eks_cluster.module.eks.module.self_managed_node_group.aws_placement_group.this",
            "module.prod_cluster.module.eks_cluster.module.eks.module.self_managed_node_group.data.aws_caller_identity.current",
            "module.prod_cluster.module.eks_cluster.module.eks.module.self_managed_node_group.data.aws_ec2_instance_type.this",
            "module.prod_cluster.module.eks_cluster.module.eks.module.self_managed_node_group.data.aws_ec2_instance_type_offerings.this",
            "module.prod_cluster.module.eks_cluster.module.eks.module.self_managed_node_group.data.aws_iam_policy_document.assume_role_policy",
            "module.prod_cluster.module.eks_cluster.module.eks.module.self_managed_node_group.data.aws_iam_policy_document.role",
            "module.prod_cluster.module.eks_cluster.module.eks.module.self_managed_node_group.data.aws_partition.current",
            "module.prod_cluster.module.eks_cluster.module.eks.module.self_managed_node_group.data.aws_ssm_parameter.ami",
            "module.prod_cluster.module.eks_cluster.module.eks.module.self_managed_node_group.data.aws_subnets.placement_group",
            "module.prod_cluster.module.eks_cluster.module.eks.module.self_managed_node_group.module.user_data.data.cloudinit_config.al2023_eks_managed_node_group",
            "module.prod_cluster.module.eks_cluster.module.eks.module.self_managed_node_group.module.user_data.data.cloudinit_config.linux_eks_managed_node_group",
            "module.prod_cluster.module.eks_cluster.module.eks.module.self_managed_node_group.module.user_data.null_resource.validate_cluster_service_cidr",
            "module.prod_cluster.module.eks_cluster.module.eks.time_sleep.this",
            "module.prod_cluster.module.node_groups.module.eks_managed_node_groups.aws_autoscaling_schedule.this",
            "module.prod_cluster.module.node_groups.module.eks_managed_node_groups.aws_eks_node_group.this",
            "module.prod_cluster.module.node_groups.module.eks_managed_node_groups.aws_iam_role.this",
            "module.prod_cluster.module.node_groups.module.eks_managed_node_groups.aws_iam_role_policy.this",
            "module.prod_cluster.module.node_groups.module.eks_managed_node_groups.aws_iam_role_policy_attachment.additional",
            "module.prod_cluster.module.node_groups.module.eks_managed_node_groups.aws_iam_role_policy_attachment.this",
            "module.prod_cluster.module.node_groups.module.eks_managed_node_groups.aws_launch_template.this",
            "module.prod_cluster.module.node_groups.module.eks_managed_node_groups.aws_placement_group.this",
            "module.prod_cluster.module.node_groups.module.eks_managed_node_groups.data.aws_caller_identity.current",
            "module.prod_cluster.module.node_groups.module.eks_managed_node_groups.data.aws_ec2_instance_type.this",
            "module.prod_cluster.module.node_groups.module.eks_managed_node_groups.data.aws_ec2_instance_type_offerings.this",
            "module.prod_cluster.module.node_groups.module.eks_managed_node_groups.data.aws_iam_policy_document.assume_role_policy",
            "module.prod_cluster.module.node_groups.module.eks_managed_node_groups.data.aws_iam_policy_document.role",
            "module.prod_cluster.module.node_groups.module.eks_managed_node_groups.data.aws_partition.current",
            "module.prod_cluster.module.node_groups.module.eks_managed_node_groups.data.aws_ssm_parameter.ami",
            "module.prod_cluster.module.node_groups.module.eks_managed_node_groups.data.aws_subnets.placement_group",
            "module.prod_cluster.module.node_groups.module.eks_managed_node_groups.module.user_data.data.cloudinit_config.al2023_eks_managed_node_group",
            "module.prod_cluster.module.node_groups.module.eks_managed_node_groups.module.user_data.data.cloudinit_config.linux_eks_managed_node_group",
            "module.prod_cluster.module.node_groups.module.eks_managed_node_groups.module.user_data.null_resource.validate_cluster_service_cidr",
            "module.vpc.module.subnets.aws_subnet.private",
            "module.vpc.module.vpc_core.aws_vpc.main"
          ]
        }
      ]
    },
    {
      "module": "module.prod_cluster.module.addons",
      "mode": "managed",
      "type": "aws_eks_addon",
      "name": "vpc_cni",
      "provider": "provider[\"registry.terraform.io/hashicorp/aws\"]",
      "instances": [
        {
          "schema_version": 0,
          "attributes": {
            "addon_name": "vpc-cni",
            "addon_version": "v1.20.4-eksbuild.2",
            "arn": "arn:aws:eks:eu-north-1:610964304971:addon/devops-quiz-eks/vpc-cni/becd3965-209d-b08a-2b19-b556c6f02724",
            "cluster_name": "devops-quiz-eks",
            "configuration_values": "",
            "created_at": "2025-11-11T12:00:49Z",
            "id": "devops-quiz-eks:vpc-cni",
            "modified_at": "2025-11-11T12:01:15Z",
            "pod_identity_association": [],
            "preserve": null,
            "resolve_conflicts": null,
            "resolve_conflicts_on_create": "OVERWRITE",
            "resolve_conflicts_on_update": "PRESERVE",
            "service_account_role_arn": "",
            "tags": {
              "Name": "devops-quiz-eks-vpc-cni"
            },
            "tags_all": {
              "Environment": "Production",
              "ManagedBy": "Terraform",
              "Name": "devops-quiz-eks-vpc-cni",
              "Owner": "Liav",
              "Project": "Devops-Quiz"
            },
            "timeouts": null
          },
          "sensitive_attributes": [],
          "identity_schema_version": 0,
          "private": "eyJlMmJmYjczMC1lY2FhLTExZTYtOGY4OC0zNDM2M2JjN2M0YzAiOnsiY3JlYXRlIjoxMjAwMDAwMDAwMDAwLCJkZWxldGUiOjI0MDAwMDAwMDAwMDAsInVwZGF0ZSI6MTIwMDAwMDAwMDAwMH19",
          "dependencies": [
            "module.prod_cluster.module.addons.data.aws_eks_addon_version.vpc_cni",
            "module.prod_cluster.module.eks_cluster.data.aws_caller_identity.current",
            "module.prod_cluster.module.eks_cluster.module.eks.aws_cloudwatch_log_group.this",
            "module.prod_cluster.module.eks_cluster.module.eks.aws_ec2_tag.cluster_primary_security_group",
            "module.prod_cluster.module.eks_cluster.module.eks.aws_eks_access_entry.this",
            "module.prod_cluster.module.eks_cluster.module.eks.aws_eks_access_policy_association.this",
            "module.prod_cluster.module.eks_cluster.module.eks.aws_eks_addon.before_compute",
            "module.prod_cluster.module.eks_cluster.module.eks.aws_eks_addon.this",
            "module.prod_cluster.module.eks_cluster.module.eks.aws_eks_cluster.this",
            "module.prod_cluster.module.eks_cluster.module.eks.aws_eks_identity_provider_config.this",
            "module.prod_cluster.module.eks_cluster.module.eks.aws_iam_openid_connect_provider.oidc_provider",
            "module.prod_cluster.module.eks_cluster.module.eks.aws_iam_policy.cluster_encryption",
            "module.prod_cluster.module.eks_cluster.module.eks.aws_iam_policy.cni_ipv6_policy",
            "module.prod_cluster.module.eks_cluster.module.eks.aws_iam_policy.custom",
            "module.prod_cluster.module.eks_cluster.module.eks.aws_iam_role.eks_auto",
            "module.prod_cluster.module.eks_cluster.module.eks.aws_iam_role.this",
            "module.prod_cluster.module.eks_cluster.module.eks.aws_iam_role_policy_attachment.additional",
            "module.prod_cluster.module.eks_cluster.module.eks.aws_iam_role_policy_attachment.cluster_encryption",
            "module.prod_cluster.module.eks_cluster.module.eks.aws_iam_role_policy_attachment.custom",
            "module.prod_cluster.module.eks_cluster.module.eks.aws_iam_role_policy_attachment.eks_auto",
            "module.prod_cluster.module.eks_cluster.module.eks.aws_iam_role_policy_attachment.eks_auto_additional",
            "module.prod_cluster.module.eks_cluster.module.eks.aws_iam_role_policy_attachment.this",
            "module.prod_cluster.module.eks_cluster.module.eks.aws_security_group.cluster",
            "module.prod_cluster.module.eks_cluster.module.eks.aws_security_group.node",
            "module.prod_cluster.module.eks_cluster.module.eks.aws_security_group_rule.cluster",
            "module.prod_cluster.module.eks_cluster.module.eks.aws_security_group_rule.node",
            "module.prod_cluster.module.eks_cluster.module.eks.data.aws_caller_identity.current",
            "module.prod_cluster.module.eks_cluster.module.eks.data.aws_eks_addon_version.this",
            "module.prod_cluster.module.eks_cluster.module.eks.data.aws_iam_policy_document.assume_role_policy",
            "module.prod_cluster.module.eks_cluster.module.eks.data.aws_iam_policy_document.cni_ipv6_policy",
            "module.prod_cluster.module.eks_cluster.module.eks.data.aws_iam_policy_document.custom",
            "module.prod_cluster.module.eks_cluster.module.eks.data.aws_iam_policy_document.node_assume_role_policy",
            "module.prod_cluster.module.eks_cluster.module.eks.data.aws_iam_session_context.current",
            "module.prod_cluster.module.eks_cluster.module.eks.data.aws_partition.current",
            "module.prod_cluster.module.eks_cluster.module.eks.data.tls_certificate.this",
            "module.prod_cluster.module.eks_cluster.module.eks.module.eks_managed_node_group.aws_autoscaling_schedule.this",
            "module.prod_cluster.module.eks_cluster.module.eks.module.eks_managed_node_group.aws_eks_node_group.this",
            "module.prod_cluster.module.eks_cluster.module.eks.module.eks_managed_node_group.aws_iam_role.this",
            "module.prod_cluster.module.eks_cluster.module.eks.module.eks_managed_node_group.aws_iam_role_policy.this",
            "module.prod_cluster.module.eks_cluster.module.eks.module.eks_managed_node_group.aws_iam_role_policy_attachment.additional",
            "module.prod_cluster.module.eks_cluster.module.eks.module.eks_managed_node_group.aws_iam_role_policy_attachment.this",
            "module.prod_cluster.module.eks_cluster.module.eks.module.eks_managed_node_group.aws_launch_template.this",
            "module.prod_cluster.module.eks_cluster.module.eks.module.eks_managed_node_group.aws_placement_group.this",
            "module.prod_cluster.module.eks_cluster.module.eks.module.eks_managed_node_group.data.aws_caller_identity.current",
            "module.prod_cluster.module.eks_cluster.module.eks.module.eks_managed_node_group.data.aws_ec2_instance_type.this",
            "module.prod_cluster.module.eks_cluster.module.eks.module.eks_managed_node_group.data.aws_ec2_instance_type_offerings.this",
            "module.prod_cluster.module.eks_cluster.module.eks.module.eks_managed_node_group.data.aws_iam_policy_document.assume_role_policy",
            "module.prod_cluster.module.eks_cluster.module.eks.module.eks_managed_node_group.data.aws_iam_policy_document.role",
            "module.prod_cluster.module.eks_cluster.module.eks.module.eks_managed_node_group.data.aws_partition.current",
            "module.prod_cluster.module.eks_cluster.module.eks.module.eks_managed_node_group.data.aws_ssm_parameter.ami",
            "module.prod_cluster.module.eks_cluster.module.eks.module.eks_managed_node_group.data.aws_subnets.placement_group",
            "module.prod_cluster.module.eks_cluster.module.eks.module.eks_managed_node_group.module.user_data.data.cloudinit_config.al2023_eks_managed_node_group",
            "module.prod_cluster.module.eks_cluster.module.eks.module.eks_managed_node_group.module.user_data.data.cloudinit_config.linux_eks_managed_node_group",
            "module.prod_cluster.module.eks_cluster.module.eks.module.eks_managed_node_group.module.user_data.null_resource.validate_cluster_service_cidr",
            "module.prod_cluster.module.eks_cluster.module.eks.module.fargate_profile.aws_eks_fargate_profile.this",
            "module.prod_cluster.module.eks_cluster.module.eks.module.fargate_profile.aws_iam_role.this",
            "module.prod_cluster.module.eks_cluster.module.eks.module.fargate_profile.aws_iam_role_policy.this",
            "module.prod_cluster.module.eks_cluster.module.eks.module.fargate_profile.aws_iam_role_policy_attachment.additional",
            "module.prod_cluster.module.eks_cluster.module.eks.module.fargate_profile.aws_iam_role_policy_attachment.this",
            "module.prod_cluster.module.eks_cluster.module.eks.module.fargate_profile.data.aws_caller_identity.current",
            "module.prod_cluster.module.eks_cluster.module.eks.module.fargate_profile.data.aws_iam_policy_document.assume_role_policy",
            "module.prod_cluster.module.eks_cluster.module.eks.module.fargate_profile.data.aws_iam_policy_document.role",
            "module.prod_cluster.module.eks_cluster.module.eks.module.fargate_profile.data.aws_partition.current",
            "module.prod_cluster.module.eks_cluster.module.eks.module.fargate_profile.data.aws_region.current",
            "module.prod_cluster.module.eks_cluster.module.eks.module.kms.aws_kms_alias.this",
            "module.prod_cluster.module.eks_cluster.module.eks.module.kms.aws_kms_external_key.this",
            "module.prod_cluster.module.eks_cluster.module.eks.module.kms.aws_kms_grant.this",
            "module.prod_cluster.module.eks_cluster.module.eks.module.kms.aws_kms_key.this",
            "module.prod_cluster.module.eks_cluster.module.eks.module.kms.aws_kms_replica_external_key.this",
            "module.prod_cluster.module.eks_cluster.module.eks.module.kms.aws_kms_replica_key.this",
            "module.prod_cluster.module.eks_cluster.module.eks.module.kms.data.aws_caller_identity.current",
            "module.prod_cluster.module.eks_cluster.module.eks.module.kms.data.aws_iam_policy_document.this",
            "module.prod_cluster.module.eks_cluster.module.eks.module.kms.data.aws_partition.current",
            "module.prod_cluster.module.eks_cluster.module.eks.module.self_managed_node_group.aws_autoscaling_group.this",
            "module.prod_cluster.module.eks_cluster.module.eks.module.self_managed_node_group.aws_autoscaling_schedule.this",
            "module.prod_cluster.module.eks_cluster.module.eks.module.self_managed_node_group.aws_eks_access_entry.this",
            "module.prod_cluster.module.eks_cluster.module.eks.module.self_managed_node_group.aws_iam_instance_profile.this",
            "module.prod_cluster.module.eks_cluster.module.eks.module.self_managed_node_group.aws_iam_role.this",
            "module.prod_cluster.module.eks_cluster.module.eks.module.self_managed_node_group.aws_iam_role_policy.this",
            "module.prod_cluster.module.eks_cluster.module.eks.module.self_managed_node_group.aws_iam_role_policy_attachment.additional",
            "module.prod_cluster.module.eks_cluster.module.eks.module.self_managed_node_group.aws_iam_role_policy_attachment.this",
            "module.prod_cluster.module.eks_cluster.module.eks.module.self_managed_node_group.aws_launch_template.this",
            "module.prod_cluster.module.eks_cluster.module.eks.module.self_managed_node_group.aws_placement_group.this",
            "module.prod_cluster.module.eks_cluster.module.eks.module.self_managed_node_group.data.aws_caller_identity.current",
            "module.prod_cluster.module.eks_cluster.module.eks.module.self_managed_node_group.data.aws_ec2_instance_type.this",
            "module.prod_cluster.module.eks_cluster.module.eks.module.self_managed_node_group.data.aws_ec2_instance_type_offerings.this",
            "module.prod_cluster.module.eks_cluster.module.eks.module.self_managed_node_group.data.aws_iam_policy_document.assume_role_policy",
            "module.prod_cluster.module.eks_cluster.module.eks.module.self_managed_node_group.data.aws_iam_policy_document.role",
            "module.prod_cluster.module.eks_cluster.module.eks.module.self_managed_node_group.data.aws_partition.current",
            "module.prod_cluster.module.eks_cluster.module.eks.module.self_managed_node_group.data.aws_ssm_parameter.ami",
            "module.prod_cluster.module.eks_cluster.module.eks.module.self_managed_node_group.data.aws_subnets.placement_group",
            "module.prod_cluster.module.eks_cluster.module.eks.module.self_managed_node_group.module.user_data.data.cloudinit_config.al2023_eks_managed_node_group",
            "module.prod_cluster.module.eks_cluster.module.eks.module.self_managed_node_group.module.user_data.data.cloudinit_config.linux_eks_managed_node_group",
            "module.prod_cluster.module.eks_cluster.module.eks.module.self_managed_node_group.module.user_data.null_resource.validate_cluster_service_cidr",
            "module.prod_cluster.module.eks_cluster.module.eks.time_sleep.this",
            "module.prod_cluster.module.node_groups.module.eks_managed_node_groups.aws_autoscaling_schedule.this",
            "module.prod_cluster.module.node_groups.module.eks_managed_node_groups.aws_eks_node_group.this",
            "module.prod_cluster.module.node_groups.module.eks_managed_node_groups.aws_iam_role.this",
            "module.prod_cluster.module.node_groups.module.eks_managed_node_groups.aws_iam_role_policy.this",
            "module.prod_cluster.module.node_groups.module.eks_managed_node_groups.aws_iam_role_policy_attachment.additional",
            "module.prod_cluster.module.node_groups.module.eks_managed_node_groups.aws_iam_role_policy_attachment.this",
            "module.prod_cluster.module.node_groups.module.eks_managed_node_groups.aws_launch_template.this",
            "module.prod_cluster.module.node_groups.module.eks_managed_node_groups.aws_placement_group.this",
            "module.prod_cluster.module.node_groups.module.eks_managed_node_groups.data.aws_caller_identity.current",
            "module.prod_cluster.module.node_groups.module.eks_managed_node_groups.data.aws_ec2_instance_type.this",
            "module.prod_cluster.module.node_groups.module.eks_managed_node_groups.data.aws_ec2_instance_type_offerings.this",
            "module.prod_cluster.module.node_groups.module.eks_managed_node_groups.data.aws_iam_policy_document.assume_role_policy",
            "module.prod_cluster.module.node_groups.module.eks_managed_node_groups.data.aws_iam_policy_document.role",
            "module.prod_cluster.module.node_groups.module.eks_managed_node_groups.data.aws_partition.current",
            "module.prod_cluster.module.node_groups.module.eks_managed_node_groups.data.aws_ssm_parameter.ami",
            "module.prod_cluster.module.node_groups.module.eks_managed_node_groups.data.aws_subnets.placement_group",
            "module.prod_cluster.module.node_groups.module.eks_managed_node_groups.module.user_data.data.cloudinit_config.al2023_eks_managed_node_group",
            "module.prod_cluster.module.node_groups.module.eks_managed_node_groups.module.user_data.data.cloudinit_config.linux_eks_managed_node_group",
            "module.prod_cluster.module.node_groups.module.eks_managed_node_groups.module.user_data.null_resource.validate_cluster_service_cidr",
            "module.vpc.module.subnets.aws_subnet.private",
            "module.vpc.module.vpc_core.aws_vpc.main"
          ]
        }
      ]
    },
    {
      "module": "module.prod_cluster.module.alb",
      "mode": "managed",
      "type": "aws_lb",
      "name": "main",
      "provider": "provider[\"registry.terraform.io/hashicorp/aws\"]",
      "instances": [
        {
          "schema_version": 0,
          "attributes": {
            "access_logs": [
              {
                "bucket": "",
                "enabled": false,
                "prefix": ""
              }
            ],
            "arn": "arn:aws:elasticloadbalancing:eu-north-1:610964304971:loadbalancer/app/devops-quiz-eks-alb/9314541b42770e15",
            "arn_suffix": "app/devops-quiz-eks-alb/9314541b42770e15",
            "client_keep_alive": 3600,
            "connection_logs": [
              {
                "bucket": "",
                "enabled": false,
                "prefix": ""
              }
            ],
            "customer_owned_ipv4_pool": "",
            "desync_mitigation_mode": "defensive",
            "dns_name": "devops-quiz-eks-alb-549904150.eu-north-1.elb.amazonaws.com",
            "dns_record_client_routing_policy": null,
            "drop_invalid_header_fields": false,
            "enable_cross_zone_load_balancing": true,
            "enable_deletion_protection": false,
            "enable_http2": true,
            "enable_tls_version_and_cipher_suite_headers": false,
            "enable_waf_fail_open": false,
            "enable_xff_client_port": false,
            "enable_zonal_shift": false,
            "enforce_security_group_inbound_rules_on_private_link_traffic": "",
            "id": "arn:aws:elasticloadbalancing:eu-north-1:610964304971:loadbalancer/app/devops-quiz-eks-alb/9314541b42770e15",
            "idle_timeout": 60,
            "internal": false,
            "ip_address_type": "ipv4",
            "ipam_pools": [],
            "load_balancer_type": "application",
            "minimum_load_balancer_capacity": [],
            "name": "devops-quiz-eks-alb",
            "name_prefix": "",
            "preserve_host_header": false,
            "security_groups": [
              "sg-06c8e81ce291ec63d"
            ],
            "subnet_mapping": [
              {
                "allocation_id": "",
                "ipv6_address": "",
                "outpost_id": "",
                "private_ipv4_address": "",
                "subnet_id": "subnet-04286572934b29f17"
              },
              {
                "allocation_id": "",
                "ipv6_address": "",
                "outpost_id": "",
                "private_ipv4_address": "",
                "subnet_id": "subnet-06f00d26a06aeda30"
              }
            ],
            "subnets": [
              "subnet-04286572934b29f17",
              "subnet-06f00d26a06aeda30"
            ],
            "tags": {
              "ClusterName": "devops-quiz-eks",
              "Environment": "production",
              "ManagedBy": "Terraform",
              "Name": "devops-quiz-eks-alb",
              "Owner": "Liav",
              "Project": "Devops-Quiz",
              "elbv2.k8s.aws/cluster": "devops-quiz-eks"
            },
            "tags_all": {
              "ClusterName": "devops-quiz-eks",
              "Environment": "production",
              "ManagedBy": "Terraform",
              "Name": "devops-quiz-eks-alb",
              "Owner": "Liav",
              "Project": "Devops-Quiz",
              "elbv2.k8s.aws/cluster": "devops-quiz-eks"
            },
            "timeouts": null,
            "vpc_id": "vpc-08d3d5be591726bdb",
            "xff_header_processing_mode": "append",
            "zone_id": "Z23TAZ6LKFMNIO"
          },
          "sensitive_attributes": [],
          "identity_schema_version": 0,
          "private": "eyJlMmJmYjczMC1lY2FhLTExZTYtOGY4OC0zNDM2M2JjN2M0YzAiOnsiY3JlYXRlIjo2MDAwMDAwMDAwMDAsImRlbGV0ZSI6NjAwMDAwMDAwMDAwLCJ1cGRhdGUiOjYwMDAwMDAwMDAwMH19",
          "dependencies": [
            "module.prod_cluster.module.alb.aws_security_group.alb",
            "module.prod_cluster.module.eks_cluster.data.aws_caller_identity.current",
            "module.prod_cluster.module.eks_cluster.module.eks.aws_cloudwatch_log_group.this",
            "module.prod_cluster.module.eks_cluster.module.eks.aws_ec2_tag.cluster_primary_security_group",
            "module.prod_cluster.module.eks_cluster.module.eks.aws_eks_access_entry.this",
            "module.prod_cluster.module.eks_cluster.module.eks.aws_eks_access_policy_association.this",
            "module.prod_cluster.module.eks_cluster.module.eks.aws_eks_addon.before_compute",
            "module.prod_cluster.module.eks_cluster.module.eks.aws_eks_addon.this",
            "module.prod_cluster.module.eks_cluster.module.eks.aws_eks_cluster.this",
            "module.prod_cluster.module.eks_cluster.module.eks.aws_eks_identity_provider_config.this",
            "module.prod_cluster.module.eks_cluster.module.eks.aws_iam_openid_connect_provider.oidc_provider",
            "module.prod_cluster.module.eks_cluster.module.eks.aws_iam_policy.cluster_encryption",
            "module.prod_cluster.module.eks_cluster.module.eks.aws_iam_policy.cni_ipv6_policy",
            "module.prod_cluster.module.eks_cluster.module.eks.aws_iam_policy.custom",
            "module.prod_cluster.module.eks_cluster.module.eks.aws_iam_role.eks_auto",
            "module.prod_cluster.module.eks_cluster.module.eks.aws_iam_role.this",
            "module.prod_cluster.module.eks_cluster.module.eks.aws_iam_role_policy_attachment.additional",
            "module.prod_cluster.module.eks_cluster.module.eks.aws_iam_role_policy_attachment.cluster_encryption",
            "module.prod_cluster.module.eks_cluster.module.eks.aws_iam_role_policy_attachment.custom",
            "module.prod_cluster.module.eks_cluster.module.eks.aws_iam_role_policy_attachment.eks_auto",
            "module.prod_cluster.module.eks_cluster.module.eks.aws_iam_role_policy_attachment.eks_auto_additional",
            "module.prod_cluster.module.eks_cluster.module.eks.aws_iam_role_policy_attachment.this",
            "module.prod_cluster.module.eks_cluster.module.eks.aws_security_group.cluster",
            "module.prod_cluster.module.eks_cluster.module.eks.aws_security_group.node",
            "module.prod_cluster.module.eks_cluster.module.eks.aws_security_group_rule.cluster",
            "module.prod_cluster.module.eks_cluster.module.eks.aws_security_group_rule.node",
            "module.prod_cluster.module.eks_cluster.module.eks.data.aws_caller_identity.current",
            "module.prod_cluster.module.eks_cluster.module.eks.data.aws_eks_addon_version.this",
            "module.prod_cluster.module.eks_cluster.module.eks.data.aws_iam_policy_document.assume_role_policy",
            "module.prod_cluster.module.eks_cluster.module.eks.data.aws_iam_policy_document.cni_ipv6_policy",
            "module.prod_cluster.module.eks_cluster.module.eks.data.aws_iam_policy_document.custom",
            "module.prod_cluster.module.eks_cluster.module.eks.data.aws_iam_policy_document.node_assume_role_policy",
            "module.prod_cluster.module.eks_cluster.module.eks.data.aws_iam_session_context.current",
            "module.prod_cluster.module.eks_cluster.module.eks.data.aws_partition.current",
            "module.prod_cluster.module.eks_cluster.module.eks.data.tls_certificate.this",
            "module.prod_cluster.module.eks_cluster.module.eks.module.eks_managed_node_group.aws_autoscaling_schedule.this",
            "module.prod_cluster.module.eks_cluster.module.eks.module.eks_managed_node_group.aws_eks_node_group.this",
            "module.prod_cluster.module.eks_cluster.module.eks.module.eks_managed_node_group.aws_iam_role.this",
            "module.prod_cluster.module.eks_cluster.module.eks.module.eks_managed_node_group.aws_iam_role_policy.this",
            "module.prod_cluster.module.eks_cluster.module.eks.module.eks_managed_node_group.aws_iam_role_policy_attachment.additional",
            "module.prod_cluster.module.eks_cluster.module.eks.module.eks_managed_node_group.aws_iam_role_policy_attachment.this",
            "module.prod_cluster.module.eks_cluster.module.eks.module.eks_managed_node_group.aws_launch_template.this",
            "module.prod_cluster.module.eks_cluster.module.eks.module.eks_managed_node_group.aws_placement_group.this",
            "module.prod_cluster.module.eks_cluster.module.eks.module.eks_managed_node_group.data.aws_caller_identity.current",
            "module.prod_cluster.module.eks_cluster.module.eks.module.eks_managed_node_group.data.aws_ec2_instance_type.this",
            "module.prod_cluster.module.eks_cluster.module.eks.module.eks_managed_node_group.data.aws_ec2_instance_type_offerings.this",
            "module.prod_cluster.module.eks_cluster.module.eks.module.eks_managed_node_group.data.aws_iam_policy_document.assume_role_policy",
            "module.prod_cluster.module.eks_cluster.module.eks.module.eks_managed_node_group.data.aws_iam_policy_document.role",
            "module.prod_cluster.module.eks_cluster.module.eks.module.eks_managed_node_group.data.aws_partition.current",
            "module.prod_cluster.module.eks_cluster.module.eks.module.eks_managed_node_group.data.aws_ssm_parameter.ami",
            "module.prod_cluster.module.eks_cluster.module.eks.module.eks_managed_node_group.data.aws_subnets.placement_group",
            "module.prod_cluster.module.eks_cluster.module.eks.module.eks_managed_node_group.module.user_data.data.cloudinit_config.al2023_eks_managed_node_group",
            "module.prod_cluster.module.eks_cluster.module.eks.module.eks_managed_node_group.module.user_data.data.cloudinit_config.linux_eks_managed_node_group",
            "module.prod_cluster.module.eks_cluster.module.eks.module.eks_managed_node_group.module.user_data.null_resource.validate_cluster_service_cidr",
            "module.prod_cluster.module.eks_cluster.module.eks.module.fargate_profile.aws_eks_fargate_profile.this",
            "module.prod_cluster.module.eks_cluster.module.eks.module.fargate_profile.aws_iam_role.this",
            "module.prod_cluster.module.eks_cluster.module.eks.module.fargate_profile.aws_iam_role_policy.this",
            "module.prod_cluster.module.eks_cluster.module.eks.module.fargate_profile.aws_iam_role_policy_attachment.additional",
            "module.prod_cluster.module.eks_cluster.module.eks.module.fargate_profile.aws_iam_role_policy_attachment.this",
            "module.prod_cluster.module.eks_cluster.module.eks.module.fargate_profile.data.aws_caller_identity.current",
            "module.prod_cluster.module.eks_cluster.module.eks.module.fargate_profile.data.aws_iam_policy_document.assume_role_policy",
            "module.prod_cluster.module.eks_cluster.module.eks.module.fargate_profile.data.aws_iam_policy_document.role",
            "module.prod_cluster.module.eks_cluster.module.eks.module.fargate_profile.data.aws_partition.current",
            "module.prod_cluster.module.eks_cluster.module.eks.module.fargate_profile.data.aws_region.current",
            "module.prod_cluster.module.eks_cluster.module.eks.module.kms.aws_kms_alias.this",
            "module.prod_cluster.module.eks_cluster.module.eks.module.kms.aws_kms_external_key.this",
            "module.prod_cluster.module.eks_cluster.module.eks.module.kms.aws_kms_grant.this",
            "module.prod_cluster.module.eks_cluster.module.eks.module.kms.aws_kms_key.this",
            "module.prod_cluster.module.eks_cluster.module.eks.module.kms.aws_kms_replica_external_key.this",
            "module.prod_cluster.module.eks_cluster.module.eks.module.kms.aws_kms_replica_key.this",
            "module.prod_cluster.module.eks_cluster.module.eks.module.kms.data.aws_caller_identity.current",
            "module.prod_cluster.module.eks_cluster.module.eks.module.kms.data.aws_iam_policy_document.this",
            "module.prod_cluster.module.eks_cluster.module.eks.module.kms.data.aws_partition.current",
            "module.prod_cluster.module.eks_cluster.module.eks.module.self_managed_node_group.aws_autoscaling_group.this",
            "module.prod_cluster.module.eks_cluster.module.eks.module.self_managed_node_group.aws_autoscaling_schedule.this",
            "module.prod_cluster.module.eks_cluster.module.eks.module.self_managed_node_group.aws_eks_access_entry.this",
            "module.prod_cluster.module.eks_cluster.module.eks.module.self_managed_node_group.aws_iam_instance_profile.this",
            "module.prod_cluster.module.eks_cluster.module.eks.module.self_managed_node_group.aws_iam_role.this",
            "module.prod_cluster.module.eks_cluster.module.eks.module.self_managed_node_group.aws_iam_role_policy.this",
            "module.prod_cluster.module.eks_cluster.module.eks.module.self_managed_node_group.aws_iam_role_policy_attachment.additional",
            "module.prod_cluster.module.eks_cluster.module.eks.module.self_managed_node_group.aws_iam_role_policy_attachment.this",
            "module.prod_cluster.module.eks_cluster.module.eks.module.self_managed_node_group.aws_launch_template.this",
            "module.prod_cluster.module.eks_cluster.module.eks.module.self_managed_node_group.aws_placement_group.this",
            "module.prod_cluster.module.eks_cluster.module.eks.module.self_managed_node_group.data.aws_caller_identity.current",
            "module.prod_cluster.module.eks_cluster.module.eks.module.self_managed_node_group.data.aws_ec2_instance_type.this",
            "module.prod_cluster.module.eks_cluster.module.eks.module.self_managed_node_group.data.aws_ec2_instance_type_offerings.this",
            "module.prod_cluster.module.eks_cluster.module.eks.module.self_managed_node_group.data.aws_iam_policy_document.assume_role_policy",
            "module.prod_cluster.module.eks_cluster.module.eks.module.self_managed_node_group.data.aws_iam_policy_document.role",
            "module.prod_cluster.module.eks_cluster.module.eks.module.self_managed_node_group.data.aws_partition.current",
            "module.prod_cluster.module.eks_cluster.module.eks.module.self_managed_node_group.data.aws_ssm_parameter.ami",
            "module.prod_cluster.module.eks_cluster.module.eks.module.self_managed_node_group.data.aws_subnets.placement_group",
            "module.prod_cluster.module.eks_cluster.module.eks.module.self_managed_node_group.module.user_data.data.cloudinit_config.al2023_eks_managed_node_group",
            "module.prod_cluster.module.eks_cluster.module.eks.module.self_managed_node_group.module.user_data.data.cloudinit_config.linux_eks_managed_node_group",
            "module.prod_cluster.module.eks_cluster.module.eks.module.self_managed_node_group.module.user_data.null_resource.validate_cluster_service_cidr",
            "module.prod_cluster.module.eks_cluster.module.eks.time_sleep.this",
            "module.prod_cluster.module.node_groups.module.eks_managed_node_groups.aws_autoscaling_schedule.this",
            "module.prod_cluster.module.node_groups.module.eks_managed_node_groups.aws_eks_node_group.this",
            "module.prod_cluster.module.node_groups.module.eks_managed_node_groups.aws_iam_role.this",
            "module.prod_cluster.module.node_groups.module.eks_managed_node_groups.aws_iam_role_policy.this",
            "module.prod_cluster.module.node_groups.module.eks_managed_node_groups.aws_iam_role_policy_attachment.additional",
            "module.prod_cluster.module.node_groups.module.eks_managed_node_groups.aws_iam_role_policy_attachment.this",
            "module.prod_cluster.module.node_groups.module.eks_managed_node_groups.aws_launch_template.this",
            "module.prod_cluster.module.node_groups.module.eks_managed_node_groups.aws_placement_group.this",
            "module.prod_cluster.module.node_groups.module.eks_managed_node_groups.data.aws_caller_identity.current",
            "module.prod_cluster.module.node_groups.module.eks_managed_node_groups.data.aws_ec2_instance_type.this",
            "module.prod_cluster.module.node_groups.module.eks_managed_node_groups.data.aws_ec2_instance_type_offerings.this",
            "module.prod_cluster.module.node_groups.module.eks_managed_node_groups.data.aws_iam_policy_document.assume_role_policy",
            "module.prod_cluster.module.node_groups.module.eks_managed_node_groups.data.aws_iam_policy_document.role",
            "module.prod_cluster.module.node_groups.module.eks_managed_node_groups.data.aws_partition.current",
            "module.prod_cluster.module.node_groups.module.eks_managed_node_groups.data.aws_ssm_parameter.ami",
            "module.prod_cluster.module.node_groups.module.eks_managed_node_groups.data.aws_subnets.placement_group",
            "module.prod_cluster.module.node_groups.module.eks_managed_node_groups.module.user_data.data.cloudinit_config.al2023_eks_managed_node_group",
            "module.prod_cluster.module.node_groups.module.eks_managed_node_groups.module.user_data.data.cloudinit_config.linux_eks_managed_node_group",
            "module.prod_cluster.module.node_groups.module.eks_managed_node_groups.module.user_data.null_resource.validate_cluster_service_cidr",
            "module.vpc.module.subnets.aws_subnet.private",
            "module.vpc.module.subnets.aws_subnet.public",
            "module.vpc.module.vpc_core.aws_vpc.main"
          ]
        }
      ]
    },
    {
      "module": "module.prod_cluster.module.alb",
      "mode": "managed",
      "type": "aws_lb_listener",
      "name": "http",
      "provider": "provider[\"registry.terraform.io/hashicorp/aws\"]",
      "instances": [
        {
          "index_key": 0,
          "schema_version": 0,
          "attributes": {
            "alpn_policy": null,
            "arn": "arn:aws:elasticloadbalancing:eu-north-1:610964304971:listener/app/devops-quiz-eks-alb/9314541b42770e15/0bec1025b92229f0",
            "certificate_arn": null,
            "default_action": [
              {
                "authenticate_cognito": [],
                "authenticate_oidc": [],
                "fixed_response": [],
                "forward": [],
                "order": 1,
                "redirect": [
                  {
                    "host": "#{host}",
                    "path": "/#{path}",
                    "port": "443",
                    "protocol": "HTTPS",
                    "query": "#{query}",
                    "status_code": "HTTP_301"
                  }
                ],
                "target_group_arn": "",
                "type": "redirect"
              }
            ],
            "id": "arn:aws:elasticloadbalancing:eu-north-1:610964304971:listener/app/devops-quiz-eks-alb/9314541b42770e15/0bec1025b92229f0",
            "load_balancer_arn": "arn:aws:elasticloadbalancing:eu-north-1:610964304971:loadbalancer/app/devops-quiz-eks-alb/9314541b42770e15",
            "mutual_authentication": [],
            "port": 80,
            "protocol": "HTTP",
            "routing_http_request_x_amzn_mtls_clientcert_header_name": null,
            "routing_http_request_x_amzn_mtls_clientcert_issuer_header_name": null,
            "routing_http_request_x_amzn_mtls_clientcert_leaf_header_name": null,
            "routing_http_request_x_amzn_mtls_clientcert_serial_number_header_name": null,
            "routing_http_request_x_amzn_mtls_clientcert_subject_header_name": null,
            "routing_http_request_x_amzn_mtls_clientcert_validity_header_name": null,
            "routing_http_request_x_amzn_tls_cipher_suite_header_name": null,
            "routing_http_request_x_amzn_tls_version_header_name": null,
            "routing_http_response_access_control_allow_credentials_header_value": "",
            "routing_http_response_access_control_allow_headers_header_value": "",
            "routing_http_response_access_control_allow_methods_header_value": "",
            "routing_http_response_access_control_allow_origin_header_value": "",
            "routing_http_response_access_control_expose_headers_header_value": "",
            "routing_http_response_access_control_max_age_header_value": "",
            "routing_http_response_content_security_policy_header_value": "",
            "routing_http_response_server_enabled": true,
            "routing_http_response_strict_transport_security_header_value": "",
            "routing_http_response_x_content_type_options_header_value": "",
            "routing_http_response_x_frame_options_header_value": "",
            "ssl_policy": "",
            "tags": {},
            "tags_all": {
              "Environment": "Production",
              "ManagedBy": "Terraform",
              "Owner": "Liav",
              "Project": "Devops-Quiz"
            },
            "tcp_idle_timeout_seconds": null,
            "timeouts": null
          },
          "sensitive_attributes": [],
          "identity_schema_version": 0,
          "private": "eyJlMmJmYjczMC1lY2FhLTExZTYtOGY4OC0zNDM2M2JjN2M0YzAiOnsiY3JlYXRlIjozMDAwMDAwMDAwMDAsInVwZGF0ZSI6MzAwMDAwMDAwMDAwfX0=",
          "dependencies": [
            "module.prod_cluster.module.alb.aws_lb.main",
            "module.prod_cluster.module.alb.aws_security_group.alb",
            "module.prod_cluster.module.eks_cluster.data.aws_caller_identity.current",
            "module.prod_cluster.module.eks_cluster.module.eks.aws_cloudwatch_log_group.this",
            "module.prod_cluster.module.eks_cluster.module.eks.aws_ec2_tag.cluster_primary_security_group",
            "module.prod_cluster.module.eks_cluster.module.eks.aws_eks_access_entry.this",
            "module.prod_cluster.module.eks_cluster.module.eks.aws_eks_access_policy_association.this",
            "module.prod_cluster.module.eks_cluster.module.eks.aws_eks_addon.before_compute",
            "module.prod_cluster.module.eks_cluster.module.eks.aws_eks_addon.this",
            "module.prod_cluster.module.eks_cluster.module.eks.aws_eks_cluster.this",
            "module.prod_cluster.module.eks_cluster.module.eks.aws_eks_identity_provider_config.this",
            "module.prod_cluster.module.eks_cluster.module.eks.aws_iam_openid_connect_provider.oidc_provider",
            "module.prod_cluster.module.eks_cluster.module.eks.aws_iam_policy.cluster_encryption",
            "module.prod_cluster.module.eks_cluster.module.eks.aws_iam_policy.cni_ipv6_policy",
            "module.prod_cluster.module.eks_cluster.module.eks.aws_iam_policy.custom",
            "module.prod_cluster.module.eks_cluster.module.eks.aws_iam_role.eks_auto",
            "module.prod_cluster.module.eks_cluster.module.eks.aws_iam_role.this",
            "module.prod_cluster.module.eks_cluster.module.eks.aws_iam_role_policy_attachment.additional",
            "module.prod_cluster.module.eks_cluster.module.eks.aws_iam_role_policy_attachment.cluster_encryption",
            "module.prod_cluster.module.eks_cluster.module.eks.aws_iam_role_policy_attachment.custom",
            "module.prod_cluster.module.eks_cluster.module.eks.aws_iam_role_policy_attachment.eks_auto",
            "module.prod_cluster.module.eks_cluster.module.eks.aws_iam_role_policy_attachment.eks_auto_additional",
            "module.prod_cluster.module.eks_cluster.module.eks.aws_iam_role_policy_attachment.this",
            "module.prod_cluster.module.eks_cluster.module.eks.aws_security_group.cluster",
            "module.prod_cluster.module.eks_cluster.module.eks.aws_security_group.node",
            "module.prod_cluster.module.eks_cluster.module.eks.aws_security_group_rule.cluster",
            "module.prod_cluster.module.eks_cluster.module.eks.aws_security_group_rule.node",
            "module.prod_cluster.module.eks_cluster.module.eks.data.aws_caller_identity.current",
            "module.prod_cluster.module.eks_cluster.module.eks.data.aws_eks_addon_version.this",
            "module.prod_cluster.module.eks_cluster.module.eks.data.aws_iam_policy_document.assume_role_policy",
            "module.prod_cluster.module.eks_cluster.module.eks.data.aws_iam_policy_document.cni_ipv6_policy",
            "module.prod_cluster.module.eks_cluster.module.eks.data.aws_iam_policy_document.custom",
            "module.prod_cluster.module.eks_cluster.module.eks.data.aws_iam_policy_document.node_assume_role_policy",
            "module.prod_cluster.module.eks_cluster.module.eks.data.aws_iam_session_context.current",
            "module.prod_cluster.module.eks_cluster.module.eks.data.aws_partition.current",
            "module.prod_cluster.module.eks_cluster.module.eks.data.tls_certificate.this",
            "module.prod_cluster.module.eks_cluster.module.eks.module.eks_managed_node_group.aws_autoscaling_schedule.this",
            "module.prod_cluster.module.eks_cluster.module.eks.module.eks_managed_node_group.aws_eks_node_group.this",
            "module.prod_cluster.module.eks_cluster.module.eks.module.eks_managed_node_group.aws_iam_role.this",
            "module.prod_cluster.module.eks_cluster.module.eks.module.eks_managed_node_group.aws_iam_role_policy.this",
            "module.prod_cluster.module.eks_cluster.module.eks.module.eks_managed_node_group.aws_iam_role_policy_attachment.additional",
            "module.prod_cluster.module.eks_cluster.module.eks.module.eks_managed_node_group.aws_iam_role_policy_attachment.this",
            "module.prod_cluster.module.eks_cluster.module.eks.module.eks_managed_node_group.aws_launch_template.this",
            "module.prod_cluster.module.eks_cluster.module.eks.module.eks_managed_node_group.aws_placement_group.this",
            "module.prod_cluster.module.eks_cluster.module.eks.module.eks_managed_node_group.data.aws_caller_identity.current",
            "module.prod_cluster.module.eks_cluster.module.eks.module.eks_managed_node_group.data.aws_ec2_instance_type.this",
            "module.prod_cluster.module.eks_cluster.module.eks.module.eks_managed_node_group.data.aws_ec2_instance_type_offerings.this",
            "module.prod_cluster.module.eks_cluster.module.eks.module.eks_managed_node_group.data.aws_iam_policy_document.assume_role_policy",
            "module.prod_cluster.module.eks_cluster.module.eks.module.eks_managed_node_group.data.aws_iam_policy_document.role",
            "module.prod_cluster.module.eks_cluster.module.eks.module.eks_managed_node_group.data.aws_partition.current",
            "module.prod_cluster.module.eks_cluster.module.eks.module.eks_managed_node_group.data.aws_ssm_parameter.ami",
            "module.prod_cluster.module.eks_cluster.module.eks.module.eks_managed_node_group.data.aws_subnets.placement_group",
            "module.prod_cluster.module.eks_cluster.module.eks.module.eks_managed_node_group.module.user_data.data.cloudinit_config.al2023_eks_managed_node_group",
            "module.prod_cluster.module.eks_cluster.module.eks.module.eks_managed_node_group.module.user_data.data.cloudinit_config.linux_eks_managed_node_group",
            "module.prod_cluster.module.eks_cluster.module.eks.module.eks_managed_node_group.module.user_data.null_resource.validate_cluster_service_cidr",
            "module.prod_cluster.module.eks_cluster.module.eks.module.fargate_profile.aws_eks_fargate_profile.this",
            "module.prod_cluster.module.eks_cluster.module.eks.module.fargate_profile.aws_iam_role.this",
            "module.prod_cluster.module.eks_cluster.module.eks.module.fargate_profile.aws_iam_role_policy.this",
            "module.prod_cluster.module.eks_cluster.module.eks.module.fargate_profile.aws_iam_role_policy_attachment.additional",
            "module.prod_cluster.module.eks_cluster.module.eks.module.fargate_profile.aws_iam_role_policy_attachment.this",
            "module.prod_cluster.module.eks_cluster.module.eks.module.fargate_profile.data.aws_caller_identity.current",
            "module.prod_cluster.module.eks_cluster.module.eks.module.fargate_profile.data.aws_iam_policy_document.assume_role_policy",
            "module.prod_cluster.module.eks_cluster.module.eks.module.fargate_profile.data.aws_iam_policy_document.role",
            "module.prod_cluster.module.eks_cluster.module.eks.module.fargate_profile.data.aws_partition.current",
            "module.prod_cluster.module.eks_cluster.module.eks.module.fargate_profile.data.aws_region.current",
            "module.prod_cluster.module.eks_cluster.module.eks.module.kms.aws_kms_alias.this",
            "module.prod_cluster.module.eks_cluster.module.eks.module.kms.aws_kms_external_key.this",
            "module.prod_cluster.module.eks_cluster.module.eks.module.kms.aws_kms_grant.this",
            "module.prod_cluster.module.eks_cluster.module.eks.module.kms.aws_kms_key.this",
            "module.prod_cluster.module.eks_cluster.module.eks.module.kms.aws_kms_replica_external_key.this",
            "module.prod_cluster.module.eks_cluster.module.eks.module.kms.aws_kms_replica_key.this",
            "module.prod_cluster.module.eks_cluster.module.eks.module.kms.data.aws_caller_identity.current",
            "module.prod_cluster.module.eks_cluster.module.eks.module.kms.data.aws_iam_policy_document.this",
            "module.prod_cluster.module.eks_cluster.module.eks.module.kms.data.aws_partition.current",
            "module.prod_cluster.module.eks_cluster.module.eks.module.self_managed_node_group.aws_autoscaling_group.this",
            "module.prod_cluster.module.eks_cluster.module.eks.module.self_managed_node_group.aws_autoscaling_schedule.this",
            "module.prod_cluster.module.eks_cluster.module.eks.module.self_managed_node_group.aws_eks_access_entry.this",
            "module.prod_cluster.module.eks_cluster.module.eks.module.self_managed_node_group.aws_iam_instance_profile.this",
            "module.prod_cluster.module.eks_cluster.module.eks.module.self_managed_node_group.aws_iam_role.this",
            "module.prod_cluster.module.eks_cluster.module.eks.module.self_managed_node_group.aws_iam_role_policy.this",
            "module.prod_cluster.module.eks_cluster.module.eks.module.self_managed_node_group.aws_iam_role_policy_attachment.additional",
            "module.prod_cluster.module.eks_cluster.module.eks.module.self_managed_node_group.aws_iam_role_policy_attachment.this",
            "module.prod_cluster.module.eks_cluster.module.eks.module.self_managed_node_group.aws_launch_template.this",
            "module.prod_cluster.module.eks_cluster.module.eks.module.self_managed_node_group.aws_placement_group.this",
            "module.prod_cluster.module.eks_cluster.module.eks.module.self_managed_node_group.data.aws_caller_identity.current",
            "module.prod_cluster.module.eks_cluster.module.eks.module.self_managed_node_group.data.aws_ec2_instance_type.this",
            "module.prod_cluster.module.eks_cluster.module.eks.module.self_managed_node_group.data.aws_ec2_instance_type_offerings.this",
            "module.prod_cluster.module.eks_cluster.module.eks.module.self_managed_node_group.data.aws_iam_policy_document.assume_role_policy",
            "module.prod_cluster.module.eks_cluster.module.eks.module.self_managed_node_group.data.aws_iam_policy_document.role",
            "module.prod_cluster.module.eks_cluster.module.eks.module.self_managed_node_group.data.aws_partition.current",
            "module.prod_cluster.module.eks_cluster.module.eks.module.self_managed_node_group.data.aws_ssm_parameter.ami",
            "module.prod_cluster.module.eks_cluster.module.eks.module.self_managed_node_group.data.aws_subnets.placement_group",
            "module.prod_cluster.module.eks_cluster.module.eks.module.self_managed_node_group.module.user_data.data.cloudinit_config.al2023_eks_managed_node_group",
            "module.prod_cluster.module.eks_cluster.module.eks.module.self_managed_node_group.module.user_data.data.cloudinit_config.linux_eks_managed_node_group",
            "module.prod_cluster.module.eks_cluster.module.eks.module.self_managed_node_group.module.user_data.null_resource.validate_cluster_service_cidr",
            "module.prod_cluster.module.eks_cluster.module.eks.time_sleep.this",
            "module.prod_cluster.module.node_groups.module.eks_managed_node_groups.aws_autoscaling_schedule.this",
            "module.prod_cluster.module.node_groups.module.eks_managed_node_groups.aws_eks_node_group.this",
            "module.prod_cluster.module.node_groups.module.eks_managed_node_groups.aws_iam_role.this",
            "module.prod_cluster.module.node_groups.module.eks_managed_node_groups.aws_iam_role_policy.this",
            "module.prod_cluster.module.node_groups.module.eks_managed_node_groups.aws_iam_role_policy_attachment.additional",
            "module.prod_cluster.module.node_groups.module.eks_managed_node_groups.aws_iam_role_policy_attachment.this",
            "module.prod_cluster.module.node_groups.module.eks_managed_node_groups.aws_launch_template.this",
            "module.prod_cluster.module.node_groups.module.eks_managed_node_groups.aws_placement_group.this",
            "module.prod_cluster.module.node_groups.module.eks_managed_node_groups.data.aws_caller_identity.current",
            "module.prod_cluster.module.node_groups.module.eks_managed_node_groups.data.aws_ec2_instance_type.this",
            "module.prod_cluster.module.node_groups.module.eks_managed_node_groups.data.aws_ec2_instance_type_offerings.this",
            "module.prod_cluster.module.node_groups.module.eks_managed_node_groups.data.aws_iam_policy_document.assume_role_policy",
            "module.prod_cluster.module.node_groups.module.eks_managed_node_groups.data.aws_iam_policy_document.role",
            "module.prod_cluster.module.node_groups.module.eks_managed_node_groups.data.aws_partition.current",
            "module.prod_cluster.module.node_groups.module.eks_managed_node_groups.data.aws_ssm_parameter.ami",
            "module.prod_cluster.module.node_groups.module.eks_managed_node_groups.data.aws_subnets.placement_group",
            "module.prod_cluster.module.node_groups.module.eks_managed_node_groups.module.user_data.data.cloudinit_config.al2023_eks_managed_node_group",
            "module.prod_cluster.module.node_groups.module.eks_managed_node_groups.module.user_data.data.cloudinit_config.linux_eks_managed_node_group",
            "module.prod_cluster.module.node_groups.module.eks_managed_node_groups.module.user_data.null_resource.validate_cluster_service_cidr",
            "module.vpc.module.subnets.aws_subnet.private",
            "module.vpc.module.subnets.aws_subnet.public",
            "module.vpc.module.vpc_core.aws_vpc.main"
          ]
        }
      ]
    },
    {
      "module": "module.prod_cluster.module.alb",
      "mode": "managed",
      "type": "aws_lb_listener",
      "name": "http_passthrough",
      "provider": "provider[\"registry.terraform.io/hashicorp/aws\"]",
      "instances": []
    },
    {
      "module": "module.prod_cluster.module.alb",
      "mode": "managed",
      "type": "aws_lb_listener",
      "name": "https",
      "provider": "provider[\"registry.terraform.io/hashicorp/aws\"]",
      "instances": [
        {
          "index_key": 0,
          "schema_version": 0,
          "attributes": {
            "alpn_policy": null,
            "arn": "arn:aws:elasticloadbalancing:eu-north-1:610964304971:listener/app/devops-quiz-eks-alb/9314541b42770e15/9f379300f7667e84",
            "certificate_arn": "arn:aws:acm:eu-north-1:610964304971:certificate/6cea771c-f3f2-41ee-996b-d15a51239f36",
            "default_action": [
              {
                "authenticate_cognito": [],
                "authenticate_oidc": [],
                "fixed_response": [
                  {
                    "content_type": "text/plain",
                    "message_body": "Not Found",
                    "status_code": "404"
                  }
                ],
                "forward": [],
                "order": 1,
                "redirect": [],
                "target_group_arn": "",
                "type": "fixed-response"
              }
            ],
            "id": "arn:aws:elasticloadbalancing:eu-north-1:610964304971:listener/app/devops-quiz-eks-alb/9314541b42770e15/9f379300f7667e84",
            "load_balancer_arn": "arn:aws:elasticloadbalancing:eu-north-1:610964304971:loadbalancer/app/devops-quiz-eks-alb/9314541b42770e15",
            "mutual_authentication": [
              {
                "advertise_trust_store_ca_names": "",
                "ignore_client_certificate_expiry": false,
                "mode": "off",
                "trust_store_arn": ""
              }
            ],
            "port": 443,
            "protocol": "HTTPS",
            "routing_http_request_x_amzn_mtls_clientcert_header_name": "",
            "routing_http_request_x_amzn_mtls_clientcert_issuer_header_name": "",
            "routing_http_request_x_amzn_mtls_clientcert_leaf_header_name": "",
            "routing_http_request_x_amzn_mtls_clientcert_serial_number_header_name": "",
            "routing_http_request_x_amzn_mtls_clientcert_subject_header_name": "",
            "routing_http_request_x_amzn_mtls_clientcert_validity_header_name": "",
            "routing_http_request_x_amzn_tls_cipher_suite_header_name": "",
            "routing_http_request_x_amzn_tls_version_header_name": "",
            "routing_http_response_access_control_allow_credentials_header_value": "",
            "routing_http_response_access_control_allow_headers_header_value": "",
            "routing_http_response_access_control_allow_methods_header_value": "",
            "routing_http_response_access_control_allow_origin_header_value": "",
            "routing_http_response_access_control_expose_headers_header_value": "",
            "routing_http_response_access_control_max_age_header_value": "",
            "routing_http_response_content_security_policy_header_value": "",
            "routing_http_response_server_enabled": true,
            "routing_http_response_strict_transport_security_header_value": "",
            "routing_http_response_x_content_type_options_header_value": "",
            "routing_http_response_x_frame_options_header_value": "",
            "ssl_policy": "ELBSecurityPolicy-TLS-1-2-2017-01",
            "tags": {},
            "tags_all": {
              "Environment": "Production",
              "ManagedBy": "Terraform",
              "Owner": "Liav",
              "Project": "Devops-Quiz"
            },
            "tcp_idle_timeout_seconds": null,
            "timeouts": null
          },
          "sensitive_attributes": [],
          "identity_schema_version": 0,
          "private": "eyJlMmJmYjczMC1lY2FhLTExZTYtOGY4OC0zNDM2M2JjN2M0YzAiOnsiY3JlYXRlIjozMDAwMDAwMDAwMDAsInVwZGF0ZSI6MzAwMDAwMDAwMDAwfX0=",
          "dependencies": [
            "module.prod_cluster.module.alb.aws_lb.main",
            "module.prod_cluster.module.alb.aws_security_group.alb",
            "module.prod_cluster.module.eks_cluster.data.aws_caller_identity.current",
            "module.prod_cluster.module.eks_cluster.module.eks.aws_cloudwatch_log_group.this",
            "module.prod_cluster.module.eks_cluster.module.eks.aws_ec2_tag.cluster_primary_security_group",
            "module.prod_cluster.module.eks_cluster.module.eks.aws_eks_access_entry.this",
            "module.prod_cluster.module.eks_cluster.module.eks.aws_eks_access_policy_association.this",
            "module.prod_cluster.module.eks_cluster.module.eks.aws_eks_addon.before_compute",
            "module.prod_cluster.module.eks_cluster.module.eks.aws_eks_addon.this",
            "module.prod_cluster.module.eks_cluster.module.eks.aws_eks_cluster.this",
            "module.prod_cluster.module.eks_cluster.module.eks.aws_eks_identity_provider_config.this",
            "module.prod_cluster.module.eks_cluster.module.eks.aws_iam_openid_connect_provider.oidc_provider",
            "module.prod_cluster.module.eks_cluster.module.eks.aws_iam_policy.cluster_encryption",
            "module.prod_cluster.module.eks_cluster.module.eks.aws_iam_policy.cni_ipv6_policy",
            "module.prod_cluster.module.eks_cluster.module.eks.aws_iam_policy.custom",
            "module.prod_cluster.module.eks_cluster.module.eks.aws_iam_role.eks_auto",
            "module.prod_cluster.module.eks_cluster.module.eks.aws_iam_role.this",
            "module.prod_cluster.module.eks_cluster.module.eks.aws_iam_role_policy_attachment.additional",
            "module.prod_cluster.module.eks_cluster.module.eks.aws_iam_role_policy_attachment.cluster_encryption",
            "module.prod_cluster.module.eks_cluster.module.eks.aws_iam_role_policy_attachment.custom",
            "module.prod_cluster.module.eks_cluster.module.eks.aws_iam_role_policy_attachment.eks_auto",
            "module.prod_cluster.module.eks_cluster.module.eks.aws_iam_role_policy_attachment.eks_auto_additional",
            "module.prod_cluster.module.eks_cluster.module.eks.aws_iam_role_policy_attachment.this",
            "module.prod_cluster.module.eks_cluster.module.eks.aws_security_group.cluster",
            "module.prod_cluster.module.eks_cluster.module.eks.aws_security_group.node",
            "module.prod_cluster.module.eks_cluster.module.eks.aws_security_group_rule.cluster",
            "module.prod_cluster.module.eks_cluster.module.eks.aws_security_group_rule.node",
            "module.prod_cluster.module.eks_cluster.module.eks.data.aws_caller_identity.current",
            "module.prod_cluster.module.eks_cluster.module.eks.data.aws_eks_addon_version.this",
            "module.prod_cluster.module.eks_cluster.module.eks.data.aws_iam_policy_document.assume_role_policy",
            "module.prod_cluster.module.eks_cluster.module.eks.data.aws_iam_policy_document.cni_ipv6_policy",
            "module.prod_cluster.module.eks_cluster.module.eks.data.aws_iam_policy_document.custom",
            "module.prod_cluster.module.eks_cluster.module.eks.data.aws_iam_policy_document.node_assume_role_policy",
            "module.prod_cluster.module.eks_cluster.module.eks.data.aws_iam_session_context.current",
            "module.prod_cluster.module.eks_cluster.module.eks.data.aws_partition.current",
            "module.prod_cluster.module.eks_cluster.module.eks.data.tls_certificate.this",
            "module.prod_cluster.module.eks_cluster.module.eks.module.eks_managed_node_group.aws_autoscaling_schedule.this",
            "module.prod_cluster.module.eks_cluster.module.eks.module.eks_managed_node_group.aws_eks_node_group.this",
            "module.prod_cluster.module.eks_cluster.module.eks.module.eks_managed_node_group.aws_iam_role.this",
            "module.prod_cluster.module.eks_cluster.module.eks.module.eks_managed_node_group.aws_iam_role_policy.this",
            "module.prod_cluster.module.eks_cluster.module.eks.module.eks_managed_node_group.aws_iam_role_policy_attachment.additional",
            "module.prod_cluster.module.eks_cluster.module.eks.module.eks_managed_node_group.aws_iam_role_policy_attachment.this",
            "module.prod_cluster.module.eks_cluster.module.eks.module.eks_managed_node_group.aws_launch_template.this",
            "module.prod_cluster.module.eks_cluster.module.eks.module.eks_managed_node_group.aws_placement_group.this",
            "module.prod_cluster.module.eks_cluster.module.eks.module.eks_managed_node_group.data.aws_caller_identity.current",
            "module.prod_cluster.module.eks_cluster.module.eks.module.eks_managed_node_group.data.aws_ec2_instance_type.this",
            "module.prod_cluster.module.eks_cluster.module.eks.module.eks_managed_node_group.data.aws_ec2_instance_type_offerings.this",
            "module.prod_cluster.module.eks_cluster.module.eks.module.eks_managed_node_group.data.aws_iam_policy_document.assume_role_policy",
            "module.prod_cluster.module.eks_cluster.module.eks.module.eks_managed_node_group.data.aws_iam_policy_document.role",
            "module.prod_cluster.module.eks_cluster.module.eks.module.eks_managed_node_group.data.aws_partition.current",
            "module.prod_cluster.module.eks_cluster.module.eks.module.eks_managed_node_group.data.aws_ssm_parameter.ami",
            "module.prod_cluster.module.eks_cluster.module.eks.module.eks_managed_node_group.data.aws_subnets.placement_group",
            "module.prod_cluster.module.eks_cluster.module.eks.module.eks_managed_node_group.module.user_data.data.cloudinit_config.al2023_eks_managed_node_group",
            "module.prod_cluster.module.eks_cluster.module.eks.module.eks_managed_node_group.module.user_data.data.cloudinit_config.linux_eks_managed_node_group",
            "module.prod_cluster.module.eks_cluster.module.eks.module.eks_managed_node_group.module.user_data.null_resource.validate_cluster_service_cidr",
            "module.prod_cluster.module.eks_cluster.module.eks.module.fargate_profile.aws_eks_fargate_profile.this",
            "module.prod_cluster.module.eks_cluster.module.eks.module.fargate_profile.aws_iam_role.this",
            "module.prod_cluster.module.eks_cluster.module.eks.module.fargate_profile.aws_iam_role_policy.this",
            "module.prod_cluster.module.eks_cluster.module.eks.module.fargate_profile.aws_iam_role_policy_attachment.additional",
            "module.prod_cluster.module.eks_cluster.module.eks.module.fargate_profile.aws_iam_role_policy_attachment.this",
            "module.prod_cluster.module.eks_cluster.module.eks.module.fargate_profile.data.aws_caller_identity.current",
            "module.prod_cluster.module.eks_cluster.module.eks.module.fargate_profile.data.aws_iam_policy_document.assume_role_policy",
            "module.prod_cluster.module.eks_cluster.module.eks.module.fargate_profile.data.aws_iam_policy_document.role",
            "module.prod_cluster.module.eks_cluster.module.eks.module.fargate_profile.data.aws_partition.current",
            "module.prod_cluster.module.eks_cluster.module.eks.module.fargate_profile.data.aws_region.current",
            "module.prod_cluster.module.eks_cluster.module.eks.module.kms.aws_kms_alias.this",
            "module.prod_cluster.module.eks_cluster.module.eks.module.kms.aws_kms_external_key.this",
            "module.prod_cluster.module.eks_cluster.module.eks.module.kms.aws_kms_grant.this",
            "module.prod_cluster.module.eks_cluster.module.eks.module.kms.aws_kms_key.this",
            "module.prod_cluster.module.eks_cluster.module.eks.module.kms.aws_kms_replica_external_key.this",
            "module.prod_cluster.module.eks_cluster.module.eks.module.kms.aws_kms_replica_key.this",
            "module.prod_cluster.module.eks_cluster.module.eks.module.kms.data.aws_caller_identity.current",
            "module.prod_cluster.module.eks_cluster.module.eks.module.kms.data.aws_iam_policy_document.this",
            "module.prod_cluster.module.eks_cluster.module.eks.module.kms.data.aws_partition.current",
            "module.prod_cluster.module.eks_cluster.module.eks.module.self_managed_node_group.aws_autoscaling_group.this",
            "module.prod_cluster.module.eks_cluster.module.eks.module.self_managed_node_group.aws_autoscaling_schedule.this",
            "module.prod_cluster.module.eks_cluster.module.eks.module.self_managed_node_group.aws_eks_access_entry.this",
            "module.prod_cluster.module.eks_cluster.module.eks.module.self_managed_node_group.aws_iam_instance_profile.this",
            "module.prod_cluster.module.eks_cluster.module.eks.module.self_managed_node_group.aws_iam_role.this",
            "module.prod_cluster.module.eks_cluster.module.eks.module.self_managed_node_group.aws_iam_role_policy.this",
            "module.prod_cluster.module.eks_cluster.module.eks.module.self_managed_node_group.aws_iam_role_policy_attachment.additional",
            "module.prod_cluster.module.eks_cluster.module.eks.module.self_managed_node_group.aws_iam_role_policy_attachment.this",
            "module.prod_cluster.module.eks_cluster.module.eks.module.self_managed_node_group.aws_launch_template.this",
            "module.prod_cluster.module.eks_cluster.module.eks.module.self_managed_node_group.aws_placement_group.this",
            "module.prod_cluster.module.eks_cluster.module.eks.module.self_managed_node_group.data.aws_caller_identity.current",
            "module.prod_cluster.module.eks_cluster.module.eks.module.self_managed_node_group.data.aws_ec2_instance_type.this",
            "module.prod_cluster.module.eks_cluster.module.eks.module.self_managed_node_group.data.aws_ec2_instance_type_offerings.this",
            "module.prod_cluster.module.eks_cluster.module.eks.module.self_managed_node_group.data.aws_iam_policy_document.assume_role_policy",
            "module.prod_cluster.module.eks_cluster.module.eks.module.self_managed_node_group.data.aws_iam_policy_document.role",
            "module.prod_cluster.module.eks_cluster.module.eks.module.self_managed_node_group.data.aws_partition.current",
            "module.prod_cluster.module.eks_cluster.module.eks.module.self_managed_node_group.data.aws_ssm_parameter.ami",
            "module.prod_cluster.module.eks_cluster.module.eks.module.self_managed_node_group.data.aws_subnets.placement_group",
            "module.prod_cluster.module.eks_cluster.module.eks.module.self_managed_node_group.module.user_data.data.cloudinit_config.al2023_eks_managed_node_group",
            "module.prod_cluster.module.eks_cluster.module.eks.module.self_managed_node_group.module.user_data.data.cloudinit_config.linux_eks_managed_node_group",
            "module.prod_cluster.module.eks_cluster.module.eks.module.self_managed_node_group.module.user_data.null_resource.validate_cluster_service_cidr",
            "module.prod_cluster.module.eks_cluster.module.eks.time_sleep.this",
            "module.prod_cluster.module.node_groups.module.eks_managed_node_groups.aws_autoscaling_schedule.this",
            "module.prod_cluster.module.node_groups.module.eks_managed_node_groups.aws_eks_node_group.this",
            "module.prod_cluster.module.node_groups.module.eks_managed_node_groups.aws_iam_role.this",
            "module.prod_cluster.module.node_groups.module.eks_managed_node_groups.aws_iam_role_policy.this",
            "module.prod_cluster.module.node_groups.module.eks_managed_node_groups.aws_iam_role_policy_attachment.additional",
            "module.prod_cluster.module.node_groups.module.eks_managed_node_groups.aws_iam_role_policy_attachment.this",
            "module.prod_cluster.module.node_groups.module.eks_managed_node_groups.aws_launch_template.this",
            "module.prod_cluster.module.node_groups.module.eks_managed_node_groups.aws_placement_group.this",
            "module.prod_cluster.module.node_groups.module.eks_managed_node_groups.data.aws_caller_identity.current",
            "module.prod_cluster.module.node_groups.module.eks_managed_node_groups.data.aws_ec2_instance_type.this",
            "module.prod_cluster.module.node_groups.module.eks_managed_node_groups.data.aws_ec2_instance_type_offerings.this",
            "module.prod_cluster.module.node_groups.module.eks_managed_node_groups.data.aws_iam_policy_document.assume_role_policy",
            "module.prod_cluster.module.node_groups.module.eks_managed_node_groups.data.aws_iam_policy_document.role",
            "module.prod_cluster.module.node_groups.module.eks_managed_node_groups.data.aws_partition.current",
            "module.prod_cluster.module.node_groups.module.eks_managed_node_groups.data.aws_ssm_parameter.ami",
            "module.prod_cluster.module.node_groups.module.eks_managed_node_groups.data.aws_subnets.placement_group",
            "module.prod_cluster.module.node_groups.module.eks_managed_node_groups.module.user_data.data.cloudinit_config.al2023_eks_managed_node_group",
            "module.prod_cluster.module.node_groups.module.eks_managed_node_groups.module.user_data.data.cloudinit_config.linux_eks_managed_node_group",
            "module.prod_cluster.module.node_groups.module.eks_managed_node_groups.module.user_data.null_resource.validate_cluster_service_cidr",
            "module.route53.aws_acm_certificate.main",
            "module.route53.aws_acm_certificate_validation.main",
            "module.route53.aws_route53_record.cert_validation",
            "module.route53.data.aws_route53_zone.public",
            "module.vpc.module.subnets.aws_subnet.private",
            "module.vpc.module.subnets.aws_subnet.public",
            "module.vpc.module.vpc_core.aws_vpc.main"
          ]
        }
      ]
    },
    {
      "module": "module.prod_cluster.module.alb",
      "mode": "managed",
      "type": "aws_lb_listener_rule",
      "name": "argocd",
      "provider": "provider[\"registry.terraform.io/hashicorp/aws\"]",
      "instances": [
        {
          "index_key": 0,
          "schema_version": 0,
          "attributes": {
            "action": [
              {
                "authenticate_cognito": [],
                "authenticate_oidc": [],
                "fixed_response": [],
                "forward": [],
                "order": 1,
                "redirect": [],
                "target_group_arn": "arn:aws:elasticloadbalancing:eu-north-1:610964304971:targetgroup/devops-quiz-eks-argocd-tg/0243884bab636227",
                "type": "forward"
              }
            ],
            "arn": "arn:aws:elasticloadbalancing:eu-north-1:610964304971:listener-rule/app/devops-quiz-eks-alb/9314541b42770e15/9f379300f7667e84/b00b1585618e27e3",
            "condition": [
              {
                "host_header": [
                  {
                    "values": [
                      "argocd.weatherlabs.org"
                    ]
                  }
                ],
                "http_header": [],
                "http_request_method": [],
                "path_pattern": [],
                "query_string": [],
                "source_ip": []
              }
            ],
            "id": "arn:aws:elasticloadbalancing:eu-north-1:610964304971:listener-rule/app/devops-quiz-eks-alb/9314541b42770e15/9f379300f7667e84/b00b1585618e27e3",
            "listener_arn": "arn:aws:elasticloadbalancing:eu-north-1:610964304971:listener/app/devops-quiz-eks-alb/9314541b42770e15/9f379300f7667e84",
            "priority": 200,
            "tags": {
              "ClusterName": "devops-quiz-eks",
              "Environment": "production",
              "ManagedBy": "Terraform",
              "Name": "devops-quiz-eks-argocd-rule",
              "Owner": "Liav",
              "Project": "Devops-Quiz"
            },
            "tags_all": {
              "ClusterName": "devops-quiz-eks",
              "Environment": "production",
              "ManagedBy": "Terraform",
              "Name": "devops-quiz-eks-argocd-rule",
              "Owner": "Liav",
              "Project": "Devops-Quiz"
            }
          },
          "sensitive_attributes": [],
          "identity_schema_version": 0,
          "private": "bnVsbA==",
          "dependencies": [
            "module.prod_cluster.module.alb.aws_lb.main",
            "module.prod_cluster.module.alb.aws_lb_listener.https",
            "module.prod_cluster.module.alb.aws_lb_target_group.argocd",
            "module.prod_cluster.module.alb.aws_security_group.alb",
            "module.prod_cluster.module.eks_cluster.data.aws_caller_identity.current",
            "module.prod_cluster.module.eks_cluster.module.eks.aws_cloudwatch_log_group.this",
            "module.prod_cluster.module.eks_cluster.module.eks.aws_ec2_tag.cluster_primary_security_group",
            "module.prod_cluster.module.eks_cluster.module.eks.aws_eks_access_entry.this",
            "module.prod_cluster.module.eks_cluster.module.eks.aws_eks_access_policy_association.this",
            "module.prod_cluster.module.eks_cluster.module.eks.aws_eks_addon.before_compute",
            "module.prod_cluster.module.eks_cluster.module.eks.aws_eks_addon.this",
            "module.prod_cluster.module.eks_cluster.module.eks.aws_eks_cluster.this",
            "module.prod_cluster.module.eks_cluster.module.eks.aws_eks_identity_provider_config.this",
            "module.prod_cluster.module.eks_cluster.module.eks.aws_iam_openid_connect_provider.oidc_provider",
            "module.prod_cluster.module.eks_cluster.module.eks.aws_iam_policy.cluster_encryption",
            "module.prod_cluster.module.eks_cluster.module.eks.aws_iam_policy.cni_ipv6_policy",
            "module.prod_cluster.module.eks_cluster.module.eks.aws_iam_policy.custom",
            "module.prod_cluster.module.eks_cluster.module.eks.aws_iam_role.eks_auto",
            "module.prod_cluster.module.eks_cluster.module.eks.aws_iam_role.this",
            "module.prod_cluster.module.eks_cluster.module.eks.aws_iam_role_policy_attachment.additional",
            "module.prod_cluster.module.eks_cluster.module.eks.aws_iam_role_policy_attachment.cluster_encryption",
            "module.prod_cluster.module.eks_cluster.module.eks.aws_iam_role_policy_attachment.custom",
            "module.prod_cluster.module.eks_cluster.module.eks.aws_iam_role_policy_attachment.eks_auto",
            "module.prod_cluster.module.eks_cluster.module.eks.aws_iam_role_policy_attachment.eks_auto_additional",
            "module.prod_cluster.module.eks_cluster.module.eks.aws_iam_role_policy_attachment.this",
            "module.prod_cluster.module.eks_cluster.module.eks.aws_security_group.cluster",
            "module.prod_cluster.module.eks_cluster.module.eks.aws_security_group.node",
            "module.prod_cluster.module.eks_cluster.module.eks.aws_security_group_rule.cluster",
            "module.prod_cluster.module.eks_cluster.module.eks.aws_security_group_rule.node",
            "module.prod_cluster.module.eks_cluster.module.eks.data.aws_caller_identity.current",
            "module.prod_cluster.module.eks_cluster.module.eks.data.aws_eks_addon_version.this",
            "module.prod_cluster.module.eks_cluster.module.eks.data.aws_iam_policy_document.assume_role_policy",
            "module.prod_cluster.module.eks_cluster.module.eks.data.aws_iam_policy_document.cni_ipv6_policy",
            "module.prod_cluster.module.eks_cluster.module.eks.data.aws_iam_policy_document.custom",
            "module.prod_cluster.module.eks_cluster.module.eks.data.aws_iam_policy_document.node_assume_role_policy",
            "module.prod_cluster.module.eks_cluster.module.eks.data.aws_iam_session_context.current",
            "module.prod_cluster.module.eks_cluster.module.eks.data.aws_partition.current",
            "module.prod_cluster.module.eks_cluster.module.eks.data.tls_certificate.this",
            "module.prod_cluster.module.eks_cluster.module.eks.module.eks_managed_node_group.aws_autoscaling_schedule.this",
            "module.prod_cluster.module.eks_cluster.module.eks.module.eks_managed_node_group.aws_eks_node_group.this",
            "module.prod_cluster.module.eks_cluster.module.eks.module.eks_managed_node_group.aws_iam_role.this",
            "module.prod_cluster.module.eks_cluster.module.eks.module.eks_managed_node_group.aws_iam_role_policy.this",
            "module.prod_cluster.module.eks_cluster.module.eks.module.eks_managed_node_group.aws_iam_role_policy_attachment.additional",
            "module.prod_cluster.module.eks_cluster.module.eks.module.eks_managed_node_group.aws_iam_role_policy_attachment.this",
            "module.prod_cluster.module.eks_cluster.module.eks.module.eks_managed_node_group.aws_launch_template.this",
            "module.prod_cluster.module.eks_cluster.module.eks.module.eks_managed_node_group.aws_placement_group.this",
            "module.prod_cluster.module.eks_cluster.module.eks.module.eks_managed_node_group.data.aws_caller_identity.current",
            "module.prod_cluster.module.eks_cluster.module.eks.module.eks_managed_node_group.data.aws_ec2_instance_type.this",
            "module.prod_cluster.module.eks_cluster.module.eks.module.eks_managed_node_group.data.aws_ec2_instance_type_offerings.this",
            "module.prod_cluster.module.eks_cluster.module.eks.module.eks_managed_node_group.data.aws_iam_policy_document.assume_role_policy",
            "module.prod_cluster.module.eks_cluster.module.eks.module.eks_managed_node_group.data.aws_iam_policy_document.role",
            "module.prod_cluster.module.eks_cluster.module.eks.module.eks_managed_node_group.data.aws_partition.current",
            "module.prod_cluster.module.eks_cluster.module.eks.module.eks_managed_node_group.data.aws_ssm_parameter.ami",
            "module.prod_cluster.module.eks_cluster.module.eks.module.eks_managed_node_group.data.aws_subnets.placement_group",
            "module.prod_cluster.module.eks_cluster.module.eks.module.eks_managed_node_group.module.user_data.data.cloudinit_config.al2023_eks_managed_node_group",
            "module.prod_cluster.module.eks_cluster.module.eks.module.eks_managed_node_group.module.user_data.data.cloudinit_config.linux_eks_managed_node_group",
            "module.prod_cluster.module.eks_cluster.module.eks.module.eks_managed_node_group.module.user_data.null_resource.validate_cluster_service_cidr",
            "module.prod_cluster.module.eks_cluster.module.eks.module.fargate_profile.aws_eks_fargate_profile.this",
            "module.prod_cluster.module.eks_cluster.module.eks.module.fargate_profile.aws_iam_role.this",
            "module.prod_cluster.module.eks_cluster.module.eks.module.fargate_profile.aws_iam_role_policy.this",
            "module.prod_cluster.module.eks_cluster.module.eks.module.fargate_profile.aws_iam_role_policy_attachment.additional",
            "module.prod_cluster.module.eks_cluster.module.eks.module.fargate_profile.aws_iam_role_policy_attachment.this",
            "module.prod_cluster.module.eks_cluster.module.eks.module.fargate_profile.data.aws_caller_identity.current",
            "module.prod_cluster.module.eks_cluster.module.eks.module.fargate_profile.data.aws_iam_policy_document.assume_role_policy",
            "module.prod_cluster.module.eks_cluster.module.eks.module.fargate_profile.data.aws_iam_policy_document.role",
            "module.prod_cluster.module.eks_cluster.module.eks.module.fargate_profile.data.aws_partition.current",
            "module.prod_cluster.module.eks_cluster.module.eks.module.fargate_profile.data.aws_region.current",
            "module.prod_cluster.module.eks_cluster.module.eks.module.kms.aws_kms_alias.this",
            "module.prod_cluster.module.eks_cluster.module.eks.module.kms.aws_kms_external_key.this",
            "module.prod_cluster.module.eks_cluster.module.eks.module.kms.aws_kms_grant.this",
            "module.prod_cluster.module.eks_cluster.module.eks.module.kms.aws_kms_key.this",
            "module.prod_cluster.module.eks_cluster.module.eks.module.kms.aws_kms_replica_external_key.this",
            "module.prod_cluster.module.eks_cluster.module.eks.module.kms.aws_kms_replica_key.this",
            "module.prod_cluster.module.eks_cluster.module.eks.module.kms.data.aws_caller_identity.current",
            "module.prod_cluster.module.eks_cluster.module.eks.module.kms.data.aws_iam_policy_document.this",
            "module.prod_cluster.module.eks_cluster.module.eks.module.kms.data.aws_partition.current",
            "module.prod_cluster.module.eks_cluster.module.eks.module.self_managed_node_group.aws_autoscaling_group.this",
            "module.prod_cluster.module.eks_cluster.module.eks.module.self_managed_node_group.aws_autoscaling_schedule.this",
            "module.prod_cluster.module.eks_cluster.module.eks.module.self_managed_node_group.aws_eks_access_entry.this",
            "module.prod_cluster.module.eks_cluster.module.eks.module.self_managed_node_group.aws_iam_instance_profile.this",
            "module.prod_cluster.module.eks_cluster.module.eks.module.self_managed_node_group.aws_iam_role.this",
            "module.prod_cluster.module.eks_cluster.module.eks.module.self_managed_node_group.aws_iam_role_policy.this",
            "module.prod_cluster.module.eks_cluster.module.eks.module.self_managed_node_group.aws_iam_role_policy_attachment.additional",
            "module.prod_cluster.module.eks_cluster.module.eks.module.self_managed_node_group.aws_iam_role_policy_attachment.this",
            "module.prod_cluster.module.eks_cluster.module.eks.module.self_managed_node_group.aws_launch_template.this",
            "module.prod_cluster.module.eks_cluster.module.eks.module.self_managed_node_group.aws_placement_group.this",
            "module.prod_cluster.module.eks_cluster.module.eks.module.self_managed_node_group.data.aws_caller_identity.current",
            "module.prod_cluster.module.eks_cluster.module.eks.module.self_managed_node_group.data.aws_ec2_instance_type.this",
            "module.prod_cluster.module.eks_cluster.module.eks.module.self_managed_node_group.data.aws_ec2_instance_type_offerings.this",
            "module.prod_cluster.module.eks_cluster.module.eks.module.self_managed_node_group.data.aws_iam_policy_document.assume_role_policy",
            "module.prod_cluster.module.eks_cluster.module.eks.module.self_managed_node_group.data.aws_iam_policy_document.role",
            "module.prod_cluster.module.eks_cluster.module.eks.module.self_managed_node_group.data.aws_partition.current",
            "module.prod_cluster.module.eks_cluster.module.eks.module.self_managed_node_group.data.aws_ssm_parameter.ami",
            "module.prod_cluster.module.eks_cluster.module.eks.module.self_managed_node_group.data.aws_subnets.placement_group",
            "module.prod_cluster.module.eks_cluster.module.eks.module.self_managed_node_group.module.user_data.data.cloudinit_config.al2023_eks_managed_node_group",
            "module.prod_cluster.module.eks_cluster.module.eks.module.self_managed_node_group.module.user_data.data.cloudinit_config.linux_eks_managed_node_group",
            "module.prod_cluster.module.eks_cluster.module.eks.module.self_managed_node_group.module.user_data.null_resource.validate_cluster_service_cidr",
            "module.prod_cluster.module.eks_cluster.module.eks.time_sleep.this",
            "module.prod_cluster.module.node_groups.module.eks_managed_node_groups.aws_autoscaling_schedule.this",
            "module.prod_cluster.module.node_groups.module.eks_managed_node_groups.aws_eks_node_group.this",
            "module.prod_cluster.module.node_groups.module.eks_managed_node_groups.aws_iam_role.this",
            "module.prod_cluster.module.node_groups.module.eks_managed_node_groups.aws_iam_role_policy.this",
            "module.prod_cluster.module.node_groups.module.eks_managed_node_groups.aws_iam_role_policy_attachment.additional",
            "module.prod_cluster.module.node_groups.module.eks_managed_node_groups.aws_iam_role_policy_attachment.this",
            "module.prod_cluster.module.node_groups.module.eks_managed_node_groups.aws_launch_template.this",
            "module.prod_cluster.module.node_groups.module.eks_managed_node_groups.aws_placement_group.this",
            "module.prod_cluster.module.node_groups.module.eks_managed_node_groups.data.aws_caller_identity.current",
            "module.prod_cluster.module.node_groups.module.eks_managed_node_groups.data.aws_ec2_instance_type.this",
            "module.prod_cluster.module.node_groups.module.eks_managed_node_groups.data.aws_ec2_instance_type_offerings.this",
            "module.prod_cluster.module.node_groups.module.eks_managed_node_groups.data.aws_iam_policy_document.assume_role_policy",
            "module.prod_cluster.module.node_groups.module.eks_managed_node_groups.data.aws_iam_policy_document.role",
            "module.prod_cluster.module.node_groups.module.eks_managed_node_groups.data.aws_partition.current",
            "module.prod_cluster.module.node_groups.module.eks_managed_node_groups.data.aws_ssm_parameter.ami",
            "module.prod_cluster.module.node_groups.module.eks_managed_node_groups.data.aws_subnets.placement_group",
            "module.prod_cluster.module.node_groups.module.eks_managed_node_groups.module.user_data.data.cloudinit_config.al2023_eks_managed_node_group",
            "module.prod_cluster.module.node_groups.module.eks_managed_node_groups.module.user_data.data.cloudinit_config.linux_eks_managed_node_group",
            "module.prod_cluster.module.node_groups.module.eks_managed_node_groups.module.user_data.null_resource.validate_cluster_service_cidr",
            "module.route53.aws_acm_certificate.main",
            "module.route53.aws_acm_certificate_validation.main",
            "module.route53.aws_route53_record.cert_validation",
            "module.route53.data.aws_route53_zone.public",
            "module.vpc.module.subnets.aws_subnet.private",
            "module.vpc.module.subnets.aws_subnet.public",
            "module.vpc.module.vpc_core.aws_vpc.main"
          ]
        }
      ]
    },
    {
      "module": "module.prod_cluster.module.alb",
      "mode": "managed",
      "type": "aws_lb_listener_rule",
      "name": "jenkins",
      "provider": "provider[\"registry.terraform.io/hashicorp/aws\"]",
      "instances": [
        {
          "index_key": 0,
          "schema_version": 0,
          "attributes": {
            "action": [
              {
                "authenticate_cognito": [],
                "authenticate_oidc": [],
                "fixed_response": [],
                "forward": [],
                "order": 1,
                "redirect": [],
                "target_group_arn": "arn:aws:elasticloadbalancing:eu-north-1:610964304971:targetgroup/devops-quiz-eks-jenkins-tg/45ff8a6ad96e7b69",
                "type": "forward"
              }
            ],
            "arn": "arn:aws:elasticloadbalancing:eu-north-1:610964304971:listener-rule/app/devops-quiz-eks-alb/9314541b42770e15/9f379300f7667e84/5dc136342cbea65a",
            "condition": [
              {
                "host_header": [
                  {
                    "values": [
                      "jenkins.weatherlabs.org"
                    ]
                  }
                ],
                "http_header": [],
                "http_request_method": [],
                "path_pattern": [],
                "query_string": [],
                "source_ip": []
              }
            ],
            "id": "arn:aws:elasticloadbalancing:eu-north-1:610964304971:listener-rule/app/devops-quiz-eks-alb/9314541b42770e15/9f379300f7667e84/5dc136342cbea65a",
            "listener_arn": "arn:aws:elasticloadbalancing:eu-north-1:610964304971:listener/app/devops-quiz-eks-alb/9314541b42770e15/9f379300f7667e84",
            "priority": 300,
            "tags": {
              "ClusterName": "devops-quiz-eks",
              "Environment": "production",
              "ManagedBy": "Terraform",
              "Name": "devops-quiz-eks-jenkins-rule",
              "Owner": "Liav",
              "Project": "Devops-Quiz"
            },
            "tags_all": {
              "ClusterName": "devops-quiz-eks",
              "Environment": "production",
              "ManagedBy": "Terraform",
              "Name": "devops-quiz-eks-jenkins-rule",
              "Owner": "Liav",
              "Project": "Devops-Quiz"
            }
          },
          "sensitive_attributes": [],
          "identity_schema_version": 0,
          "private": "bnVsbA==",
          "dependencies": [
            "module.prod_cluster.module.alb.aws_lb.main",
            "module.prod_cluster.module.alb.aws_lb_listener.https",
            "module.prod_cluster.module.alb.aws_lb_target_group.jenkins",
            "module.prod_cluster.module.alb.aws_security_group.alb",
            "module.prod_cluster.module.eks_cluster.data.aws_caller_identity.current",
            "module.prod_cluster.module.eks_cluster.module.eks.aws_cloudwatch_log_group.this",
            "module.prod_cluster.module.eks_cluster.module.eks.aws_ec2_tag.cluster_primary_security_group",
            "module.prod_cluster.module.eks_cluster.module.eks.aws_eks_access_entry.this",
            "module.prod_cluster.module.eks_cluster.module.eks.aws_eks_access_policy_association.this",
            "module.prod_cluster.module.eks_cluster.module.eks.aws_eks_addon.before_compute",
            "module.prod_cluster.module.eks_cluster.module.eks.aws_eks_addon.this",
            "module.prod_cluster.module.eks_cluster.module.eks.aws_eks_cluster.this",
            "module.prod_cluster.module.eks_cluster.module.eks.aws_eks_identity_provider_config.this",
            "module.prod_cluster.module.eks_cluster.module.eks.aws_iam_openid_connect_provider.oidc_provider",
            "module.prod_cluster.module.eks_cluster.module.eks.aws_iam_policy.cluster_encryption",
            "module.prod_cluster.module.eks_cluster.module.eks.aws_iam_policy.cni_ipv6_policy",
            "module.prod_cluster.module.eks_cluster.module.eks.aws_iam_policy.custom",
            "module.prod_cluster.module.eks_cluster.module.eks.aws_iam_role.eks_auto",
            "module.prod_cluster.module.eks_cluster.module.eks.aws_iam_role.this",
            "module.prod_cluster.module.eks_cluster.module.eks.aws_iam_role_policy_attachment.additional",
            "module.prod_cluster.module.eks_cluster.module.eks.aws_iam_role_policy_attachment.cluster_encryption",
            "module.prod_cluster.module.eks_cluster.module.eks.aws_iam_role_policy_attachment.custom",
            "module.prod_cluster.module.eks_cluster.module.eks.aws_iam_role_policy_attachment.eks_auto",
            "module.prod_cluster.module.eks_cluster.module.eks.aws_iam_role_policy_attachment.eks_auto_additional",
            "module.prod_cluster.module.eks_cluster.module.eks.aws_iam_role_policy_attachment.this",
            "module.prod_cluster.module.eks_cluster.module.eks.aws_security_group.cluster",
            "module.prod_cluster.module.eks_cluster.module.eks.aws_security_group.node",
            "module.prod_cluster.module.eks_cluster.module.eks.aws_security_group_rule.cluster",
            "module.prod_cluster.module.eks_cluster.module.eks.aws_security_group_rule.node",
            "module.prod_cluster.module.eks_cluster.module.eks.data.aws_caller_identity.current",
            "module.prod_cluster.module.eks_cluster.module.eks.data.aws_eks_addon_version.this",
            "module.prod_cluster.module.eks_cluster.module.eks.data.aws_iam_policy_document.assume_role_policy",
            "module.prod_cluster.module.eks_cluster.module.eks.data.aws_iam_policy_document.cni_ipv6_policy",
            "module.prod_cluster.module.eks_cluster.module.eks.data.aws_iam_policy_document.custom",
            "module.prod_cluster.module.eks_cluster.module.eks.data.aws_iam_policy_document.node_assume_role_policy",
            "module.prod_cluster.module.eks_cluster.module.eks.data.aws_iam_session_context.current",
            "module.prod_cluster.module.eks_cluster.module.eks.data.aws_partition.current",
            "module.prod_cluster.module.eks_cluster.module.eks.data.tls_certificate.this",
            "module.prod_cluster.module.eks_cluster.module.eks.module.eks_managed_node_group.aws_autoscaling_schedule.this",
            "module.prod_cluster.module.eks_cluster.module.eks.module.eks_managed_node_group.aws_eks_node_group.this",
            "module.prod_cluster.module.eks_cluster.module.eks.module.eks_managed_node_group.aws_iam_role.this",
            "module.prod_cluster.module.eks_cluster.module.eks.module.eks_managed_node_group.aws_iam_role_policy.this",
            "module.prod_cluster.module.eks_cluster.module.eks.module.eks_managed_node_group.aws_iam_role_policy_attachment.additional",
            "module.prod_cluster.module.eks_cluster.module.eks.module.eks_managed_node_group.aws_iam_role_policy_attachment.this",
            "module.prod_cluster.module.eks_cluster.module.eks.module.eks_managed_node_group.aws_launch_template.this",
            "module.prod_cluster.module.eks_cluster.module.eks.module.eks_managed_node_group.aws_placement_group.this",
            "module.prod_cluster.module.eks_cluster.module.eks.module.eks_managed_node_group.data.aws_caller_identity.current",
            "module.prod_cluster.module.eks_cluster.module.eks.module.eks_managed_node_group.data.aws_ec2_instance_type.this",
            "module.prod_cluster.module.eks_cluster.module.eks.module.eks_managed_node_group.data.aws_ec2_instance_type_offerings.this",
            "module.prod_cluster.module.eks_cluster.module.eks.module.eks_managed_node_group.data.aws_iam_policy_document.assume_role_policy",
            "module.prod_cluster.module.eks_cluster.module.eks.module.eks_managed_node_group.data.aws_iam_policy_document.role",
            "module.prod_cluster.module.eks_cluster.module.eks.module.eks_managed_node_group.data.aws_partition.current",
            "module.prod_cluster.module.eks_cluster.module.eks.module.eks_managed_node_group.data.aws_ssm_parameter.ami",
            "module.prod_cluster.module.eks_cluster.module.eks.module.eks_managed_node_group.data.aws_subnets.placement_group",
            "module.prod_cluster.module.eks_cluster.module.eks.module.eks_managed_node_group.module.user_data.data.cloudinit_config.al2023_eks_managed_node_group",
            "module.prod_cluster.module.eks_cluster.module.eks.module.eks_managed_node_group.module.user_data.data.cloudinit_config.linux_eks_managed_node_group",
            "module.prod_cluster.module.eks_cluster.module.eks.module.eks_managed_node_group.module.user_data.null_resource.validate_cluster_service_cidr",
            "module.prod_cluster.module.eks_cluster.module.eks.module.fargate_profile.aws_eks_fargate_profile.this",
            "module.prod_cluster.module.eks_cluster.module.eks.module.fargate_profile.aws_iam_role.this",
            "module.prod_cluster.module.eks_cluster.module.eks.module.fargate_profile.aws_iam_role_policy.this",
            "module.prod_cluster.module.eks_cluster.module.eks.module.fargate_profile.aws_iam_role_policy_attachment.additional",
            "module.prod_cluster.module.eks_cluster.module.eks.module.fargate_profile.aws_iam_role_policy_attachment.this",
            "module.prod_cluster.module.eks_cluster.module.eks.module.fargate_profile.data.aws_caller_identity.current",
            "module.prod_cluster.module.eks_cluster.module.eks.module.fargate_profile.data.aws_iam_policy_document.assume_role_policy",
            "module.prod_cluster.module.eks_cluster.module.eks.module.fargate_profile.data.aws_iam_policy_document.role",
            "module.prod_cluster.module.eks_cluster.module.eks.module.fargate_profile.data.aws_partition.current",
            "module.prod_cluster.module.eks_cluster.module.eks.module.fargate_profile.data.aws_region.current",
            "module.prod_cluster.module.eks_cluster.module.eks.module.kms.aws_kms_alias.this",
            "module.prod_cluster.module.eks_cluster.module.eks.module.kms.aws_kms_external_key.this",
            "module.prod_cluster.module.eks_cluster.module.eks.module.kms.aws_kms_grant.this",
            "module.prod_cluster.module.eks_cluster.module.eks.module.kms.aws_kms_key.this",
            "module.prod_cluster.module.eks_cluster.module.eks.module.kms.aws_kms_replica_external_key.this",
            "module.prod_cluster.module.eks_cluster.module.eks.module.kms.aws_kms_replica_key.this",
            "module.prod_cluster.module.eks_cluster.module.eks.module.kms.data.aws_caller_identity.current",
            "module.prod_cluster.module.eks_cluster.module.eks.module.kms.data.aws_iam_policy_document.this",
            "module.prod_cluster.module.eks_cluster.module.eks.module.kms.data.aws_partition.current",
            "module.prod_cluster.module.eks_cluster.module.eks.module.self_managed_node_group.aws_autoscaling_group.this",
            "module.prod_cluster.module.eks_cluster.module.eks.module.self_managed_node_group.aws_autoscaling_schedule.this",
            "module.prod_cluster.module.eks_cluster.module.eks.module.self_managed_node_group.aws_eks_access_entry.this",
            "module.prod_cluster.module.eks_cluster.module.eks.module.self_managed_node_group.aws_iam_instance_profile.this",
            "module.prod_cluster.module.eks_cluster.module.eks.module.self_managed_node_group.aws_iam_role.this",
            "module.prod_cluster.module.eks_cluster.module.eks.module.self_managed_node_group.aws_iam_role_policy.this",
            "module.prod_cluster.module.eks_cluster.module.eks.module.self_managed_node_group.aws_iam_role_policy_attachment.additional",
            "module.prod_cluster.module.eks_cluster.module.eks.module.self_managed_node_group.aws_iam_role_policy_attachment.this",
            "module.prod_cluster.module.eks_cluster.module.eks.module.self_managed_node_group.aws_launch_template.this",
            "module.prod_cluster.module.eks_cluster.module.eks.module.self_managed_node_group.aws_placement_group.this",
            "module.prod_cluster.module.eks_cluster.module.eks.module.self_managed_node_group.data.aws_caller_identity.current",
            "module.prod_cluster.module.eks_cluster.module.eks.module.self_managed_node_group.data.aws_ec2_instance_type.this",
            "module.prod_cluster.module.eks_cluster.module.eks.module.self_managed_node_group.data.aws_ec2_instance_type_offerings.this",
            "module.prod_cluster.module.eks_cluster.module.eks.module.self_managed_node_group.data.aws_iam_policy_document.assume_role_policy",
            "module.prod_cluster.module.eks_cluster.module.eks.module.self_managed_node_group.data.aws_iam_policy_document.role",
            "module.prod_cluster.module.eks_cluster.module.eks.module.self_managed_node_group.data.aws_partition.current",
            "module.prod_cluster.module.eks_cluster.module.eks.module.self_managed_node_group.data.aws_ssm_parameter.ami",
            "module.prod_cluster.module.eks_cluster.module.eks.module.self_managed_node_group.data.aws_subnets.placement_group",
            "module.prod_cluster.module.eks_cluster.module.eks.module.self_managed_node_group.module.user_data.data.cloudinit_config.al2023_eks_managed_node_group",
            "module.prod_cluster.module.eks_cluster.module.eks.module.self_managed_node_group.module.user_data.data.cloudinit_config.linux_eks_managed_node_group",
            "module.prod_cluster.module.eks_cluster.module.eks.module.self_managed_node_group.module.user_data.null_resource.validate_cluster_service_cidr",
            "module.prod_cluster.module.eks_cluster.module.eks.time_sleep.this",
            "module.prod_cluster.module.node_groups.module.eks_managed_node_groups.aws_autoscaling_schedule.this",
            "module.prod_cluster.module.node_groups.module.eks_managed_node_groups.aws_eks_node_group.this",
            "module.prod_cluster.module.node_groups.module.eks_managed_node_groups.aws_iam_role.this",
            "module.prod_cluster.module.node_groups.module.eks_managed_node_groups.aws_iam_role_policy.this",
            "module.prod_cluster.module.node_groups.module.eks_managed_node_groups.aws_iam_role_policy_attachment.additional",
            "module.prod_cluster.module.node_groups.module.eks_managed_node_groups.aws_iam_role_policy_attachment.this",
            "module.prod_cluster.module.node_groups.module.eks_managed_node_groups.aws_launch_template.this",
            "module.prod_cluster.module.node_groups.module.eks_managed_node_groups.aws_placement_group.this",
            "module.prod_cluster.module.node_groups.module.eks_managed_node_groups.data.aws_caller_identity.current",
            "module.prod_cluster.module.node_groups.module.eks_managed_node_groups.data.aws_ec2_instance_type.this",
            "module.prod_cluster.module.node_groups.module.eks_managed_node_groups.data.aws_ec2_instance_type_offerings.this",
            "module.prod_cluster.module.node_groups.module.eks_managed_node_groups.data.aws_iam_policy_document.assume_role_policy",
            "module.prod_cluster.module.node_groups.module.eks_managed_node_groups.data.aws_iam_policy_document.role",
            "module.prod_cluster.module.node_groups.module.eks_managed_node_groups.data.aws_partition.current",
            "module.prod_cluster.module.node_groups.module.eks_managed_node_groups.data.aws_ssm_parameter.ami",
            "module.prod_cluster.module.node_groups.module.eks_managed_node_groups.data.aws_subnets.placement_group",
            "module.prod_cluster.module.node_groups.module.eks_managed_node_groups.module.user_data.data.cloudinit_config.al2023_eks_managed_node_group",
            "module.prod_cluster.module.node_groups.module.eks_managed_node_groups.module.user_data.data.cloudinit_config.linux_eks_managed_node_group",
            "module.prod_cluster.module.node_groups.module.eks_managed_node_groups.module.user_data.null_resource.validate_cluster_service_cidr",
            "module.route53.aws_acm_certificate.main",
            "module.route53.aws_acm_certificate_validation.main",
            "module.route53.aws_route53_record.cert_validation",
            "module.route53.data.aws_route53_zone.public",
            "module.vpc.module.subnets.aws_subnet.private",
            "module.vpc.module.subnets.aws_subnet.public",
            "module.vpc.module.vpc_core.aws_vpc.main"
          ]
        }
      ]
    },
    {
      "module": "module.prod_cluster.module.alb",
      "mode": "managed",
      "type": "aws_lb_listener_rule",
      "name": "quiz_backend_api",
      "provider": "provider[\"registry.terraform.io/hashicorp/aws\"]",
      "instances": [
        {
          "index_key": 0,
          "schema_version": 0,
          "attributes": {
            "action": [
              {
                "authenticate_cognito": [],
                "authenticate_oidc": [],
                "fixed_response": [],
                "forward": [],
                "order": 1,
                "redirect": [],
                "target_group_arn": "arn:aws:elasticloadbalancing:eu-north-1:610964304971:targetgroup/devops-quiz-eks-quiz-backend-tg/b25bc99905ec48bd",
                "type": "forward"
              }
            ],
            "arn": "arn:aws:elasticloadbalancing:eu-north-1:610964304971:listener-rule/app/devops-quiz-eks-alb/9314541b42770e15/9f379300f7667e84/17dcdfd0ff5bfad1",
            "condition": [
              {
                "host_header": [
                  {
                    "values": [
                      "quiz.weatherlabs.org"
                    ]
                  }
                ],
                "http_header": [],
                "http_request_method": [],
                "path_pattern": [],
                "query_string": [],
                "source_ip": []
              },
              {
                "host_header": [],
                "http_header": [],
                "http_request_method": [],
                "path_pattern": [
                  {
                    "values": [
                      "/api/*"
                    ]
                  }
                ],
                "query_string": [],
                "source_ip": []
              }
            ],
            "id": "arn:aws:elasticloadbalancing:eu-north-1:610964304971:listener-rule/app/devops-quiz-eks-alb/9314541b42770e15/9f379300f7667e84/17dcdfd0ff5bfad1",
            "listener_arn": "arn:aws:elasticloadbalancing:eu-north-1:610964304971:listener/app/devops-quiz-eks-alb/9314541b42770e15/9f379300f7667e84",
            "priority": 110,
            "tags": {
              "ClusterName": "devops-quiz-eks",
              "Environment": "production",
              "ManagedBy": "Terraform",
              "Name": "devops-quiz-eks-quiz-backend-rule",
              "Owner": "Liav",
              "Project": "Devops-Quiz"
            },
            "tags_all": {
              "ClusterName": "devops-quiz-eks",
              "Environment": "production",
              "ManagedBy": "Terraform",
              "Name": "devops-quiz-eks-quiz-backend-rule",
              "Owner": "Liav",
              "Project": "Devops-Quiz"
            }
          },
          "sensitive_attributes": [],
          "identity_schema_version": 0,
          "private": "bnVsbA==",
          "dependencies": [
            "module.prod_cluster.module.alb.aws_lb.main",
            "module.prod_cluster.module.alb.aws_lb_listener.https",
            "module.prod_cluster.module.alb.aws_lb_target_group.quiz_backend",
            "module.prod_cluster.module.alb.aws_security_group.alb",
            "module.prod_cluster.module.eks_cluster.data.aws_caller_identity.current",
            "module.prod_cluster.module.eks_cluster.module.eks.aws_cloudwatch_log_group.this",
            "module.prod_cluster.module.eks_cluster.module.eks.aws_ec2_tag.cluster_primary_security_group",
            "module.prod_cluster.module.eks_cluster.module.eks.aws_eks_access_entry.this",
            "module.prod_cluster.module.eks_cluster.module.eks.aws_eks_access_policy_association.this",
            "module.prod_cluster.module.eks_cluster.module.eks.aws_eks_addon.before_compute",
            "module.prod_cluster.module.eks_cluster.module.eks.aws_eks_addon.this",
            "module.prod_cluster.module.eks_cluster.module.eks.aws_eks_cluster.this",
            "module.prod_cluster.module.eks_cluster.module.eks.aws_eks_identity_provider_config.this",
            "module.prod_cluster.module.eks_cluster.module.eks.aws_iam_openid_connect_provider.oidc_provider",
            "module.prod_cluster.module.eks_cluster.module.eks.aws_iam_policy.cluster_encryption",
            "module.prod_cluster.module.eks_cluster.module.eks.aws_iam_policy.cni_ipv6_policy",
            "module.prod_cluster.module.eks_cluster.module.eks.aws_iam_policy.custom",
            "module.prod_cluster.module.eks_cluster.module.eks.aws_iam_role.eks_auto",
            "module.prod_cluster.module.eks_cluster.module.eks.aws_iam_role.this",
            "module.prod_cluster.module.eks_cluster.module.eks.aws_iam_role_policy_attachment.additional",
            "module.prod_cluster.module.eks_cluster.module.eks.aws_iam_role_policy_attachment.cluster_encryption",
            "module.prod_cluster.module.eks_cluster.module.eks.aws_iam_role_policy_attachment.custom",
            "module.prod_cluster.module.eks_cluster.module.eks.aws_iam_role_policy_attachment.eks_auto",
            "module.prod_cluster.module.eks_cluster.module.eks.aws_iam_role_policy_attachment.eks_auto_additional",
            "module.prod_cluster.module.eks_cluster.module.eks.aws_iam_role_policy_attachment.this",
            "module.prod_cluster.module.eks_cluster.module.eks.aws_security_group.cluster",
            "module.prod_cluster.module.eks_cluster.module.eks.aws_security_group.node",
            "module.prod_cluster.module.eks_cluster.module.eks.aws_security_group_rule.cluster",
            "module.prod_cluster.module.eks_cluster.module.eks.aws_security_group_rule.node",
            "module.prod_cluster.module.eks_cluster.module.eks.data.aws_caller_identity.current",
            "module.prod_cluster.module.eks_cluster.module.eks.data.aws_eks_addon_version.this",
            "module.prod_cluster.module.eks_cluster.module.eks.data.aws_iam_policy_document.assume_role_policy",
            "module.prod_cluster.module.eks_cluster.module.eks.data.aws_iam_policy_document.cni_ipv6_policy",
            "module.prod_cluster.module.eks_cluster.module.eks.data.aws_iam_policy_document.custom",
            "module.prod_cluster.module.eks_cluster.module.eks.data.aws_iam_policy_document.node_assume_role_policy",
            "module.prod_cluster.module.eks_cluster.module.eks.data.aws_iam_session_context.current",
            "module.prod_cluster.module.eks_cluster.module.eks.data.aws_partition.current",
            "module.prod_cluster.module.eks_cluster.module.eks.data.tls_certificate.this",
            "module.prod_cluster.module.eks_cluster.module.eks.module.eks_managed_node_group.aws_autoscaling_schedule.this",
            "module.prod_cluster.module.eks_cluster.module.eks.module.eks_managed_node_group.aws_eks_node_group.this",
            "module.prod_cluster.module.eks_cluster.module.eks.module.eks_managed_node_group.aws_iam_role.this",
            "module.prod_cluster.module.eks_cluster.module.eks.module.eks_managed_node_group.aws_iam_role_policy.this",
            "module.prod_cluster.module.eks_cluster.module.eks.module.eks_managed_node_group.aws_iam_role_policy_attachment.additional",
            "module.prod_cluster.module.eks_cluster.module.eks.module.eks_managed_node_group.aws_iam_role_policy_attachment.this",
            "module.prod_cluster.module.eks_cluster.module.eks.module.eks_managed_node_group.aws_launch_template.this",
            "module.prod_cluster.module.eks_cluster.module.eks.module.eks_managed_node_group.aws_placement_group.this",
            "module.prod_cluster.module.eks_cluster.module.eks.module.eks_managed_node_group.data.aws_caller_identity.current",
            "module.prod_cluster.module.eks_cluster.module.eks.module.eks_managed_node_group.data.aws_ec2_instance_type.this",
            "module.prod_cluster.module.eks_cluster.module.eks.module.eks_managed_node_group.data.aws_ec2_instance_type_offerings.this",
            "module.prod_cluster.module.eks_cluster.module.eks.module.eks_managed_node_group.data.aws_iam_policy_document.assume_role_policy",
            "module.prod_cluster.module.eks_cluster.module.eks.module.eks_managed_node_group.data.aws_iam_policy_document.role",
            "module.prod_cluster.module.eks_cluster.module.eks.module.eks_managed_node_group.data.aws_partition.current",
            "module.prod_cluster.module.eks_cluster.module.eks.module.eks_managed_node_group.data.aws_ssm_parameter.ami",
            "module.prod_cluster.module.eks_cluster.module.eks.module.eks_managed_node_group.data.aws_subnets.placement_group",
            "module.prod_cluster.module.eks_cluster.module.eks.module.eks_managed_node_group.module.user_data.data.cloudinit_config.al2023_eks_managed_node_group",
            "module.prod_cluster.module.eks_cluster.module.eks.module.eks_managed_node_group.module.user_data.data.cloudinit_config.linux_eks_managed_node_group",
            "module.prod_cluster.module.eks_cluster.module.eks.module.eks_managed_node_group.module.user_data.null_resource.validate_cluster_service_cidr",
            "module.prod_cluster.module.eks_cluster.module.eks.module.fargate_profile.aws_eks_fargate_profile.this",
            "module.prod_cluster.module.eks_cluster.module.eks.module.fargate_profile.aws_iam_role.this",
            "module.prod_cluster.module.eks_cluster.module.eks.module.fargate_profile.aws_iam_role_policy.this",
            "module.prod_cluster.module.eks_cluster.module.eks.module.fargate_profile.aws_iam_role_policy_attachment.additional",
            "module.prod_cluster.module.eks_cluster.module.eks.module.fargate_profile.aws_iam_role_policy_attachment.this",
            "module.prod_cluster.module.eks_cluster.module.eks.module.fargate_profile.data.aws_caller_identity.current",
            "module.prod_cluster.module.eks_cluster.module.eks.module.fargate_profile.data.aws_iam_policy_document.assume_role_policy",
            "module.prod_cluster.module.eks_cluster.module.eks.module.fargate_profile.data.aws_iam_policy_document.role",
            "module.prod_cluster.module.eks_cluster.module.eks.module.fargate_profile.data.aws_partition.current",
            "module.prod_cluster.module.eks_cluster.module.eks.module.fargate_profile.data.aws_region.current",
            "module.prod_cluster.module.eks_cluster.module.eks.module.kms.aws_kms_alias.this",
            "module.prod_cluster.module.eks_cluster.module.eks.module.kms.aws_kms_external_key.this",
            "module.prod_cluster.module.eks_cluster.module.eks.module.kms.aws_kms_grant.this",
            "module.prod_cluster.module.eks_cluster.module.eks.module.kms.aws_kms_key.this",
            "module.prod_cluster.module.eks_cluster.module.eks.module.kms.aws_kms_replica_external_key.this",
            "module.prod_cluster.module.eks_cluster.module.eks.module.kms.aws_kms_replica_key.this",
            "module.prod_cluster.module.eks_cluster.module.eks.module.kms.data.aws_caller_identity.current",
            "module.prod_cluster.module.eks_cluster.module.eks.module.kms.data.aws_iam_policy_document.this",
            "module.prod_cluster.module.eks_cluster.module.eks.module.kms.data.aws_partition.current",
            "module.prod_cluster.module.eks_cluster.module.eks.module.self_managed_node_group.aws_autoscaling_group.this",
            "module.prod_cluster.module.eks_cluster.module.eks.module.self_managed_node_group.aws_autoscaling_schedule.this",
            "module.prod_cluster.module.eks_cluster.module.eks.module.self_managed_node_group.aws_eks_access_entry.this",
            "module.prod_cluster.module.eks_cluster.module.eks.module.self_managed_node_group.aws_iam_instance_profile.this",
            "module.prod_cluster.module.eks_cluster.module.eks.module.self_managed_node_group.aws_iam_role.this",
            "module.prod_cluster.module.eks_cluster.module.eks.module.self_managed_node_group.aws_iam_role_policy.this",
            "module.prod_cluster.module.eks_cluster.module.eks.module.self_managed_node_group.aws_iam_role_policy_attachment.additional",
            "module.prod_cluster.module.eks_cluster.module.eks.module.self_managed_node_group.aws_iam_role_policy_attachment.this",
            "module.prod_cluster.module.eks_cluster.module.eks.module.self_managed_node_group.aws_launch_template.this",
            "module.prod_cluster.module.eks_cluster.module.eks.module.self_managed_node_group.aws_placement_group.this",
            "module.prod_cluster.module.eks_cluster.module.eks.module.self_managed_node_group.data.aws_caller_identity.current",
            "module.prod_cluster.module.eks_cluster.module.eks.module.self_managed_node_group.data.aws_ec2_instance_type.this",
            "module.prod_cluster.module.eks_cluster.module.eks.module.self_managed_node_group.data.aws_ec2_instance_type_offerings.this",
            "module.prod_cluster.module.eks_cluster.module.eks.module.self_managed_node_group.data.aws_iam_policy_document.assume_role_policy",
            "module.prod_cluster.module.eks_cluster.module.eks.module.self_managed_node_group.data.aws_iam_policy_document.role",
            "module.prod_cluster.module.eks_cluster.module.eks.module.self_managed_node_group.data.aws_partition.current",
            "module.prod_cluster.module.eks_cluster.module.eks.module.self_managed_node_group.data.aws_ssm_parameter.ami",
            "module.prod_cluster.module.eks_cluster.module.eks.module.self_managed_node_group.data.aws_subnets.placement_group",
            "module.prod_cluster.module.eks_cluster.module.eks.module.self_managed_node_group.module.user_data.data.cloudinit_config.al2023_eks_managed_node_group",
            "module.prod_cluster.module.eks_cluster.module.eks.module.self_managed_node_group.module.user_data.data.cloudinit_config.linux_eks_managed_node_group",
            "module.prod_cluster.module.eks_cluster.module.eks.module.self_managed_node_group.module.user_data.null_resource.validate_cluster_service_cidr",
            "module.prod_cluster.module.eks_cluster.module.eks.time_sleep.this",
            "module.prod_cluster.module.node_groups.module.eks_managed_node_groups.aws_autoscaling_schedule.this",
            "module.prod_cluster.module.node_groups.module.eks_managed_node_groups.aws_eks_node_group.this",
            "module.prod_cluster.module.node_groups.module.eks_managed_node_groups.aws_iam_role.this",
            "module.prod_cluster.module.node_groups.module.eks_managed_node_groups.aws_iam_role_policy.this",
            "module.prod_cluster.module.node_groups.module.eks_managed_node_groups.aws_iam_role_policy_attachment.additional",
            "module.prod_cluster.module.node_groups.module.eks_managed_node_groups.aws_iam_role_policy_attachment.this",
            "module.prod_cluster.module.node_groups.module.eks_managed_node_groups.aws_launch_template.this",
            "module.prod_cluster.module.node_groups.module.eks_managed_node_groups.aws_placement_group.this",
            "module.prod_cluster.module.node_groups.module.eks_managed_node_groups.data.aws_caller_identity.current",
            "module.prod_cluster.module.node_groups.module.eks_managed_node_groups.data.aws_ec2_instance_type.this",
            "module.prod_cluster.module.node_groups.module.eks_managed_node_groups.data.aws_ec2_instance_type_offerings.this",
            "module.prod_cluster.module.node_groups.module.eks_managed_node_groups.data.aws_iam_policy_document.assume_role_policy",
            "module.prod_cluster.module.node_groups.module.eks_managed_node_groups.data.aws_iam_policy_document.role",
            "module.prod_cluster.module.node_groups.module.eks_managed_node_groups.data.aws_partition.current",
            "module.prod_cluster.module.node_groups.module.eks_managed_node_groups.data.aws_ssm_parameter.ami",
            "module.prod_cluster.module.node_groups.module.eks_managed_node_groups.data.aws_subnets.placement_group",
            "module.prod_cluster.module.node_groups.module.eks_managed_node_groups.module.user_data.data.cloudinit_config.al2023_eks_managed_node_group",
            "module.prod_cluster.module.node_groups.module.eks_managed_node_groups.module.user_data.data.cloudinit_config.linux_eks_managed_node_group",
            "module.prod_cluster.module.node_groups.module.eks_managed_node_groups.module.user_data.null_resource.validate_cluster_service_cidr",
            "module.route53.aws_acm_certificate.main",
            "module.route53.aws_acm_certificate_validation.main",
            "module.route53.aws_route53_record.cert_validation",
            "module.route53.data.aws_route53_zone.public",
            "module.vpc.module.subnets.aws_subnet.private",
            "module.vpc.module.subnets.aws_subnet.public",
            "module.vpc.module.vpc_core.aws_vpc.main"
          ]
        }
      ]
    },
    {
      "module": "module.prod_cluster.module.alb",
      "mode": "managed",
      "type": "aws_lb_listener_rule",
      "name": "quiz_frontend",
      "provider": "provider[\"registry.terraform.io/hashicorp/aws\"]",
      "instances": [
        {
          "index_key": 0,
          "schema_version": 0,
          "attributes": {
            "action": [
              {
                "authenticate_cognito": [],
                "authenticate_oidc": [],
                "fixed_response": [],
                "forward": [],
                "order": 1,
                "redirect": [],
                "target_group_arn": "arn:aws:elasticloadbalancing:eu-north-1:610964304971:targetgroup/devops-quiz-eks-quiz-frontend-tg/d43c04e8f2b1e0f6",
                "type": "forward"
              }
            ],
            "arn": "arn:aws:elasticloadbalancing:eu-north-1:610964304971:listener-rule/app/devops-quiz-eks-alb/9314541b42770e15/9f379300f7667e84/26fb25b164cc30a9",
            "condition": [
              {
                "host_header": [
                  {
                    "values": [
                      "quiz.weatherlabs.org"
                    ]
                  }
                ],
                "http_header": [],
                "http_request_method": [],
                "path_pattern": [],
                "query_string": [],
                "source_ip": []
              }
            ],
            "id": "arn:aws:elasticloadbalancing:eu-north-1:610964304971:listener-rule/app/devops-quiz-eks-alb/9314541b42770e15/9f379300f7667e84/26fb25b164cc30a9",
            "listener_arn": "arn:aws:elasticloadbalancing:eu-north-1:610964304971:listener/app/devops-quiz-eks-alb/9314541b42770e15/9f379300f7667e84",
            "priority": 120,
            "tags": {
              "ClusterName": "devops-quiz-eks",
              "Environment": "production",
              "ManagedBy": "Terraform",
              "Name": "devops-quiz-eks-quiz-frontend-rule",
              "Owner": "Liav",
              "Project": "Devops-Quiz"
            },
            "tags_all": {
              "ClusterName": "devops-quiz-eks",
              "Environment": "production",
              "ManagedBy": "Terraform",
              "Name": "devops-quiz-eks-quiz-frontend-rule",
              "Owner": "Liav",
              "Project": "Devops-Quiz"
            }
          },
          "sensitive_attributes": [],
          "identity_schema_version": 0,
          "private": "bnVsbA==",
          "dependencies": [
            "module.prod_cluster.module.alb.aws_lb.main",
            "module.prod_cluster.module.alb.aws_lb_listener.https",
            "module.prod_cluster.module.alb.aws_lb_target_group.quiz_frontend",
            "module.prod_cluster.module.alb.aws_security_group.alb",
            "module.prod_cluster.module.eks_cluster.data.aws_caller_identity.current",
            "module.prod_cluster.module.eks_cluster.module.eks.aws_cloudwatch_log_group.this",
            "module.prod_cluster.module.eks_cluster.module.eks.aws_ec2_tag.cluster_primary_security_group",
            "module.prod_cluster.module.eks_cluster.module.eks.aws_eks_access_entry.this",
            "module.prod_cluster.module.eks_cluster.module.eks.aws_eks_access_policy_association.this",
            "module.prod_cluster.module.eks_cluster.module.eks.aws_eks_addon.before_compute",
            "module.prod_cluster.module.eks_cluster.module.eks.aws_eks_addon.this",
            "module.prod_cluster.module.eks_cluster.module.eks.aws_eks_cluster.this",
            "module.prod_cluster.module.eks_cluster.module.eks.aws_eks_identity_provider_config.this",
            "module.prod_cluster.module.eks_cluster.module.eks.aws_iam_openid_connect_provider.oidc_provider",
            "module.prod_cluster.module.eks_cluster.module.eks.aws_iam_policy.cluster_encryption",
            "module.prod_cluster.module.eks_cluster.module.eks.aws_iam_policy.cni_ipv6_policy",
            "module.prod_cluster.module.eks_cluster.module.eks.aws_iam_policy.custom",
            "module.prod_cluster.module.eks_cluster.module.eks.aws_iam_role.eks_auto",
            "module.prod_cluster.module.eks_cluster.module.eks.aws_iam_role.this",
            "module.prod_cluster.module.eks_cluster.module.eks.aws_iam_role_policy_attachment.additional",
            "module.prod_cluster.module.eks_cluster.module.eks.aws_iam_role_policy_attachment.cluster_encryption",
            "module.prod_cluster.module.eks_cluster.module.eks.aws_iam_role_policy_attachment.custom",
            "module.prod_cluster.module.eks_cluster.module.eks.aws_iam_role_policy_attachment.eks_auto",
            "module.prod_cluster.module.eks_cluster.module.eks.aws_iam_role_policy_attachment.eks_auto_additional",
            "module.prod_cluster.module.eks_cluster.module.eks.aws_iam_role_policy_attachment.this",
            "module.prod_cluster.module.eks_cluster.module.eks.aws_security_group.cluster",
            "module.prod_cluster.module.eks_cluster.module.eks.aws_security_group.node",
            "module.prod_cluster.module.eks_cluster.module.eks.aws_security_group_rule.cluster",
            "module.prod_cluster.module.eks_cluster.module.eks.aws_security_group_rule.node",
            "module.prod_cluster.module.eks_cluster.module.eks.data.aws_caller_identity.current",
            "module.prod_cluster.module.eks_cluster.module.eks.data.aws_eks_addon_version.this",
            "module.prod_cluster.module.eks_cluster.module.eks.data.aws_iam_policy_document.assume_role_policy",
            "module.prod_cluster.module.eks_cluster.module.eks.data.aws_iam_policy_document.cni_ipv6_policy",
            "module.prod_cluster.module.eks_cluster.module.eks.data.aws_iam_policy_document.custom",
            "module.prod_cluster.module.eks_cluster.module.eks.data.aws_iam_policy_document.node_assume_role_policy",
            "module.prod_cluster.module.eks_cluster.module.eks.data.aws_iam_session_context.current",
            "module.prod_cluster.module.eks_cluster.module.eks.data.aws_partition.current",
            "module.prod_cluster.module.eks_cluster.module.eks.data.tls_certificate.this",
            "module.prod_cluster.module.eks_cluster.module.eks.module.eks_managed_node_group.aws_autoscaling_schedule.this",
            "module.prod_cluster.module.eks_cluster.module.eks.module.eks_managed_node_group.aws_eks_node_group.this",
            "module.prod_cluster.module.eks_cluster.module.eks.module.eks_managed_node_group.aws_iam_role.this",
            "module.prod_cluster.module.eks_cluster.module.eks.module.eks_managed_node_group.aws_iam_role_policy.this",
            "module.prod_cluster.module.eks_cluster.module.eks.module.eks_managed_node_group.aws_iam_role_policy_attachment.additional",
            "module.prod_cluster.module.eks_cluster.module.eks.module.eks_managed_node_group.aws_iam_role_policy_attachment.this",
            "module.prod_cluster.module.eks_cluster.module.eks.module.eks_managed_node_group.aws_launch_template.this",
            "module.prod_cluster.module.eks_cluster.module.eks.module.eks_managed_node_group.aws_placement_group.this",
            "module.prod_cluster.module.eks_cluster.module.eks.module.eks_managed_node_group.data.aws_caller_identity.current",
            "module.prod_cluster.module.eks_cluster.module.eks.module.eks_managed_node_group.data.aws_ec2_instance_type.this",
            "module.prod_cluster.module.eks_cluster.module.eks.module.eks_managed_node_group.data.aws_ec2_instance_type_offerings.this",
            "module.prod_cluster.module.eks_cluster.module.eks.module.eks_managed_node_group.data.aws_iam_policy_document.assume_role_policy",
            "module.prod_cluster.module.eks_cluster.module.eks.module.eks_managed_node_group.data.aws_iam_policy_document.role",
            "module.prod_cluster.module.eks_cluster.module.eks.module.eks_managed_node_group.data.aws_partition.current",
            "module.prod_cluster.module.eks_cluster.module.eks.module.eks_managed_node_group.data.aws_ssm_parameter.ami",
            "module.prod_cluster.module.eks_cluster.module.eks.module.eks_managed_node_group.data.aws_subnets.placement_group",
            "module.prod_cluster.module.eks_cluster.module.eks.module.eks_managed_node_group.module.user_data.data.cloudinit_config.al2023_eks_managed_node_group",
            "module.prod_cluster.module.eks_cluster.module.eks.module.eks_managed_node_group.module.user_data.data.cloudinit_config.linux_eks_managed_node_group",
            "module.prod_cluster.module.eks_cluster.module.eks.module.eks_managed_node_group.module.user_data.null_resource.validate_cluster_service_cidr",
            "module.prod_cluster.module.eks_cluster.module.eks.module.fargate_profile.aws_eks_fargate_profile.this",
            "module.prod_cluster.module.eks_cluster.module.eks.module.fargate_profile.aws_iam_role.this",
            "module.prod_cluster.module.eks_cluster.module.eks.module.fargate_profile.aws_iam_role_policy.this",
            "module.prod_cluster.module.eks_cluster.module.eks.module.fargate_profile.aws_iam_role_policy_attachment.additional",
            "module.prod_cluster.module.eks_cluster.module.eks.module.fargate_profile.aws_iam_role_policy_attachment.this",
            "module.prod_cluster.module.eks_cluster.module.eks.module.fargate_profile.data.aws_caller_identity.current",
            "module.prod_cluster.module.eks_cluster.module.eks.module.fargate_profile.data.aws_iam_policy_document.assume_role_policy",
            "module.prod_cluster.module.eks_cluster.module.eks.module.fargate_profile.data.aws_iam_policy_document.role",
            "module.prod_cluster.module.eks_cluster.module.eks.module.fargate_profile.data.aws_partition.current",
            "module.prod_cluster.module.eks_cluster.module.eks.module.fargate_profile.data.aws_region.current",
            "module.prod_cluster.module.eks_cluster.module.eks.module.kms.aws_kms_alias.this",
            "module.prod_cluster.module.eks_cluster.module.eks.module.kms.aws_kms_external_key.this",
            "module.prod_cluster.module.eks_cluster.module.eks.module.kms.aws_kms_grant.this",
            "module.prod_cluster.module.eks_cluster.module.eks.module.kms.aws_kms_key.this",
            "module.prod_cluster.module.eks_cluster.module.eks.module.kms.aws_kms_replica_external_key.this",
            "module.prod_cluster.module.eks_cluster.module.eks.module.kms.aws_kms_replica_key.this",
            "module.prod_cluster.module.eks_cluster.module.eks.module.kms.data.aws_caller_identity.current",
            "module.prod_cluster.module.eks_cluster.module.eks.module.kms.data.aws_iam_policy_document.this",
            "module.prod_cluster.module.eks_cluster.module.eks.module.kms.data.aws_partition.current",
            "module.prod_cluster.module.eks_cluster.module.eks.module.self_managed_node_group.aws_autoscaling_group.this",
            "module.prod_cluster.module.eks_cluster.module.eks.module.self_managed_node_group.aws_autoscaling_schedule.this",
            "module.prod_cluster.module.eks_cluster.module.eks.module.self_managed_node_group.aws_eks_access_entry.this",
            "module.prod_cluster.module.eks_cluster.module.eks.module.self_managed_node_group.aws_iam_instance_profile.this",
            "module.prod_cluster.module.eks_cluster.module.eks.module.self_managed_node_group.aws_iam_role.this",
            "module.prod_cluster.module.eks_cluster.module.eks.module.self_managed_node_group.aws_iam_role_policy.this",
            "module.prod_cluster.module.eks_cluster.module.eks.module.self_managed_node_group.aws_iam_role_policy_attachment.additional",
            "module.prod_cluster.module.eks_cluster.module.eks.module.self_managed_node_group.aws_iam_role_policy_attachment.this",
            "module.prod_cluster.module.eks_cluster.module.eks.module.self_managed_node_group.aws_launch_template.this",
            "module.prod_cluster.module.eks_cluster.module.eks.module.self_managed_node_group.aws_placement_group.this",
            "module.prod_cluster.module.eks_cluster.module.eks.module.self_managed_node_group.data.aws_caller_identity.current",
            "module.prod_cluster.module.eks_cluster.module.eks.module.self_managed_node_group.data.aws_ec2_instance_type.this",
            "module.prod_cluster.module.eks_cluster.module.eks.module.self_managed_node_group.data.aws_ec2_instance_type_offerings.this",
            "module.prod_cluster.module.eks_cluster.module.eks.module.self_managed_node_group.data.aws_iam_policy_document.assume_role_policy",
            "module.prod_cluster.module.eks_cluster.module.eks.module.self_managed_node_group.data.aws_iam_policy_document.role",
            "module.prod_cluster.module.eks_cluster.module.eks.module.self_managed_node_group.data.aws_partition.current",
            "module.prod_cluster.module.eks_cluster.module.eks.module.self_managed_node_group.data.aws_ssm_parameter.ami",
            "module.prod_cluster.module.eks_cluster.module.eks.module.self_managed_node_group.data.aws_subnets.placement_group",
            "module.prod_cluster.module.eks_cluster.module.eks.module.self_managed_node_group.module.user_data.data.cloudinit_config.al2023_eks_managed_node_group",
            "module.prod_cluster.module.eks_cluster.module.eks.module.self_managed_node_group.module.user_data.data.cloudinit_config.linux_eks_managed_node_group",
            "module.prod_cluster.module.eks_cluster.module.eks.module.self_managed_node_group.module.user_data.null_resource.validate_cluster_service_cidr",
            "module.prod_cluster.module.eks_cluster.module.eks.time_sleep.this",
            "module.prod_cluster.module.node_groups.module.eks_managed_node_groups.aws_autoscaling_schedule.this",
            "module.prod_cluster.module.node_groups.module.eks_managed_node_groups.aws_eks_node_group.this",
            "module.prod_cluster.module.node_groups.module.eks_managed_node_groups.aws_iam_role.this",
            "module.prod_cluster.module.node_groups.module.eks_managed_node_groups.aws_iam_role_policy.this",
            "module.prod_cluster.module.node_groups.module.eks_managed_node_groups.aws_iam_role_policy_attachment.additional",
            "module.prod_cluster.module.node_groups.module.eks_managed_node_groups.aws_iam_role_policy_attachment.this",
            "module.prod_cluster.module.node_groups.module.eks_managed_node_groups.aws_launch_template.this",
            "module.prod_cluster.module.node_groups.module.eks_managed_node_groups.aws_placement_group.this",
            "module.prod_cluster.module.node_groups.module.eks_managed_node_groups.data.aws_caller_identity.current",
            "module.prod_cluster.module.node_groups.module.eks_managed_node_groups.data.aws_ec2_instance_type.this",
            "module.prod_cluster.module.node_groups.module.eks_managed_node_groups.data.aws_ec2_instance_type_offerings.this",
            "module.prod_cluster.module.node_groups.module.eks_managed_node_groups.data.aws_iam_policy_document.assume_role_policy",
            "module.prod_cluster.module.node_groups.module.eks_managed_node_groups.data.aws_iam_policy_document.role",
            "module.prod_cluster.module.node_groups.module.eks_managed_node_groups.data.aws_partition.current",
            "module.prod_cluster.module.node_groups.module.eks_managed_node_groups.data.aws_ssm_parameter.ami",
            "module.prod_cluster.module.node_groups.module.eks_managed_node_groups.data.aws_subnets.placement_group",
            "module.prod_cluster.module.node_groups.module.eks_managed_node_groups.module.user_data.data.cloudinit_config.al2023_eks_managed_node_group",
            "module.prod_cluster.module.node_groups.module.eks_managed_node_groups.module.user_data.data.cloudinit_config.linux_eks_managed_node_group",
            "module.prod_cluster.module.node_groups.module.eks_managed_node_groups.module.user_data.null_resource.validate_cluster_service_cidr",
            "module.route53.aws_acm_certificate.main",
            "module.route53.aws_acm_certificate_validation.main",
            "module.route53.aws_route53_record.cert_validation",
            "module.route53.data.aws_route53_zone.public",
            "module.vpc.module.subnets.aws_subnet.private",
            "module.vpc.module.subnets.aws_subnet.public",
            "module.vpc.module.vpc_core.aws_vpc.main"
          ]
        }
      ]
    },
    {
      "module": "module.prod_cluster.module.alb",
      "mode": "managed",
      "type": "aws_lb_target_group",
      "name": "argocd",
      "provider": "provider[\"registry.terraform.io/hashicorp/aws\"]",
      "instances": [
        {
          "schema_version": 0,
          "attributes": {
            "arn": "arn:aws:elasticloadbalancing:eu-north-1:610964304971:targetgroup/devops-quiz-eks-argocd-tg/0243884bab636227",
            "arn_suffix": "targetgroup/devops-quiz-eks-argocd-tg/0243884bab636227",
            "connection_termination": null,
            "deregistration_delay": "300",
            "health_check": [
              {
                "enabled": true,
                "healthy_threshold": 2,
                "interval": 30,
                "matcher": "200-399",
                "path": "/healthz",
                "port": "traffic-port",
                "protocol": "HTTP",
                "timeout": 5,
                "unhealthy_threshold": 2
              }
            ],
            "id": "arn:aws:elasticloadbalancing:eu-north-1:610964304971:targetgroup/devops-quiz-eks-argocd-tg/0243884bab636227",
            "ip_address_type": "ipv4",
            "lambda_multi_value_headers_enabled": false,
            "load_balancer_arns": [
              "arn:aws:elasticloadbalancing:eu-north-1:610964304971:loadbalancer/app/devops-quiz-eks-alb/9314541b42770e15"
            ],
            "load_balancing_algorithm_type": "round_robin",
            "load_balancing_anomaly_mitigation": "off",
            "load_balancing_cross_zone_enabled": "use_load_balancer_configuration",
            "name": "devops-quiz-eks-argocd-tg",
            "name_prefix": "",
            "port": 8080,
            "preserve_client_ip": null,
            "protocol": "HTTP",
            "protocol_version": "HTTP1",
            "proxy_protocol_v2": false,
            "slow_start": 0,
            "stickiness": [
              {
                "cookie_duration": 86400,
                "cookie_name": "",
                "enabled": false,
                "type": "lb_cookie"
              }
            ],
            "tags": {
              "ClusterName": "devops-quiz-eks",
              "Environment": "production",
              "ManagedBy": "Terraform",
              "Name": "devops-quiz-eks-argocd-tg",
              "Owner": "Liav",
              "Project": "Devops-Quiz",
              "elbv2.k8s.aws/cluster": "devops-quiz-eks"
            },
            "tags_all": {
              "ClusterName": "devops-quiz-eks",
              "Environment": "production",
              "ManagedBy": "Terraform",
              "Name": "devops-quiz-eks-argocd-tg",
              "Owner": "Liav",
              "Project": "Devops-Quiz",
              "elbv2.k8s.aws/cluster": "devops-quiz-eks"
            },
            "target_failover": [
              {
                "on_deregistration": null,
                "on_unhealthy": null
              }
            ],
            "target_group_health": [
              {
                "dns_failover": [
                  {
                    "minimum_healthy_targets_count": "1",
                    "minimum_healthy_targets_percentage": "off"
                  }
                ],
                "unhealthy_state_routing": [
                  {
                    "minimum_healthy_targets_count": 1,
                    "minimum_healthy_targets_percentage": "off"
                  }
                ]
              }
            ],
            "target_health_state": [
              {
                "enable_unhealthy_connection_termination": null,
                "unhealthy_draining_interval": null
              }
            ],
            "target_type": "ip",
            "vpc_id": "vpc-08d3d5be591726bdb"
          },
          "sensitive_attributes": [],
          "identity_schema_version": 0,
          "private": "bnVsbA==",
          "dependencies": [
            "module.prod_cluster.module.eks_cluster.data.aws_caller_identity.current",
            "module.prod_cluster.module.eks_cluster.module.eks.aws_cloudwatch_log_group.this",
            "module.prod_cluster.module.eks_cluster.module.eks.aws_ec2_tag.cluster_primary_security_group",
            "module.prod_cluster.module.eks_cluster.module.eks.aws_eks_access_entry.this",
            "module.prod_cluster.module.eks_cluster.module.eks.aws_eks_access_policy_association.this",
            "module.prod_cluster.module.eks_cluster.module.eks.aws_eks_addon.before_compute",
            "module.prod_cluster.module.eks_cluster.module.eks.aws_eks_addon.this",
            "module.prod_cluster.module.eks_cluster.module.eks.aws_eks_cluster.this",
            "module.prod_cluster.module.eks_cluster.module.eks.aws_eks_identity_provider_config.this",
            "module.prod_cluster.module.eks_cluster.module.eks.aws_iam_openid_connect_provider.oidc_provider",
            "module.prod_cluster.module.eks_cluster.module.eks.aws_iam_policy.cluster_encryption",
            "module.prod_cluster.module.eks_cluster.module.eks.aws_iam_policy.cni_ipv6_policy",
            "module.prod_cluster.module.eks_cluster.module.eks.aws_iam_policy.custom",
            "module.prod_cluster.module.eks_cluster.module.eks.aws_iam_role.eks_auto",
            "module.prod_cluster.module.eks_cluster.module.eks.aws_iam_role.this",
            "module.prod_cluster.module.eks_cluster.module.eks.aws_iam_role_policy_attachment.additional",
            "module.prod_cluster.module.eks_cluster.module.eks.aws_iam_role_policy_attachment.cluster_encryption",
            "module.prod_cluster.module.eks_cluster.module.eks.aws_iam_role_policy_attachment.custom",
            "module.prod_cluster.module.eks_cluster.module.eks.aws_iam_role_policy_attachment.eks_auto",
            "module.prod_cluster.module.eks_cluster.module.eks.aws_iam_role_policy_attachment.eks_auto_additional",
            "module.prod_cluster.module.eks_cluster.module.eks.aws_iam_role_policy_attachment.this",
            "module.prod_cluster.module.eks_cluster.module.eks.aws_security_group.cluster",
            "module.prod_cluster.module.eks_cluster.module.eks.aws_security_group.node",
            "module.prod_cluster.module.eks_cluster.module.eks.aws_security_group_rule.cluster",
            "module.prod_cluster.module.eks_cluster.module.eks.aws_security_group_rule.node",
            "module.prod_cluster.module.eks_cluster.module.eks.data.aws_caller_identity.current",
            "module.prod_cluster.module.eks_cluster.module.eks.data.aws_eks_addon_version.this",
            "module.prod_cluster.module.eks_cluster.module.eks.data.aws_iam_policy_document.assume_role_policy",
            "module.prod_cluster.module.eks_cluster.module.eks.data.aws_iam_policy_document.cni_ipv6_policy",
            "module.prod_cluster.module.eks_cluster.module.eks.data.aws_iam_policy_document.custom",
            "module.prod_cluster.module.eks_cluster.module.eks.data.aws_iam_policy_document.node_assume_role_policy",
            "module.prod_cluster.module.eks_cluster.module.eks.data.aws_iam_session_context.current",
            "module.prod_cluster.module.eks_cluster.module.eks.data.aws_partition.current",
            "module.prod_cluster.module.eks_cluster.module.eks.data.tls_certificate.this",
            "module.prod_cluster.module.eks_cluster.module.eks.module.eks_managed_node_group.aws_autoscaling_schedule.this",
            "module.prod_cluster.module.eks_cluster.module.eks.module.eks_managed_node_group.aws_eks_node_group.this",
            "module.prod_cluster.module.eks_cluster.module.eks.module.eks_managed_node_group.aws_iam_role.this",
            "module.prod_cluster.module.eks_cluster.module.eks.module.eks_managed_node_group.aws_iam_role_policy.this",
            "module.prod_cluster.module.eks_cluster.module.eks.module.eks_managed_node_group.aws_iam_role_policy_attachment.additional",
            "module.prod_cluster.module.eks_cluster.module.eks.module.eks_managed_node_group.aws_iam_role_policy_attachment.this",
            "module.prod_cluster.module.eks_cluster.module.eks.module.eks_managed_node_group.aws_launch_template.this",
            "module.prod_cluster.module.eks_cluster.module.eks.module.eks_managed_node_group.aws_placement_group.this",
            "module.prod_cluster.module.eks_cluster.module.eks.module.eks_managed_node_group.data.aws_caller_identity.current",
            "module.prod_cluster.module.eks_cluster.module.eks.module.eks_managed_node_group.data.aws_ec2_instance_type.this",
            "module.prod_cluster.module.eks_cluster.module.eks.module.eks_managed_node_group.data.aws_ec2_instance_type_offerings.this",
            "module.prod_cluster.module.eks_cluster.module.eks.module.eks_managed_node_group.data.aws_iam_policy_document.assume_role_policy",
            "module.prod_cluster.module.eks_cluster.module.eks.module.eks_managed_node_group.data.aws_iam_policy_document.role",
            "module.prod_cluster.module.eks_cluster.module.eks.module.eks_managed_node_group.data.aws_partition.current",
            "module.prod_cluster.module.eks_cluster.module.eks.module.eks_managed_node_group.data.aws_ssm_parameter.ami",
            "module.prod_cluster.module.eks_cluster.module.eks.module.eks_managed_node_group.data.aws_subnets.placement_group",
            "module.prod_cluster.module.eks_cluster.module.eks.module.eks_managed_node_group.module.user_data.data.cloudinit_config.al2023_eks_managed_node_group",
            "module.prod_cluster.module.eks_cluster.module.eks.module.eks_managed_node_group.module.user_data.data.cloudinit_config.linux_eks_managed_node_group",
            "module.prod_cluster.module.eks_cluster.module.eks.module.eks_managed_node_group.module.user_data.null_resource.validate_cluster_service_cidr",
            "module.prod_cluster.module.eks_cluster.module.eks.module.fargate_profile.aws_eks_fargate_profile.this",
            "module.prod_cluster.module.eks_cluster.module.eks.module.fargate_profile.aws_iam_role.this",
            "module.prod_cluster.module.eks_cluster.module.eks.module.fargate_profile.aws_iam_role_policy.this",
            "module.prod_cluster.module.eks_cluster.module.eks.module.fargate_profile.aws_iam_role_policy_attachment.additional",
            "module.prod_cluster.module.eks_cluster.module.eks.module.fargate_profile.aws_iam_role_policy_attachment.this",
            "module.prod_cluster.module.eks_cluster.module.eks.module.fargate_profile.data.aws_caller_identity.current",
            "module.prod_cluster.module.eks_cluster.module.eks.module.fargate_profile.data.aws_iam_policy_document.assume_role_policy",
            "module.prod_cluster.module.eks_cluster.module.eks.module.fargate_profile.data.aws_iam_policy_document.role",
            "module.prod_cluster.module.eks_cluster.module.eks.module.fargate_profile.data.aws_partition.current",
            "module.prod_cluster.module.eks_cluster.module.eks.module.fargate_profile.data.aws_region.current",
            "module.prod_cluster.module.eks_cluster.module.eks.module.kms.aws_kms_alias.this",
            "module.prod_cluster.module.eks_cluster.module.eks.module.kms.aws_kms_external_key.this",
            "module.prod_cluster.module.eks_cluster.module.eks.module.kms.aws_kms_grant.this",
            "module.prod_cluster.module.eks_cluster.module.eks.module.kms.aws_kms_key.this",
            "module.prod_cluster.module.eks_cluster.module.eks.module.kms.aws_kms_replica_external_key.this",
            "module.prod_cluster.module.eks_cluster.module.eks.module.kms.aws_kms_replica_key.this",
            "module.prod_cluster.module.eks_cluster.module.eks.module.kms.data.aws_caller_identity.current",
            "module.prod_cluster.module.eks_cluster.module.eks.module.kms.data.aws_iam_policy_document.this",
            "module.prod_cluster.module.eks_cluster.module.eks.module.kms.data.aws_partition.current",
            "module.prod_cluster.module.eks_cluster.module.eks.module.self_managed_node_group.aws_autoscaling_group.this",
            "module.prod_cluster.module.eks_cluster.module.eks.module.self_managed_node_group.aws_autoscaling_schedule.this",
            "module.prod_cluster.module.eks_cluster.module.eks.module.self_managed_node_group.aws_eks_access_entry.this",
            "module.prod_cluster.module.eks_cluster.module.eks.module.self_managed_node_group.aws_iam_instance_profile.this",
            "module.prod_cluster.module.eks_cluster.module.eks.module.self_managed_node_group.aws_iam_role.this",
            "module.prod_cluster.module.eks_cluster.module.eks.module.self_managed_node_group.aws_iam_role_policy.this",
            "module.prod_cluster.module.eks_cluster.module.eks.module.self_managed_node_group.aws_iam_role_policy_attachment.additional",
            "module.prod_cluster.module.eks_cluster.module.eks.module.self_managed_node_group.aws_iam_role_policy_attachment.this",
            "module.prod_cluster.module.eks_cluster.module.eks.module.self_managed_node_group.aws_launch_template.this",
            "module.prod_cluster.module.eks_cluster.module.eks.module.self_managed_node_group.aws_placement_group.this",
            "module.prod_cluster.module.eks_cluster.module.eks.module.self_managed_node_group.data.aws_caller_identity.current",
            "module.prod_cluster.module.eks_cluster.module.eks.module.self_managed_node_group.data.aws_ec2_instance_type.this",
            "module.prod_cluster.module.eks_cluster.module.eks.module.self_managed_node_group.data.aws_ec2_instance_type_offerings.this",
            "module.prod_cluster.module.eks_cluster.module.eks.module.self_managed_node_group.data.aws_iam_policy_document.assume_role_policy",
            "module.prod_cluster.module.eks_cluster.module.eks.module.self_managed_node_group.data.aws_iam_policy_document.role",
            "module.prod_cluster.module.eks_cluster.module.eks.module.self_managed_node_group.data.aws_partition.current",
            "module.prod_cluster.module.eks_cluster.module.eks.module.self_managed_node_group.data.aws_ssm_parameter.ami",
            "module.prod_cluster.module.eks_cluster.module.eks.module.self_managed_node_group.data.aws_subnets.placement_group",
            "module.prod_cluster.module.eks_cluster.module.eks.module.self_managed_node_group.module.user_data.data.cloudinit_config.al2023_eks_managed_node_group",
            "module.prod_cluster.module.eks_cluster.module.eks.module.self_managed_node_group.module.user_data.data.cloudinit_config.linux_eks_managed_node_group",
            "module.prod_cluster.module.eks_cluster.module.eks.module.self_managed_node_group.module.user_data.null_resource.validate_cluster_service_cidr",
            "module.prod_cluster.module.eks_cluster.module.eks.time_sleep.this",
            "module.prod_cluster.module.node_groups.module.eks_managed_node_groups.aws_autoscaling_schedule.this",
            "module.prod_cluster.module.node_groups.module.eks_managed_node_groups.aws_eks_node_group.this",
            "module.prod_cluster.module.node_groups.module.eks_managed_node_groups.aws_iam_role.this",
            "module.prod_cluster.module.node_groups.module.eks_managed_node_groups.aws_iam_role_policy.this",
            "module.prod_cluster.module.node_groups.module.eks_managed_node_groups.aws_iam_role_policy_attachment.additional",
            "module.prod_cluster.module.node_groups.module.eks_managed_node_groups.aws_iam_role_policy_attachment.this",
            "module.prod_cluster.module.node_groups.module.eks_managed_node_groups.aws_launch_template.this",
            "module.prod_cluster.module.node_groups.module.eks_managed_node_groups.aws_placement_group.this",
            "module.prod_cluster.module.node_groups.module.eks_managed_node_groups.data.aws_caller_identity.current",
            "module.prod_cluster.module.node_groups.module.eks_managed_node_groups.data.aws_ec2_instance_type.this",
            "module.prod_cluster.module.node_groups.module.eks_managed_node_groups.data.aws_ec2_instance_type_offerings.this",
            "module.prod_cluster.module.node_groups.module.eks_managed_node_groups.data.aws_iam_policy_document.assume_role_policy",
            "module.prod_cluster.module.node_groups.module.eks_managed_node_groups.data.aws_iam_policy_document.role",
            "module.prod_cluster.module.node_groups.module.eks_managed_node_groups.data.aws_partition.current",
            "module.prod_cluster.module.node_groups.module.eks_managed_node_groups.data.aws_ssm_parameter.ami",
            "module.prod_cluster.module.node_groups.module.eks_managed_node_groups.data.aws_subnets.placement_group",
            "module.prod_cluster.module.node_groups.module.eks_managed_node_groups.module.user_data.data.cloudinit_config.al2023_eks_managed_node_group",
            "module.prod_cluster.module.node_groups.module.eks_managed_node_groups.module.user_data.data.cloudinit_config.linux_eks_managed_node_group",
            "module.prod_cluster.module.node_groups.module.eks_managed_node_groups.module.user_data.null_resource.validate_cluster_service_cidr",
            "module.vpc.module.subnets.aws_subnet.private",
            "module.vpc.module.vpc_core.aws_vpc.main"
          ]
        }
      ]
    },
    {
      "module": "module.prod_cluster.module.alb",
      "mode": "managed",
      "type": "aws_lb_target_group",
      "name": "default",
      "provider": "provider[\"registry.terraform.io/hashicorp/aws\"]",
      "instances": [
        {
          "schema_version": 0,
          "attributes": {
            "arn": "arn:aws:elasticloadbalancing:eu-north-1:610964304971:targetgroup/devops-quiz-eks-default-tg/9be1b48c9c582866",
            "arn_suffix": "targetgroup/devops-quiz-eks-default-tg/9be1b48c9c582866",
            "connection_termination": null,
            "deregistration_delay": "300",
            "health_check": [
              {
                "enabled": true,
                "healthy_threshold": 2,
                "interval": 30,
                "matcher": "200-399",
                "path": "/",
                "port": "traffic-port",
                "protocol": "HTTP",
                "timeout": 5,
                "unhealthy_threshold": 2
              }
            ],
            "id": "arn:aws:elasticloadbalancing:eu-north-1:610964304971:targetgroup/devops-quiz-eks-default-tg/9be1b48c9c582866",
            "ip_address_type": "ipv4",
            "lambda_multi_value_headers_enabled": false,
            "load_balancer_arns": [],
            "load_balancing_algorithm_type": "round_robin",
            "load_balancing_anomaly_mitigation": "off",
            "load_balancing_cross_zone_enabled": "use_load_balancer_configuration",
            "name": "devops-quiz-eks-default-tg",
            "name_prefix": "",
            "port": 80,
            "preserve_client_ip": null,
            "protocol": "HTTP",
            "protocol_version": "HTTP1",
            "proxy_protocol_v2": false,
            "slow_start": 0,
            "stickiness": [
              {
                "cookie_duration": 86400,
                "cookie_name": "",
                "enabled": false,
                "type": "lb_cookie"
              }
            ],
            "tags": {
              "ClusterName": "devops-quiz-eks",
              "Environment": "production",
              "ManagedBy": "Terraform",
              "Name": "devops-quiz-eks-default-tg",
              "Owner": "Liav",
              "Project": "Devops-Quiz"
            },
            "tags_all": {
              "ClusterName": "devops-quiz-eks",
              "Environment": "production",
              "ManagedBy": "Terraform",
              "Name": "devops-quiz-eks-default-tg",
              "Owner": "Liav",
              "Project": "Devops-Quiz"
            },
            "target_failover": [
              {
                "on_deregistration": null,
                "on_unhealthy": null
              }
            ],
            "target_group_health": [
              {
                "dns_failover": [
                  {
                    "minimum_healthy_targets_count": "1",
                    "minimum_healthy_targets_percentage": "off"
                  }
                ],
                "unhealthy_state_routing": [
                  {
                    "minimum_healthy_targets_count": 1,
                    "minimum_healthy_targets_percentage": "off"
                  }
                ]
              }
            ],
            "target_health_state": [
              {
                "enable_unhealthy_connection_termination": null,
                "unhealthy_draining_interval": null
              }
            ],
            "target_type": "instance",
            "vpc_id": "vpc-08d3d5be591726bdb"
          },
          "sensitive_attributes": [],
          "identity_schema_version": 0,
          "private": "bnVsbA==",
          "dependencies": [
            "module.prod_cluster.module.eks_cluster.data.aws_caller_identity.current",
            "module.prod_cluster.module.eks_cluster.module.eks.aws_cloudwatch_log_group.this",
            "module.prod_cluster.module.eks_cluster.module.eks.aws_ec2_tag.cluster_primary_security_group",
            "module.prod_cluster.module.eks_cluster.module.eks.aws_eks_access_entry.this",
            "module.prod_cluster.module.eks_cluster.module.eks.aws_eks_access_policy_association.this",
            "module.prod_cluster.module.eks_cluster.module.eks.aws_eks_addon.before_compute",
            "module.prod_cluster.module.eks_cluster.module.eks.aws_eks_addon.this",
            "module.prod_cluster.module.eks_cluster.module.eks.aws_eks_cluster.this",
            "module.prod_cluster.module.eks_cluster.module.eks.aws_eks_identity_provider_config.this",
            "module.prod_cluster.module.eks_cluster.module.eks.aws_iam_openid_connect_provider.oidc_provider",
            "module.prod_cluster.module.eks_cluster.module.eks.aws_iam_policy.cluster_encryption",
            "module.prod_cluster.module.eks_cluster.module.eks.aws_iam_policy.cni_ipv6_policy",
            "module.prod_cluster.module.eks_cluster.module.eks.aws_iam_policy.custom",
            "module.prod_cluster.module.eks_cluster.module.eks.aws_iam_role.eks_auto",
            "module.prod_cluster.module.eks_cluster.module.eks.aws_iam_role.this",
            "module.prod_cluster.module.eks_cluster.module.eks.aws_iam_role_policy_attachment.additional",
            "module.prod_cluster.module.eks_cluster.module.eks.aws_iam_role_policy_attachment.cluster_encryption",
            "module.prod_cluster.module.eks_cluster.module.eks.aws_iam_role_policy_attachment.custom",
            "module.prod_cluster.module.eks_cluster.module.eks.aws_iam_role_policy_attachment.eks_auto",
            "module.prod_cluster.module.eks_cluster.module.eks.aws_iam_role_policy_attachment.eks_auto_additional",
            "module.prod_cluster.module.eks_cluster.module.eks.aws_iam_role_policy_attachment.this",
            "module.prod_cluster.module.eks_cluster.module.eks.aws_security_group.cluster",
            "module.prod_cluster.module.eks_cluster.module.eks.aws_security_group.node",
            "module.prod_cluster.module.eks_cluster.module.eks.aws_security_group_rule.cluster",
            "module.prod_cluster.module.eks_cluster.module.eks.aws_security_group_rule.node",
            "module.prod_cluster.module.eks_cluster.module.eks.data.aws_caller_identity.current",
            "module.prod_cluster.module.eks_cluster.module.eks.data.aws_eks_addon_version.this",
            "module.prod_cluster.module.eks_cluster.module.eks.data.aws_iam_policy_document.assume_role_policy",
            "module.prod_cluster.module.eks_cluster.module.eks.data.aws_iam_policy_document.cni_ipv6_policy",
            "module.prod_cluster.module.eks_cluster.module.eks.data.aws_iam_policy_document.custom",
            "module.prod_cluster.module.eks_cluster.module.eks.data.aws_iam_policy_document.node_assume_role_policy",
            "module.prod_cluster.module.eks_cluster.module.eks.data.aws_iam_session_context.current",
            "module.prod_cluster.module.eks_cluster.module.eks.data.aws_partition.current",
            "module.prod_cluster.module.eks_cluster.module.eks.data.tls_certificate.this",
            "module.prod_cluster.module.eks_cluster.module.eks.module.eks_managed_node_group.aws_autoscaling_schedule.this",
            "module.prod_cluster.module.eks_cluster.module.eks.module.eks_managed_node_group.aws_eks_node_group.this",
            "module.prod_cluster.module.eks_cluster.module.eks.module.eks_managed_node_group.aws_iam_role.this",
            "module.prod_cluster.module.eks_cluster.module.eks.module.eks_managed_node_group.aws_iam_role_policy.this",
            "module.prod_cluster.module.eks_cluster.module.eks.module.eks_managed_node_group.aws_iam_role_policy_attachment.additional",
            "module.prod_cluster.module.eks_cluster.module.eks.module.eks_managed_node_group.aws_iam_role_policy_attachment.this",
            "module.prod_cluster.module.eks_cluster.module.eks.module.eks_managed_node_group.aws_launch_template.this",
            "module.prod_cluster.module.eks_cluster.module.eks.module.eks_managed_node_group.aws_placement_group.this",
            "module.prod_cluster.module.eks_cluster.module.eks.module.eks_managed_node_group.data.aws_caller_identity.current",
            "module.prod_cluster.module.eks_cluster.module.eks.module.eks_managed_node_group.data.aws_ec2_instance_type.this",
            "module.prod_cluster.module.eks_cluster.module.eks.module.eks_managed_node_group.data.aws_ec2_instance_type_offerings.this",
            "module.prod_cluster.module.eks_cluster.module.eks.module.eks_managed_node_group.data.aws_iam_policy_document.assume_role_policy",
            "module.prod_cluster.module.eks_cluster.module.eks.module.eks_managed_node_group.data.aws_iam_policy_document.role",
            "module.prod_cluster.module.eks_cluster.module.eks.module.eks_managed_node_group.data.aws_partition.current",
            "module.prod_cluster.module.eks_cluster.module.eks.module.eks_managed_node_group.data.aws_ssm_parameter.ami",
            "module.prod_cluster.module.eks_cluster.module.eks.module.eks_managed_node_group.data.aws_subnets.placement_group",
            "module.prod_cluster.module.eks_cluster.module.eks.module.eks_managed_node_group.module.user_data.data.cloudinit_config.al2023_eks_managed_node_group",
            "module.prod_cluster.module.eks_cluster.module.eks.module.eks_managed_node_group.module.user_data.data.cloudinit_config.linux_eks_managed_node_group",
            "module.prod_cluster.module.eks_cluster.module.eks.module.eks_managed_node_group.module.user_data.null_resource.validate_cluster_service_cidr",
            "module.prod_cluster.module.eks_cluster.module.eks.module.fargate_profile.aws_eks_fargate_profile.this",
            "module.prod_cluster.module.eks_cluster.module.eks.module.fargate_profile.aws_iam_role.this",
            "module.prod_cluster.module.eks_cluster.module.eks.module.fargate_profile.aws_iam_role_policy.this",
            "module.prod_cluster.module.eks_cluster.module.eks.module.fargate_profile.aws_iam_role_policy_attachment.additional",
            "module.prod_cluster.module.eks_cluster.module.eks.module.fargate_profile.aws_iam_role_policy_attachment.this",
            "module.prod_cluster.module.eks_cluster.module.eks.module.fargate_profile.data.aws_caller_identity.current",
            "module.prod_cluster.module.eks_cluster.module.eks.module.fargate_profile.data.aws_iam_policy_document.assume_role_policy",
            "module.prod_cluster.module.eks_cluster.module.eks.module.fargate_profile.data.aws_iam_policy_document.role",
            "module.prod_cluster.module.eks_cluster.module.eks.module.fargate_profile.data.aws_partition.current",
            "module.prod_cluster.module.eks_cluster.module.eks.module.fargate_profile.data.aws_region.current",
            "module.prod_cluster.module.eks_cluster.module.eks.module.kms.aws_kms_alias.this",
            "module.prod_cluster.module.eks_cluster.module.eks.module.kms.aws_kms_external_key.this",
            "module.prod_cluster.module.eks_cluster.module.eks.module.kms.aws_kms_grant.this",
            "module.prod_cluster.module.eks_cluster.module.eks.module.kms.aws_kms_key.this",
            "module.prod_cluster.module.eks_cluster.module.eks.module.kms.aws_kms_replica_external_key.this",
            "module.prod_cluster.module.eks_cluster.module.eks.module.kms.aws_kms_replica_key.this",
            "module.prod_cluster.module.eks_cluster.module.eks.module.kms.data.aws_caller_identity.current",
            "module.prod_cluster.module.eks_cluster.module.eks.module.kms.data.aws_iam_policy_document.this",
            "module.prod_cluster.module.eks_cluster.module.eks.module.kms.data.aws_partition.current",
            "module.prod_cluster.module.eks_cluster.module.eks.module.self_managed_node_group.aws_autoscaling_group.this",
            "module.prod_cluster.module.eks_cluster.module.eks.module.self_managed_node_group.aws_autoscaling_schedule.this",
            "module.prod_cluster.module.eks_cluster.module.eks.module.self_managed_node_group.aws_eks_access_entry.this",
            "module.prod_cluster.module.eks_cluster.module.eks.module.self_managed_node_group.aws_iam_instance_profile.this",
            "module.prod_cluster.module.eks_cluster.module.eks.module.self_managed_node_group.aws_iam_role.this",
            "module.prod_cluster.module.eks_cluster.module.eks.module.self_managed_node_group.aws_iam_role_policy.this",
            "module.prod_cluster.module.eks_cluster.module.eks.module.self_managed_node_group.aws_iam_role_policy_attachment.additional",
            "module.prod_cluster.module.eks_cluster.module.eks.module.self_managed_node_group.aws_iam_role_policy_attachment.this",
            "module.prod_cluster.module.eks_cluster.module.eks.module.self_managed_node_group.aws_launch_template.this",
            "module.prod_cluster.module.eks_cluster.module.eks.module.self_managed_node_group.aws_placement_group.this",
            "module.prod_cluster.module.eks_cluster.module.eks.module.self_managed_node_group.data.aws_caller_identity.current",
            "module.prod_cluster.module.eks_cluster.module.eks.module.self_managed_node_group.data.aws_ec2_instance_type.this",
            "module.prod_cluster.module.eks_cluster.module.eks.module.self_managed_node_group.data.aws_ec2_instance_type_offerings.this",
            "module.prod_cluster.module.eks_cluster.module.eks.module.self_managed_node_group.data.aws_iam_policy_document.assume_role_policy",
            "module.prod_cluster.module.eks_cluster.module.eks.module.self_managed_node_group.data.aws_iam_policy_document.role",
            "module.prod_cluster.module.eks_cluster.module.eks.module.self_managed_node_group.data.aws_partition.current",
            "module.prod_cluster.module.eks_cluster.module.eks.module.self_managed_node_group.data.aws_ssm_parameter.ami",
            "module.prod_cluster.module.eks_cluster.module.eks.module.self_managed_node_group.data.aws_subnets.placement_group",
            "module.prod_cluster.module.eks_cluster.module.eks.module.self_managed_node_group.module.user_data.data.cloudinit_config.al2023_eks_managed_node_group",
            "module.prod_cluster.module.eks_cluster.module.eks.module.self_managed_node_group.module.user_data.data.cloudinit_config.linux_eks_managed_node_group",
            "module.prod_cluster.module.eks_cluster.module.eks.module.self_managed_node_group.module.user_data.null_resource.validate_cluster_service_cidr",
            "module.prod_cluster.module.eks_cluster.module.eks.time_sleep.this",
            "module.prod_cluster.module.node_groups.module.eks_managed_node_groups.aws_autoscaling_schedule.this",
            "module.prod_cluster.module.node_groups.module.eks_managed_node_groups.aws_eks_node_group.this",
            "module.prod_cluster.module.node_groups.module.eks_managed_node_groups.aws_iam_role.this",
            "module.prod_cluster.module.node_groups.module.eks_managed_node_groups.aws_iam_role_policy.this",
            "module.prod_cluster.module.node_groups.module.eks_managed_node_groups.aws_iam_role_policy_attachment.additional",
            "module.prod_cluster.module.node_groups.module.eks_managed_node_groups.aws_iam_role_policy_attachment.this",
            "module.prod_cluster.module.node_groups.module.eks_managed_node_groups.aws_launch_template.this",
            "module.prod_cluster.module.node_groups.module.eks_managed_node_groups.aws_placement_group.this",
            "module.prod_cluster.module.node_groups.module.eks_managed_node_groups.data.aws_caller_identity.current",
            "module.prod_cluster.module.node_groups.module.eks_managed_node_groups.data.aws_ec2_instance_type.this",
            "module.prod_cluster.module.node_groups.module.eks_managed_node_groups.data.aws_ec2_instance_type_offerings.this",
            "module.prod_cluster.module.node_groups.module.eks_managed_node_groups.data.aws_iam_policy_document.assume_role_policy",
            "module.prod_cluster.module.node_groups.module.eks_managed_node_groups.data.aws_iam_policy_document.role",
            "module.prod_cluster.module.node_groups.module.eks_managed_node_groups.data.aws_partition.current",
            "module.prod_cluster.module.node_groups.module.eks_managed_node_groups.data.aws_ssm_parameter.ami",
            "module.prod_cluster.module.node_groups.module.eks_managed_node_groups.data.aws_subnets.placement_group",
            "module.prod_cluster.module.node_groups.module.eks_managed_node_groups.module.user_data.data.cloudinit_config.al2023_eks_managed_node_group",
            "module.prod_cluster.module.node_groups.module.eks_managed_node_groups.module.user_data.data.cloudinit_config.linux_eks_managed_node_group",
            "module.prod_cluster.module.node_groups.module.eks_managed_node_groups.module.user_data.null_resource.validate_cluster_service_cidr",
            "module.vpc.module.subnets.aws_subnet.private",
            "module.vpc.module.vpc_core.aws_vpc.main"
          ]
        }
      ]
    },
    {
      "module": "module.prod_cluster.module.alb",
      "mode": "managed",
      "type": "aws_lb_target_group",
      "name": "jenkins",
      "provider": "provider[\"registry.terraform.io/hashicorp/aws\"]",
      "instances": [
        {
          "schema_version": 0,
          "attributes": {
            "arn": "arn:aws:elasticloadbalancing:eu-north-1:610964304971:targetgroup/devops-quiz-eks-jenkins-tg/45ff8a6ad96e7b69",
            "arn_suffix": "targetgroup/devops-quiz-eks-jenkins-tg/45ff8a6ad96e7b69",
            "connection_termination": null,
            "deregistration_delay": "300",
            "health_check": [
              {
                "enabled": true,
                "healthy_threshold": 2,
                "interval": 30,
                "matcher": "200",
                "path": "/login",
                "port": "traffic-port",
                "protocol": "HTTP",
                "timeout": 5,
                "unhealthy_threshold": 2
              }
            ],
            "id": "arn:aws:elasticloadbalancing:eu-north-1:610964304971:targetgroup/devops-quiz-eks-jenkins-tg/45ff8a6ad96e7b69",
            "ip_address_type": "ipv4",
            "lambda_multi_value_headers_enabled": false,
            "load_balancer_arns": [
              "arn:aws:elasticloadbalancing:eu-north-1:610964304971:loadbalancer/app/devops-quiz-eks-alb/9314541b42770e15"
            ],
            "load_balancing_algorithm_type": "round_robin",
            "load_balancing_anomaly_mitigation": "off",
            "load_balancing_cross_zone_enabled": "use_load_balancer_configuration",
            "name": "devops-quiz-eks-jenkins-tg",
            "name_prefix": "",
            "port": 8080,
            "preserve_client_ip": null,
            "protocol": "HTTP",
            "protocol_version": "HTTP1",
            "proxy_protocol_v2": false,
            "slow_start": 0,
            "stickiness": [
              {
                "cookie_duration": 86400,
                "cookie_name": "",
                "enabled": false,
                "type": "lb_cookie"
              }
            ],
            "tags": {
              "ClusterName": "devops-quiz-eks",
              "Environment": "production",
              "ManagedBy": "Terraform",
              "Name": "devops-quiz-eks-jenkins-tg",
              "Owner": "Liav",
              "Project": "Devops-Quiz"
            },
            "tags_all": {
              "ClusterName": "devops-quiz-eks",
              "Environment": "production",
              "ManagedBy": "Terraform",
              "Name": "devops-quiz-eks-jenkins-tg",
              "Owner": "Liav",
              "Project": "Devops-Quiz"
            },
            "target_failover": [
              {
                "on_deregistration": null,
                "on_unhealthy": null
              }
            ],
            "target_group_health": [
              {
                "dns_failover": [
                  {
                    "minimum_healthy_targets_count": "1",
                    "minimum_healthy_targets_percentage": "off"
                  }
                ],
                "unhealthy_state_routing": [
                  {
                    "minimum_healthy_targets_count": 1,
                    "minimum_healthy_targets_percentage": "off"
                  }
                ]
              }
            ],
            "target_health_state": [
              {
                "enable_unhealthy_connection_termination": null,
                "unhealthy_draining_interval": null
              }
            ],
            "target_type": "instance",
            "vpc_id": "vpc-08d3d5be591726bdb"
          },
          "sensitive_attributes": [],
          "identity_schema_version": 0,
          "private": "bnVsbA==",
          "dependencies": [
            "module.prod_cluster.module.eks_cluster.data.aws_caller_identity.current",
            "module.prod_cluster.module.eks_cluster.module.eks.aws_cloudwatch_log_group.this",
            "module.prod_cluster.module.eks_cluster.module.eks.aws_ec2_tag.cluster_primary_security_group",
            "module.prod_cluster.module.eks_cluster.module.eks.aws_eks_access_entry.this",
            "module.prod_cluster.module.eks_cluster.module.eks.aws_eks_access_policy_association.this",
            "module.prod_cluster.module.eks_cluster.module.eks.aws_eks_addon.before_compute",
            "module.prod_cluster.module.eks_cluster.module.eks.aws_eks_addon.this",
            "module.prod_cluster.module.eks_cluster.module.eks.aws_eks_cluster.this",
            "module.prod_cluster.module.eks_cluster.module.eks.aws_eks_identity_provider_config.this",
            "module.prod_cluster.module.eks_cluster.module.eks.aws_iam_openid_connect_provider.oidc_provider",
            "module.prod_cluster.module.eks_cluster.module.eks.aws_iam_policy.cluster_encryption",
            "module.prod_cluster.module.eks_cluster.module.eks.aws_iam_policy.cni_ipv6_policy",
            "module.prod_cluster.module.eks_cluster.module.eks.aws_iam_policy.custom",
            "module.prod_cluster.module.eks_cluster.module.eks.aws_iam_role.eks_auto",
            "module.prod_cluster.module.eks_cluster.module.eks.aws_iam_role.this",
            "module.prod_cluster.module.eks_cluster.module.eks.aws_iam_role_policy_attachment.additional",
            "module.prod_cluster.module.eks_cluster.module.eks.aws_iam_role_policy_attachment.cluster_encryption",
            "module.prod_cluster.module.eks_cluster.module.eks.aws_iam_role_policy_attachment.custom",
            "module.prod_cluster.module.eks_cluster.module.eks.aws_iam_role_policy_attachment.eks_auto",
            "module.prod_cluster.module.eks_cluster.module.eks.aws_iam_role_policy_attachment.eks_auto_additional",
            "module.prod_cluster.module.eks_cluster.module.eks.aws_iam_role_policy_attachment.this",
            "module.prod_cluster.module.eks_cluster.module.eks.aws_security_group.cluster",
            "module.prod_cluster.module.eks_cluster.module.eks.aws_security_group.node",
            "module.prod_cluster.module.eks_cluster.module.eks.aws_security_group_rule.cluster",
            "module.prod_cluster.module.eks_cluster.module.eks.aws_security_group_rule.node",
            "module.prod_cluster.module.eks_cluster.module.eks.data.aws_caller_identity.current",
            "module.prod_cluster.module.eks_cluster.module.eks.data.aws_eks_addon_version.this",
            "module.prod_cluster.module.eks_cluster.module.eks.data.aws_iam_policy_document.assume_role_policy",
            "module.prod_cluster.module.eks_cluster.module.eks.data.aws_iam_policy_document.cni_ipv6_policy",
            "module.prod_cluster.module.eks_cluster.module.eks.data.aws_iam_policy_document.custom",
            "module.prod_cluster.module.eks_cluster.module.eks.data.aws_iam_policy_document.node_assume_role_policy",
            "module.prod_cluster.module.eks_cluster.module.eks.data.aws_iam_session_context.current",
            "module.prod_cluster.module.eks_cluster.module.eks.data.aws_partition.current",
            "module.prod_cluster.module.eks_cluster.module.eks.data.tls_certificate.this",
            "module.prod_cluster.module.eks_cluster.module.eks.module.eks_managed_node_group.aws_autoscaling_schedule.this",
            "module.prod_cluster.module.eks_cluster.module.eks.module.eks_managed_node_group.aws_eks_node_group.this",
            "module.prod_cluster.module.eks_cluster.module.eks.module.eks_managed_node_group.aws_iam_role.this",
            "module.prod_cluster.module.eks_cluster.module.eks.module.eks_managed_node_group.aws_iam_role_policy.this",
            "module.prod_cluster.module.eks_cluster.module.eks.module.eks_managed_node_group.aws_iam_role_policy_attachment.additional",
            "module.prod_cluster.module.eks_cluster.module.eks.module.eks_managed_node_group.aws_iam_role_policy_attachment.this",
            "module.prod_cluster.module.eks_cluster.module.eks.module.eks_managed_node_group.aws_launch_template.this",
            "module.prod_cluster.module.eks_cluster.module.eks.module.eks_managed_node_group.aws_placement_group.this",
            "module.prod_cluster.module.eks_cluster.module.eks.module.eks_managed_node_group.data.aws_caller_identity.current",
            "module.prod_cluster.module.eks_cluster.module.eks.module.eks_managed_node_group.data.aws_ec2_instance_type.this",
            "module.prod_cluster.module.eks_cluster.module.eks.module.eks_managed_node_group.data.aws_ec2_instance_type_offerings.this",
            "module.prod_cluster.module.eks_cluster.module.eks.module.eks_managed_node_group.data.aws_iam_policy_document.assume_role_policy",
            "module.prod_cluster.module.eks_cluster.module.eks.module.eks_managed_node_group.data.aws_iam_policy_document.role",
            "module.prod_cluster.module.eks_cluster.module.eks.module.eks_managed_node_group.data.aws_partition.current",
            "module.prod_cluster.module.eks_cluster.module.eks.module.eks_managed_node_group.data.aws_ssm_parameter.ami",
            "module.prod_cluster.module.eks_cluster.module.eks.module.eks_managed_node_group.data.aws_subnets.placement_group",
            "module.prod_cluster.module.eks_cluster.module.eks.module.eks_managed_node_group.module.user_data.data.cloudinit_config.al2023_eks_managed_node_group",
            "module.prod_cluster.module.eks_cluster.module.eks.module.eks_managed_node_group.module.user_data.data.cloudinit_config.linux_eks_managed_node_group",
            "module.prod_cluster.module.eks_cluster.module.eks.module.eks_managed_node_group.module.user_data.null_resource.validate_cluster_service_cidr",
            "module.prod_cluster.module.eks_cluster.module.eks.module.fargate_profile.aws_eks_fargate_profile.this",
            "module.prod_cluster.module.eks_cluster.module.eks.module.fargate_profile.aws_iam_role.this",
            "module.prod_cluster.module.eks_cluster.module.eks.module.fargate_profile.aws_iam_role_policy.this",
            "module.prod_cluster.module.eks_cluster.module.eks.module.fargate_profile.aws_iam_role_policy_attachment.additional",
            "module.prod_cluster.module.eks_cluster.module.eks.module.fargate_profile.aws_iam_role_policy_attachment.this",
            "module.prod_cluster.module.eks_cluster.module.eks.module.fargate_profile.data.aws_caller_identity.current",
            "module.prod_cluster.module.eks_cluster.module.eks.module.fargate_profile.data.aws_iam_policy_document.assume_role_policy",
            "module.prod_cluster.module.eks_cluster.module.eks.module.fargate_profile.data.aws_iam_policy_document.role",
            "module.prod_cluster.module.eks_cluster.module.eks.module.fargate_profile.data.aws_partition.current",
            "module.prod_cluster.module.eks_cluster.module.eks.module.fargate_profile.data.aws_region.current",
            "module.prod_cluster.module.eks_cluster.module.eks.module.kms.aws_kms_alias.this",
            "module.prod_cluster.module.eks_cluster.module.eks.module.kms.aws_kms_external_key.this",
            "module.prod_cluster.module.eks_cluster.module.eks.module.kms.aws_kms_grant.this",
            "module.prod_cluster.module.eks_cluster.module.eks.module.kms.aws_kms_key.this",
            "module.prod_cluster.module.eks_cluster.module.eks.module.kms.aws_kms_replica_external_key.this",
            "module.prod_cluster.module.eks_cluster.module.eks.module.kms.aws_kms_replica_key.this",
            "module.prod_cluster.module.eks_cluster.module.eks.module.kms.data.aws_caller_identity.current",
            "module.prod_cluster.module.eks_cluster.module.eks.module.kms.data.aws_iam_policy_document.this",
            "module.prod_cluster.module.eks_cluster.module.eks.module.kms.data.aws_partition.current",
            "module.prod_cluster.module.eks_cluster.module.eks.module.self_managed_node_group.aws_autoscaling_group.this",
            "module.prod_cluster.module.eks_cluster.module.eks.module.self_managed_node_group.aws_autoscaling_schedule.this",
            "module.prod_cluster.module.eks_cluster.module.eks.module.self_managed_node_group.aws_eks_access_entry.this",
            "module.prod_cluster.module.eks_cluster.module.eks.module.self_managed_node_group.aws_iam_instance_profile.this",
            "module.prod_cluster.module.eks_cluster.module.eks.module.self_managed_node_group.aws_iam_role.this",
            "module.prod_cluster.module.eks_cluster.module.eks.module.self_managed_node_group.aws_iam_role_policy.this",
            "module.prod_cluster.module.eks_cluster.module.eks.module.self_managed_node_group.aws_iam_role_policy_attachment.additional",
            "module.prod_cluster.module.eks_cluster.module.eks.module.self_managed_node_group.aws_iam_role_policy_attachment.this",
            "module.prod_cluster.module.eks_cluster.module.eks.module.self_managed_node_group.aws_launch_template.this",
            "module.prod_cluster.module.eks_cluster.module.eks.module.self_managed_node_group.aws_placement_group.this",
            "module.prod_cluster.module.eks_cluster.module.eks.module.self_managed_node_group.data.aws_caller_identity.current",
            "module.prod_cluster.module.eks_cluster.module.eks.module.self_managed_node_group.data.aws_ec2_instance_type.this",
            "module.prod_cluster.module.eks_cluster.module.eks.module.self_managed_node_group.data.aws_ec2_instance_type_offerings.this",
            "module.prod_cluster.module.eks_cluster.module.eks.module.self_managed_node_group.data.aws_iam_policy_document.assume_role_policy",
            "module.prod_cluster.module.eks_cluster.module.eks.module.self_managed_node_group.data.aws_iam_policy_document.role",
            "module.prod_cluster.module.eks_cluster.module.eks.module.self_managed_node_group.data.aws_partition.current",
            "module.prod_cluster.module.eks_cluster.module.eks.module.self_managed_node_group.data.aws_ssm_parameter.ami",
            "module.prod_cluster.module.eks_cluster.module.eks.module.self_managed_node_group.data.aws_subnets.placement_group",
            "module.prod_cluster.module.eks_cluster.module.eks.module.self_managed_node_group.module.user_data.data.cloudinit_config.al2023_eks_managed_node_group",
            "module.prod_cluster.module.eks_cluster.module.eks.module.self_managed_node_group.module.user_data.data.cloudinit_config.linux_eks_managed_node_group",
            "module.prod_cluster.module.eks_cluster.module.eks.module.self_managed_node_group.module.user_data.null_resource.validate_cluster_service_cidr",
            "module.prod_cluster.module.eks_cluster.module.eks.time_sleep.this",
            "module.prod_cluster.module.node_groups.module.eks_managed_node_groups.aws_autoscaling_schedule.this",
            "module.prod_cluster.module.node_groups.module.eks_managed_node_groups.aws_eks_node_group.this",
            "module.prod_cluster.module.node_groups.module.eks_managed_node_groups.aws_iam_role.this",
            "module.prod_cluster.module.node_groups.module.eks_managed_node_groups.aws_iam_role_policy.this",
            "module.prod_cluster.module.node_groups.module.eks_managed_node_groups.aws_iam_role_policy_attachment.additional",
            "module.prod_cluster.module.node_groups.module.eks_managed_node_groups.aws_iam_role_policy_attachment.this",
            "module.prod_cluster.module.node_groups.module.eks_managed_node_groups.aws_launch_template.this",
            "module.prod_cluster.module.node_groups.module.eks_managed_node_groups.aws_placement_group.this",
            "module.prod_cluster.module.node_groups.module.eks_managed_node_groups.data.aws_caller_identity.current",
            "module.prod_cluster.module.node_groups.module.eks_managed_node_groups.data.aws_ec2_instance_type.this",
            "module.prod_cluster.module.node_groups.module.eks_managed_node_groups.data.aws_ec2_instance_type_offerings.this",
            "module.prod_cluster.module.node_groups.module.eks_managed_node_groups.data.aws_iam_policy_document.assume_role_policy",
            "module.prod_cluster.module.node_groups.module.eks_managed_node_groups.data.aws_iam_policy_document.role",
            "module.prod_cluster.module.node_groups.module.eks_managed_node_groups.data.aws_partition.current",
            "module.prod_cluster.module.node_groups.module.eks_managed_node_groups.data.aws_ssm_parameter.ami",
            "module.prod_cluster.module.node_groups.module.eks_managed_node_groups.data.aws_subnets.placement_group",
            "module.prod_cluster.module.node_groups.module.eks_managed_node_groups.module.user_data.data.cloudinit_config.al2023_eks_managed_node_group",
            "module.prod_cluster.module.node_groups.module.eks_managed_node_groups.module.user_data.data.cloudinit_config.linux_eks_managed_node_group",
            "module.prod_cluster.module.node_groups.module.eks_managed_node_groups.module.user_data.null_resource.validate_cluster_service_cidr",
            "module.vpc.module.subnets.aws_subnet.private",
            "module.vpc.module.vpc_core.aws_vpc.main"
          ]
        }
      ]
    },
    {
      "module": "module.prod_cluster.module.alb",
      "mode": "managed",
      "type": "aws_lb_target_group",
      "name": "quiz_backend",
      "provider": "provider[\"registry.terraform.io/hashicorp/aws\"]",
      "instances": [
        {
          "schema_version": 0,
          "attributes": {
            "arn": "arn:aws:elasticloadbalancing:eu-north-1:610964304971:targetgroup/devops-quiz-eks-quiz-backend-tg/b25bc99905ec48bd",
            "arn_suffix": "targetgroup/devops-quiz-eks-quiz-backend-tg/b25bc99905ec48bd",
            "connection_termination": null,
            "deregistration_delay": "300",
            "health_check": [
              {
                "enabled": true,
                "healthy_threshold": 2,
                "interval": 30,
                "matcher": "200",
                "path": "/api/health",
                "port": "traffic-port",
                "protocol": "HTTP",
                "timeout": 5,
                "unhealthy_threshold": 2
              }
            ],
            "id": "arn:aws:elasticloadbalancing:eu-north-1:610964304971:targetgroup/devops-quiz-eks-quiz-backend-tg/b25bc99905ec48bd",
            "ip_address_type": "ipv4",
            "lambda_multi_value_headers_enabled": false,
            "load_balancer_arns": [
              "arn:aws:elasticloadbalancing:eu-north-1:610964304971:loadbalancer/app/devops-quiz-eks-alb/9314541b42770e15"
            ],
            "load_balancing_algorithm_type": "round_robin",
            "load_balancing_anomaly_mitigation": "off",
            "load_balancing_cross_zone_enabled": "use_load_balancer_configuration",
            "name": "devops-quiz-eks-quiz-backend-tg",
            "name_prefix": "",
            "port": 5000,
            "preserve_client_ip": null,
            "protocol": "HTTP",
            "protocol_version": "HTTP1",
            "proxy_protocol_v2": false,
            "slow_start": 0,
            "stickiness": [
              {
                "cookie_duration": 86400,
                "cookie_name": "",
                "enabled": false,
                "type": "lb_cookie"
              }
            ],
            "tags": {
              "ClusterName": "devops-quiz-eks",
              "Environment": "production",
              "ManagedBy": "Terraform",
              "Name": "devops-quiz-eks-quiz-backend-tg",
              "Owner": "Liav",
              "Project": "Devops-Quiz",
              "elbv2.k8s.aws/cluster": "devops-quiz-eks"
            },
            "tags_all": {
              "ClusterName": "devops-quiz-eks",
              "Environment": "production",
              "ManagedBy": "Terraform",
              "Name": "devops-quiz-eks-quiz-backend-tg",
              "Owner": "Liav",
              "Project": "Devops-Quiz",
              "elbv2.k8s.aws/cluster": "devops-quiz-eks"
            },
            "target_failover": [
              {
                "on_deregistration": null,
                "on_unhealthy": null
              }
            ],
            "target_group_health": [
              {
                "dns_failover": [
                  {
                    "minimum_healthy_targets_count": "1",
                    "minimum_healthy_targets_percentage": "off"
                  }
                ],
                "unhealthy_state_routing": [
                  {
                    "minimum_healthy_targets_count": 1,
                    "minimum_healthy_targets_percentage": "off"
                  }
                ]
              }
            ],
            "target_health_state": [
              {
                "enable_unhealthy_connection_termination": null,
                "unhealthy_draining_interval": null
              }
            ],
            "target_type": "ip",
            "vpc_id": "vpc-08d3d5be591726bdb"
          },
          "sensitive_attributes": [],
          "identity_schema_version": 0,
          "private": "bnVsbA==",
          "dependencies": [
            "module.prod_cluster.module.eks_cluster.data.aws_caller_identity.current",
            "module.prod_cluster.module.eks_cluster.module.eks.aws_cloudwatch_log_group.this",
            "module.prod_cluster.module.eks_cluster.module.eks.aws_ec2_tag.cluster_primary_security_group",
            "module.prod_cluster.module.eks_cluster.module.eks.aws_eks_access_entry.this",
            "module.prod_cluster.module.eks_cluster.module.eks.aws_eks_access_policy_association.this",
            "module.prod_cluster.module.eks_cluster.module.eks.aws_eks_addon.before_compute",
            "module.prod_cluster.module.eks_cluster.module.eks.aws_eks_addon.this",
            "module.prod_cluster.module.eks_cluster.module.eks.aws_eks_cluster.this",
            "module.prod_cluster.module.eks_cluster.module.eks.aws_eks_identity_provider_config.this",
            "module.prod_cluster.module.eks_cluster.module.eks.aws_iam_openid_connect_provider.oidc_provider",
            "module.prod_cluster.module.eks_cluster.module.eks.aws_iam_policy.cluster_encryption",
            "module.prod_cluster.module.eks_cluster.module.eks.aws_iam_policy.cni_ipv6_policy",
            "module.prod_cluster.module.eks_cluster.module.eks.aws_iam_policy.custom",
            "module.prod_cluster.module.eks_cluster.module.eks.aws_iam_role.eks_auto",
            "module.prod_cluster.module.eks_cluster.module.eks.aws_iam_role.this",
            "module.prod_cluster.module.eks_cluster.module.eks.aws_iam_role_policy_attachment.additional",
            "module.prod_cluster.module.eks_cluster.module.eks.aws_iam_role_policy_attachment.cluster_encryption",
            "module.prod_cluster.module.eks_cluster.module.eks.aws_iam_role_policy_attachment.custom",
            "module.prod_cluster.module.eks_cluster.module.eks.aws_iam_role_policy_attachment.eks_auto",
            "module.prod_cluster.module.eks_cluster.module.eks.aws_iam_role_policy_attachment.eks_auto_additional",
            "module.prod_cluster.module.eks_cluster.module.eks.aws_iam_role_policy_attachment.this",
            "module.prod_cluster.module.eks_cluster.module.eks.aws_security_group.cluster",
            "module.prod_cluster.module.eks_cluster.module.eks.aws_security_group.node",
            "module.prod_cluster.module.eks_cluster.module.eks.aws_security_group_rule.cluster",
            "module.prod_cluster.module.eks_cluster.module.eks.aws_security_group_rule.node",
            "module.prod_cluster.module.eks_cluster.module.eks.data.aws_caller_identity.current",
            "module.prod_cluster.module.eks_cluster.module.eks.data.aws_eks_addon_version.this",
            "module.prod_cluster.module.eks_cluster.module.eks.data.aws_iam_policy_document.assume_role_policy",
            "module.prod_cluster.module.eks_cluster.module.eks.data.aws_iam_policy_document.cni_ipv6_policy",
            "module.prod_cluster.module.eks_cluster.module.eks.data.aws_iam_policy_document.custom",
            "module.prod_cluster.module.eks_cluster.module.eks.data.aws_iam_policy_document.node_assume_role_policy",
            "module.prod_cluster.module.eks_cluster.module.eks.data.aws_iam_session_context.current",
            "module.prod_cluster.module.eks_cluster.module.eks.data.aws_partition.current",
            "module.prod_cluster.module.eks_cluster.module.eks.data.tls_certificate.this",
            "module.prod_cluster.module.eks_cluster.module.eks.module.eks_managed_node_group.aws_autoscaling_schedule.this",
            "module.prod_cluster.module.eks_cluster.module.eks.module.eks_managed_node_group.aws_eks_node_group.this",
            "module.prod_cluster.module.eks_cluster.module.eks.module.eks_managed_node_group.aws_iam_role.this",
            "module.prod_cluster.module.eks_cluster.module.eks.module.eks_managed_node_group.aws_iam_role_policy.this",
            "module.prod_cluster.module.eks_cluster.module.eks.module.eks_managed_node_group.aws_iam_role_policy_attachment.additional",
            "module.prod_cluster.module.eks_cluster.module.eks.module.eks_managed_node_group.aws_iam_role_policy_attachment.this",
            "module.prod_cluster.module.eks_cluster.module.eks.module.eks_managed_node_group.aws_launch_template.this",
            "module.prod_cluster.module.eks_cluster.module.eks.module.eks_managed_node_group.aws_placement_group.this",
            "module.prod_cluster.module.eks_cluster.module.eks.module.eks_managed_node_group.data.aws_caller_identity.current",
            "module.prod_cluster.module.eks_cluster.module.eks.module.eks_managed_node_group.data.aws_ec2_instance_type.this",
            "module.prod_cluster.module.eks_cluster.module.eks.module.eks_managed_node_group.data.aws_ec2_instance_type_offerings.this",
            "module.prod_cluster.module.eks_cluster.module.eks.module.eks_managed_node_group.data.aws_iam_policy_document.assume_role_policy",
            "module.prod_cluster.module.eks_cluster.module.eks.module.eks_managed_node_group.data.aws_iam_policy_document.role",
            "module.prod_cluster.module.eks_cluster.module.eks.module.eks_managed_node_group.data.aws_partition.current",
            "module.prod_cluster.module.eks_cluster.module.eks.module.eks_managed_node_group.data.aws_ssm_parameter.ami",
            "module.prod_cluster.module.eks_cluster.module.eks.module.eks_managed_node_group.data.aws_subnets.placement_group",
            "module.prod_cluster.module.eks_cluster.module.eks.module.eks_managed_node_group.module.user_data.data.cloudinit_config.al2023_eks_managed_node_group",
            "module.prod_cluster.module.eks_cluster.module.eks.module.eks_managed_node_group.module.user_data.data.cloudinit_config.linux_eks_managed_node_group",
            "module.prod_cluster.module.eks_cluster.module.eks.module.eks_managed_node_group.module.user_data.null_resource.validate_cluster_service_cidr",
            "module.prod_cluster.module.eks_cluster.module.eks.module.fargate_profile.aws_eks_fargate_profile.this",
            "module.prod_cluster.module.eks_cluster.module.eks.module.fargate_profile.aws_iam_role.this",
            "module.prod_cluster.module.eks_cluster.module.eks.module.fargate_profile.aws_iam_role_policy.this",
            "module.prod_cluster.module.eks_cluster.module.eks.module.fargate_profile.aws_iam_role_policy_attachment.additional",
            "module.prod_cluster.module.eks_cluster.module.eks.module.fargate_profile.aws_iam_role_policy_attachment.this",
            "module.prod_cluster.module.eks_cluster.module.eks.module.fargate_profile.data.aws_caller_identity.current",
            "module.prod_cluster.module.eks_cluster.module.eks.module.fargate_profile.data.aws_iam_policy_document.assume_role_policy",
            "module.prod_cluster.module.eks_cluster.module.eks.module.fargate_profile.data.aws_iam_policy_document.role",
            "module.prod_cluster.module.eks_cluster.module.eks.module.fargate_profile.data.aws_partition.current",
            "module.prod_cluster.module.eks_cluster.module.eks.module.fargate_profile.data.aws_region.current",
            "module.prod_cluster.module.eks_cluster.module.eks.module.kms.aws_kms_alias.this",
            "module.prod_cluster.module.eks_cluster.module.eks.module.kms.aws_kms_external_key.this",
            "module.prod_cluster.module.eks_cluster.module.eks.module.kms.aws_kms_grant.this",
            "module.prod_cluster.module.eks_cluster.module.eks.module.kms.aws_kms_key.this",
            "module.prod_cluster.module.eks_cluster.module.eks.module.kms.aws_kms_replica_external_key.this",
            "module.prod_cluster.module.eks_cluster.module.eks.module.kms.aws_kms_replica_key.this",
            "module.prod_cluster.module.eks_cluster.module.eks.module.kms.data.aws_caller_identity.current",
            "module.prod_cluster.module.eks_cluster.module.eks.module.kms.data.aws_iam_policy_document.this",
            "module.prod_cluster.module.eks_cluster.module.eks.module.kms.data.aws_partition.current",
            "module.prod_cluster.module.eks_cluster.module.eks.module.self_managed_node_group.aws_autoscaling_group.this",
            "module.prod_cluster.module.eks_cluster.module.eks.module.self_managed_node_group.aws_autoscaling_schedule.this",
            "module.prod_cluster.module.eks_cluster.module.eks.module.self_managed_node_group.aws_eks_access_entry.this",
            "module.prod_cluster.module.eks_cluster.module.eks.module.self_managed_node_group.aws_iam_instance_profile.this",
            "module.prod_cluster.module.eks_cluster.module.eks.module.self_managed_node_group.aws_iam_role.this",
            "module.prod_cluster.module.eks_cluster.module.eks.module.self_managed_node_group.aws_iam_role_policy.this",
            "module.prod_cluster.module.eks_cluster.module.eks.module.self_managed_node_group.aws_iam_role_policy_attachment.additional",
            "module.prod_cluster.module.eks_cluster.module.eks.module.self_managed_node_group.aws_iam_role_policy_attachment.this",
            "module.prod_cluster.module.eks_cluster.module.eks.module.self_managed_node_group.aws_launch_template.this",
            "module.prod_cluster.module.eks_cluster.module.eks.module.self_managed_node_group.aws_placement_group.this",
            "module.prod_cluster.module.eks_cluster.module.eks.module.self_managed_node_group.data.aws_caller_identity.current",
            "module.prod_cluster.module.eks_cluster.module.eks.module.self_managed_node_group.data.aws_ec2_instance_type.this",
            "module.prod_cluster.module.eks_cluster.module.eks.module.self_managed_node_group.data.aws_ec2_instance_type_offerings.this",
            "module.prod_cluster.module.eks_cluster.module.eks.module.self_managed_node_group.data.aws_iam_policy_document.assume_role_policy",
            "module.prod_cluster.module.eks_cluster.module.eks.module.self_managed_node_group.data.aws_iam_policy_document.role",
            "module.prod_cluster.module.eks_cluster.module.eks.module.self_managed_node_group.data.aws_partition.current",
            "module.prod_cluster.module.eks_cluster.module.eks.module.self_managed_node_group.data.aws_ssm_parameter.ami",
            "module.prod_cluster.module.eks_cluster.module.eks.module.self_managed_node_group.data.aws_subnets.placement_group",
            "module.prod_cluster.module.eks_cluster.module.eks.module.self_managed_node_group.module.user_data.data.cloudinit_config.al2023_eks_managed_node_group",
            "module.prod_cluster.module.eks_cluster.module.eks.module.self_managed_node_group.module.user_data.data.cloudinit_config.linux_eks_managed_node_group",
            "module.prod_cluster.module.eks_cluster.module.eks.module.self_managed_node_group.module.user_data.null_resource.validate_cluster_service_cidr",
            "module.prod_cluster.module.eks_cluster.module.eks.time_sleep.this",
            "module.prod_cluster.module.node_groups.module.eks_managed_node_groups.aws_autoscaling_schedule.this",
            "module.prod_cluster.module.node_groups.module.eks_managed_node_groups.aws_eks_node_group.this",
            "module.prod_cluster.module.node_groups.module.eks_managed_node_groups.aws_iam_role.this",
            "module.prod_cluster.module.node_groups.module.eks_managed_node_groups.aws_iam_role_policy.this",
            "module.prod_cluster.module.node_groups.module.eks_managed_node_groups.aws_iam_role_policy_attachment.additional",
            "module.prod_cluster.module.node_groups.module.eks_managed_node_groups.aws_iam_role_policy_attachment.this",
            "module.prod_cluster.module.node_groups.module.eks_managed_node_groups.aws_launch_template.this",
            "module.prod_cluster.module.node_groups.module.eks_managed_node_groups.aws_placement_group.this",
            "module.prod_cluster.module.node_groups.module.eks_managed_node_groups.data.aws_caller_identity.current",
            "module.prod_cluster.module.node_groups.module.eks_managed_node_groups.data.aws_ec2_instance_type.this",
            "module.prod_cluster.module.node_groups.module.eks_managed_node_groups.data.aws_ec2_instance_type_offerings.this",
            "module.prod_cluster.module.node_groups.module.eks_managed_node_groups.data.aws_iam_policy_document.assume_role_policy",
            "module.prod_cluster.module.node_groups.module.eks_managed_node_groups.data.aws_iam_policy_document.role",
            "module.prod_cluster.module.node_groups.module.eks_managed_node_groups.data.aws_partition.current",
            "module.prod_cluster.module.node_groups.module.eks_managed_node_groups.data.aws_ssm_parameter.ami",
            "module.prod_cluster.module.node_groups.module.eks_managed_node_groups.data.aws_subnets.placement_group",
            "module.prod_cluster.module.node_groups.module.eks_managed_node_groups.module.user_data.data.cloudinit_config.al2023_eks_managed_node_group",
            "module.prod_cluster.module.node_groups.module.eks_managed_node_groups.module.user_data.data.cloudinit_config.linux_eks_managed_node_group",
            "module.prod_cluster.module.node_groups.module.eks_managed_node_groups.module.user_data.null_resource.validate_cluster_service_cidr",
            "module.vpc.module.subnets.aws_subnet.private",
            "module.vpc.module.vpc_core.aws_vpc.main"
          ]
        }
      ]
    },
    {
      "module": "module.prod_cluster.module.alb",
      "mode": "managed",
      "type": "aws_lb_target_group",
      "name": "quiz_frontend",
      "provider": "provider[\"registry.terraform.io/hashicorp/aws\"]",
      "instances": [
        {
          "schema_version": 0,
          "attributes": {
            "arn": "arn:aws:elasticloadbalancing:eu-north-1:610964304971:targetgroup/devops-quiz-eks-quiz-frontend-tg/d43c04e8f2b1e0f6",
            "arn_suffix": "targetgroup/devops-quiz-eks-quiz-frontend-tg/d43c04e8f2b1e0f6",
            "connection_termination": null,
            "deregistration_delay": "300",
            "health_check": [
              {
                "enabled": true,
                "healthy_threshold": 2,
                "interval": 30,
                "matcher": "200-399",
                "path": "/",
                "port": "traffic-port",
                "protocol": "HTTP",
                "timeout": 5,
                "unhealthy_threshold": 2
              }
            ],
            "id": "arn:aws:elasticloadbalancing:eu-north-1:610964304971:targetgroup/devops-quiz-eks-quiz-frontend-tg/d43c04e8f2b1e0f6",
            "ip_address_type": "ipv4",
            "lambda_multi_value_headers_enabled": false,
            "load_balancer_arns": [
              "arn:aws:elasticloadbalancing:eu-north-1:610964304971:loadbalancer/app/devops-quiz-eks-alb/9314541b42770e15"
            ],
            "load_balancing_algorithm_type": "round_robin",
            "load_balancing_anomaly_mitigation": "off",
            "load_balancing_cross_zone_enabled": "use_load_balancer_configuration",
            "name": "devops-quiz-eks-quiz-frontend-tg",
            "name_prefix": "",
            "port": 80,
            "preserve_client_ip": null,
            "protocol": "HTTP",
            "protocol_version": "HTTP1",
            "proxy_protocol_v2": false,
            "slow_start": 0,
            "stickiness": [
              {
                "cookie_duration": 86400,
                "cookie_name": "",
                "enabled": false,
                "type": "lb_cookie"
              }
            ],
            "tags": {
              "ClusterName": "devops-quiz-eks",
              "Environment": "production",
              "ManagedBy": "Terraform",
              "Name": "devops-quiz-eks-quiz-frontend-tg",
              "Owner": "Liav",
              "Project": "Devops-Quiz",
              "elbv2.k8s.aws/cluster": "devops-quiz-eks"
            },
            "tags_all": {
              "ClusterName": "devops-quiz-eks",
              "Environment": "production",
              "ManagedBy": "Terraform",
              "Name": "devops-quiz-eks-quiz-frontend-tg",
              "Owner": "Liav",
              "Project": "Devops-Quiz",
              "elbv2.k8s.aws/cluster": "devops-quiz-eks"
            },
            "target_failover": [
              {
                "on_deregistration": null,
                "on_unhealthy": null
              }
            ],
            "target_group_health": [
              {
                "dns_failover": [
                  {
                    "minimum_healthy_targets_count": "1",
                    "minimum_healthy_targets_percentage": "off"
                  }
                ],
                "unhealthy_state_routing": [
                  {
                    "minimum_healthy_targets_count": 1,
                    "minimum_healthy_targets_percentage": "off"
                  }
                ]
              }
            ],
            "target_health_state": [
              {
                "enable_unhealthy_connection_termination": null,
                "unhealthy_draining_interval": null
              }
            ],
            "target_type": "ip",
            "vpc_id": "vpc-08d3d5be591726bdb"
          },
          "sensitive_attributes": [],
          "identity_schema_version": 0,
          "private": "bnVsbA==",
          "dependencies": [
            "module.prod_cluster.module.eks_cluster.data.aws_caller_identity.current",
            "module.prod_cluster.module.eks_cluster.module.eks.aws_cloudwatch_log_group.this",
            "module.prod_cluster.module.eks_cluster.module.eks.aws_ec2_tag.cluster_primary_security_group",
            "module.prod_cluster.module.eks_cluster.module.eks.aws_eks_access_entry.this",
            "module.prod_cluster.module.eks_cluster.module.eks.aws_eks_access_policy_association.this",
            "module.prod_cluster.module.eks_cluster.module.eks.aws_eks_addon.before_compute",
            "module.prod_cluster.module.eks_cluster.module.eks.aws_eks_addon.this",
            "module.prod_cluster.module.eks_cluster.module.eks.aws_eks_cluster.this",
            "module.prod_cluster.module.eks_cluster.module.eks.aws_eks_identity_provider_config.this",
            "module.prod_cluster.module.eks_cluster.module.eks.aws_iam_openid_connect_provider.oidc_provider",
            "module.prod_cluster.module.eks_cluster.module.eks.aws_iam_policy.cluster_encryption",
            "module.prod_cluster.module.eks_cluster.module.eks.aws_iam_policy.cni_ipv6_policy",
            "module.prod_cluster.module.eks_cluster.module.eks.aws_iam_policy.custom",
            "module.prod_cluster.module.eks_cluster.module.eks.aws_iam_role.eks_auto",
            "module.prod_cluster.module.eks_cluster.module.eks.aws_iam_role.this",
            "module.prod_cluster.module.eks_cluster.module.eks.aws_iam_role_policy_attachment.additional",
            "module.prod_cluster.module.eks_cluster.module.eks.aws_iam_role_policy_attachment.cluster_encryption",
            "module.prod_cluster.module.eks_cluster.module.eks.aws_iam_role_policy_attachment.custom",
            "module.prod_cluster.module.eks_cluster.module.eks.aws_iam_role_policy_attachment.eks_auto",
            "module.prod_cluster.module.eks_cluster.module.eks.aws_iam_role_policy_attachment.eks_auto_additional",
            "module.prod_cluster.module.eks_cluster.module.eks.aws_iam_role_policy_attachment.this",
            "module.prod_cluster.module.eks_cluster.module.eks.aws_security_group.cluster",
            "module.prod_cluster.module.eks_cluster.module.eks.aws_security_group.node",
            "module.prod_cluster.module.eks_cluster.module.eks.aws_security_group_rule.cluster",
            "module.prod_cluster.module.eks_cluster.module.eks.aws_security_group_rule.node",
            "module.prod_cluster.module.eks_cluster.module.eks.data.aws_caller_identity.current",
            "module.prod_cluster.module.eks_cluster.module.eks.data.aws_eks_addon_version.this",
            "module.prod_cluster.module.eks_cluster.module.eks.data.aws_iam_policy_document.assume_role_policy",
            "module.prod_cluster.module.eks_cluster.module.eks.data.aws_iam_policy_document.cni_ipv6_policy",
            "module.prod_cluster.module.eks_cluster.module.eks.data.aws_iam_policy_document.custom",
            "module.prod_cluster.module.eks_cluster.module.eks.data.aws_iam_policy_document.node_assume_role_policy",
            "module.prod_cluster.module.eks_cluster.module.eks.data.aws_iam_session_context.current",
            "module.prod_cluster.module.eks_cluster.module.eks.data.aws_partition.current",
            "module.prod_cluster.module.eks_cluster.module.eks.data.tls_certificate.this",
            "module.prod_cluster.module.eks_cluster.module.eks.module.eks_managed_node_group.aws_autoscaling_schedule.this",
            "module.prod_cluster.module.eks_cluster.module.eks.module.eks_managed_node_group.aws_eks_node_group.this",
            "module.prod_cluster.module.eks_cluster.module.eks.module.eks_managed_node_group.aws_iam_role.this",
            "module.prod_cluster.module.eks_cluster.module.eks.module.eks_managed_node_group.aws_iam_role_policy.this",
            "module.prod_cluster.module.eks_cluster.module.eks.module.eks_managed_node_group.aws_iam_role_policy_attachment.additional",
            "module.prod_cluster.module.eks_cluster.module.eks.module.eks_managed_node_group.aws_iam_role_policy_attachment.this",
            "module.prod_cluster.module.eks_cluster.module.eks.module.eks_managed_node_group.aws_launch_template.this",
            "module.prod_cluster.module.eks_cluster.module.eks.module.eks_managed_node_group.aws_placement_group.this",
            "module.prod_cluster.module.eks_cluster.module.eks.module.eks_managed_node_group.data.aws_caller_identity.current",
            "module.prod_cluster.module.eks_cluster.module.eks.module.eks_managed_node_group.data.aws_ec2_instance_type.this",
            "module.prod_cluster.module.eks_cluster.module.eks.module.eks_managed_node_group.data.aws_ec2_instance_type_offerings.this",
            "module.prod_cluster.module.eks_cluster.module.eks.module.eks_managed_node_group.data.aws_iam_policy_document.assume_role_policy",
            "module.prod_cluster.module.eks_cluster.module.eks.module.eks_managed_node_group.data.aws_iam_policy_document.role",
            "module.prod_cluster.module.eks_cluster.module.eks.module.eks_managed_node_group.data.aws_partition.current",
            "module.prod_cluster.module.eks_cluster.module.eks.module.eks_managed_node_group.data.aws_ssm_parameter.ami",
            "module.prod_cluster.module.eks_cluster.module.eks.module.eks_managed_node_group.data.aws_subnets.placement_group",
            "module.prod_cluster.module.eks_cluster.module.eks.module.eks_managed_node_group.module.user_data.data.cloudinit_config.al2023_eks_managed_node_group",
            "module.prod_cluster.module.eks_cluster.module.eks.module.eks_managed_node_group.module.user_data.data.cloudinit_config.linux_eks_managed_node_group",
            "module.prod_cluster.module.eks_cluster.module.eks.module.eks_managed_node_group.module.user_data.null_resource.validate_cluster_service_cidr",
            "module.prod_cluster.module.eks_cluster.module.eks.module.fargate_profile.aws_eks_fargate_profile.this",
            "module.prod_cluster.module.eks_cluster.module.eks.module.fargate_profile.aws_iam_role.this",
            "module.prod_cluster.module.eks_cluster.module.eks.module.fargate_profile.aws_iam_role_policy.this",
            "module.prod_cluster.module.eks_cluster.module.eks.module.fargate_profile.aws_iam_role_policy_attachment.additional",
            "module.prod_cluster.module.eks_cluster.module.eks.module.fargate_profile.aws_iam_role_policy_attachment.this",
            "module.prod_cluster.module.eks_cluster.module.eks.module.fargate_profile.data.aws_caller_identity.current",
            "module.prod_cluster.module.eks_cluster.module.eks.module.fargate_profile.data.aws_iam_policy_document.assume_role_policy",
            "module.prod_cluster.module.eks_cluster.module.eks.module.fargate_profile.data.aws_iam_policy_document.role",
            "module.prod_cluster.module.eks_cluster.module.eks.module.fargate_profile.data.aws_partition.current",
            "module.prod_cluster.module.eks_cluster.module.eks.module.fargate_profile.data.aws_region.current",
            "module.prod_cluster.module.eks_cluster.module.eks.module.kms.aws_kms_alias.this",
            "module.prod_cluster.module.eks_cluster.module.eks.module.kms.aws_kms_external_key.this",
            "module.prod_cluster.module.eks_cluster.module.eks.module.kms.aws_kms_grant.this",
            "module.prod_cluster.module.eks_cluster.module.eks.module.kms.aws_kms_key.this",
            "module.prod_cluster.module.eks_cluster.module.eks.module.kms.aws_kms_replica_external_key.this",
            "module.prod_cluster.module.eks_cluster.module.eks.module.kms.aws_kms_replica_key.this",
            "module.prod_cluster.module.eks_cluster.module.eks.module.kms.data.aws_caller_identity.current",
            "module.prod_cluster.module.eks_cluster.module.eks.module.kms.data.aws_iam_policy_document.this",
            "module.prod_cluster.module.eks_cluster.module.eks.module.kms.data.aws_partition.current",
            "module.prod_cluster.module.eks_cluster.module.eks.module.self_managed_node_group.aws_autoscaling_group.this",
            "module.prod_cluster.module.eks_cluster.module.eks.module.self_managed_node_group.aws_autoscaling_schedule.this",
            "module.prod_cluster.module.eks_cluster.module.eks.module.self_managed_node_group.aws_eks_access_entry.this",
            "module.prod_cluster.module.eks_cluster.module.eks.module.self_managed_node_group.aws_iam_instance_profile.this",
            "module.prod_cluster.module.eks_cluster.module.eks.module.self_managed_node_group.aws_iam_role.this",
            "module.prod_cluster.module.eks_cluster.module.eks.module.self_managed_node_group.aws_iam_role_policy.this",
            "module.prod_cluster.module.eks_cluster.module.eks.module.self_managed_node_group.aws_iam_role_policy_attachment.additional",
            "module.prod_cluster.module.eks_cluster.module.eks.module.self_managed_node_group.aws_iam_role_policy_attachment.this",
            "module.prod_cluster.module.eks_cluster.module.eks.module.self_managed_node_group.aws_launch_template.this",
            "module.prod_cluster.module.eks_cluster.module.eks.module.self_managed_node_group.aws_placement_group.this",
            "module.prod_cluster.module.eks_cluster.module.eks.module.self_managed_node_group.data.aws_caller_identity.current",
            "module.prod_cluster.module.eks_cluster.module.eks.module.self_managed_node_group.data.aws_ec2_instance_type.this",
            "module.prod_cluster.module.eks_cluster.module.eks.module.self_managed_node_group.data.aws_ec2_instance_type_offerings.this",
            "module.prod_cluster.module.eks_cluster.module.eks.module.self_managed_node_group.data.aws_iam_policy_document.assume_role_policy",
            "module.prod_cluster.module.eks_cluster.module.eks.module.self_managed_node_group.data.aws_iam_policy_document.role",
            "module.prod_cluster.module.eks_cluster.module.eks.module.self_managed_node_group.data.aws_partition.current",
            "module.prod_cluster.module.eks_cluster.module.eks.module.self_managed_node_group.data.aws_ssm_parameter.ami",
            "module.prod_cluster.module.eks_cluster.module.eks.module.self_managed_node_group.data.aws_subnets.placement_group",
            "module.prod_cluster.module.eks_cluster.module.eks.module.self_managed_node_group.module.user_data.data.cloudinit_config.al2023_eks_managed_node_group",
            "module.prod_cluster.module.eks_cluster.module.eks.module.self_managed_node_group.module.user_data.data.cloudinit_config.linux_eks_managed_node_group",
            "module.prod_cluster.module.eks_cluster.module.eks.module.self_managed_node_group.module.user_data.null_resource.validate_cluster_service_cidr",
            "module.prod_cluster.module.eks_cluster.module.eks.time_sleep.this",
            "module.prod_cluster.module.node_groups.module.eks_managed_node_groups.aws_autoscaling_schedule.this",
            "module.prod_cluster.module.node_groups.module.eks_managed_node_groups.aws_eks_node_group.this",
            "module.prod_cluster.module.node_groups.module.eks_managed_node_groups.aws_iam_role.this",
            "module.prod_cluster.module.node_groups.module.eks_managed_node_groups.aws_iam_role_policy.this",
            "module.prod_cluster.module.node_groups.module.eks_managed_node_groups.aws_iam_role_policy_attachment.additional",
            "module.prod_cluster.module.node_groups.module.eks_managed_node_groups.aws_iam_role_policy_attachment.this",
            "module.prod_cluster.module.node_groups.module.eks_managed_node_groups.aws_launch_template.this",
            "module.prod_cluster.module.node_groups.module.eks_managed_node_groups.aws_placement_group.this",
            "module.prod_cluster.module.node_groups.module.eks_managed_node_groups.data.aws_caller_identity.current",
            "module.prod_cluster.module.node_groups.module.eks_managed_node_groups.data.aws_ec2_instance_type.this",
            "module.prod_cluster.module.node_groups.module.eks_managed_node_groups.data.aws_ec2_instance_type_offerings.this",
            "module.prod_cluster.module.node_groups.module.eks_managed_node_groups.data.aws_iam_policy_document.assume_role_policy",
            "module.prod_cluster.module.node_groups.module.eks_managed_node_groups.data.aws_iam_policy_document.role",
            "module.prod_cluster.module.node_groups.module.eks_managed_node_groups.data.aws_partition.current",
            "module.prod_cluster.module.node_groups.module.eks_managed_node_groups.data.aws_ssm_parameter.ami",
            "module.prod_cluster.module.node_groups.module.eks_managed_node_groups.data.aws_subnets.placement_group",
            "module.prod_cluster.module.node_groups.module.eks_managed_node_groups.module.user_data.data.cloudinit_config.al2023_eks_managed_node_group",
            "module.prod_cluster.module.node_groups.module.eks_managed_node_groups.module.user_data.data.cloudinit_config.linux_eks_managed_node_group",
            "module.prod_cluster.module.node_groups.module.eks_managed_node_groups.module.user_data.null_resource.validate_cluster_service_cidr",
            "module.vpc.module.subnets.aws_subnet.private",
            "module.vpc.module.vpc_core.aws_vpc.main"
          ]
        }
      ]
    },
    {
      "module": "module.prod_cluster.module.alb",
      "mode": "managed",
      "type": "aws_lb_target_group_attachment",
      "name": "jenkins",
      "provider": "provider[\"registry.terraform.io/hashicorp/aws\"]",
      "instances": [
        {
          "schema_version": 0,
          "attributes": {
            "availability_zone": null,
            "id": "arn:aws:elasticloadbalancing:eu-north-1:610964304971:targetgroup/devops-quiz-eks-jenkins-tg/45ff8a6ad96e7b69-2025111112005082860000001d",
            "port": 8080,
            "target_group_arn": "arn:aws:elasticloadbalancing:eu-north-1:610964304971:targetgroup/devops-quiz-eks-jenkins-tg/45ff8a6ad96e7b69",
            "target_id": "i-073c38cffeb158fa6"
          },
          "sensitive_attributes": [],
          "identity_schema_version": 0,
          "private": "bnVsbA==",
          "dependencies": [
            "module.iam.aws_iam_instance_profile.ec2_instance_profile",
            "module.iam.aws_iam_role.ec2_instance_role",
            "module.jenkins.aws_instance.jenkins",
            "module.prod_cluster.module.alb.aws_lb_target_group.jenkins",
            "module.prod_cluster.module.eks_cluster.data.aws_caller_identity.current",
            "module.prod_cluster.module.eks_cluster.module.eks.aws_cloudwatch_log_group.this",
            "module.prod_cluster.module.eks_cluster.module.eks.aws_ec2_tag.cluster_primary_security_group",
            "module.prod_cluster.module.eks_cluster.module.eks.aws_eks_access_entry.this",
            "module.prod_cluster.module.eks_cluster.module.eks.aws_eks_access_policy_association.this",
            "module.prod_cluster.module.eks_cluster.module.eks.aws_eks_addon.before_compute",
            "module.prod_cluster.module.eks_cluster.module.eks.aws_eks_addon.this",
            "module.prod_cluster.module.eks_cluster.module.eks.aws_eks_cluster.this",
            "module.prod_cluster.module.eks_cluster.module.eks.aws_eks_identity_provider_config.this",
            "module.prod_cluster.module.eks_cluster.module.eks.aws_iam_openid_connect_provider.oidc_provider",
            "module.prod_cluster.module.eks_cluster.module.eks.aws_iam_policy.cluster_encryption",
            "module.prod_cluster.module.eks_cluster.module.eks.aws_iam_policy.cni_ipv6_policy",
            "module.prod_cluster.module.eks_cluster.module.eks.aws_iam_policy.custom",
            "module.prod_cluster.module.eks_cluster.module.eks.aws_iam_role.eks_auto",
            "module.prod_cluster.module.eks_cluster.module.eks.aws_iam_role.this",
            "module.prod_cluster.module.eks_cluster.module.eks.aws_iam_role_policy_attachment.additional",
            "module.prod_cluster.module.eks_cluster.module.eks.aws_iam_role_policy_attachment.cluster_encryption",
            "module.prod_cluster.module.eks_cluster.module.eks.aws_iam_role_policy_attachment.custom",
            "module.prod_cluster.module.eks_cluster.module.eks.aws_iam_role_policy_attachment.eks_auto",
            "module.prod_cluster.module.eks_cluster.module.eks.aws_iam_role_policy_attachment.eks_auto_additional",
            "module.prod_cluster.module.eks_cluster.module.eks.aws_iam_role_policy_attachment.this",
            "module.prod_cluster.module.eks_cluster.module.eks.aws_security_group.cluster",
            "module.prod_cluster.module.eks_cluster.module.eks.aws_security_group.node",
            "module.prod_cluster.module.eks_cluster.module.eks.aws_security_group_rule.cluster",
            "module.prod_cluster.module.eks_cluster.module.eks.aws_security_group_rule.node",
            "module.prod_cluster.module.eks_cluster.module.eks.data.aws_caller_identity.current",
            "module.prod_cluster.module.eks_cluster.module.eks.data.aws_eks_addon_version.this",
            "module.prod_cluster.module.eks_cluster.module.eks.data.aws_iam_policy_document.assume_role_policy",
            "module.prod_cluster.module.eks_cluster.module.eks.data.aws_iam_policy_document.cni_ipv6_policy",
            "module.prod_cluster.module.eks_cluster.module.eks.data.aws_iam_policy_document.custom",
            "module.prod_cluster.module.eks_cluster.module.eks.data.aws_iam_policy_document.node_assume_role_policy",
            "module.prod_cluster.module.eks_cluster.module.eks.data.aws_iam_session_context.current",
            "module.prod_cluster.module.eks_cluster.module.eks.data.aws_partition.current",
            "module.prod_cluster.module.eks_cluster.module.eks.data.tls_certificate.this",
            "module.prod_cluster.module.eks_cluster.module.eks.module.eks_managed_node_group.aws_autoscaling_schedule.this",
            "module.prod_cluster.module.eks_cluster.module.eks.module.eks_managed_node_group.aws_eks_node_group.this",
            "module.prod_cluster.module.eks_cluster.module.eks.module.eks_managed_node_group.aws_iam_role.this",
            "module.prod_cluster.module.eks_cluster.module.eks.module.eks_managed_node_group.aws_iam_role_policy.this",
            "module.prod_cluster.module.eks_cluster.module.eks.module.eks_managed_node_group.aws_iam_role_policy_attachment.additional",
            "module.prod_cluster.module.eks_cluster.module.eks.module.eks_managed_node_group.aws_iam_role_policy_attachment.this",
            "module.prod_cluster.module.eks_cluster.module.eks.module.eks_managed_node_group.aws_launch_template.this",
            "module.prod_cluster.module.eks_cluster.module.eks.module.eks_managed_node_group.aws_placement_group.this",
            "module.prod_cluster.module.eks_cluster.module.eks.module.eks_managed_node_group.data.aws_caller_identity.current",
            "module.prod_cluster.module.eks_cluster.module.eks.module.eks_managed_node_group.data.aws_ec2_instance_type.this",
            "module.prod_cluster.module.eks_cluster.module.eks.module.eks_managed_node_group.data.aws_ec2_instance_type_offerings.this",
            "module.prod_cluster.module.eks_cluster.module.eks.module.eks_managed_node_group.data.aws_iam_policy_document.assume_role_policy",
            "module.prod_cluster.module.eks_cluster.module.eks.module.eks_managed_node_group.data.aws_iam_policy_document.role",
            "module.prod_cluster.module.eks_cluster.module.eks.module.eks_managed_node_group.data.aws_partition.current",
            "module.prod_cluster.module.eks_cluster.module.eks.module.eks_managed_node_group.data.aws_ssm_parameter.ami",
            "module.prod_cluster.module.eks_cluster.module.eks.module.eks_managed_node_group.data.aws_subnets.placement_group",
            "module.prod_cluster.module.eks_cluster.module.eks.module.eks_managed_node_group.module.user_data.data.cloudinit_config.al2023_eks_managed_node_group",
            "module.prod_cluster.module.eks_cluster.module.eks.module.eks_managed_node_group.module.user_data.data.cloudinit_config.linux_eks_managed_node_group",
            "module.prod_cluster.module.eks_cluster.module.eks.module.eks_managed_node_group.module.user_data.null_resource.validate_cluster_service_cidr",
            "module.prod_cluster.module.eks_cluster.module.eks.module.fargate_profile.aws_eks_fargate_profile.this",
            "module.prod_cluster.module.eks_cluster.module.eks.module.fargate_profile.aws_iam_role.this",
            "module.prod_cluster.module.eks_cluster.module.eks.module.fargate_profile.aws_iam_role_policy.this",
            "module.prod_cluster.module.eks_cluster.module.eks.module.fargate_profile.aws_iam_role_policy_attachment.additional",
            "module.prod_cluster.module.eks_cluster.module.eks.module.fargate_profile.aws_iam_role_policy_attachment.this",
            "module.prod_cluster.module.eks_cluster.module.eks.module.fargate_profile.data.aws_caller_identity.current",
            "module.prod_cluster.module.eks_cluster.module.eks.module.fargate_profile.data.aws_iam_policy_document.assume_role_policy",
            "module.prod_cluster.module.eks_cluster.module.eks.module.fargate_profile.data.aws_iam_policy_document.role",
            "module.prod_cluster.module.eks_cluster.module.eks.module.fargate_profile.data.aws_partition.current",
            "module.prod_cluster.module.eks_cluster.module.eks.module.fargate_profile.data.aws_region.current",
            "module.prod_cluster.module.eks_cluster.module.eks.module.kms.aws_kms_alias.this",
            "module.prod_cluster.module.eks_cluster.module.eks.module.kms.aws_kms_external_key.this",
            "module.prod_cluster.module.eks_cluster.module.eks.module.kms.aws_kms_grant.this",
            "module.prod_cluster.module.eks_cluster.module.eks.module.kms.aws_kms_key.this",
            "module.prod_cluster.module.eks_cluster.module.eks.module.kms.aws_kms_replica_external_key.this",
            "module.prod_cluster.module.eks_cluster.module.eks.module.kms.aws_kms_replica_key.this",
            "module.prod_cluster.module.eks_cluster.module.eks.module.kms.data.aws_caller_identity.current",
            "module.prod_cluster.module.eks_cluster.module.eks.module.kms.data.aws_iam_policy_document.this",
            "module.prod_cluster.module.eks_cluster.module.eks.module.kms.data.aws_partition.current",
            "module.prod_cluster.module.eks_cluster.module.eks.module.self_managed_node_group.aws_autoscaling_group.this",
            "module.prod_cluster.module.eks_cluster.module.eks.module.self_managed_node_group.aws_autoscaling_schedule.this",
            "module.prod_cluster.module.eks_cluster.module.eks.module.self_managed_node_group.aws_eks_access_entry.this",
            "module.prod_cluster.module.eks_cluster.module.eks.module.self_managed_node_group.aws_iam_instance_profile.this",
            "module.prod_cluster.module.eks_cluster.module.eks.module.self_managed_node_group.aws_iam_role.this",
            "module.prod_cluster.module.eks_cluster.module.eks.module.self_managed_node_group.aws_iam_role_policy.this",
            "module.prod_cluster.module.eks_cluster.module.eks.module.self_managed_node_group.aws_iam_role_policy_attachment.additional",
            "module.prod_cluster.module.eks_cluster.module.eks.module.self_managed_node_group.aws_iam_role_policy_attachment.this",
            "module.prod_cluster.module.eks_cluster.module.eks.module.self_managed_node_group.aws_launch_template.this",
            "module.prod_cluster.module.eks_cluster.module.eks.module.self_managed_node_group.aws_placement_group.this",
            "module.prod_cluster.module.eks_cluster.module.eks.module.self_managed_node_group.data.aws_caller_identity.current",
            "module.prod_cluster.module.eks_cluster.module.eks.module.self_managed_node_group.data.aws_ec2_instance_type.this",
            "module.prod_cluster.module.eks_cluster.module.eks.module.self_managed_node_group.data.aws_ec2_instance_type_offerings.this",
            "module.prod_cluster.module.eks_cluster.module.eks.module.self_managed_node_group.data.aws_iam_policy_document.assume_role_policy",
            "module.prod_cluster.module.eks_cluster.module.eks.module.self_managed_node_group.data.aws_iam_policy_document.role",
            "module.prod_cluster.module.eks_cluster.module.eks.module.self_managed_node_group.data.aws_partition.current",
            "module.prod_cluster.module.eks_cluster.module.eks.module.self_managed_node_group.data.aws_ssm_parameter.ami",
            "module.prod_cluster.module.eks_cluster.module.eks.module.self_managed_node_group.data.aws_subnets.placement_group",
            "module.prod_cluster.module.eks_cluster.module.eks.module.self_managed_node_group.module.user_data.data.cloudinit_config.al2023_eks_managed_node_group",
            "module.prod_cluster.module.eks_cluster.module.eks.module.self_managed_node_group.module.user_data.data.cloudinit_config.linux_eks_managed_node_group",
            "module.prod_cluster.module.eks_cluster.module.eks.module.self_managed_node_group.module.user_data.null_resource.validate_cluster_service_cidr",
            "module.prod_cluster.module.eks_cluster.module.eks.time_sleep.this",
            "module.prod_cluster.module.node_groups.module.eks_managed_node_groups.aws_autoscaling_schedule.this",
            "module.prod_cluster.module.node_groups.module.eks_managed_node_groups.aws_eks_node_group.this",
            "module.prod_cluster.module.node_groups.module.eks_managed_node_groups.aws_iam_role.this",
            "module.prod_cluster.module.node_groups.module.eks_managed_node_groups.aws_iam_role_policy.this",
            "module.prod_cluster.module.node_groups.module.eks_managed_node_groups.aws_iam_role_policy_attachment.additional",
            "module.prod_cluster.module.node_groups.module.eks_managed_node_groups.aws_iam_role_policy_attachment.this",
            "module.prod_cluster.module.node_groups.module.eks_managed_node_groups.aws_launch_template.this",
            "module.prod_cluster.module.node_groups.module.eks_managed_node_groups.aws_placement_group.this",
            "module.prod_cluster.module.node_groups.module.eks_managed_node_groups.data.aws_caller_identity.current",
            "module.prod_cluster.module.node_groups.module.eks_managed_node_groups.data.aws_ec2_instance_type.this",
            "module.prod_cluster.module.node_groups.module.eks_managed_node_groups.data.aws_ec2_instance_type_offerings.this",
            "module.prod_cluster.module.node_groups.module.eks_managed_node_groups.data.aws_iam_policy_document.assume_role_policy",
            "module.prod_cluster.module.node_groups.module.eks_managed_node_groups.data.aws_iam_policy_document.role",
            "module.prod_cluster.module.node_groups.module.eks_managed_node_groups.data.aws_partition.current",
            "module.prod_cluster.module.node_groups.module.eks_managed_node_groups.data.aws_ssm_parameter.ami",
            "module.prod_cluster.module.node_groups.module.eks_managed_node_groups.data.aws_subnets.placement_group",
            "module.prod_cluster.module.node_groups.module.eks_managed_node_groups.module.user_data.data.cloudinit_config.al2023_eks_managed_node_group",
            "module.prod_cluster.module.node_groups.module.eks_managed_node_groups.module.user_data.data.cloudinit_config.linux_eks_managed_node_group",
            "module.prod_cluster.module.node_groups.module.eks_managed_node_groups.module.user_data.null_resource.validate_cluster_service_cidr",
            "module.security_groups.aws_security_group.jenkins",
            "module.vpc.module.subnets.aws_subnet.private",
            "module.vpc.module.vpc_core.aws_vpc.main"
          ]
        }
      ]
    },
    {
      "module": "module.prod_cluster.module.alb",
      "mode": "managed",
      "type": "aws_security_group",
      "name": "alb",
      "provider": "provider[\"registry.terraform.io/hashicorp/aws\"]",
      "instances": [
        {
          "schema_version": 1,
          "attributes": {
            "arn": "arn:aws:ec2:eu-north-1:610964304971:security-group/sg-06c8e81ce291ec63d",
            "description": "Security group for Application Load Balancer",
            "egress": [
              {
                "cidr_blocks": [
                  "0.0.0.0/0"
                ],
                "description": "All outbound traffic",
                "from_port": 0,
                "ipv6_cidr_blocks": [],
                "prefix_list_ids": [],
                "protocol": "-1",
                "security_groups": [],
                "self": false,
                "to_port": 0
              }
            ],
            "id": "sg-06c8e81ce291ec63d",
            "ingress": [
              {
                "cidr_blocks": [
                  "0.0.0.0/0"
                ],
                "description": "HTTP from internet",
                "from_port": 80,
                "ipv6_cidr_blocks": [],
                "prefix_list_ids": [],
                "protocol": "tcp",
                "security_groups": [],
                "self": false,
                "to_port": 80
              },
              {
                "cidr_blocks": [
                  "0.0.0.0/0"
                ],
                "description": "HTTPS from internet",
                "from_port": 443,
                "ipv6_cidr_blocks": [],
                "prefix_list_ids": [],
                "protocol": "tcp",
                "security_groups": [],
                "self": false,
                "to_port": 443
              }
            ],
            "name": "devops-quiz-eks-alb-2025111112004813780000001b",
            "name_prefix": "devops-quiz-eks-alb-",
            "owner_id": "610964304971",
            "revoke_rules_on_delete": false,
            "tags": {
              "ClusterName": "devops-quiz-eks",
              "Environment": "production",
              "ManagedBy": "Terraform",
              "Name": "devops-quiz-eks-alb-sg",
              "Owner": "Liav",
              "Project": "Devops-Quiz"
            },
            "tags_all": {
              "ClusterName": "devops-quiz-eks",
              "Environment": "production",
              "ManagedBy": "Terraform",
              "Name": "devops-quiz-eks-alb-sg",
              "Owner": "Liav",
              "Project": "Devops-Quiz"
            },
            "timeouts": null,
            "vpc_id": "vpc-08d3d5be591726bdb"
          },
          "sensitive_attributes": [],
          "identity_schema_version": 0,
          "private": "eyJlMmJmYjczMC1lY2FhLTExZTYtOGY4OC0zNDM2M2JjN2M0YzAiOnsiY3JlYXRlIjo2MDAwMDAwMDAwMDAsImRlbGV0ZSI6OTAwMDAwMDAwMDAwfSwic2NoZW1hX3ZlcnNpb24iOiIxIn0=",
          "dependencies": [
            "module.prod_cluster.module.eks_cluster.data.aws_caller_identity.current",
            "module.prod_cluster.module.eks_cluster.module.eks.aws_cloudwatch_log_group.this",
            "module.prod_cluster.module.eks_cluster.module.eks.aws_ec2_tag.cluster_primary_security_group",
            "module.prod_cluster.module.eks_cluster.module.eks.aws_eks_access_entry.this",
            "module.prod_cluster.module.eks_cluster.module.eks.aws_eks_access_policy_association.this",
            "module.prod_cluster.module.eks_cluster.module.eks.aws_eks_addon.before_compute",
            "module.prod_cluster.module.eks_cluster.module.eks.aws_eks_addon.this",
            "module.prod_cluster.module.eks_cluster.module.eks.aws_eks_cluster.this",
            "module.prod_cluster.module.eks_cluster.module.eks.aws_eks_identity_provider_config.this",
            "module.prod_cluster.module.eks_cluster.module.eks.aws_iam_openid_connect_provider.oidc_provider",
            "module.prod_cluster.module.eks_cluster.module.eks.aws_iam_policy.cluster_encryption",
            "module.prod_cluster.module.eks_cluster.module.eks.aws_iam_policy.cni_ipv6_policy",
            "module.prod_cluster.module.eks_cluster.module.eks.aws_iam_policy.custom",
            "module.prod_cluster.module.eks_cluster.module.eks.aws_iam_role.eks_auto",
            "module.prod_cluster.module.eks_cluster.module.eks.aws_iam_role.this",
            "module.prod_cluster.module.eks_cluster.module.eks.aws_iam_role_policy_attachment.additional",
            "module.prod_cluster.module.eks_cluster.module.eks.aws_iam_role_policy_attachment.cluster_encryption",
            "module.prod_cluster.module.eks_cluster.module.eks.aws_iam_role_policy_attachment.custom",
            "module.prod_cluster.module.eks_cluster.module.eks.aws_iam_role_policy_attachment.eks_auto",
            "module.prod_cluster.module.eks_cluster.module.eks.aws_iam_role_policy_attachment.eks_auto_additional",
            "module.prod_cluster.module.eks_cluster.module.eks.aws_iam_role_policy_attachment.this",
            "module.prod_cluster.module.eks_cluster.module.eks.aws_security_group.cluster",
            "module.prod_cluster.module.eks_cluster.module.eks.aws_security_group.node",
            "module.prod_cluster.module.eks_cluster.module.eks.aws_security_group_rule.cluster",
            "module.prod_cluster.module.eks_cluster.module.eks.aws_security_group_rule.node",
            "module.prod_cluster.module.eks_cluster.module.eks.data.aws_caller_identity.current",
            "module.prod_cluster.module.eks_cluster.module.eks.data.aws_eks_addon_version.this",
            "module.prod_cluster.module.eks_cluster.module.eks.data.aws_iam_policy_document.assume_role_policy",
            "module.prod_cluster.module.eks_cluster.module.eks.data.aws_iam_policy_document.cni_ipv6_policy",
            "module.prod_cluster.module.eks_cluster.module.eks.data.aws_iam_policy_document.custom",
            "module.prod_cluster.module.eks_cluster.module.eks.data.aws_iam_policy_document.node_assume_role_policy",
            "module.prod_cluster.module.eks_cluster.module.eks.data.aws_iam_session_context.current",
            "module.prod_cluster.module.eks_cluster.module.eks.data.aws_partition.current",
            "module.prod_cluster.module.eks_cluster.module.eks.data.tls_certificate.this",
            "module.prod_cluster.module.eks_cluster.module.eks.module.eks_managed_node_group.aws_autoscaling_schedule.this",
            "module.prod_cluster.module.eks_cluster.module.eks.module.eks_managed_node_group.aws_eks_node_group.this",
            "module.prod_cluster.module.eks_cluster.module.eks.module.eks_managed_node_group.aws_iam_role.this",
            "module.prod_cluster.module.eks_cluster.module.eks.module.eks_managed_node_group.aws_iam_role_policy.this",
            "module.prod_cluster.module.eks_cluster.module.eks.module.eks_managed_node_group.aws_iam_role_policy_attachment.additional",
            "module.prod_cluster.module.eks_cluster.module.eks.module.eks_managed_node_group.aws_iam_role_policy_attachment.this",
            "module.prod_cluster.module.eks_cluster.module.eks.module.eks_managed_node_group.aws_launch_template.this",
            "module.prod_cluster.module.eks_cluster.module.eks.module.eks_managed_node_group.aws_placement_group.this",
            "module.prod_cluster.module.eks_cluster.module.eks.module.eks_managed_node_group.data.aws_caller_identity.current",
            "module.prod_cluster.module.eks_cluster.module.eks.module.eks_managed_node_group.data.aws_ec2_instance_type.this",
            "module.prod_cluster.module.eks_cluster.module.eks.module.eks_managed_node_group.data.aws_ec2_instance_type_offerings.this",
            "module.prod_cluster.module.eks_cluster.module.eks.module.eks_managed_node_group.data.aws_iam_policy_document.assume_role_policy",
            "module.prod_cluster.module.eks_cluster.module.eks.module.eks_managed_node_group.data.aws_iam_policy_document.role",
            "module.prod_cluster.module.eks_cluster.module.eks.module.eks_managed_node_group.data.aws_partition.current",
            "module.prod_cluster.module.eks_cluster.module.eks.module.eks_managed_node_group.data.aws_ssm_parameter.ami",
            "module.prod_cluster.module.eks_cluster.module.eks.module.eks_managed_node_group.data.aws_subnets.placement_group",
            "module.prod_cluster.module.eks_cluster.module.eks.module.eks_managed_node_group.module.user_data.data.cloudinit_config.al2023_eks_managed_node_group",
            "module.prod_cluster.module.eks_cluster.module.eks.module.eks_managed_node_group.module.user_data.data.cloudinit_config.linux_eks_managed_node_group",
            "module.prod_cluster.module.eks_cluster.module.eks.module.eks_managed_node_group.module.user_data.null_resource.validate_cluster_service_cidr",
            "module.prod_cluster.module.eks_cluster.module.eks.module.fargate_profile.aws_eks_fargate_profile.this",
            "module.prod_cluster.module.eks_cluster.module.eks.module.fargate_profile.aws_iam_role.this",
            "module.prod_cluster.module.eks_cluster.module.eks.module.fargate_profile.aws_iam_role_policy.this",
            "module.prod_cluster.module.eks_cluster.module.eks.module.fargate_profile.aws_iam_role_policy_attachment.additional",
            "module.prod_cluster.module.eks_cluster.module.eks.module.fargate_profile.aws_iam_role_policy_attachment.this",
            "module.prod_cluster.module.eks_cluster.module.eks.module.fargate_profile.data.aws_caller_identity.current",
            "module.prod_cluster.module.eks_cluster.module.eks.module.fargate_profile.data.aws_iam_policy_document.assume_role_policy",
            "module.prod_cluster.module.eks_cluster.module.eks.module.fargate_profile.data.aws_iam_policy_document.role",
            "module.prod_cluster.module.eks_cluster.module.eks.module.fargate_profile.data.aws_partition.current",
            "module.prod_cluster.module.eks_cluster.module.eks.module.fargate_profile.data.aws_region.current",
            "module.prod_cluster.module.eks_cluster.module.eks.module.kms.aws_kms_alias.this",
            "module.prod_cluster.module.eks_cluster.module.eks.module.kms.aws_kms_external_key.this",
            "module.prod_cluster.module.eks_cluster.module.eks.module.kms.aws_kms_grant.this",
            "module.prod_cluster.module.eks_cluster.module.eks.module.kms.aws_kms_key.this",
            "module.prod_cluster.module.eks_cluster.module.eks.module.kms.aws_kms_replica_external_key.this",
            "module.prod_cluster.module.eks_cluster.module.eks.module.kms.aws_kms_replica_key.this",
            "module.prod_cluster.module.eks_cluster.module.eks.module.kms.data.aws_caller_identity.current",
            "module.prod_cluster.module.eks_cluster.module.eks.module.kms.data.aws_iam_policy_document.this",
            "module.prod_cluster.module.eks_cluster.module.eks.module.kms.data.aws_partition.current",
            "module.prod_cluster.module.eks_cluster.module.eks.module.self_managed_node_group.aws_autoscaling_group.this",
            "module.prod_cluster.module.eks_cluster.module.eks.module.self_managed_node_group.aws_autoscaling_schedule.this",
            "module.prod_cluster.module.eks_cluster.module.eks.module.self_managed_node_group.aws_eks_access_entry.this",
            "module.prod_cluster.module.eks_cluster.module.eks.module.self_managed_node_group.aws_iam_instance_profile.this",
            "module.prod_cluster.module.eks_cluster.module.eks.module.self_managed_node_group.aws_iam_role.this",
            "module.prod_cluster.module.eks_cluster.module.eks.module.self_managed_node_group.aws_iam_role_policy.this",
            "module.prod_cluster.module.eks_cluster.module.eks.module.self_managed_node_group.aws_iam_role_policy_attachment.additional",
            "module.prod_cluster.module.eks_cluster.module.eks.module.self_managed_node_group.aws_iam_role_policy_attachment.this",
            "module.prod_cluster.module.eks_cluster.module.eks.module.self_managed_node_group.aws_launch_template.this",
            "module.prod_cluster.module.eks_cluster.module.eks.module.self_managed_node_group.aws_placement_group.this",
            "module.prod_cluster.module.eks_cluster.module.eks.module.self_managed_node_group.data.aws_caller_identity.current",
            "module.prod_cluster.module.eks_cluster.module.eks.module.self_managed_node_group.data.aws_ec2_instance_type.this",
            "module.prod_cluster.module.eks_cluster.module.eks.module.self_managed_node_group.data.aws_ec2_instance_type_offerings.this",
            "module.prod_cluster.module.eks_cluster.module.eks.module.self_managed_node_group.data.aws_iam_policy_document.assume_role_policy",
            "module.prod_cluster.module.eks_cluster.module.eks.module.self_managed_node_group.data.aws_iam_policy_document.role",
            "module.prod_cluster.module.eks_cluster.module.eks.module.self_managed_node_group.data.aws_partition.current",
            "module.prod_cluster.module.eks_cluster.module.eks.module.self_managed_node_group.data.aws_ssm_parameter.ami",
            "module.prod_cluster.module.eks_cluster.module.eks.module.self_managed_node_group.data.aws_subnets.placement_group",
            "module.prod_cluster.module.eks_cluster.module.eks.module.self_managed_node_group.module.user_data.data.cloudinit_config.al2023_eks_managed_node_group",
            "module.prod_cluster.module.eks_cluster.module.eks.module.self_managed_node_group.module.user_data.data.cloudinit_config.linux_eks_managed_node_group",
            "module.prod_cluster.module.eks_cluster.module.eks.module.self_managed_node_group.module.user_data.null_resource.validate_cluster_service_cidr",
            "module.prod_cluster.module.eks_cluster.module.eks.time_sleep.this",
            "module.prod_cluster.module.node_groups.module.eks_managed_node_groups.aws_autoscaling_schedule.this",
            "module.prod_cluster.module.node_groups.module.eks_managed_node_groups.aws_eks_node_group.this",
            "module.prod_cluster.module.node_groups.module.eks_managed_node_groups.aws_iam_role.this",
            "module.prod_cluster.module.node_groups.module.eks_managed_node_groups.aws_iam_role_policy.this",
            "module.prod_cluster.module.node_groups.module.eks_managed_node_groups.aws_iam_role_policy_attachment.additional",
            "module.prod_cluster.module.node_groups.module.eks_managed_node_groups.aws_iam_role_policy_attachment.this",
            "module.prod_cluster.module.node_groups.module.eks_managed_node_groups.aws_launch_template.this",
            "module.prod_cluster.module.node_groups.module.eks_managed_node_groups.aws_placement_group.this",
            "module.prod_cluster.module.node_groups.module.eks_managed_node_groups.data.aws_caller_identity.current",
            "module.prod_cluster.module.node_groups.module.eks_managed_node_groups.data.aws_ec2_instance_type.this",
            "module.prod_cluster.module.node_groups.module.eks_managed_node_groups.data.aws_ec2_instance_type_offerings.this",
            "module.prod_cluster.module.node_groups.module.eks_managed_node_groups.data.aws_iam_policy_document.assume_role_policy",
            "module.prod_cluster.module.node_groups.module.eks_managed_node_groups.data.aws_iam_policy_document.role",
            "module.prod_cluster.module.node_groups.module.eks_managed_node_groups.data.aws_partition.current",
            "module.prod_cluster.module.node_groups.module.eks_managed_node_groups.data.aws_ssm_parameter.ami",
            "module.prod_cluster.module.node_groups.module.eks_managed_node_groups.data.aws_subnets.placement_group",
            "module.prod_cluster.module.node_groups.module.eks_managed_node_groups.module.user_data.data.cloudinit_config.al2023_eks_managed_node_group",
            "module.prod_cluster.module.node_groups.module.eks_managed_node_groups.module.user_data.data.cloudinit_config.linux_eks_managed_node_group",
            "module.prod_cluster.module.node_groups.module.eks_managed_node_groups.module.user_data.null_resource.validate_cluster_service_cidr",
            "module.vpc.module.subnets.aws_subnet.private",
            "module.vpc.module.vpc_core.aws_vpc.main"
          ],
          "create_before_destroy": true
        }
      ]
    },
    {
      "module": "module.prod_cluster.module.eks_cluster",
      "mode": "data",
      "type": "aws_caller_identity",
      "name": "current",
      "provider": "provider[\"registry.terraform.io/hashicorp/aws\"]",
      "instances": [
        {
          "schema_version": 0,
          "attributes": {
            "account_id": "610964304971",
            "arn": "arn:aws:iam::610964304971:root",
            "id": "610964304971",
            "user_id": "610964304971"
          },
          "sensitive_attributes": [],
          "identity_schema_version": 0
        }
      ]
    },
    {
      "module": "module.prod_cluster.module.eks_cluster.module.eks",
      "mode": "data",
      "type": "aws_caller_identity",
      "name": "current",
      "provider": "provider[\"registry.terraform.io/hashicorp/aws\"]",
      "instances": [
        {
          "index_key": 0,
          "schema_version": 0,
          "attributes": {
            "account_id": "610964304971",
            "arn": "arn:aws:iam::610964304971:root",
            "id": "610964304971",
            "user_id": "610964304971"
          },
          "sensitive_attributes": [],
          "identity_schema_version": 0
        }
      ]
    },
    {
      "module": "module.prod_cluster.module.eks_cluster.module.eks",
      "mode": "data",
      "type": "aws_eks_addon_version",
      "name": "this",
      "provider": "provider[\"registry.terraform.io/hashicorp/aws\"]",
      "instances": []
    },
    {
      "module": "module.prod_cluster.module.eks_cluster.module.eks",
      "mode": "data",
      "type": "aws_iam_policy_document",
      "name": "assume_role_policy",
      "provider": "provider[\"registry.terraform.io/hashicorp/aws\"]",
      "instances": [
        {
          "index_key": 0,
          "schema_version": 0,
          "attributes": {
            "id": "2830595799",
            "json": "{\n  \"Version\": \"2012-10-17\",\n  \"Statement\": [\n    {\n      \"Sid\": \"EKSClusterAssumeRole\",\n      \"Effect\": \"Allow\",\n      \"Action\": [\n        \"sts:TagSession\",\n        \"sts:AssumeRole\"\n      ],\n      \"Principal\": {\n        \"Service\": \"eks.amazonaws.com\"\n      }\n    }\n  ]\n}",
            "minified_json": "{\"Version\":\"2012-10-17\",\"Statement\":[{\"Sid\":\"EKSClusterAssumeRole\",\"Effect\":\"Allow\",\"Action\":[\"sts:TagSession\",\"sts:AssumeRole\"],\"Principal\":{\"Service\":\"eks.amazonaws.com\"}}]}",
            "override_json": null,
            "override_policy_documents": null,
            "policy_id": null,
            "source_json": null,
            "source_policy_documents": null,
            "statement": [
              {
                "actions": [
                  "sts:AssumeRole",
                  "sts:TagSession"
                ],
                "condition": [],
                "effect": "Allow",
                "not_actions": [],
                "not_principals": [],
                "not_resources": [],
                "principals": [
                  {
                    "identifiers": [
                      "eks.amazonaws.com"
                    ],
                    "type": "Service"
                  }
                ],
                "resources": [],
                "sid": "EKSClusterAssumeRole"
              }
            ],
            "version": "2012-10-17"
          },
          "sensitive_attributes": [],
          "identity_schema_version": 0
        }
      ]
    },
    {
      "module": "module.prod_cluster.module.eks_cluster.module.eks",
      "mode": "data",
      "type": "aws_iam_policy_document",
      "name": "cni_ipv6_policy",
      "provider": "provider[\"registry.terraform.io/hashicorp/aws\"]",
      "instances": []
    },
    {
      "module": "module.prod_cluster.module.eks_cluster.module.eks",
      "mode": "data",
      "type": "aws_iam_policy_document",
      "name": "custom",
      "provider": "provider[\"registry.terraform.io/hashicorp/aws\"]",
      "instances": [
        {
          "index_key": 0,
          "schema_version": 0,
          "attributes": {
            "id": "513122117",
            "json": "{\n  \"Version\": \"2012-10-17\",\n  \"Statement\": [\n    {\n      \"Sid\": \"Compute\",\n      \"Effect\": \"Allow\",\n      \"Action\": [\n        \"ec2:RunInstances\",\n        \"ec2:CreateLaunchTemplate\",\n        \"ec2:CreateFleet\"\n      ],\n      \"Resource\": \"*\",\n      \"Condition\": {\n        \"StringEquals\": {\n          \"aws:RequestTag/eks:eks-cluster-name\": \"${aws:PrincipalTag/eks:eks-cluster-name}\"\n        },\n        \"StringLike\": {\n          \"aws:RequestTag/eks:kubernetes-node-class-name\": \"*\",\n          \"aws:RequestTag/eks:kubernetes-node-pool-name\": \"*\"\n        }\n      }\n    },\n    {\n      \"Sid\": \"Storage\",\n      \"Effect\": \"Allow\",\n      \"Action\": [\n        \"ec2:CreateVolume\",\n        \"ec2:CreateSnapshot\"\n      ],\n      \"Resource\": [\n        \"arn:aws:ec2:*:*:volume/*\",\n        \"arn:aws:ec2:*:*:snapshot/*\"\n      ],\n      \"Condition\": {\n        \"StringEquals\": {\n          \"aws:RequestTag/eks:eks-cluster-name\": \"${aws:PrincipalTag/eks:eks-cluster-name}\"\n        }\n      }\n    },\n    {\n      \"Sid\": \"Networking\",\n      \"Effect\": \"Allow\",\n      \"Action\": \"ec2:CreateNetworkInterface\",\n      \"Resource\": \"*\",\n      \"Condition\": {\n        \"StringEquals\": {\n          \"aws:RequestTag/eks:eks-cluster-name\": \"${aws:PrincipalTag/eks:eks-cluster-name}\",\n          \"aws:RequestTag/eks:kubernetes-cni-node-name\": \"*\"\n        }\n      }\n    },\n    {\n      \"Sid\": \"LoadBalancer\",\n      \"Effect\": \"Allow\",\n      \"Action\": [\n        \"elasticloadbalancing:CreateTargetGroup\",\n        \"elasticloadbalancing:CreateRule\",\n        \"elasticloadbalancing:CreateLoadBalancer\",\n        \"elasticloadbalancing:CreateListener\",\n        \"ec2:CreateSecurityGroup\"\n      ],\n      \"Resource\": \"*\",\n      \"Condition\": {\n        \"StringEquals\": {\n          \"aws:RequestTag/eks:eks-cluster-name\": \"${aws:PrincipalTag/eks:eks-cluster-name}\"\n        }\n      }\n    },\n    {\n      \"Sid\": \"ShieldProtection\",\n      \"Effect\": \"Allow\",\n      \"Action\": \"shield:CreateProtection\",\n      \"Resource\": \"*\",\n      \"Condition\": {\n        \"StringEquals\": {\n          \"aws:RequestTag/eks:eks-cluster-name\": \"${aws:PrincipalTag/eks:eks-cluster-name}\"\n        }\n      }\n    },\n    {\n      \"Sid\": \"ShieldTagResource\",\n      \"Effect\": \"Allow\",\n      \"Action\": \"shield:TagResource\",\n      \"Resource\": \"arn:aws:shield::*:protection/*\",\n      \"Condition\": {\n        \"StringEquals\": {\n          \"aws:RequestTag/eks:eks-cluster-name\": \"${aws:PrincipalTag/eks:eks-cluster-name}\"\n        }\n      }\n    }\n  ]\n}",
            "minified_json": "{\"Version\":\"2012-10-17\",\"Statement\":[{\"Sid\":\"Compute\",\"Effect\":\"Allow\",\"Action\":[\"ec2:RunInstances\",\"ec2:CreateLaunchTemplate\",\"ec2:CreateFleet\"],\"Resource\":\"*\",\"Condition\":{\"StringEquals\":{\"aws:RequestTag/eks:eks-cluster-name\":\"${aws:PrincipalTag/eks:eks-cluster-name}\"},\"StringLike\":{\"aws:RequestTag/eks:kubernetes-node-class-name\":\"*\",\"aws:RequestTag/eks:kubernetes-node-pool-name\":\"*\"}}},{\"Sid\":\"Storage\",\"Effect\":\"Allow\",\"Action\":[\"ec2:CreateVolume\",\"ec2:CreateSnapshot\"],\"Resource\":[\"arn:aws:ec2:*:*:volume/*\",\"arn:aws:ec2:*:*:snapshot/*\"],\"Condition\":{\"StringEquals\":{\"aws:RequestTag/eks:eks-cluster-name\":\"${aws:PrincipalTag/eks:eks-cluster-name}\"}}},{\"Sid\":\"Networking\",\"Effect\":\"Allow\",\"Action\":\"ec2:CreateNetworkInterface\",\"Resource\":\"*\",\"Condition\":{\"StringEquals\":{\"aws:RequestTag/eks:eks-cluster-name\":\"${aws:PrincipalTag/eks:eks-cluster-name}\",\"aws:RequestTag/eks:kubernetes-cni-node-name\":\"*\"}}},{\"Sid\":\"LoadBalancer\",\"Effect\":\"Allow\",\"Action\":[\"elasticloadbalancing:CreateTargetGroup\",\"elasticloadbalancing:CreateRule\",\"elasticloadbalancing:CreateLoadBalancer\",\"elasticloadbalancing:CreateListener\",\"ec2:CreateSecurityGroup\"],\"Resource\":\"*\",\"Condition\":{\"StringEquals\":{\"aws:RequestTag/eks:eks-cluster-name\":\"${aws:PrincipalTag/eks:eks-cluster-name}\"}}},{\"Sid\":\"ShieldProtection\",\"Effect\":\"Allow\",\"Action\":\"shield:CreateProtection\",\"Resource\":\"*\",\"Condition\":{\"StringEquals\":{\"aws:RequestTag/eks:eks-cluster-name\":\"${aws:PrincipalTag/eks:eks-cluster-name}\"}}},{\"Sid\":\"ShieldTagResource\",\"Effect\":\"Allow\",\"Action\":\"shield:TagResource\",\"Resource\":\"arn:aws:shield::*:protection/*\",\"Condition\":{\"StringEquals\":{\"aws:RequestTag/eks:eks-cluster-name\":\"${aws:PrincipalTag/eks:eks-cluster-name}\"}}}]}",
            "override_json": null,
            "override_policy_documents": null,
            "policy_id": null,
            "source_json": null,
            "source_policy_documents": null,
            "statement": [
              {
                "actions": [
                  "ec2:CreateFleet",
                  "ec2:CreateLaunchTemplate",
                  "ec2:RunInstances"
                ],
                "condition": [
                  {
                    "test": "StringEquals",
                    "values": [
                      "${aws:PrincipalTag/eks:eks-cluster-name}"
                    ],
                    "variable": "aws:RequestTag/eks:eks-cluster-name"
                  },
                  {
                    "test": "StringLike",
                    "values": [
                      "*"
                    ],
                    "variable": "aws:RequestTag/eks:kubernetes-node-class-name"
                  },
                  {
                    "test": "StringLike",
                    "values": [
                      "*"
                    ],
                    "variable": "aws:RequestTag/eks:kubernetes-node-pool-name"
                  }
                ],
                "effect": "Allow",
                "not_actions": [],
                "not_principals": [],
                "not_resources": [],
                "principals": [],
                "resources": [
                  "*"
                ],
                "sid": "Compute"
              },
              {
                "actions": [
                  "ec2:CreateSnapshot",
                  "ec2:CreateVolume"
                ],
                "condition": [
                  {
                    "test": "StringEquals",
                    "values": [
                      "${aws:PrincipalTag/eks:eks-cluster-name}"
                    ],
                    "variable": "aws:RequestTag/eks:eks-cluster-name"
                  }
                ],
                "effect": "Allow",
                "not_actions": [],
                "not_principals": [],
                "not_resources": [],
                "principals": [],
                "resources": [
                  "arn:aws:ec2:*:*:snapshot/*",
                  "arn:aws:ec2:*:*:volume/*"
                ],
                "sid": "Storage"
              },
              {
                "actions": [
                  "ec2:CreateNetworkInterface"
                ],
                "condition": [
                  {
                    "test": "StringEquals",
                    "values": [
                      "${aws:PrincipalTag/eks:eks-cluster-name}"
                    ],
                    "variable": "aws:RequestTag/eks:eks-cluster-name"
                  },
                  {
                    "test": "StringEquals",
                    "values": [
                      "*"
                    ],
                    "variable": "aws:RequestTag/eks:kubernetes-cni-node-name"
                  }
                ],
                "effect": "Allow",
                "not_actions": [],
                "not_principals": [],
                "not_resources": [],
                "principals": [],
                "resources": [
                  "*"
                ],
                "sid": "Networking"
              },
              {
                "actions": [
                  "ec2:CreateSecurityGroup",
                  "elasticloadbalancing:CreateListener",
                  "elasticloadbalancing:CreateLoadBalancer",
                  "elasticloadbalancing:CreateRule",
                  "elasticloadbalancing:CreateTargetGroup"
                ],
                "condition": [
                  {
                    "test": "StringEquals",
                    "values": [
                      "${aws:PrincipalTag/eks:eks-cluster-name}"
                    ],
                    "variable": "aws:RequestTag/eks:eks-cluster-name"
                  }
                ],
                "effect": "Allow",
                "not_actions": [],
                "not_principals": [],
                "not_resources": [],
                "principals": [],
                "resources": [
                  "*"
                ],
                "sid": "LoadBalancer"
              },
              {
                "actions": [
                  "shield:CreateProtection"
                ],
                "condition": [
                  {
                    "test": "StringEquals",
                    "values": [
                      "${aws:PrincipalTag/eks:eks-cluster-name}"
                    ],
                    "variable": "aws:RequestTag/eks:eks-cluster-name"
                  }
                ],
                "effect": "Allow",
                "not_actions": [],
                "not_principals": [],
                "not_resources": [],
                "principals": [],
                "resources": [
                  "*"
                ],
                "sid": "ShieldProtection"
              },
              {
                "actions": [
                  "shield:TagResource"
                ],
                "condition": [
                  {
                    "test": "StringEquals",
                    "values": [
                      "${aws:PrincipalTag/eks:eks-cluster-name}"
                    ],
                    "variable": "aws:RequestTag/eks:eks-cluster-name"
                  }
                ],
                "effect": "Allow",
                "not_actions": [],
                "not_principals": [],
                "not_resources": [],
                "principals": [],
                "resources": [
                  "arn:aws:shield::*:protection/*"
                ],
                "sid": "ShieldTagResource"
              }
            ],
            "version": "2012-10-17"
          },
          "sensitive_attributes": [],
          "identity_schema_version": 0
        }
      ]
    },
    {
      "module": "module.prod_cluster.module.eks_cluster.module.eks",
      "mode": "data",
      "type": "aws_iam_policy_document",
      "name": "node_assume_role_policy",
      "provider": "provider[\"registry.terraform.io/hashicorp/aws\"]",
      "instances": []
    },
    {
      "module": "module.prod_cluster.module.eks_cluster.module.eks",
      "mode": "data",
      "type": "aws_iam_session_context",
      "name": "current",
      "provider": "provider[\"registry.terraform.io/hashicorp/aws\"]",
      "instances": [
        {
          "index_key": 0,
          "schema_version": 0,
          "attributes": {
            "arn": "arn:aws:iam::610964304971:root",
            "id": "arn:aws:iam::610964304971:root",
            "issuer_arn": "arn:aws:iam::610964304971:root",
            "issuer_id": "",
            "issuer_name": "",
            "session_name": ""
          },
          "sensitive_attributes": [],
          "identity_schema_version": 0
        }
      ]
    },
    {
      "module": "module.prod_cluster.module.eks_cluster.module.eks",
      "mode": "data",
      "type": "aws_partition",
      "name": "current",
      "provider": "provider[\"registry.terraform.io/hashicorp/aws\"]",
      "instances": [
        {
          "index_key": 0,
          "schema_version": 0,
          "attributes": {
            "dns_suffix": "amazonaws.com",
            "id": "aws",
            "partition": "aws",
            "reverse_dns_prefix": "com.amazonaws"
          },
          "sensitive_attributes": [],
          "identity_schema_version": 0
        }
      ]
    },
    {
      "module": "module.prod_cluster.module.eks_cluster.module.eks",
      "mode": "data",
      "type": "tls_certificate",
      "name": "this",
      "provider": "provider[\"registry.terraform.io/hashicorp/tls\"]",
      "instances": [
        {
          "index_key": 0,
          "schema_version": 0,
          "attributes": {
            "certificates": [
              {
                "cert_pem": "-----BEGIN CERTIFICATE-----\nMIIEkjCCA3qgAwIBAgITBn+USionzfP6wq4rAfkI7rnExjANBgkqhkiG9w0BAQsF\nADCBmDELMAkGA1UEBhMCVVMxEDAOBgNVBAgTB0FyaXpvbmExEzARBgNVBAcTClNj\nb3R0c2RhbGUxJTAjBgNVBAoTHFN0YXJmaWVsZCBUZWNobm9sb2dpZXMsIEluYy4x\nOzA5BgNVBAMTMlN0YXJmaWVsZCBTZXJ2aWNlcyBSb290IENlcnRpZmljYXRlIEF1\ndGhvcml0eSAtIEcyMB4XDTE1MDUyNTEyMDAwMFoXDTM3MTIzMTAxMDAwMFowOTEL\nMAkGA1UEBhMCVVMxDzANBgNVBAoTBkFtYXpvbjEZMBcGA1UEAxMQQW1hem9uIFJv\nb3QgQ0EgMTCCASIwDQYJKoZIhvcNAQEBBQADggEPADCCAQoCggEBALJ4gHHKeNXj\nca9HgFB0fW7Y14h29Jlo91ghYPl0hAEvrAIthtOgQ3pOsqTQNroBvo3bSMgHFzZM\n9O6II8c+6zf1tRn4SWiw3te5djgdYZ6k/oI2peVKVuRF4fn9tBb6dNqcmzU5L/qw\nIFAGbHrQgLKm+a/sRxmPUDgH3KKHOVj4utWp+UhnMJbulHheb4mjUcAwhmahRWa6\nVOujw5H5SNz/0egwLX0tdHA114gk957EWW67c4cX8jJGKLhD+rcdqsq08p8kDi1L\n93FcXmn/6pUCyziKrlA4b9v7LWIbxcceVOF34GfID5yHI9Y/QCB/IIDEgEw+OyQm\njgSubJrIqg0CAwEAAaOCATEwggEtMA8GA1UdEwEB/wQFMAMBAf8wDgYDVR0PAQH/\nBAQDAgGGMB0GA1UdDgQWBBSEGMyFNOy8DJSULghZnMeyEE4KCDAfBgNVHSMEGDAW\ngBScXwDfqgHXMCs4iKK4bUqc8hGRgzB4BggrBgEFBQcBAQRsMGowLgYIKwYBBQUH\nMAGGImh0dHA6Ly9vY3NwLnJvb3RnMi5hbWF6b250cnVzdC5jb20wOAYIKwYBBQUH\nMAKGLGh0dHA6Ly9jcnQucm9vdGcyLmFtYXpvbnRydXN0LmNvbS9yb290ZzIuY2Vy\nMD0GA1UdHwQ2MDQwMqAwoC6GLGh0dHA6Ly9jcmwucm9vdGcyLmFtYXpvbnRydXN0\nLmNvbS9yb290ZzIuY3JsMBEGA1UdIAQKMAgwBgYEVR0gADANBgkqhkiG9w0BAQsF\nAAOCAQEAYjdCXLwQtT6LLOkMm2xF4gcAevnFWAu5CIw+7bMlPLVvUOTNNWqnkzSW\nMiGpSESrnO09tKpzbeR/FoCJbM8oAxiDR3mjEH4wW6w7sGDgd9QIpuEdfF7Au/ma\neyKdpwAJfqxGF4PcnCZXmTA5YpaP7dreqsXMGz7KQ2hsVxa81Q4gLv7/wmpdLqBK\nbRRYh5TmOTFffHPLkIhqhBGWJ6bt2YFGpn6jcgAKUj6DiAdjd4lpFw85hdKrCEVN\n0FE6/V1dN2RMfjCyVSRCnTawXZwXgWHxyvkQAiSr6w10kY17RSlQOYiypok1JR4U\nakcjMS9cmvqtmg5iUaQqqcT5NJ0hGA==\n-----END CERTIFICATE-----\n",
                "is_ca": true,
                "issuer": "CN=Starfield Services Root Certificate Authority - G2,O=Starfield Technologies\\, Inc.,L=Scottsdale,ST=Arizona,C=US",
                "not_after": "2037-12-31T01:00:00Z",
                "not_before": "2015-05-25T12:00:00Z",
                "public_key_algorithm": "RSA",
                "serial_number": "144918191876577076464031512351042010504348870",
                "sha1_fingerprint": "06b25927c42a721631c1efd9431e648fa62e1e39",
                "signature_algorithm": "SHA256-RSA",
                "subject": "CN=Amazon Root CA 1,O=Amazon,C=US",
                "version": 3
              },
              {
                "cert_pem": "-----BEGIN CERTIFICATE-----\nMIIEXjCCA0agAwIBAgITB3MSSkvL1E7HtTvq8ZSELToPoTANBgkqhkiG9w0BAQsF\nADA5MQswCQYDVQQGEwJVUzEPMA0GA1UEChMGQW1hem9uMRkwFwYDVQQDExBBbWF6\nb24gUm9vdCBDQSAxMB4XDTIyMDgyMzIyMjUzMFoXDTMwMDgyMzIyMjUzMFowPDEL\nMAkGA1UEBhMCVVMxDzANBgNVBAoTBkFtYXpvbjEcMBoGA1UEAxMTQW1hem9uIFJT\nQSAyMDQ4IE0wMjCCASIwDQYJKoZIhvcNAQEBBQADggEPADCCAQoCggEBALtDGMZa\nqHneKei1by6+pUPPLljTB143Si6VpEWPc6mSkFhZb/6qrkZyoHlQLbDYnI2D7hD0\nsdzEqfnuAjIsuXQLG3A8TvX6V3oFNBFVe8NlLJHvBseKY88saLwufxkZVwk74g4n\nWlNMXzla9Y5F3wwRHwMVH443xGz6UtGSZSqQ94eFx5X7Tlqt8whi8qCaKdZ5rNak\n+r9nUThOeClqFd4oXych//Rc7Y0eX1KNWHYSI1Nk31mYgiK3JvH063g+K9tHA63Z\neTgKgndlh+WI+zv7i44HepRZjA1FYwYZ9Vv/9UkC5Yz8/yU65fgjaE+wVHM4e/Yy\nC2osrPWE7gJ+dXMCAwEAAaOCAVowggFWMBIGA1UdEwEB/wQIMAYBAf8CAQAwDgYD\nVR0PAQH/BAQDAgGGMB0GA1UdJQQWMBQGCCsGAQUFBwMBBggrBgEFBQcDAjAdBgNV\nHQ4EFgQUwDFSzVpQw4J8dHHOy+mc+XrrguIwHwYDVR0jBBgwFoAUhBjMhTTsvAyU\nlC4IWZzHshBOCggwewYIKwYBBQUHAQEEbzBtMC8GCCsGAQUFBzABhiNodHRwOi8v\nb2NzcC5yb290Y2ExLmFtYXpvbnRydXN0LmNvbTA6BggrBgEFBQcwAoYuaHR0cDov\nL2NydC5yb290Y2ExLmFtYXpvbnRydXN0LmNvbS9yb290Y2ExLmNlcjA/BgNVHR8E\nODA2MDSgMqAwhi5odHRwOi8vY3JsLnJvb3RjYTEuYW1hem9udHJ1c3QuY29tL3Jv\nb3RjYTEuY3JsMBMGA1UdIAQMMAowCAYGZ4EMAQIBMA0GCSqGSIb3DQEBCwUAA4IB\nAQAtTi6Fs0Azfi+iwm7jrz+CSxHH+uHl7Law3MQSXVtR8RV53PtR6r/6gNpqlzdo\nZq4FKbADi1v9Bun8RY8D51uedRfjsbeodizeBB8nXmeyD33Ep7VATj4ozcd31YFV\nfgRhvTSxNrrTlNpWkUk0m3BMPv8sg381HhA6uEYokE5q9uws/3YkKqRiEz3TsaWm\nJqIRZhMbgAfp7O7FUwFIb7UIspogZSKxPIWJpxiPo3TcBambbVtQOcNRWz5qCQdD\nslI2yayq0n2TXoHyNCLEH8rpsJRVILFsg0jc7BaFrMnF462+ajSehgj12IidNeRN\n4zl+EoNaWdpnWndvSpAEkq2P\n-----END CERTIFICATE-----\n",
                "is_ca": true,
                "issuer": "CN=Amazon Root CA 1,O=Amazon,C=US",
                "not_after": "2030-08-23T22:25:30Z",
                "not_before": "2022-08-23T22:25:30Z",
                "public_key_algorithm": "RSA",
                "serial_number": "166129353110899469622597955040406457904926625",
                "sha1_fingerprint": "414a2060b738c635cc7fc243e052615592830c53",
                "signature_algorithm": "SHA256-RSA",
                "subject": "CN=Amazon RSA 2048 M02,O=Amazon,C=US",
                "version": 3
              },
              {
                "cert_pem": "-----BEGIN CERTIFICATE-----\nMIIF5zCCBM+gAwIBAgIQBt5mSjSgAoagQzAhAu43UDANBgkqhkiG9w0BAQsFADA8\nMQswCQYDVQQGEwJVUzEPMA0GA1UEChMGQW1hem9uMRwwGgYDVQQDExNBbWF6b24g\nUlNBIDIwNDggTTAyMB4XDTI1MDQxNjAwMDAwMFoXDTI2MDMyNzIzNTk1OVowKTEn\nMCUGA1UEAwweKi5la3MuZXUtbm9ydGgtMS5hbWF6b25hd3MuY29tMIIBIjANBgkq\nhkiG9w0BAQEFAAOCAQ8AMIIBCgKCAQEAv10Daa6uVZnCikF6ZVvEu3piAzlzLfPO\nm2TqJCy5zDp9Xmdta3pBpGY+ywNRywCSXSQc49uPCCgtRrfzbDBV5rBnYOwcg5HT\nURuh8AlZ7ZpVhN7Iu5lASdVkt6eAQ3cfj1kSfNrw3VhQhHj6qeI4TE/6FjJyamoX\nMg/iOns4nASAZPWAUopamVqAczxxdesZtPnaVx81HeQiyGqDi8d2CbtZG3bg38sy\nVo8qhS96l0NrqKKOr1OriKCYdz+zLMqGulr3Vy16gMCPMQflTz0ulvkBKSqcazLR\nZgwKw6fbrx3BsATX4J0UE9yV3P/VhROvjI8TSsLvsIODQwKHXkJKNwIDAQABo4IC\n9jCCAvIwHwYDVR0jBBgwFoAUwDFSzVpQw4J8dHHOy+mc+XrrguIwHQYDVR0OBBYE\nFJc/1GpQQjEiXDgstfzIH2g5W7DCMCkGA1UdEQQiMCCCHiouZWtzLmV1LW5vcnRo\nLTEuYW1hem9uYXdzLmNvbTATBgNVHSAEDDAKMAgGBmeBDAECATAOBgNVHQ8BAf8E\nBAMCBaAwHQYDVR0lBBYwFAYIKwYBBQUHAwEGCCsGAQUFBwMCMDsGA1UdHwQ0MDIw\nMKAuoCyGKmh0dHA6Ly9jcmwucjJtMDIuYW1hem9udHJ1c3QuY29tL3IybTAyLmNy\nbDB1BggrBgEFBQcBAQRpMGcwLQYIKwYBBQUHMAGGIWh0dHA6Ly9vY3NwLnIybTAy\nLmFtYXpvbnRydXN0LmNvbTA2BggrBgEFBQcwAoYqaHR0cDovL2NydC5yMm0wMi5h\nbWF6b250cnVzdC5jb20vcjJtMDIuY2VyMAwGA1UdEwEB/wQCMAAwggF9BgorBgEE\nAdZ5AgQCBIIBbQSCAWkBZwB1AA5XlLzzrqk+MxssmQez95Dfm8I9cTIl3SGpJaxh\nxU4hAAABlkCsXFQAAAQDAEYwRAIgEKqafStnbxBzjctaabsj6q8MM5sj80mmG++b\nu6d4Q8cCIETJu83Yu6jOh5bQMHSSi+yg5FzxMHfhLtl29W4fzoh5AHUASZybad4d\nfOz8Nt7Nh2SmuFuvCoeAGdFVUvvp6ynd+MMAAAGWQKxcrwAABAMARjBEAiARIVlQ\nNoTlDYxKYViWm4p5QqUIF+wQ4WwDPCP/9TMX6QIgKqeFcmMpQlNSTbpzHLzcY3eH\nmZu9iVyqy1+8Po7SD24AdwDLOPcViXyEoURfW8Hd+8lu8ppZzUcKaQWFsMsUwxRY\n5wAAAZZArFycAAAEAwBIMEYCIQC91V3yttLyZEU3zbrMUZfWfz0jaUBIXbT/3ceY\nFu77IgIhAM4pl5kfbaizYPqRmq4ydkaM1LHSrGfNoPBymIq4rCRFMA0GCSqGSIb3\nDQEBCwUAA4IBAQCE7fm5fv/r5vIe6ekRKvvnzkRA9zEkSMlNqwzQibPipM/yllYG\nWwxDcE5k4RYugs/bheH8s0/F9hp9Tn8sMFk5+oGLS0y98eg4Una2Y1DA70jrnoEK\ndjr3fiQ7OACT0ZAvJPs3h5uEXTS4QIXdTBRX8agS+QEDHf5jT/J8ou7iQtTUzyHW\nRUekKGjw28vzm7ma1+BzxrrBA5Xk81Z4/O9S11TIc8d6HLvGuxuxkcM6lB6ePf2r\n9qRMqnurJXgku7hdDwHedOiOnp5Lf5Kh4HMiY+UW/4dtrD2TpM8/mQUjzmRqRrZh\nZFIjah1GFlLMnHwxolDibDjmZj38iJWOdp0s\n-----END CERTIFICATE-----\n",
                "is_ca": false,
                "issuer": "CN=Amazon RSA 2048 M02,O=Amazon,C=US",
                "not_after": "2026-03-27T23:59:59Z",
                "not_before": "2025-04-16T00:00:00Z",
                "public_key_algorithm": "RSA",
                "serial_number": "9130132562254486066893919734513678160",
                "sha1_fingerprint": "3c65c5f6bb96657afeeb155a92807e4d78f67735",
                "signature_algorithm": "SHA256-RSA",
                "subject": "CN=*.eks.eu-north-1.amazonaws.com",
                "version": 3
              }
            ],
            "content": null,
            "id": "b46b18b5406a22593d433ab3851b8b9db9f10cf3",
            "url": "https://oidc.eks.eu-north-1.amazonaws.com/id/C3FD7D82FEB99FFCFB43226371C86AAA",
            "verify_chain": true
          },
          "sensitive_attributes": [],
          "identity_schema_version": 0
        }
      ]
    },
    {
      "module": "module.prod_cluster.module.eks_cluster.module.eks",
      "mode": "managed",
      "type": "aws_cloudwatch_log_group",
      "name": "this",
      "provider": "provider[\"registry.terraform.io/hashicorp/aws\"]",
      "instances": [
        {
          "index_key": 0,
          "schema_version": 0,
          "attributes": {
            "arn": "arn:aws:logs:eu-north-1:610964304971:log-group:/aws/eks/devops-quiz-eks/cluster",
            "id": "/aws/eks/devops-quiz-eks/cluster",
            "kms_key_id": "",
            "log_group_class": "STANDARD",
            "name": "/aws/eks/devops-quiz-eks/cluster",
            "name_prefix": "",
            "retention_in_days": 90,
            "skip_destroy": false,
            "tags": {
              "ClusterName": "devops-quiz-eks",
              "Environment": "production",
              "ManagedBy": "Terraform",
              "Name": "/aws/eks/devops-quiz-eks/cluster",
              "Owner": "Liav",
              "Project": "Devops-Quiz"
            },
            "tags_all": {
              "ClusterName": "devops-quiz-eks",
              "Environment": "production",
              "ManagedBy": "Terraform",
              "Name": "/aws/eks/devops-quiz-eks/cluster",
              "Owner": "Liav",
              "Project": "Devops-Quiz"
            }
          },
          "sensitive_attributes": [],
          "identity_schema_version": 0,
          "private": "bnVsbA==",
          "create_before_destroy": true
        }
      ]
    },
    {
      "module": "module.prod_cluster.module.eks_cluster.module.eks",
      "mode": "managed",
      "type": "aws_ec2_tag",
      "name": "cluster_primary_security_group",
      "provider": "provider[\"registry.terraform.io/hashicorp/aws\"]",
      "instances": [
        {
          "index_key": "ClusterName",
          "schema_version": 0,
          "attributes": {
            "id": "sg-0d57b9e1a894c6eaf,ClusterName",
            "key": "ClusterName",
            "resource_id": "sg-0d57b9e1a894c6eaf",
            "value": "devops-quiz-eks"
          },
          "sensitive_attributes": [],
          "identity_schema_version": 0,
          "private": "bnVsbA==",
          "dependencies": [
            "module.prod_cluster.module.eks_cluster.module.eks.aws_cloudwatch_log_group.this",
            "module.prod_cluster.module.eks_cluster.module.eks.aws_eks_cluster.this",
            "module.prod_cluster.module.eks_cluster.module.eks.aws_iam_policy.cni_ipv6_policy",
            "module.prod_cluster.module.eks_cluster.module.eks.aws_iam_role.eks_auto",
            "module.prod_cluster.module.eks_cluster.module.eks.aws_iam_role.this",
            "module.prod_cluster.module.eks_cluster.module.eks.aws_iam_role_policy_attachment.this",
            "module.prod_cluster.module.eks_cluster.module.eks.aws_security_group.cluster",
            "module.prod_cluster.module.eks_cluster.module.eks.aws_security_group.node",
            "module.prod_cluster.module.eks_cluster.module.eks.aws_security_group_rule.cluster",
            "module.prod_cluster.module.eks_cluster.module.eks.aws_security_group_rule.node",
            "module.prod_cluster.module.eks_cluster.module.eks.data.aws_caller_identity.current",
            "module.prod_cluster.module.eks_cluster.module.eks.data.aws_iam_policy_document.assume_role_policy",
            "module.prod_cluster.module.eks_cluster.module.eks.data.aws_iam_policy_document.cni_ipv6_policy",
            "module.prod_cluster.module.eks_cluster.module.eks.data.aws_iam_policy_document.node_assume_role_policy",
            "module.prod_cluster.module.eks_cluster.module.eks.data.aws_iam_session_context.current",
            "module.prod_cluster.module.eks_cluster.module.eks.data.aws_partition.current",
            "module.prod_cluster.module.eks_cluster.module.eks.module.kms.aws_kms_external_key.this",
            "module.prod_cluster.module.eks_cluster.module.eks.module.kms.aws_kms_key.this",
            "module.prod_cluster.module.eks_cluster.module.eks.module.kms.aws_kms_replica_external_key.this",
            "module.prod_cluster.module.eks_cluster.module.eks.module.kms.aws_kms_replica_key.this",
            "module.prod_cluster.module.eks_cluster.module.eks.module.kms.data.aws_caller_identity.current",
            "module.prod_cluster.module.eks_cluster.module.eks.module.kms.data.aws_iam_policy_document.this",
            "module.prod_cluster.module.eks_cluster.module.eks.module.kms.data.aws_partition.current",
            "module.vpc.module.subnets.aws_subnet.private",
            "module.vpc.module.vpc_core.aws_vpc.main"
          ],
          "create_before_destroy": true
        },
        {
          "index_key": "Environment",
          "schema_version": 0,
          "attributes": {
            "id": "sg-0d57b9e1a894c6eaf,Environment",
            "key": "Environment",
            "resource_id": "sg-0d57b9e1a894c6eaf",
            "value": "production"
          },
          "sensitive_attributes": [],
          "identity_schema_version": 0,
          "private": "bnVsbA==",
          "dependencies": [
            "module.prod_cluster.module.eks_cluster.module.eks.aws_cloudwatch_log_group.this",
            "module.prod_cluster.module.eks_cluster.module.eks.aws_eks_cluster.this",
            "module.prod_cluster.module.eks_cluster.module.eks.aws_iam_policy.cni_ipv6_policy",
            "module.prod_cluster.module.eks_cluster.module.eks.aws_iam_role.eks_auto",
            "module.prod_cluster.module.eks_cluster.module.eks.aws_iam_role.this",
            "module.prod_cluster.module.eks_cluster.module.eks.aws_iam_role_policy_attachment.this",
            "module.prod_cluster.module.eks_cluster.module.eks.aws_security_group.cluster",
            "module.prod_cluster.module.eks_cluster.module.eks.aws_security_group.node",
            "module.prod_cluster.module.eks_cluster.module.eks.aws_security_group_rule.cluster",
            "module.prod_cluster.module.eks_cluster.module.eks.aws_security_group_rule.node",
            "module.prod_cluster.module.eks_cluster.module.eks.data.aws_caller_identity.current",
            "module.prod_cluster.module.eks_cluster.module.eks.data.aws_iam_policy_document.assume_role_policy",
            "module.prod_cluster.module.eks_cluster.module.eks.data.aws_iam_policy_document.cni_ipv6_policy",
            "module.prod_cluster.module.eks_cluster.module.eks.data.aws_iam_policy_document.node_assume_role_policy",
            "module.prod_cluster.module.eks_cluster.module.eks.data.aws_iam_session_context.current",
            "module.prod_cluster.module.eks_cluster.module.eks.data.aws_partition.current",
            "module.prod_cluster.module.eks_cluster.module.eks.module.kms.aws_kms_external_key.this",
            "module.prod_cluster.module.eks_cluster.module.eks.module.kms.aws_kms_key.this",
            "module.prod_cluster.module.eks_cluster.module.eks.module.kms.aws_kms_replica_external_key.this",
            "module.prod_cluster.module.eks_cluster.module.eks.module.kms.aws_kms_replica_key.this",
            "module.prod_cluster.module.eks_cluster.module.eks.module.kms.data.aws_caller_identity.current",
            "module.prod_cluster.module.eks_cluster.module.eks.module.kms.data.aws_iam_policy_document.this",
            "module.prod_cluster.module.eks_cluster.module.eks.module.kms.data.aws_partition.current",
            "module.vpc.module.subnets.aws_subnet.private",
            "module.vpc.module.vpc_core.aws_vpc.main"
          ],
          "create_before_destroy": true
        },
        {
          "index_key": "ManagedBy",
          "schema_version": 0,
          "attributes": {
            "id": "sg-0d57b9e1a894c6eaf,ManagedBy",
            "key": "ManagedBy",
            "resource_id": "sg-0d57b9e1a894c6eaf",
            "value": "Terraform"
          },
          "sensitive_attributes": [],
          "identity_schema_version": 0,
          "private": "bnVsbA==",
          "dependencies": [
            "module.prod_cluster.module.eks_cluster.module.eks.aws_cloudwatch_log_group.this",
            "module.prod_cluster.module.eks_cluster.module.eks.aws_eks_cluster.this",
            "module.prod_cluster.module.eks_cluster.module.eks.aws_iam_policy.cni_ipv6_policy",
            "module.prod_cluster.module.eks_cluster.module.eks.aws_iam_role.eks_auto",
            "module.prod_cluster.module.eks_cluster.module.eks.aws_iam_role.this",
            "module.prod_cluster.module.eks_cluster.module.eks.aws_iam_role_policy_attachment.this",
            "module.prod_cluster.module.eks_cluster.module.eks.aws_security_group.cluster",
            "module.prod_cluster.module.eks_cluster.module.eks.aws_security_group.node",
            "module.prod_cluster.module.eks_cluster.module.eks.aws_security_group_rule.cluster",
            "module.prod_cluster.module.eks_cluster.module.eks.aws_security_group_rule.node",
            "module.prod_cluster.module.eks_cluster.module.eks.data.aws_caller_identity.current",
            "module.prod_cluster.module.eks_cluster.module.eks.data.aws_iam_policy_document.assume_role_policy",
            "module.prod_cluster.module.eks_cluster.module.eks.data.aws_iam_policy_document.cni_ipv6_policy",
            "module.prod_cluster.module.eks_cluster.module.eks.data.aws_iam_policy_document.node_assume_role_policy",
            "module.prod_cluster.module.eks_cluster.module.eks.data.aws_iam_session_context.current",
            "module.prod_cluster.module.eks_cluster.module.eks.data.aws_partition.current",
            "module.prod_cluster.module.eks_cluster.module.eks.module.kms.aws_kms_external_key.this",
            "module.prod_cluster.module.eks_cluster.module.eks.module.kms.aws_kms_key.this",
            "module.prod_cluster.module.eks_cluster.module.eks.module.kms.aws_kms_replica_external_key.this",
            "module.prod_cluster.module.eks_cluster.module.eks.module.kms.aws_kms_replica_key.this",
            "module.prod_cluster.module.eks_cluster.module.eks.module.kms.data.aws_caller_identity.current",
            "module.prod_cluster.module.eks_cluster.module.eks.module.kms.data.aws_iam_policy_document.this",
            "module.prod_cluster.module.eks_cluster.module.eks.module.kms.data.aws_partition.current",
            "module.vpc.module.subnets.aws_subnet.private",
            "module.vpc.module.vpc_core.aws_vpc.main"
          ],
          "create_before_destroy": true
        },
        {
          "index_key": "Owner",
          "schema_version": 0,
          "attributes": {
            "id": "sg-0d57b9e1a894c6eaf,Owner",
            "key": "Owner",
            "resource_id": "sg-0d57b9e1a894c6eaf",
            "value": "Liav"
          },
          "sensitive_attributes": [],
          "identity_schema_version": 0,
          "private": "bnVsbA==",
          "dependencies": [
            "module.prod_cluster.module.eks_cluster.module.eks.aws_cloudwatch_log_group.this",
            "module.prod_cluster.module.eks_cluster.module.eks.aws_eks_cluster.this",
            "module.prod_cluster.module.eks_cluster.module.eks.aws_iam_policy.cni_ipv6_policy",
            "module.prod_cluster.module.eks_cluster.module.eks.aws_iam_role.eks_auto",
            "module.prod_cluster.module.eks_cluster.module.eks.aws_iam_role.this",
            "module.prod_cluster.module.eks_cluster.module.eks.aws_iam_role_policy_attachment.this",
            "module.prod_cluster.module.eks_cluster.module.eks.aws_security_group.cluster",
            "module.prod_cluster.module.eks_cluster.module.eks.aws_security_group.node",
            "module.prod_cluster.module.eks_cluster.module.eks.aws_security_group_rule.cluster",
            "module.prod_cluster.module.eks_cluster.module.eks.aws_security_group_rule.node",
            "module.prod_cluster.module.eks_cluster.module.eks.data.aws_caller_identity.current",
            "module.prod_cluster.module.eks_cluster.module.eks.data.aws_iam_policy_document.assume_role_policy",
            "module.prod_cluster.module.eks_cluster.module.eks.data.aws_iam_policy_document.cni_ipv6_policy",
            "module.prod_cluster.module.eks_cluster.module.eks.data.aws_iam_policy_document.node_assume_role_policy",
            "module.prod_cluster.module.eks_cluster.module.eks.data.aws_iam_session_context.current",
            "module.prod_cluster.module.eks_cluster.module.eks.data.aws_partition.current",
            "module.prod_cluster.module.eks_cluster.module.eks.module.kms.aws_kms_external_key.this",
            "module.prod_cluster.module.eks_cluster.module.eks.module.kms.aws_kms_key.this",
            "module.prod_cluster.module.eks_cluster.module.eks.module.kms.aws_kms_replica_external_key.this",
            "module.prod_cluster.module.eks_cluster.module.eks.module.kms.aws_kms_replica_key.this",
            "module.prod_cluster.module.eks_cluster.module.eks.module.kms.data.aws_caller_identity.current",
            "module.prod_cluster.module.eks_cluster.module.eks.module.kms.data.aws_iam_policy_document.this",
            "module.prod_cluster.module.eks_cluster.module.eks.module.kms.data.aws_partition.current",
            "module.vpc.module.subnets.aws_subnet.private",
            "module.vpc.module.vpc_core.aws_vpc.main"
          ],
          "create_before_destroy": true
        },
        {
          "index_key": "Project",
          "schema_version": 0,
          "attributes": {
            "id": "sg-0d57b9e1a894c6eaf,Project",
            "key": "Project",
            "resource_id": "sg-0d57b9e1a894c6eaf",
            "value": "Devops-Quiz"
          },
          "sensitive_attributes": [],
          "identity_schema_version": 0,
          "private": "bnVsbA==",
          "dependencies": [
            "module.prod_cluster.module.eks_cluster.module.eks.aws_cloudwatch_log_group.this",
            "module.prod_cluster.module.eks_cluster.module.eks.aws_eks_cluster.this",
            "module.prod_cluster.module.eks_cluster.module.eks.aws_iam_policy.cni_ipv6_policy",
            "module.prod_cluster.module.eks_cluster.module.eks.aws_iam_role.eks_auto",
            "module.prod_cluster.module.eks_cluster.module.eks.aws_iam_role.this",
            "module.prod_cluster.module.eks_cluster.module.eks.aws_iam_role_policy_attachment.this",
            "module.prod_cluster.module.eks_cluster.module.eks.aws_security_group.cluster",
            "module.prod_cluster.module.eks_cluster.module.eks.aws_security_group.node",
            "module.prod_cluster.module.eks_cluster.module.eks.aws_security_group_rule.cluster",
            "module.prod_cluster.module.eks_cluster.module.eks.aws_security_group_rule.node",
            "module.prod_cluster.module.eks_cluster.module.eks.data.aws_caller_identity.current",
            "module.prod_cluster.module.eks_cluster.module.eks.data.aws_iam_policy_document.assume_role_policy",
            "module.prod_cluster.module.eks_cluster.module.eks.data.aws_iam_policy_document.cni_ipv6_policy",
            "module.prod_cluster.module.eks_cluster.module.eks.data.aws_iam_policy_document.node_assume_role_policy",
            "module.prod_cluster.module.eks_cluster.module.eks.data.aws_iam_session_context.current",
            "module.prod_cluster.module.eks_cluster.module.eks.data.aws_partition.current",
            "module.prod_cluster.module.eks_cluster.module.eks.module.kms.aws_kms_external_key.this",
            "module.prod_cluster.module.eks_cluster.module.eks.module.kms.aws_kms_key.this",
            "module.prod_cluster.module.eks_cluster.module.eks.module.kms.aws_kms_replica_external_key.this",
            "module.prod_cluster.module.eks_cluster.module.eks.module.kms.aws_kms_replica_key.this",
            "module.prod_cluster.module.eks_cluster.module.eks.module.kms.data.aws_caller_identity.current",
            "module.prod_cluster.module.eks_cluster.module.eks.module.kms.data.aws_iam_policy_document.this",
            "module.prod_cluster.module.eks_cluster.module.eks.module.kms.data.aws_partition.current",
            "module.vpc.module.subnets.aws_subnet.private",
            "module.vpc.module.vpc_core.aws_vpc.main"
          ],
          "create_before_destroy": true
        }
      ]
    },
    {
      "module": "module.prod_cluster.module.eks_cluster.module.eks",
      "mode": "managed",
      "type": "aws_eks_access_entry",
      "name": "this",
      "provider": "provider[\"registry.terraform.io/hashicorp/aws\"]",
      "instances": [
        {
          "index_key": "root_user",
          "schema_version": 0,
          "attributes": {
            "access_entry_arn": "arn:aws:eks:eu-north-1:610964304971:access-entry/devops-quiz-eks/root/610964304971//5ecd3963-c1a6-76bf-4c00-c27e05fa6543",
            "cluster_name": "devops-quiz-eks",
            "created_at": "2025-11-11T11:57:49Z",
            "id": "devops-quiz-eks:arn:aws:iam::610964304971:root",
            "kubernetes_groups": [],
            "modified_at": "2025-11-11T11:57:49Z",
            "principal_arn": "arn:aws:iam::610964304971:root",
            "tags": {
              "ClusterName": "devops-quiz-eks",
              "Environment": "production",
              "ManagedBy": "Terraform",
              "Owner": "Liav",
              "Project": "Devops-Quiz"
            },
            "tags_all": {
              "ClusterName": "devops-quiz-eks",
              "Environment": "production",
              "ManagedBy": "Terraform",
              "Owner": "Liav",
              "Project": "Devops-Quiz"
            },
            "timeouts": null,
            "type": "STANDARD",
            "user_name": "arn:aws:iam::610964304971:root"
          },
          "sensitive_attributes": [],
          "identity_schema_version": 0,
          "private": "eyJlMmJmYjczMC1lY2FhLTExZTYtOGY4OC0zNDM2M2JjN2M0YzAiOnsiY3JlYXRlIjo2MDAwMDAwMDAwMDAsImRlbGV0ZSI6NjAwMDAwMDAwMDAwfX0=",
          "dependencies": [
            "module.prod_cluster.module.eks_cluster.data.aws_caller_identity.current",
            "module.prod_cluster.module.eks_cluster.module.eks.aws_cloudwatch_log_group.this",
            "module.prod_cluster.module.eks_cluster.module.eks.aws_eks_cluster.this",
            "module.prod_cluster.module.eks_cluster.module.eks.aws_iam_policy.cni_ipv6_policy",
            "module.prod_cluster.module.eks_cluster.module.eks.aws_iam_role.eks_auto",
            "module.prod_cluster.module.eks_cluster.module.eks.aws_iam_role.this",
            "module.prod_cluster.module.eks_cluster.module.eks.aws_iam_role_policy_attachment.this",
            "module.prod_cluster.module.eks_cluster.module.eks.aws_security_group.cluster",
            "module.prod_cluster.module.eks_cluster.module.eks.aws_security_group.node",
            "module.prod_cluster.module.eks_cluster.module.eks.aws_security_group_rule.cluster",
            "module.prod_cluster.module.eks_cluster.module.eks.aws_security_group_rule.node",
            "module.prod_cluster.module.eks_cluster.module.eks.data.aws_caller_identity.current",
            "module.prod_cluster.module.eks_cluster.module.eks.data.aws_iam_policy_document.assume_role_policy",
            "module.prod_cluster.module.eks_cluster.module.eks.data.aws_iam_policy_document.cni_ipv6_policy",
            "module.prod_cluster.module.eks_cluster.module.eks.data.aws_iam_policy_document.node_assume_role_policy",
            "module.prod_cluster.module.eks_cluster.module.eks.data.aws_iam_session_context.current",
            "module.prod_cluster.module.eks_cluster.module.eks.data.aws_partition.current",
            "module.prod_cluster.module.eks_cluster.module.eks.module.kms.aws_kms_external_key.this",
            "module.prod_cluster.module.eks_cluster.module.eks.module.kms.aws_kms_key.this",
            "module.prod_cluster.module.eks_cluster.module.eks.module.kms.aws_kms_replica_external_key.this",
            "module.prod_cluster.module.eks_cluster.module.eks.module.kms.aws_kms_replica_key.this",
            "module.prod_cluster.module.eks_cluster.module.eks.module.kms.data.aws_caller_identity.current",
            "module.prod_cluster.module.eks_cluster.module.eks.module.kms.data.aws_iam_policy_document.this",
            "module.prod_cluster.module.eks_cluster.module.eks.module.kms.data.aws_partition.current",
            "module.vpc.module.subnets.aws_subnet.private",
            "module.vpc.module.vpc_core.aws_vpc.main"
          ],
          "create_before_destroy": true
        }
      ]
    },
    {
      "module": "module.prod_cluster.module.eks_cluster.module.eks",
      "mode": "managed",
      "type": "aws_eks_access_policy_association",
      "name": "this",
      "provider": "provider[\"registry.terraform.io/hashicorp/aws\"]",
      "instances": [
        {
          "index_key": "root_user_admin",
          "schema_version": 0,
          "attributes": {
            "access_scope": [
              {
                "namespaces": [],
                "type": "cluster"
              }
            ],
            "associated_at": "2025-11-11 11:57:50.384 +0000 UTC",
            "cluster_name": "devops-quiz-eks",
            "id": "devops-quiz-eks#arn:aws:iam::610964304971:root#arn:aws:eks::aws:cluster-access-policy/AmazonEKSClusterAdminPolicy",
            "modified_at": "2025-11-11 11:57:50.384 +0000 UTC",
            "policy_arn": "arn:aws:eks::aws:cluster-access-policy/AmazonEKSClusterAdminPolicy",
            "principal_arn": "arn:aws:iam::610964304971:root",
            "timeouts": null
          },
          "sensitive_attributes": [],
          "identity_schema_version": 0,
          "private": "eyJlMmJmYjczMC1lY2FhLTExZTYtOGY4OC0zNDM2M2JjN2M0YzAiOnsiY3JlYXRlIjo2MDAwMDAwMDAwMDAsImRlbGV0ZSI6NjAwMDAwMDAwMDAwfX0=",
          "dependencies": [
            "module.prod_cluster.module.eks_cluster.data.aws_caller_identity.current",
            "module.prod_cluster.module.eks_cluster.module.eks.aws_cloudwatch_log_group.this",
            "module.prod_cluster.module.eks_cluster.module.eks.aws_eks_access_entry.this",
            "module.prod_cluster.module.eks_cluster.module.eks.aws_eks_cluster.this",
            "module.prod_cluster.module.eks_cluster.module.eks.aws_iam_policy.cni_ipv6_policy",
            "module.prod_cluster.module.eks_cluster.module.eks.aws_iam_role.eks_auto",
            "module.prod_cluster.module.eks_cluster.module.eks.aws_iam_role.this",
            "module.prod_cluster.module.eks_cluster.module.eks.aws_iam_role_policy_attachment.this",
            "module.prod_cluster.module.eks_cluster.module.eks.aws_security_group.cluster",
            "module.prod_cluster.module.eks_cluster.module.eks.aws_security_group.node",
            "module.prod_cluster.module.eks_cluster.module.eks.aws_security_group_rule.cluster",
            "module.prod_cluster.module.eks_cluster.module.eks.aws_security_group_rule.node",
            "module.prod_cluster.module.eks_cluster.module.eks.data.aws_caller_identity.current",
            "module.prod_cluster.module.eks_cluster.module.eks.data.aws_iam_policy_document.assume_role_policy",
            "module.prod_cluster.module.eks_cluster.module.eks.data.aws_iam_policy_document.cni_ipv6_policy",
            "module.prod_cluster.module.eks_cluster.module.eks.data.aws_iam_policy_document.node_assume_role_policy",
            "module.prod_cluster.module.eks_cluster.module.eks.data.aws_iam_session_context.current",
            "module.prod_cluster.module.eks_cluster.module.eks.data.aws_partition.current",
            "module.prod_cluster.module.eks_cluster.module.eks.module.kms.aws_kms_external_key.this",
            "module.prod_cluster.module.eks_cluster.module.eks.module.kms.aws_kms_key.this",
            "module.prod_cluster.module.eks_cluster.module.eks.module.kms.aws_kms_replica_external_key.this",
            "module.prod_cluster.module.eks_cluster.module.eks.module.kms.aws_kms_replica_key.this",
            "module.prod_cluster.module.eks_cluster.module.eks.module.kms.data.aws_caller_identity.current",
            "module.prod_cluster.module.eks_cluster.module.eks.module.kms.data.aws_iam_policy_document.this",
            "module.prod_cluster.module.eks_cluster.module.eks.module.kms.data.aws_partition.current",
            "module.vpc.module.subnets.aws_subnet.private",
            "module.vpc.module.vpc_core.aws_vpc.main"
          ],
          "create_before_destroy": true
        }
      ]
    },
    {
      "module": "module.prod_cluster.module.eks_cluster.module.eks",
      "mode": "managed",
      "type": "aws_eks_addon",
      "name": "before_compute",
      "provider": "provider[\"registry.terraform.io/hashicorp/aws\"]",
      "instances": []
    },
    {
      "module": "module.prod_cluster.module.eks_cluster.module.eks",
      "mode": "managed",
      "type": "aws_eks_addon",
      "name": "this",
      "provider": "provider[\"registry.terraform.io/hashicorp/aws\"]",
      "instances": []
    },
    {
      "module": "module.prod_cluster.module.eks_cluster.module.eks",
      "mode": "managed",
      "type": "aws_eks_cluster",
      "name": "this",
      "provider": "provider[\"registry.terraform.io/hashicorp/aws\"]",
      "instances": [
        {
          "index_key": 0,
          "schema_version": 1,
          "attributes": {
            "access_config": [
              {
                "authentication_mode": "API_AND_CONFIG_MAP",
                "bootstrap_cluster_creator_admin_permissions": false
              }
            ],
            "arn": "arn:aws:eks:eu-north-1:610964304971:cluster/devops-quiz-eks",
            "bootstrap_self_managed_addons": true,
            "certificate_authority": [
              {
                "data": "LS0tLS1CRUdJTiBDRVJUSUZJQ0FURS0tLS0tCk1JSURCVENDQWUyZ0F3SUJBZ0lJTUVML0VSWU1KVGd3RFFZSktvWklodmNOQVFFTEJRQXdGVEVUTUJFR0ExVUUKQXhNS2EzVmlaWEp1WlhSbGN6QWVGdzB5TlRFeE1URXhNVFEzTlROYUZ3MHpOVEV4TURreE1UVXlOVE5hTUJVeApFekFSQmdOVkJBTVRDbXQxWW1WeWJtVjBaWE13Z2dFaU1BMEdDU3FHU0liM0RRRUJBUVVBQTRJQkR3QXdnZ0VLCkFvSUJBUUQ3UUNnR1NiNWJlMVk2ZFp2b3R0QmNvb0FhYmdoSld4UFkyWGRmclB0N0xTK2xPVUVVa3huNzNnRHUKa003QWhTdS9RZFJNVWxEOUdZV0pHRGVqejNseXYyME8vOUdsS2NDNTg2TEVJUWwyeW40WVluRXNOZEE5Q1lBSgo1azZ0RE82Vm9iOHFMeGtpUW94OGxrRnZYTC9IUEVaYXZFbjdiVEx4MkZVUE56Y3d6bUcvWXVJNjVLQ1F6MUMzCmJzZ2hxNldQSVkrL3p3dVVqKzZ4c3B1cHZVYnhubVpFekpGaVhmcWxmTzNzMEo0ZEU5NE5OQkVGUWlMcmZITWYKalJxbjZKdXhXSDBrT3hKSTNEb3hYQ3VuN2tDQ1JGMXgzNzlzLzJwOFNwNG9wMXB2aDZaS0pTT2FhazlkTHZycgo0TFo2ZnpJRkIzeWRHVkRhTmJRVGFDbExaZnFuQWdNQkFBR2pXVEJYTUE0R0ExVWREd0VCL3dRRUF3SUNwREFQCkJnTlZIUk1CQWY4RUJUQURBUUgvTUIwR0ExVWREZ1FXQkJSdmFnRXBpU3BSZnFMUnBpaU1pQkxSNC8xM3BUQVYKQmdOVkhSRUVEakFNZ2dwcmRXSmxjbTVsZEdWek1BMEdDU3FHU0liM0RRRUJDd1VBQTRJQkFRQ2tnekQ1VXpLagpxK28xSG5tSFZBQVZ4OUVVM1dqTU9HbnVMcEFUalR4TldMSS9wRFpVZlRQK3AxSWtlUmVTR0hOZUFUL05LbUMxCm56MVVZOWtaZkorRXZtTmp2Ykk1eVlQMHgzUURWTUM4d1lZTndkR1VGRzI5cWcwRGU3emJRZHFvb1kxbE1MbGcKUms0WDhyU1ZiR2ZEZ2tZYXEzay9DbW5kVC83QUdTTWRiRFkwK0E4OUhaUDVEOFBVUFVlL2xQK1B2VHlhR1pVTApCMW1Yd1p6TTNGcFBZdFlTUzFQKzY0anorM1ZKVXJMdkkwT2diUnpxOHEwLzVPU1NkdFNDeWJ0Y0h6dXBmZkxXCmZocytDSm52cjU4VnhuVlhEWWdCU3cweFhFSGdLY3FJV0UzTVVFZFljd0VvazhhcU93Nk1ycmRyV0lTSVB4ZGYKMGE1UVRvNkxIbVIxCi0tLS0tRU5EIENFUlRJRklDQVRFLS0tLS0K"
              }
            ],
            "cluster_id": null,
            "compute_config": [],
            "created_at": "2025-11-11T11:46:58Z",
            "enabled_cluster_log_types": [
              "api",
              "audit",
              "authenticator"
            ],
            "encryption_config": [
              {
                "provider": [
                  {
                    "key_arn": "arn:aws:kms:eu-north-1:610964304971:key/e2dd86c5-38ee-479f-89b6-3d451203db03"
                  }
                ],
                "resources": [
                  "secrets"
                ]
              }
            ],
            "endpoint": "https://C3FD7D82FEB99FFCFB43226371C86AAA.gr7.eu-north-1.eks.amazonaws.com",
            "force_update_version": null,
            "id": "devops-quiz-eks",
            "identity": [
              {
                "oidc": [
                  {
                    "issuer": "https://oidc.eks.eu-north-1.amazonaws.com/id/C3FD7D82FEB99FFCFB43226371C86AAA"
                  }
                ]
              }
            ],
            "kubernetes_network_config": [
              {
                "elastic_load_balancing": [
                  {
                    "enabled": false
                  }
                ],
                "ip_family": "ipv4",
                "service_ipv4_cidr": "172.20.0.0/16",
                "service_ipv6_cidr": ""
              }
            ],
            "name": "devops-quiz-eks",
            "outpost_config": [],
            "platform_version": "eks.44",
            "remote_network_config": [],
            "role_arn": "arn:aws:iam::610964304971:role/devops-quiz-eks-cluster-20251111114625349500000002",
            "status": "ACTIVE",
            "storage_config": [],
            "tags": {
              "ClusterName": "devops-quiz-eks",
              "Environment": "production",
              "ManagedBy": "Terraform",
              "Owner": "Liav",
              "Project": "Devops-Quiz",
              "terraform-aws-modules": "eks"
            },
            "tags_all": {
              "ClusterName": "devops-quiz-eks",
              "Environment": "production",
              "ManagedBy": "Terraform",
              "Owner": "Liav",
              "Project": "Devops-Quiz",
              "terraform-aws-modules": "eks"
            },
            "timeouts": {
              "create": null,
              "delete": null,
              "update": null
            },
            "upgrade_policy": [
              {
                "support_type": "EXTENDED"
              }
            ],
            "version": "1.31",
            "vpc_config": [
              {
                "cluster_security_group_id": "sg-0d57b9e1a894c6eaf",
                "endpoint_private_access": true,
                "endpoint_public_access": true,
                "public_access_cidrs": [
                  "0.0.0.0/0"
                ],
                "security_group_ids": [
                  "sg-0fd0237edb783849e"
                ],
                "subnet_ids": [
                  "subnet-08eaeacff5eb95b1f",
                  "subnet-09a4843c98a8dcb8e"
                ],
                "vpc_id": "vpc-08d3d5be591726bdb"
              }
            ],
            "zonal_shift_config": []
          },
          "sensitive_attributes": [],
          "identity_schema_version": 0,
          "private": "eyJlMmJmYjczMC1lY2FhLTExZTYtOGY4OC0zNDM2M2JjN2M0YzAiOnsiY3JlYXRlIjoxODAwMDAwMDAwMDAwLCJkZWxldGUiOjkwMDAwMDAwMDAwMCwidXBkYXRlIjozNjAwMDAwMDAwMDAwfSwic2NoZW1hX3ZlcnNpb24iOiIxIn0=",
          "dependencies": [
            "module.prod_cluster.module.eks_cluster.module.eks.aws_cloudwatch_log_group.this",
            "module.prod_cluster.module.eks_cluster.module.eks.aws_iam_policy.cni_ipv6_policy",
            "module.prod_cluster.module.eks_cluster.module.eks.aws_iam_role.eks_auto",
            "module.prod_cluster.module.eks_cluster.module.eks.aws_iam_role.this",
            "module.prod_cluster.module.eks_cluster.module.eks.aws_iam_role_policy_attachment.this",
            "module.prod_cluster.module.eks_cluster.module.eks.aws_security_group.cluster",
            "module.prod_cluster.module.eks_cluster.module.eks.aws_security_group.node",
            "module.prod_cluster.module.eks_cluster.module.eks.aws_security_group_rule.cluster",
            "module.prod_cluster.module.eks_cluster.module.eks.aws_security_group_rule.node",
            "module.prod_cluster.module.eks_cluster.module.eks.data.aws_caller_identity.current",
            "module.prod_cluster.module.eks_cluster.module.eks.data.aws_iam_policy_document.assume_role_policy",
            "module.prod_cluster.module.eks_cluster.module.eks.data.aws_iam_policy_document.cni_ipv6_policy",
            "module.prod_cluster.module.eks_cluster.module.eks.data.aws_iam_policy_document.node_assume_role_policy",
            "module.prod_cluster.module.eks_cluster.module.eks.data.aws_iam_session_context.current",
            "module.prod_cluster.module.eks_cluster.module.eks.data.aws_partition.current",
            "module.prod_cluster.module.eks_cluster.module.eks.module.kms.aws_kms_external_key.this",
            "module.prod_cluster.module.eks_cluster.module.eks.module.kms.aws_kms_key.this",
            "module.prod_cluster.module.eks_cluster.module.eks.module.kms.aws_kms_replica_external_key.this",
            "module.prod_cluster.module.eks_cluster.module.eks.module.kms.aws_kms_replica_key.this",
            "module.prod_cluster.module.eks_cluster.module.eks.module.kms.data.aws_caller_identity.current",
            "module.prod_cluster.module.eks_cluster.module.eks.module.kms.data.aws_iam_policy_document.this",
            "module.prod_cluster.module.eks_cluster.module.eks.module.kms.data.aws_partition.current",
            "module.vpc.module.subnets.aws_subnet.private",
            "module.vpc.module.vpc_core.aws_vpc.main"
          ],
          "create_before_destroy": true
        }
      ]
    },
    {
      "module": "module.prod_cluster.module.eks_cluster.module.eks",
      "mode": "managed",
      "type": "aws_eks_identity_provider_config",
      "name": "this",
      "provider": "provider[\"registry.terraform.io/hashicorp/aws\"]",
      "instances": []
    },
    {
      "module": "module.prod_cluster.module.eks_cluster.module.eks",
      "mode": "managed",
      "type": "aws_iam_openid_connect_provider",
      "name": "oidc_provider",
      "provider": "provider[\"registry.terraform.io/hashicorp/aws\"]",
      "instances": [
        {
          "index_key": 0,
          "schema_version": 0,
          "attributes": {
            "arn": "arn:aws:iam::610964304971:oidc-provider/oidc.eks.eu-north-1.amazonaws.com/id/C3FD7D82FEB99FFCFB43226371C86AAA",
            "client_id_list": [
              "sts.amazonaws.com"
            ],
            "id": "arn:aws:iam::610964304971:oidc-provider/oidc.eks.eu-north-1.amazonaws.com/id/C3FD7D82FEB99FFCFB43226371C86AAA",
            "tags": {
              "ClusterName": "devops-quiz-eks",
              "Environment": "production",
              "ManagedBy": "Terraform",
              "Name": "devops-quiz-eks-eks-irsa",
              "Owner": "Liav",
              "Project": "Devops-Quiz"
            },
            "tags_all": {
              "ClusterName": "devops-quiz-eks",
              "Environment": "production",
              "ManagedBy": "Terraform",
              "Name": "devops-quiz-eks-eks-irsa",
              "Owner": "Liav",
              "Project": "Devops-Quiz"
            },
            "thumbprint_list": [
              "06b25927c42a721631c1efd9431e648fa62e1e39"
            ],
            "url": "oidc.eks.eu-north-1.amazonaws.com/id/C3FD7D82FEB99FFCFB43226371C86AAA"
          },
          "sensitive_attributes": [],
          "identity_schema_version": 0,
          "private": "bnVsbA==",
          "dependencies": [
            "module.prod_cluster.module.eks_cluster.module.eks.aws_cloudwatch_log_group.this",
            "module.prod_cluster.module.eks_cluster.module.eks.aws_eks_cluster.this",
            "module.prod_cluster.module.eks_cluster.module.eks.aws_iam_policy.cni_ipv6_policy",
            "module.prod_cluster.module.eks_cluster.module.eks.aws_iam_role.eks_auto",
            "module.prod_cluster.module.eks_cluster.module.eks.aws_iam_role.this",
            "module.prod_cluster.module.eks_cluster.module.eks.aws_iam_role_policy_attachment.this",
            "module.prod_cluster.module.eks_cluster.module.eks.aws_security_group.cluster",
            "module.prod_cluster.module.eks_cluster.module.eks.aws_security_group.node",
            "module.prod_cluster.module.eks_cluster.module.eks.aws_security_group_rule.cluster",
            "module.prod_cluster.module.eks_cluster.module.eks.aws_security_group_rule.node",
            "module.prod_cluster.module.eks_cluster.module.eks.data.aws_caller_identity.current",
            "module.prod_cluster.module.eks_cluster.module.eks.data.aws_iam_policy_document.assume_role_policy",
            "module.prod_cluster.module.eks_cluster.module.eks.data.aws_iam_policy_document.cni_ipv6_policy",
            "module.prod_cluster.module.eks_cluster.module.eks.data.aws_iam_policy_document.node_assume_role_policy",
            "module.prod_cluster.module.eks_cluster.module.eks.data.aws_iam_session_context.current",
            "module.prod_cluster.module.eks_cluster.module.eks.data.aws_partition.current",
            "module.prod_cluster.module.eks_cluster.module.eks.data.tls_certificate.this",
            "module.prod_cluster.module.eks_cluster.module.eks.module.kms.aws_kms_external_key.this",
            "module.prod_cluster.module.eks_cluster.module.eks.module.kms.aws_kms_key.this",
            "module.prod_cluster.module.eks_cluster.module.eks.module.kms.aws_kms_replica_external_key.this",
            "module.prod_cluster.module.eks_cluster.module.eks.module.kms.aws_kms_replica_key.this",
            "module.prod_cluster.module.eks_cluster.module.eks.module.kms.data.aws_caller_identity.current",
            "module.prod_cluster.module.eks_cluster.module.eks.module.kms.data.aws_iam_policy_document.this",
            "module.prod_cluster.module.eks_cluster.module.eks.module.kms.data.aws_partition.current",
            "module.vpc.module.subnets.aws_subnet.private",
            "module.vpc.module.vpc_core.aws_vpc.main"
          ],
          "create_before_destroy": true
        }
      ]
    },
    {
      "module": "module.prod_cluster.module.eks_cluster.module.eks",
      "mode": "managed",
      "type": "aws_iam_policy",
      "name": "cluster_encryption",
      "provider": "provider[\"registry.terraform.io/hashicorp/aws\"]",
      "instances": [
        {
          "index_key": 0,
          "schema_version": 0,
          "attributes": {
            "arn": "arn:aws:iam::610964304971:policy/devops-quiz-eks-cluster-ClusterEncryption2025111111465339520000000f",
            "attachment_count": 1,
            "description": "Cluster encryption policy to allow cluster role to utilize CMK provided",
            "id": "arn:aws:iam::610964304971:policy/devops-quiz-eks-cluster-ClusterEncryption2025111111465339520000000f",
            "name": "devops-quiz-eks-cluster-ClusterEncryption2025111111465339520000000f",
            "name_prefix": "devops-quiz-eks-cluster-ClusterEncryption",
            "path": "/",
            "policy": "{\"Statement\":[{\"Action\":[\"kms:Encrypt\",\"kms:Decrypt\",\"kms:ListGrants\",\"kms:DescribeKey\"],\"Effect\":\"Allow\",\"Resource\":\"arn:aws:kms:eu-north-1:610964304971:key/e2dd86c5-38ee-479f-89b6-3d451203db03\"}],\"Version\":\"2012-10-17\"}",
            "policy_id": "ANPAY4QCPORFQ644VUH36",
            "tags": {
              "ClusterName": "devops-quiz-eks",
              "Environment": "production",
              "ManagedBy": "Terraform",
              "Owner": "Liav",
              "Project": "Devops-Quiz"
            },
            "tags_all": {
              "ClusterName": "devops-quiz-eks",
              "Environment": "production",
              "ManagedBy": "Terraform",
              "Owner": "Liav",
              "Project": "Devops-Quiz"
            }
          },
          "sensitive_attributes": [],
          "identity_schema_version": 0,
          "private": "bnVsbA==",
          "dependencies": [
            "module.prod_cluster.module.eks_cluster.module.eks.aws_iam_role.this",
            "module.prod_cluster.module.eks_cluster.module.eks.data.aws_caller_identity.current",
            "module.prod_cluster.module.eks_cluster.module.eks.data.aws_iam_policy_document.assume_role_policy",
            "module.prod_cluster.module.eks_cluster.module.eks.data.aws_iam_session_context.current",
            "module.prod_cluster.module.eks_cluster.module.eks.module.kms.aws_kms_external_key.this",
            "module.prod_cluster.module.eks_cluster.module.eks.module.kms.aws_kms_key.this",
            "module.prod_cluster.module.eks_cluster.module.eks.module.kms.aws_kms_replica_external_key.this",
            "module.prod_cluster.module.eks_cluster.module.eks.module.kms.aws_kms_replica_key.this",
            "module.prod_cluster.module.eks_cluster.module.eks.module.kms.data.aws_caller_identity.current",
            "module.prod_cluster.module.eks_cluster.module.eks.module.kms.data.aws_iam_policy_document.this",
            "module.prod_cluster.module.eks_cluster.module.eks.module.kms.data.aws_partition.current"
          ],
          "create_before_destroy": true
        }
      ]
    },
    {
      "module": "module.prod_cluster.module.eks_cluster.module.eks",
      "mode": "managed",
      "type": "aws_iam_policy",
      "name": "cni_ipv6_policy",
      "provider": "provider[\"registry.terraform.io/hashicorp/aws\"]",
      "instances": []
    },
    {
      "module": "module.prod_cluster.module.eks_cluster.module.eks",
      "mode": "managed",
      "type": "aws_iam_policy",
      "name": "custom",
      "provider": "provider[\"registry.terraform.io/hashicorp/aws\"]",
      "instances": [
        {
          "index_key": 0,
          "schema_version": 0,
          "attributes": {
            "arn": "arn:aws:iam::610964304971:policy/devops-quiz-eks-cluster-20251111114625349200000001",
            "attachment_count": 1,
            "description": "",
            "id": "arn:aws:iam::610964304971:policy/devops-quiz-eks-cluster-20251111114625349200000001",
            "name": "devops-quiz-eks-cluster-20251111114625349200000001",
            "name_prefix": "devops-quiz-eks-cluster-",
            "path": "/",
            "policy": "{\"Statement\":[{\"Action\":[\"ec2:RunInstances\",\"ec2:CreateLaunchTemplate\",\"ec2:CreateFleet\"],\"Condition\":{\"StringEquals\":{\"aws:RequestTag/eks:eks-cluster-name\":\"${aws:PrincipalTag/eks:eks-cluster-name}\"},\"StringLike\":{\"aws:RequestTag/eks:kubernetes-node-class-name\":\"*\",\"aws:RequestTag/eks:kubernetes-node-pool-name\":\"*\"}},\"Effect\":\"Allow\",\"Resource\":\"*\",\"Sid\":\"Compute\"},{\"Action\":[\"ec2:CreateVolume\",\"ec2:CreateSnapshot\"],\"Condition\":{\"StringEquals\":{\"aws:RequestTag/eks:eks-cluster-name\":\"${aws:PrincipalTag/eks:eks-cluster-name}\"}},\"Effect\":\"Allow\",\"Resource\":[\"arn:aws:ec2:*:*:volume/*\",\"arn:aws:ec2:*:*:snapshot/*\"],\"Sid\":\"Storage\"},{\"Action\":\"ec2:CreateNetworkInterface\",\"Condition\":{\"StringEquals\":{\"aws:RequestTag/eks:eks-cluster-name\":\"${aws:PrincipalTag/eks:eks-cluster-name}\",\"aws:RequestTag/eks:kubernetes-cni-node-name\":\"*\"}},\"Effect\":\"Allow\",\"Resource\":\"*\",\"Sid\":\"Networking\"},{\"Action\":[\"elasticloadbalancing:CreateTargetGroup\",\"elasticloadbalancing:CreateRule\",\"elasticloadbalancing:CreateLoadBalancer\",\"elasticloadbalancing:CreateListener\",\"ec2:CreateSecurityGroup\"],\"Condition\":{\"StringEquals\":{\"aws:RequestTag/eks:eks-cluster-name\":\"${aws:PrincipalTag/eks:eks-cluster-name}\"}},\"Effect\":\"Allow\",\"Resource\":\"*\",\"Sid\":\"LoadBalancer\"},{\"Action\":\"shield:CreateProtection\",\"Condition\":{\"StringEquals\":{\"aws:RequestTag/eks:eks-cluster-name\":\"${aws:PrincipalTag/eks:eks-cluster-name}\"}},\"Effect\":\"Allow\",\"Resource\":\"*\",\"Sid\":\"ShieldProtection\"},{\"Action\":\"shield:TagResource\",\"Condition\":{\"StringEquals\":{\"aws:RequestTag/eks:eks-cluster-name\":\"${aws:PrincipalTag/eks:eks-cluster-name}\"}},\"Effect\":\"Allow\",\"Resource\":\"arn:aws:shield::*:protection/*\",\"Sid\":\"ShieldTagResource\"}],\"Version\":\"2012-10-17\"}",
            "policy_id": "ANPAY4QCPORF4U2HPBNAL",
            "tags": {
              "ClusterName": "devops-quiz-eks",
              "Environment": "production",
              "ManagedBy": "Terraform",
              "Owner": "Liav",
              "Project": "Devops-Quiz"
            },
            "tags_all": {
              "ClusterName": "devops-quiz-eks",
              "Environment": "production",
              "ManagedBy": "Terraform",
              "Owner": "Liav",
              "Project": "Devops-Quiz"
            }
          },
          "sensitive_attributes": [],
          "identity_schema_version": 0,
          "private": "bnVsbA==",
          "dependencies": [
            "module.prod_cluster.module.eks_cluster.module.eks.data.aws_iam_policy_document.custom",
            "module.prod_cluster.module.eks_cluster.module.eks.data.aws_partition.current"
          ],
          "create_before_destroy": true
        }
      ]
    },
    {
      "module": "module.prod_cluster.module.eks_cluster.module.eks",
      "mode": "managed",
      "type": "aws_iam_role",
      "name": "eks_auto",
      "provider": "provider[\"registry.terraform.io/hashicorp/aws\"]",
      "instances": []
    },
    {
      "module": "module.prod_cluster.module.eks_cluster.module.eks",
      "mode": "managed",
      "type": "aws_iam_role",
      "name": "this",
      "provider": "provider[\"registry.terraform.io/hashicorp/aws\"]",
      "instances": [
        {
          "index_key": 0,
          "schema_version": 0,
          "attributes": {
            "arn": "arn:aws:iam::610964304971:role/devops-quiz-eks-cluster-20251111114625349500000002",
            "assume_role_policy": "{\"Statement\":[{\"Action\":[\"sts:TagSession\",\"sts:AssumeRole\"],\"Effect\":\"Allow\",\"Principal\":{\"Service\":\"eks.amazonaws.com\"},\"Sid\":\"EKSClusterAssumeRole\"}],\"Version\":\"2012-10-17\"}",
            "create_date": "2025-11-11T11:46:26Z",
            "description": "",
            "force_detach_policies": true,
            "id": "devops-quiz-eks-cluster-20251111114625349500000002",
            "inline_policy": [],
            "managed_policy_arns": [
              "arn:aws:iam::610964304971:policy/devops-quiz-eks-cluster-20251111114625349200000001",
              "arn:aws:iam::610964304971:policy/devops-quiz-eks-cluster-ClusterEncryption2025111111465339520000000f",
              "arn:aws:iam::aws:policy/AmazonEKSClusterPolicy",
              "arn:aws:iam::aws:policy/AmazonEKSVPCResourceController"
            ],
            "max_session_duration": 3600,
            "name": "devops-quiz-eks-cluster-20251111114625349500000002",
            "name_prefix": "devops-quiz-eks-cluster-",
            "path": "/",
            "permissions_boundary": "",
            "tags": {
              "ClusterName": "devops-quiz-eks",
              "Environment": "production",
              "ManagedBy": "Terraform",
              "Owner": "Liav",
              "Project": "Devops-Quiz"
            },
            "tags_all": {
              "ClusterName": "devops-quiz-eks",
              "Environment": "production",
              "ManagedBy": "Terraform",
              "Owner": "Liav",
              "Project": "Devops-Quiz"
            },
            "unique_id": "AROAY4QCPORFVS4KJ2AES"
          },
          "sensitive_attributes": [],
          "identity_schema_version": 0,
          "private": "bnVsbA==",
          "dependencies": [
            "module.prod_cluster.module.eks_cluster.module.eks.data.aws_iam_policy_document.assume_role_policy"
          ],
          "create_before_destroy": true
        }
      ]
    },
    {
      "module": "module.prod_cluster.module.eks_cluster.module.eks",
      "mode": "managed",
      "type": "aws_iam_role_policy_attachment",
      "name": "additional",
      "provider": "provider[\"registry.terraform.io/hashicorp/aws\"]",
      "instances": []
    },
    {
      "module": "module.prod_cluster.module.eks_cluster.module.eks",
      "mode": "managed",
      "type": "aws_iam_role_policy_attachment",
      "name": "cluster_encryption",
      "provider": "provider[\"registry.terraform.io/hashicorp/aws\"]",
      "instances": [
        {
          "index_key": 0,
          "schema_version": 0,
          "attributes": {
            "id": "devops-quiz-eks-cluster-20251111114625349500000002-20251111114655068100000011",
            "policy_arn": "arn:aws:iam::610964304971:policy/devops-quiz-eks-cluster-ClusterEncryption2025111111465339520000000f",
            "role": "devops-quiz-eks-cluster-20251111114625349500000002"
          },
          "sensitive_attributes": [],
          "identity_schema_version": 0,
          "private": "bnVsbA==",
          "dependencies": [
            "module.prod_cluster.module.eks_cluster.module.eks.aws_iam_policy.cluster_encryption",
            "module.prod_cluster.module.eks_cluster.module.eks.aws_iam_role.this",
            "module.prod_cluster.module.eks_cluster.module.eks.data.aws_caller_identity.current",
            "module.prod_cluster.module.eks_cluster.module.eks.data.aws_iam_policy_document.assume_role_policy",
            "module.prod_cluster.module.eks_cluster.module.eks.data.aws_iam_session_context.current",
            "module.prod_cluster.module.eks_cluster.module.eks.module.kms.aws_kms_external_key.this",
            "module.prod_cluster.module.eks_cluster.module.eks.module.kms.aws_kms_key.this",
            "module.prod_cluster.module.eks_cluster.module.eks.module.kms.aws_kms_replica_external_key.this",
            "module.prod_cluster.module.eks_cluster.module.eks.module.kms.aws_kms_replica_key.this",
            "module.prod_cluster.module.eks_cluster.module.eks.module.kms.data.aws_caller_identity.current",
            "module.prod_cluster.module.eks_cluster.module.eks.module.kms.data.aws_iam_policy_document.this",
            "module.prod_cluster.module.eks_cluster.module.eks.module.kms.data.aws_partition.current"
          ],
          "create_before_destroy": true
        }
      ]
    },
    {
      "module": "module.prod_cluster.module.eks_cluster.module.eks",
      "mode": "managed",
      "type": "aws_iam_role_policy_attachment",
      "name": "custom",
      "provider": "provider[\"registry.terraform.io/hashicorp/aws\"]",
      "instances": [
        {
          "index_key": 0,
          "schema_version": 0,
          "attributes": {
            "id": "devops-quiz-eks-cluster-20251111114625349500000002-20251111114627038800000005",
            "policy_arn": "arn:aws:iam::610964304971:policy/devops-quiz-eks-cluster-20251111114625349200000001",
            "role": "devops-quiz-eks-cluster-20251111114625349500000002"
          },
          "sensitive_attributes": [],
          "identity_schema_version": 0,
          "private": "bnVsbA==",
          "dependencies": [
            "module.prod_cluster.module.eks_cluster.module.eks.aws_iam_policy.custom",
            "module.prod_cluster.module.eks_cluster.module.eks.aws_iam_role.this",
            "module.prod_cluster.module.eks_cluster.module.eks.data.aws_iam_policy_document.assume_role_policy",
            "module.prod_cluster.module.eks_cluster.module.eks.data.aws_iam_policy_document.custom",
            "module.prod_cluster.module.eks_cluster.module.eks.data.aws_partition.current"
          ],
          "create_before_destroy": true
        }
      ]
    },
    {
      "module": "module.prod_cluster.module.eks_cluster.module.eks",
      "mode": "managed",
      "type": "aws_iam_role_policy_attachment",
      "name": "eks_auto",
      "provider": "provider[\"registry.terraform.io/hashicorp/aws\"]",
      "instances": []
    },
    {
      "module": "module.prod_cluster.module.eks_cluster.module.eks",
      "mode": "managed",
      "type": "aws_iam_role_policy_attachment",
      "name": "eks_auto_additional",
      "provider": "provider[\"registry.terraform.io/hashicorp/aws\"]",
      "instances": []
    },
    {
      "module": "module.prod_cluster.module.eks_cluster.module.eks",
      "mode": "managed",
      "type": "aws_iam_role_policy_attachment",
      "name": "this",
      "provider": "provider[\"registry.terraform.io/hashicorp/aws\"]",
      "instances": [
        {
          "index_key": "AmazonEKSClusterPolicy",
          "schema_version": 0,
          "attributes": {
            "id": "devops-quiz-eks-cluster-20251111114625349500000002-20251111114627030500000004",
            "policy_arn": "arn:aws:iam::aws:policy/AmazonEKSClusterPolicy",
            "role": "devops-quiz-eks-cluster-20251111114625349500000002"
          },
          "sensitive_attributes": [],
          "identity_schema_version": 0,
          "private": "bnVsbA==",
          "dependencies": [
            "module.prod_cluster.module.eks_cluster.module.eks.aws_iam_role.this",
            "module.prod_cluster.module.eks_cluster.module.eks.data.aws_iam_policy_document.assume_role_policy",
            "module.prod_cluster.module.eks_cluster.module.eks.data.aws_partition.current"
          ],
          "create_before_destroy": true
        },
        {
          "index_key": "AmazonEKSVPCResourceController",
          "schema_version": 0,
          "attributes": {
            "id": "devops-quiz-eks-cluster-20251111114625349500000002-20251111114627041200000006",
            "policy_arn": "arn:aws:iam::aws:policy/AmazonEKSVPCResourceController",
            "role": "devops-quiz-eks-cluster-20251111114625349500000002"
          },
          "sensitive_attributes": [],
          "identity_schema_version": 0,
          "private": "bnVsbA==",
          "dependencies": [
            "module.prod_cluster.module.eks_cluster.module.eks.aws_iam_role.this",
            "module.prod_cluster.module.eks_cluster.module.eks.data.aws_iam_policy_document.assume_role_policy",
            "module.prod_cluster.module.eks_cluster.module.eks.data.aws_partition.current"
          ],
          "create_before_destroy": true
        }
      ]
    },
    {
      "module": "module.prod_cluster.module.eks_cluster.module.eks",
      "mode": "managed",
      "type": "aws_security_group",
      "name": "cluster",
      "provider": "provider[\"registry.terraform.io/hashicorp/aws\"]",
      "instances": [
        {
          "index_key": 0,
          "schema_version": 1,
          "attributes": {
            "arn": "arn:aws:ec2:eu-north-1:610964304971:security-group/sg-0fd0237edb783849e",
            "description": "EKS cluster security group",
            "egress": [],
            "id": "sg-0fd0237edb783849e",
            "ingress": [
              {
                "cidr_blocks": [],
                "description": "Allow Jenkins to communicate with EKS API Server",
                "from_port": 443,
                "ipv6_cidr_blocks": [],
                "prefix_list_ids": [],
                "protocol": "tcp",
                "security_groups": [
                  "sg-078243dc7754bacd2"
                ],
                "self": false,
                "to_port": 443
              },
              {
                "cidr_blocks": [],
                "description": "Node groups to cluster API",
                "from_port": 443,
                "ipv6_cidr_blocks": [],
                "prefix_list_ids": [],
                "protocol": "tcp",
                "security_groups": [
                  "sg-019a30919e7723882"
                ],
                "self": false,
                "to_port": 443
              }
            ],
            "name": "devops-quiz-eks-cluster-2025111111464322210000000c",
            "name_prefix": "devops-quiz-eks-cluster-",
            "owner_id": "610964304971",
            "revoke_rules_on_delete": false,
            "tags": {
              "ClusterName": "devops-quiz-eks",
              "Environment": "production",
              "ManagedBy": "Terraform",
              "Name": "devops-quiz-eks-cluster",
              "Owner": "Liav",
              "Project": "Devops-Quiz"
            },
            "tags_all": {
              "ClusterName": "devops-quiz-eks",
              "Environment": "production",
              "ManagedBy": "Terraform",
              "Name": "devops-quiz-eks-cluster",
              "Owner": "Liav",
              "Project": "Devops-Quiz"
            },
            "timeouts": null,
            "vpc_id": "vpc-08d3d5be591726bdb"
          },
          "sensitive_attributes": [],
          "identity_schema_version": 0,
          "private": "eyJlMmJmYjczMC1lY2FhLTExZTYtOGY4OC0zNDM2M2JjN2M0YzAiOnsiY3JlYXRlIjo2MDAwMDAwMDAwMDAsImRlbGV0ZSI6OTAwMDAwMDAwMDAwfSwic2NoZW1hX3ZlcnNpb24iOiIxIn0=",
          "dependencies": [
            "module.vpc.module.vpc_core.aws_vpc.main"
          ],
          "create_before_destroy": true
        }
      ]
    },
    {
      "module": "module.prod_cluster.module.eks_cluster.module.eks",
      "mode": "managed",
      "type": "aws_security_group",
      "name": "node",
      "provider": "provider[\"registry.terraform.io/hashicorp/aws\"]",
      "instances": [
        {
          "index_key": 0,
          "schema_version": 1,
          "attributes": {
            "arn": "arn:aws:ec2:eu-north-1:610964304971:security-group/sg-019a30919e7723882",
            "description": "EKS node shared security group",
            "egress": [
              {
                "cidr_blocks": [
                  "0.0.0.0/0"
                ],
                "description": "Allow all egress",
                "from_port": 0,
                "ipv6_cidr_blocks": [],
                "prefix_list_ids": [],
                "protocol": "-1",
                "security_groups": [],
                "self": false,
                "to_port": 0
              }
            ],
            "id": "sg-019a30919e7723882",
            "ingress": [
              {
                "cidr_blocks": [],
                "description": "Allow Jenkins to access worker nodes",
                "from_port": 0,
                "ipv6_cidr_blocks": [],
                "prefix_list_ids": [],
                "protocol": "tcp",
                "security_groups": [
                  "sg-078243dc7754bacd2"
                ],
                "self": false,
                "to_port": 65535
              },
              {
                "cidr_blocks": [],
                "description": "Cluster API to node 4443/tcp webhook",
                "from_port": 4443,
                "ipv6_cidr_blocks": [],
                "prefix_list_ids": [],
                "protocol": "tcp",
                "security_groups": [
                  "sg-0fd0237edb783849e"
                ],
                "self": false,
                "to_port": 4443
              },
              {
                "cidr_blocks": [],
                "description": "Cluster API to node 6443/tcp webhook",
                "from_port": 6443,
                "ipv6_cidr_blocks": [],
                "prefix_list_ids": [],
                "protocol": "tcp",
                "security_groups": [
                  "sg-0fd0237edb783849e"
                ],
                "self": false,
                "to_port": 6443
              },
              {
                "cidr_blocks": [],
                "description": "Cluster API to node 8443/tcp webhook",
                "from_port": 8443,
                "ipv6_cidr_blocks": [],
                "prefix_list_ids": [],
                "protocol": "tcp",
                "security_groups": [
                  "sg-0fd0237edb783849e"
                ],
                "self": false,
                "to_port": 8443
              },
              {
                "cidr_blocks": [],
                "description": "Cluster API to node 9443/tcp webhook",
                "from_port": 9443,
                "ipv6_cidr_blocks": [],
                "prefix_list_ids": [],
                "protocol": "tcp",
                "security_groups": [
                  "sg-0fd0237edb783849e"
                ],
                "self": false,
                "to_port": 9443
              },
              {
                "cidr_blocks": [],
                "description": "Cluster API to node groups",
                "from_port": 443,
                "ipv6_cidr_blocks": [],
                "prefix_list_ids": [],
                "protocol": "tcp",
                "security_groups": [
                  "sg-0fd0237edb783849e"
                ],
                "self": false,
                "to_port": 443
              },
              {
                "cidr_blocks": [],
                "description": "Cluster API to node kubelets",
                "from_port": 10250,
                "ipv6_cidr_blocks": [],
                "prefix_list_ids": [],
                "protocol": "tcp",
                "security_groups": [
                  "sg-0fd0237edb783849e"
                ],
                "self": false,
                "to_port": 10250
              },
              {
                "cidr_blocks": [],
                "description": "Node to node CoreDNS UDP",
                "from_port": 53,
                "ipv6_cidr_blocks": [],
                "prefix_list_ids": [],
                "protocol": "udp",
                "security_groups": [],
                "self": true,
                "to_port": 53
              },
              {
                "cidr_blocks": [],
                "description": "Node to node CoreDNS",
                "from_port": 53,
                "ipv6_cidr_blocks": [],
                "prefix_list_ids": [],
                "protocol": "tcp",
                "security_groups": [],
                "self": true,
                "to_port": 53
              },
              {
                "cidr_blocks": [],
                "description": "Node to node ingress on ephemeral ports",
                "from_port": 1025,
                "ipv6_cidr_blocks": [],
                "prefix_list_ids": [],
                "protocol": "tcp",
                "security_groups": [],
                "self": true,
                "to_port": 65535
              }
            ],
            "name": "devops-quiz-eks-node-2025111111464358850000000d",
            "name_prefix": "devops-quiz-eks-node-",
            "owner_id": "610964304971",
            "revoke_rules_on_delete": false,
            "tags": {
              "ClusterName": "devops-quiz-eks",
              "Environment": "production",
              "ManagedBy": "Terraform",
              "Name": "devops-quiz-eks-node",
              "Owner": "Liav",
              "Project": "Devops-Quiz",
              "kubernetes.io/cluster/devops-quiz-eks": "owned"
            },
            "tags_all": {
              "ClusterName": "devops-quiz-eks",
              "Environment": "production",
              "ManagedBy": "Terraform",
              "Name": "devops-quiz-eks-node",
              "Owner": "Liav",
              "Project": "Devops-Quiz",
              "kubernetes.io/cluster/devops-quiz-eks": "owned"
            },
            "timeouts": null,
            "vpc_id": "vpc-08d3d5be591726bdb"
          },
          "sensitive_attributes": [],
          "identity_schema_version": 0,
          "private": "eyJlMmJmYjczMC1lY2FhLTExZTYtOGY4OC0zNDM2M2JjN2M0YzAiOnsiY3JlYXRlIjo2MDAwMDAwMDAwMDAsImRlbGV0ZSI6OTAwMDAwMDAwMDAwfSwic2NoZW1hX3ZlcnNpb24iOiIxIn0=",
          "dependencies": [
            "module.vpc.module.vpc_core.aws_vpc.main"
          ],
          "create_before_destroy": true
        }
      ]
    },
    {
      "module": "module.prod_cluster.module.eks_cluster.module.eks",
      "mode": "managed",
      "type": "aws_security_group_rule",
      "name": "cluster",
      "provider": "provider[\"registry.terraform.io/hashicorp/aws\"]",
      "instances": [
        {
          "index_key": "ingress_nodes_443",
          "schema_version": 2,
          "attributes": {
            "cidr_blocks": null,
            "description": "Node groups to cluster API",
            "from_port": 443,
            "id": "sgrule-1059466658",
            "ipv6_cidr_blocks": null,
            "prefix_list_ids": null,
            "protocol": "tcp",
            "security_group_id": "sg-0fd0237edb783849e",
            "security_group_rule_id": "sgr-0622300f3b93e19ea",
            "self": false,
            "source_security_group_id": "sg-019a30919e7723882",
            "timeouts": null,
            "to_port": 443,
            "type": "ingress"
          },
          "sensitive_attributes": [],
          "identity_schema_version": 0,
          "private": "eyJlMmJmYjczMC1lY2FhLTExZTYtOGY4OC0zNDM2M2JjN2M0YzAiOnsiY3JlYXRlIjozMDAwMDAwMDAwMDB9LCJzY2hlbWFfdmVyc2lvbiI6IjIifQ==",
          "dependencies": [
            "module.prod_cluster.module.eks_cluster.module.eks.aws_security_group.cluster",
            "module.prod_cluster.module.eks_cluster.module.eks.aws_security_group.node",
            "module.vpc.module.vpc_core.aws_vpc.main"
          ],
          "create_before_destroy": true
        }
      ]
    },
    {
      "module": "module.prod_cluster.module.eks_cluster.module.eks",
      "mode": "managed",
      "type": "aws_security_group_rule",
      "name": "node",
      "provider": "provider[\"registry.terraform.io/hashicorp/aws\"]",
      "instances": [
        {
          "index_key": "egress_all",
          "schema_version": 2,
          "attributes": {
            "cidr_blocks": [
              "0.0.0.0/0"
            ],
            "description": "Allow all egress",
            "from_port": 0,
            "id": "sgrule-3596452838",
            "ipv6_cidr_blocks": null,
            "prefix_list_ids": [],
            "protocol": "-1",
            "security_group_id": "sg-019a30919e7723882",
            "security_group_rule_id": "sgr-0873db954a349f47f",
            "self": false,
            "source_security_group_id": null,
            "timeouts": null,
            "to_port": 0,
            "type": "egress"
          },
          "sensitive_attributes": [],
          "identity_schema_version": 0,
          "private": "eyJlMmJmYjczMC1lY2FhLTExZTYtOGY4OC0zNDM2M2JjN2M0YzAiOnsiY3JlYXRlIjozMDAwMDAwMDAwMDB9LCJzY2hlbWFfdmVyc2lvbiI6IjIifQ==",
          "dependencies": [
            "module.prod_cluster.module.eks_cluster.module.eks.aws_security_group.cluster",
            "module.prod_cluster.module.eks_cluster.module.eks.aws_security_group.node",
            "module.vpc.module.vpc_core.aws_vpc.main"
          ],
          "create_before_destroy": true
        },
        {
          "index_key": "ingress_cluster_443",
          "schema_version": 2,
          "attributes": {
            "cidr_blocks": null,
            "description": "Cluster API to node groups",
            "from_port": 443,
            "id": "sgrule-971026497",
            "ipv6_cidr_blocks": null,
            "prefix_list_ids": [],
            "protocol": "tcp",
            "security_group_id": "sg-019a30919e7723882",
            "security_group_rule_id": "sgr-013178be17b12a476",
            "self": false,
            "source_security_group_id": "sg-0fd0237edb783849e",
            "timeouts": null,
            "to_port": 443,
            "type": "ingress"
          },
          "sensitive_attributes": [],
          "identity_schema_version": 0,
          "private": "eyJlMmJmYjczMC1lY2FhLTExZTYtOGY4OC0zNDM2M2JjN2M0YzAiOnsiY3JlYXRlIjozMDAwMDAwMDAwMDB9LCJzY2hlbWFfdmVyc2lvbiI6IjIifQ==",
          "dependencies": [
            "module.prod_cluster.module.eks_cluster.module.eks.aws_security_group.cluster",
            "module.prod_cluster.module.eks_cluster.module.eks.aws_security_group.node",
            "module.vpc.module.vpc_core.aws_vpc.main"
          ],
          "create_before_destroy": true
        },
        {
          "index_key": "ingress_cluster_4443_webhook",
          "schema_version": 2,
          "attributes": {
            "cidr_blocks": null,
            "description": "Cluster API to node 4443/tcp webhook",
            "from_port": 4443,
            "id": "sgrule-3450327954",
            "ipv6_cidr_blocks": null,
            "prefix_list_ids": [],
            "protocol": "tcp",
            "security_group_id": "sg-019a30919e7723882",
            "security_group_rule_id": "sgr-06cfe28c971300753",
            "self": false,
            "source_security_group_id": "sg-0fd0237edb783849e",
            "timeouts": null,
            "to_port": 4443,
            "type": "ingress"
          },
          "sensitive_attributes": [],
          "identity_schema_version": 0,
          "private": "eyJlMmJmYjczMC1lY2FhLTExZTYtOGY4OC0zNDM2M2JjN2M0YzAiOnsiY3JlYXRlIjozMDAwMDAwMDAwMDB9LCJzY2hlbWFfdmVyc2lvbiI6IjIifQ==",
          "dependencies": [
            "module.prod_cluster.module.eks_cluster.module.eks.aws_security_group.cluster",
            "module.prod_cluster.module.eks_cluster.module.eks.aws_security_group.node",
            "module.vpc.module.vpc_core.aws_vpc.main"
          ],
          "create_before_destroy": true
        },
        {
          "index_key": "ingress_cluster_6443_webhook",
          "schema_version": 2,
          "attributes": {
            "cidr_blocks": null,
            "description": "Cluster API to node 6443/tcp webhook",
            "from_port": 6443,
            "id": "sgrule-82162692",
            "ipv6_cidr_blocks": null,
            "prefix_list_ids": [],
            "protocol": "tcp",
            "security_group_id": "sg-019a30919e7723882",
            "security_group_rule_id": "sgr-013e4889de6856a2c",
            "self": false,
            "source_security_group_id": "sg-0fd0237edb783849e",
            "timeouts": null,
            "to_port": 6443,
            "type": "ingress"
          },
          "sensitive_attributes": [],
          "identity_schema_version": 0,
          "private": "eyJlMmJmYjczMC1lY2FhLTExZTYtOGY4OC0zNDM2M2JjN2M0YzAiOnsiY3JlYXRlIjozMDAwMDAwMDAwMDB9LCJzY2hlbWFfdmVyc2lvbiI6IjIifQ==",
          "dependencies": [
            "module.prod_cluster.module.eks_cluster.module.eks.aws_security_group.cluster",
            "module.prod_cluster.module.eks_cluster.module.eks.aws_security_group.node",
            "module.vpc.module.vpc_core.aws_vpc.main"
          ],
          "create_before_destroy": true
        },
        {
          "index_key": "ingress_cluster_8443_webhook",
          "schema_version": 2,
          "attributes": {
            "cidr_blocks": null,
            "description": "Cluster API to node 8443/tcp webhook",
            "from_port": 8443,
            "id": "sgrule-398034981",
            "ipv6_cidr_blocks": null,
            "prefix_list_ids": [],
            "protocol": "tcp",
            "security_group_id": "sg-019a30919e7723882",
            "security_group_rule_id": "sgr-00dd3f553e166be71",
            "self": false,
            "source_security_group_id": "sg-0fd0237edb783849e",
            "timeouts": null,
            "to_port": 8443,
            "type": "ingress"
          },
          "sensitive_attributes": [],
          "identity_schema_version": 0,
          "private": "eyJlMmJmYjczMC1lY2FhLTExZTYtOGY4OC0zNDM2M2JjN2M0YzAiOnsiY3JlYXRlIjozMDAwMDAwMDAwMDB9LCJzY2hlbWFfdmVyc2lvbiI6IjIifQ==",
          "dependencies": [
            "module.prod_cluster.module.eks_cluster.module.eks.aws_security_group.cluster",
            "module.prod_cluster.module.eks_cluster.module.eks.aws_security_group.node",
            "module.vpc.module.vpc_core.aws_vpc.main"
          ],
          "create_before_destroy": true
        },
        {
          "index_key": "ingress_cluster_9443_webhook",
          "schema_version": 2,
          "attributes": {
            "cidr_blocks": null,
            "description": "Cluster API to node 9443/tcp webhook",
            "from_port": 9443,
            "id": "sgrule-1931000814",
            "ipv6_cidr_blocks": null,
            "prefix_list_ids": [],
            "protocol": "tcp",
            "security_group_id": "sg-019a30919e7723882",
            "security_group_rule_id": "sgr-051edaa4abaf62739",
            "self": false,
            "source_security_group_id": "sg-0fd0237edb783849e",
            "timeouts": null,
            "to_port": 9443,
            "type": "ingress"
          },
          "sensitive_attributes": [],
          "identity_schema_version": 0,
          "private": "eyJlMmJmYjczMC1lY2FhLTExZTYtOGY4OC0zNDM2M2JjN2M0YzAiOnsiY3JlYXRlIjozMDAwMDAwMDAwMDB9LCJzY2hlbWFfdmVyc2lvbiI6IjIifQ==",
          "dependencies": [
            "module.prod_cluster.module.eks_cluster.module.eks.aws_security_group.cluster",
            "module.prod_cluster.module.eks_cluster.module.eks.aws_security_group.node",
            "module.vpc.module.vpc_core.aws_vpc.main"
          ],
          "create_before_destroy": true
        },
        {
          "index_key": "ingress_cluster_kubelet",
          "schema_version": 2,
          "attributes": {
            "cidr_blocks": null,
            "description": "Cluster API to node kubelets",
            "from_port": 10250,
            "id": "sgrule-141514341",
            "ipv6_cidr_blocks": null,
            "prefix_list_ids": [],
            "protocol": "tcp",
            "security_group_id": "sg-019a30919e7723882",
            "security_group_rule_id": "sgr-0266945ca61dd7810",
            "self": false,
            "source_security_group_id": "sg-0fd0237edb783849e",
            "timeouts": null,
            "to_port": 10250,
            "type": "ingress"
          },
          "sensitive_attributes": [],
          "identity_schema_version": 0,
          "private": "eyJlMmJmYjczMC1lY2FhLTExZTYtOGY4OC0zNDM2M2JjN2M0YzAiOnsiY3JlYXRlIjozMDAwMDAwMDAwMDB9LCJzY2hlbWFfdmVyc2lvbiI6IjIifQ==",
          "dependencies": [
            "module.prod_cluster.module.eks_cluster.module.eks.aws_security_group.cluster",
            "module.prod_cluster.module.eks_cluster.module.eks.aws_security_group.node",
            "module.vpc.module.vpc_core.aws_vpc.main"
          ],
          "create_before_destroy": true
        },
        {
          "index_key": "ingress_nodes_ephemeral",
          "schema_version": 2,
          "attributes": {
            "cidr_blocks": null,
            "description": "Node to node ingress on ephemeral ports",
            "from_port": 1025,
            "id": "sgrule-156210140",
            "ipv6_cidr_blocks": null,
            "prefix_list_ids": [],
            "protocol": "tcp",
            "security_group_id": "sg-019a30919e7723882",
            "security_group_rule_id": "sgr-0145cc5f5666b35c9",
            "self": true,
            "source_security_group_id": null,
            "timeouts": null,
            "to_port": 65535,
            "type": "ingress"
          },
          "sensitive_attributes": [],
          "identity_schema_version": 0,
          "private": "eyJlMmJmYjczMC1lY2FhLTExZTYtOGY4OC0zNDM2M2JjN2M0YzAiOnsiY3JlYXRlIjozMDAwMDAwMDAwMDB9LCJzY2hlbWFfdmVyc2lvbiI6IjIifQ==",
          "dependencies": [
            "module.prod_cluster.module.eks_cluster.module.eks.aws_security_group.cluster",
            "module.prod_cluster.module.eks_cluster.module.eks.aws_security_group.node",
            "module.vpc.module.vpc_core.aws_vpc.main"
          ],
          "create_before_destroy": true
        },
        {
          "index_key": "ingress_self_coredns_tcp",
          "schema_version": 2,
          "attributes": {
            "cidr_blocks": null,
            "description": "Node to node CoreDNS",
            "from_port": 53,
            "id": "sgrule-1686292053",
            "ipv6_cidr_blocks": null,
            "prefix_list_ids": [],
            "protocol": "tcp",
            "security_group_id": "sg-019a30919e7723882",
            "security_group_rule_id": "sgr-02201186519e0a198",
            "self": true,
            "source_security_group_id": null,
            "timeouts": null,
            "to_port": 53,
            "type": "ingress"
          },
          "sensitive_attributes": [],
          "identity_schema_version": 0,
          "private": "eyJlMmJmYjczMC1lY2FhLTExZTYtOGY4OC0zNDM2M2JjN2M0YzAiOnsiY3JlYXRlIjozMDAwMDAwMDAwMDB9LCJzY2hlbWFfdmVyc2lvbiI6IjIifQ==",
          "dependencies": [
            "module.prod_cluster.module.eks_cluster.module.eks.aws_security_group.cluster",
            "module.prod_cluster.module.eks_cluster.module.eks.aws_security_group.node",
            "module.vpc.module.vpc_core.aws_vpc.main"
          ],
          "create_before_destroy": true
        },
        {
          "index_key": "ingress_self_coredns_udp",
          "schema_version": 2,
          "attributes": {
            "cidr_blocks": null,
            "description": "Node to node CoreDNS UDP",
            "from_port": 53,
            "id": "sgrule-3235734970",
            "ipv6_cidr_blocks": null,
            "prefix_list_ids": [],
            "protocol": "udp",
            "security_group_id": "sg-019a30919e7723882",
            "security_group_rule_id": "sgr-0e9d616e842ffe169",
            "self": true,
            "source_security_group_id": null,
            "timeouts": null,
            "to_port": 53,
            "type": "ingress"
          },
          "sensitive_attributes": [],
          "identity_schema_version": 0,
          "private": "eyJlMmJmYjczMC1lY2FhLTExZTYtOGY4OC0zNDM2M2JjN2M0YzAiOnsiY3JlYXRlIjozMDAwMDAwMDAwMDB9LCJzY2hlbWFfdmVyc2lvbiI6IjIifQ==",
          "dependencies": [
            "module.prod_cluster.module.eks_cluster.module.eks.aws_security_group.cluster",
            "module.prod_cluster.module.eks_cluster.module.eks.aws_security_group.node",
            "module.vpc.module.vpc_core.aws_vpc.main"
          ],
          "create_before_destroy": true
        }
      ]
    },
    {
      "module": "module.prod_cluster.module.eks_cluster.module.eks",
      "mode": "managed",
      "type": "time_sleep",
      "name": "this",
      "provider": "provider[\"registry.terraform.io/hashicorp/time\"]",
      "instances": [
        {
          "index_key": 0,
          "schema_version": 0,
          "attributes": {
            "create_duration": "30s",
            "destroy_duration": null,
            "id": "2025-11-11T11:58:19Z",
            "triggers": {
              "cluster_certificate_authority_data": "LS0tLS1CRUdJTiBDRVJUSUZJQ0FURS0tLS0tCk1JSURCVENDQWUyZ0F3SUJBZ0lJTUVML0VSWU1KVGd3RFFZSktvWklodmNOQVFFTEJRQXdGVEVUTUJFR0ExVUUKQXhNS2EzVmlaWEp1WlhSbGN6QWVGdzB5TlRFeE1URXhNVFEzTlROYUZ3MHpOVEV4TURreE1UVXlOVE5hTUJVeApFekFSQmdOVkJBTVRDbXQxWW1WeWJtVjBaWE13Z2dFaU1BMEdDU3FHU0liM0RRRUJBUVVBQTRJQkR3QXdnZ0VLCkFvSUJBUUQ3UUNnR1NiNWJlMVk2ZFp2b3R0QmNvb0FhYmdoSld4UFkyWGRmclB0N0xTK2xPVUVVa3huNzNnRHUKa003QWhTdS9RZFJNVWxEOUdZV0pHRGVqejNseXYyME8vOUdsS2NDNTg2TEVJUWwyeW40WVluRXNOZEE5Q1lBSgo1azZ0RE82Vm9iOHFMeGtpUW94OGxrRnZYTC9IUEVaYXZFbjdiVEx4MkZVUE56Y3d6bUcvWXVJNjVLQ1F6MUMzCmJzZ2hxNldQSVkrL3p3dVVqKzZ4c3B1cHZVYnhubVpFekpGaVhmcWxmTzNzMEo0ZEU5NE5OQkVGUWlMcmZITWYKalJxbjZKdXhXSDBrT3hKSTNEb3hYQ3VuN2tDQ1JGMXgzNzlzLzJwOFNwNG9wMXB2aDZaS0pTT2FhazlkTHZycgo0TFo2ZnpJRkIzeWRHVkRhTmJRVGFDbExaZnFuQWdNQkFBR2pXVEJYTUE0R0ExVWREd0VCL3dRRUF3SUNwREFQCkJnTlZIUk1CQWY4RUJUQURBUUgvTUIwR0ExVWREZ1FXQkJSdmFnRXBpU3BSZnFMUnBpaU1pQkxSNC8xM3BUQVYKQmdOVkhSRUVEakFNZ2dwcmRXSmxjbTVsZEdWek1BMEdDU3FHU0liM0RRRUJDd1VBQTRJQkFRQ2tnekQ1VXpLagpxK28xSG5tSFZBQVZ4OUVVM1dqTU9HbnVMcEFUalR4TldMSS9wRFpVZlRQK3AxSWtlUmVTR0hOZUFUL05LbUMxCm56MVVZOWtaZkorRXZtTmp2Ykk1eVlQMHgzUURWTUM4d1lZTndkR1VGRzI5cWcwRGU3emJRZHFvb1kxbE1MbGcKUms0WDhyU1ZiR2ZEZ2tZYXEzay9DbW5kVC83QUdTTWRiRFkwK0E4OUhaUDVEOFBVUFVlL2xQK1B2VHlhR1pVTApCMW1Yd1p6TTNGcFBZdFlTUzFQKzY0anorM1ZKVXJMdkkwT2diUnpxOHEwLzVPU1NkdFNDeWJ0Y0h6dXBmZkxXCmZocytDSm52cjU4VnhuVlhEWWdCU3cweFhFSGdLY3FJV0UzTVVFZFljd0VvazhhcU93Nk1ycmRyV0lTSVB4ZGYKMGE1UVRvNkxIbVIxCi0tLS0tRU5EIENFUlRJRklDQVRFLS0tLS0K",
              "cluster_endpoint": "https://C3FD7D82FEB99FFCFB43226371C86AAA.gr7.eu-north-1.eks.amazonaws.com",
              "cluster_name": "devops-quiz-eks",
              "cluster_service_cidr": "172.20.0.0/16",
              "cluster_version": "1.31"
            }
          },
          "sensitive_attributes": [],
          "identity_schema_version": 0,
          "dependencies": [
            "module.prod_cluster.module.eks_cluster.module.eks.aws_cloudwatch_log_group.this",
            "module.prod_cluster.module.eks_cluster.module.eks.aws_eks_cluster.this",
            "module.prod_cluster.module.eks_cluster.module.eks.aws_iam_policy.cni_ipv6_policy",
            "module.prod_cluster.module.eks_cluster.module.eks.aws_iam_role.eks_auto",
            "module.prod_cluster.module.eks_cluster.module.eks.aws_iam_role.this",
            "module.prod_cluster.module.eks_cluster.module.eks.aws_iam_role_policy_attachment.this",
            "module.prod_cluster.module.eks_cluster.module.eks.aws_security_group.cluster",
            "module.prod_cluster.module.eks_cluster.module.eks.aws_security_group.node",
            "module.prod_cluster.module.eks_cluster.module.eks.aws_security_group_rule.cluster",
            "module.prod_cluster.module.eks_cluster.module.eks.aws_security_group_rule.node",
            "module.prod_cluster.module.eks_cluster.module.eks.data.aws_caller_identity.current",
            "module.prod_cluster.module.eks_cluster.module.eks.data.aws_iam_policy_document.assume_role_policy",
            "module.prod_cluster.module.eks_cluster.module.eks.data.aws_iam_policy_document.cni_ipv6_policy",
            "module.prod_cluster.module.eks_cluster.module.eks.data.aws_iam_policy_document.node_assume_role_policy",
            "module.prod_cluster.module.eks_cluster.module.eks.data.aws_iam_session_context.current",
            "module.prod_cluster.module.eks_cluster.module.eks.data.aws_partition.current",
            "module.prod_cluster.module.eks_cluster.module.eks.module.kms.aws_kms_external_key.this",
            "module.prod_cluster.module.eks_cluster.module.eks.module.kms.aws_kms_key.this",
            "module.prod_cluster.module.eks_cluster.module.eks.module.kms.aws_kms_replica_external_key.this",
            "module.prod_cluster.module.eks_cluster.module.eks.module.kms.aws_kms_replica_key.this",
            "module.prod_cluster.module.eks_cluster.module.eks.module.kms.data.aws_caller_identity.current",
            "module.prod_cluster.module.eks_cluster.module.eks.module.kms.data.aws_iam_policy_document.this",
            "module.prod_cluster.module.eks_cluster.module.eks.module.kms.data.aws_partition.current",
            "module.vpc.module.subnets.aws_subnet.private",
            "module.vpc.module.vpc_core.aws_vpc.main"
          ],
          "create_before_destroy": true
        }
      ]
    },
    {
      "module": "module.prod_cluster.module.eks_cluster.module.eks.module.kms",
      "mode": "data",
      "type": "aws_caller_identity",
      "name": "current",
      "provider": "provider[\"registry.terraform.io/hashicorp/aws\"]",
      "instances": [
        {
          "index_key": 0,
          "schema_version": 0,
          "attributes": {
            "account_id": "610964304971",
            "arn": "arn:aws:iam::610964304971:root",
            "id": "610964304971",
            "user_id": "610964304971"
          },
          "sensitive_attributes": [],
          "identity_schema_version": 0
        }
      ]
    },
    {
      "module": "module.prod_cluster.module.eks_cluster.module.eks.module.kms",
      "mode": "data",
      "type": "aws_iam_policy_document",
      "name": "this",
      "provider": "provider[\"registry.terraform.io/hashicorp/aws\"]",
      "instances": [
        {
          "index_key": 0,
          "schema_version": 0,
          "attributes": {
            "id": "813971431",
            "json": "{\n  \"Version\": \"2012-10-17\",\n  \"Statement\": [\n    {\n      \"Sid\": \"Default\",\n      \"Effect\": \"Allow\",\n      \"Action\": \"kms:*\",\n      \"Resource\": \"*\",\n      \"Principal\": {\n        \"AWS\": \"arn:aws:iam::610964304971:root\"\n      }\n    },\n    {\n      \"Sid\": \"KeyAdministration\",\n      \"Effect\": \"Allow\",\n      \"Action\": [\n        \"kms:Update*\",\n        \"kms:UntagResource\",\n        \"kms:TagResource\",\n        \"kms:ScheduleKeyDeletion\",\n        \"kms:Revoke*\",\n        \"kms:ReplicateKey\",\n        \"kms:Put*\",\n        \"kms:List*\",\n        \"kms:ImportKeyMaterial\",\n        \"kms:Get*\",\n        \"kms:Enable*\",\n        \"kms:Disable*\",\n        \"kms:Describe*\",\n        \"kms:Delete*\",\n        \"kms:Create*\",\n        \"kms:CancelKeyDeletion\"\n      ],\n      \"Resource\": \"*\",\n      \"Principal\": {\n        \"AWS\": \"arn:aws:iam::610964304971:root\"\n      }\n    },\n    {\n      \"Sid\": \"KeyUsage\",\n      \"Effect\": \"Allow\",\n      \"Action\": [\n        \"kms:ReEncrypt*\",\n        \"kms:GenerateDataKey*\",\n        \"kms:Encrypt\",\n        \"kms:DescribeKey\",\n        \"kms:Decrypt\"\n      ],\n      \"Resource\": \"*\",\n      \"Principal\": {\n        \"AWS\": \"arn:aws:iam::610964304971:role/devops-quiz-eks-cluster-20251111114625349500000002\"\n      }\n    }\n  ]\n}",
            "minified_json": "{\"Version\":\"2012-10-17\",\"Statement\":[{\"Sid\":\"Default\",\"Effect\":\"Allow\",\"Action\":\"kms:*\",\"Resource\":\"*\",\"Principal\":{\"AWS\":\"arn:aws:iam::610964304971:root\"}},{\"Sid\":\"KeyAdministration\",\"Effect\":\"Allow\",\"Action\":[\"kms:Update*\",\"kms:UntagResource\",\"kms:TagResource\",\"kms:ScheduleKeyDeletion\",\"kms:Revoke*\",\"kms:ReplicateKey\",\"kms:Put*\",\"kms:List*\",\"kms:ImportKeyMaterial\",\"kms:Get*\",\"kms:Enable*\",\"kms:Disable*\",\"kms:Describe*\",\"kms:Delete*\",\"kms:Create*\",\"kms:CancelKeyDeletion\"],\"Resource\":\"*\",\"Principal\":{\"AWS\":\"arn:aws:iam::610964304971:root\"}},{\"Sid\":\"KeyUsage\",\"Effect\":\"Allow\",\"Action\":[\"kms:ReEncrypt*\",\"kms:GenerateDataKey*\",\"kms:Encrypt\",\"kms:DescribeKey\",\"kms:Decrypt\"],\"Resource\":\"*\",\"Principal\":{\"AWS\":\"arn:aws:iam::610964304971:role/devops-quiz-eks-cluster-20251111114625349500000002\"}}]}",
            "override_json": null,
            "override_policy_documents": null,
            "policy_id": null,
            "source_json": null,
            "source_policy_documents": null,
            "statement": [
              {
                "actions": [
                  "kms:*"
                ],
                "condition": [],
                "effect": "Allow",
                "not_actions": [],
                "not_principals": [],
                "not_resources": [],
                "principals": [
                  {
                    "identifiers": [
                      "arn:aws:iam::610964304971:root"
                    ],
                    "type": "AWS"
                  }
                ],
                "resources": [
                  "*"
                ],
                "sid": "Default"
              },
              {
                "actions": [
                  "kms:CancelKeyDeletion",
                  "kms:Create*",
                  "kms:Delete*",
                  "kms:Describe*",
                  "kms:Disable*",
                  "kms:Enable*",
                  "kms:Get*",
                  "kms:ImportKeyMaterial",
                  "kms:List*",
                  "kms:Put*",
                  "kms:ReplicateKey",
                  "kms:Revoke*",
                  "kms:ScheduleKeyDeletion",
                  "kms:TagResource",
                  "kms:UntagResource",
                  "kms:Update*"
                ],
                "condition": [],
                "effect": "Allow",
                "not_actions": [],
                "not_principals": [],
                "not_resources": [],
                "principals": [
                  {
                    "identifiers": [
                      "arn:aws:iam::610964304971:root"
                    ],
                    "type": "AWS"
                  }
                ],
                "resources": [
                  "*"
                ],
                "sid": "KeyAdministration"
              },
              {
                "actions": [
                  "kms:Decrypt",
                  "kms:DescribeKey",
                  "kms:Encrypt",
                  "kms:GenerateDataKey*",
                  "kms:ReEncrypt*"
                ],
                "condition": [],
                "effect": "Allow",
                "not_actions": [],
                "not_principals": [],
                "not_resources": [],
                "principals": [
                  {
                    "identifiers": [
                      "arn:aws:iam::610964304971:role/devops-quiz-eks-cluster-20251111114625349500000002"
                    ],
                    "type": "AWS"
                  }
                ],
                "resources": [
                  "*"
                ],
                "sid": "KeyUsage"
              }
            ],
            "version": "2012-10-17"
          },
          "sensitive_attributes": [],
          "identity_schema_version": 0
        }
      ]
    },
    {
      "module": "module.prod_cluster.module.eks_cluster.module.eks.module.kms",
      "mode": "data",
      "type": "aws_partition",
      "name": "current",
      "provider": "provider[\"registry.terraform.io/hashicorp/aws\"]",
      "instances": [
        {
          "index_key": 0,
          "schema_version": 0,
          "attributes": {
            "dns_suffix": "amazonaws.com",
            "id": "aws",
            "partition": "aws",
            "reverse_dns_prefix": "com.amazonaws"
          },
          "sensitive_attributes": [],
          "identity_schema_version": 0
        }
      ]
    },
    {
      "module": "module.prod_cluster.module.eks_cluster.module.eks.module.kms",
      "mode": "managed",
      "type": "aws_kms_alias",
      "name": "this",
      "provider": "provider[\"registry.terraform.io/hashicorp/aws\"]",
      "instances": [
        {
          "index_key": "cluster",
          "schema_version": 0,
          "attributes": {
            "arn": "arn:aws:kms:eu-north-1:610964304971:alias/eks/devops-quiz-eks",
            "id": "alias/eks/devops-quiz-eks",
            "name": "alias/eks/devops-quiz-eks",
            "name_prefix": "",
            "target_key_arn": "arn:aws:kms:eu-north-1:610964304971:key/e2dd86c5-38ee-479f-89b6-3d451203db03",
            "target_key_id": "e2dd86c5-38ee-479f-89b6-3d451203db03"
          },
          "sensitive_attributes": [],
          "identity_schema_version": 0,
          "private": "bnVsbA==",
          "dependencies": [
            "module.prod_cluster.module.eks_cluster.module.eks.aws_iam_role.this",
            "module.prod_cluster.module.eks_cluster.module.eks.data.aws_caller_identity.current",
            "module.prod_cluster.module.eks_cluster.module.eks.data.aws_iam_policy_document.assume_role_policy",
            "module.prod_cluster.module.eks_cluster.module.eks.data.aws_iam_session_context.current",
            "module.prod_cluster.module.eks_cluster.module.eks.module.kms.aws_kms_external_key.this",
            "module.prod_cluster.module.eks_cluster.module.eks.module.kms.aws_kms_key.this",
            "module.prod_cluster.module.eks_cluster.module.eks.module.kms.aws_kms_replica_external_key.this",
            "module.prod_cluster.module.eks_cluster.module.eks.module.kms.aws_kms_replica_key.this",
            "module.prod_cluster.module.eks_cluster.module.eks.module.kms.data.aws_caller_identity.current",
            "module.prod_cluster.module.eks_cluster.module.eks.module.kms.data.aws_iam_policy_document.this",
            "module.prod_cluster.module.eks_cluster.module.eks.module.kms.data.aws_partition.current"
          ],
          "create_before_destroy": true
        }
      ]
    },
    {
      "module": "module.prod_cluster.module.eks_cluster.module.eks.module.kms",
      "mode": "managed",
      "type": "aws_kms_external_key",
      "name": "this",
      "provider": "provider[\"registry.terraform.io/hashicorp/aws\"]",
      "instances": []
    },
    {
      "module": "module.prod_cluster.module.eks_cluster.module.eks.module.kms",
      "mode": "managed",
      "type": "aws_kms_grant",
      "name": "this",
      "provider": "provider[\"registry.terraform.io/hashicorp/aws\"]",
      "instances": []
    },
    {
      "module": "module.prod_cluster.module.eks_cluster.module.eks.module.kms",
      "mode": "managed",
      "type": "aws_kms_key",
      "name": "this",
      "provider": "provider[\"registry.terraform.io/hashicorp/aws\"]",
      "instances": [
        {
          "index_key": 0,
          "schema_version": 0,
          "attributes": {
            "arn": "arn:aws:kms:eu-north-1:610964304971:key/e2dd86c5-38ee-479f-89b6-3d451203db03",
            "bypass_policy_lockout_safety_check": false,
            "custom_key_store_id": "",
            "customer_master_key_spec": "SYMMETRIC_DEFAULT",
            "deletion_window_in_days": null,
            "description": "devops-quiz-eks cluster encryption key",
            "enable_key_rotation": true,
            "id": "e2dd86c5-38ee-479f-89b6-3d451203db03",
            "is_enabled": true,
            "key_id": "e2dd86c5-38ee-479f-89b6-3d451203db03",
            "key_usage": "ENCRYPT_DECRYPT",
            "multi_region": false,
            "policy": "{\"Statement\":[{\"Action\":\"kms:*\",\"Effect\":\"Allow\",\"Principal\":{\"AWS\":\"arn:aws:iam::610964304971:root\"},\"Resource\":\"*\",\"Sid\":\"Default\"},{\"Action\":[\"kms:Update*\",\"kms:UntagResource\",\"kms:TagResource\",\"kms:ScheduleKeyDeletion\",\"kms:Revoke*\",\"kms:ReplicateKey\",\"kms:Put*\",\"kms:List*\",\"kms:ImportKeyMaterial\",\"kms:Get*\",\"kms:Enable*\",\"kms:Disable*\",\"kms:Describe*\",\"kms:Delete*\",\"kms:Create*\",\"kms:CancelKeyDeletion\"],\"Effect\":\"Allow\",\"Principal\":{\"AWS\":\"arn:aws:iam::610964304971:root\"},\"Resource\":\"*\",\"Sid\":\"KeyAdministration\"},{\"Action\":[\"kms:ReEncrypt*\",\"kms:GenerateDataKey*\",\"kms:Encrypt\",\"kms:DescribeKey\",\"kms:Decrypt\"],\"Effect\":\"Allow\",\"Principal\":{\"AWS\":\"arn:aws:iam::610964304971:role/devops-quiz-eks-cluster-20251111114625349500000002\"},\"Resource\":\"*\",\"Sid\":\"KeyUsage\"}],\"Version\":\"2012-10-17\"}",
            "rotation_period_in_days": 365,
            "tags": {
              "ClusterName": "devops-quiz-eks",
              "Environment": "production",
              "ManagedBy": "Terraform",
              "Owner": "Liav",
              "Project": "Devops-Quiz",
              "terraform-aws-modules": "eks"
            },
            "tags_all": {
              "ClusterName": "devops-quiz-eks",
              "Environment": "production",
              "ManagedBy": "Terraform",
              "Owner": "Liav",
              "Project": "Devops-Quiz",
              "terraform-aws-modules": "eks"
            },
            "timeouts": null,
            "xks_key_id": ""
          },
          "sensitive_attributes": [],
          "identity_schema_version": 0,
          "private": "eyJlMmJmYjczMC1lY2FhLTExZTYtOGY4OC0zNDM2M2JjN2M0YzAiOnsiY3JlYXRlIjoxMjAwMDAwMDAwMDB9fQ==",
          "dependencies": [
            "module.prod_cluster.module.eks_cluster.module.eks.aws_iam_role.this",
            "module.prod_cluster.module.eks_cluster.module.eks.data.aws_caller_identity.current",
            "module.prod_cluster.module.eks_cluster.module.eks.data.aws_iam_policy_document.assume_role_policy",
            "module.prod_cluster.module.eks_cluster.module.eks.data.aws_iam_session_context.current",
            "module.prod_cluster.module.eks_cluster.module.eks.module.kms.data.aws_caller_identity.current",
            "module.prod_cluster.module.eks_cluster.module.eks.module.kms.data.aws_iam_policy_document.this",
            "module.prod_cluster.module.eks_cluster.module.eks.module.kms.data.aws_partition.current"
          ],
          "create_before_destroy": true
        }
      ]
    },
    {
      "module": "module.prod_cluster.module.eks_cluster.module.eks.module.kms",
      "mode": "managed",
      "type": "aws_kms_replica_external_key",
      "name": "this",
      "provider": "provider[\"registry.terraform.io/hashicorp/aws\"]",
      "instances": []
    },
    {
      "module": "module.prod_cluster.module.eks_cluster.module.eks.module.kms",
      "mode": "managed",
      "type": "aws_kms_replica_key",
      "name": "this",
      "provider": "provider[\"registry.terraform.io/hashicorp/aws\"]",
      "instances": []
    },
    {
      "module": "module.prod_cluster.module.node_groups.module.eks_managed_node_groups[\"general\"]",
      "mode": "data",
      "type": "aws_caller_identity",
      "name": "current",
      "provider": "provider[\"registry.terraform.io/hashicorp/aws\"]",
      "instances": [
        {
          "schema_version": 0,
          "attributes": {
            "account_id": "610964304971",
            "arn": "arn:aws:iam::610964304971:root",
            "id": "610964304971",
            "user_id": "610964304971"
          },
          "sensitive_attributes": [],
          "identity_schema_version": 0
        }
      ]
    },
    {
      "module": "module.prod_cluster.module.node_groups.module.eks_managed_node_groups[\"general\"]",
      "mode": "data",
      "type": "aws_ec2_instance_type",
      "name": "this",
      "provider": "provider[\"registry.terraform.io/hashicorp/aws\"]",
      "instances": []
    },
    {
      "module": "module.prod_cluster.module.node_groups.module.eks_managed_node_groups[\"general\"]",
      "mode": "data",
      "type": "aws_ec2_instance_type_offerings",
      "name": "this",
      "provider": "provider[\"registry.terraform.io/hashicorp/aws\"]",
      "instances": []
    },
    {
      "module": "module.prod_cluster.module.node_groups.module.eks_managed_node_groups[\"general\"]",
      "mode": "data",
      "type": "aws_iam_policy_document",
      "name": "assume_role_policy",
      "provider": "provider[\"registry.terraform.io/hashicorp/aws\"]",
      "instances": [
        {
          "index_key": 0,
          "schema_version": 0,
          "attributes": {
            "id": "2560088296",
            "json": "{\n  \"Version\": \"2012-10-17\",\n  \"Statement\": [\n    {\n      \"Sid\": \"EKSNodeAssumeRole\",\n      \"Effect\": \"Allow\",\n      \"Action\": \"sts:AssumeRole\",\n      \"Principal\": {\n        \"Service\": \"ec2.amazonaws.com\"\n      }\n    }\n  ]\n}",
            "minified_json": "{\"Version\":\"2012-10-17\",\"Statement\":[{\"Sid\":\"EKSNodeAssumeRole\",\"Effect\":\"Allow\",\"Action\":\"sts:AssumeRole\",\"Principal\":{\"Service\":\"ec2.amazonaws.com\"}}]}",
            "override_json": null,
            "override_policy_documents": null,
            "policy_id": null,
            "source_json": null,
            "source_policy_documents": null,
            "statement": [
              {
                "actions": [
                  "sts:AssumeRole"
                ],
                "condition": [],
                "effect": "Allow",
                "not_actions": [],
                "not_principals": [],
                "not_resources": [],
                "principals": [
                  {
                    "identifiers": [
                      "ec2.amazonaws.com"
                    ],
                    "type": "Service"
                  }
                ],
                "resources": [],
                "sid": "EKSNodeAssumeRole"
              }
            ],
            "version": "2012-10-17"
          },
          "sensitive_attributes": [],
          "identity_schema_version": 0
        }
      ]
    },
    {
      "module": "module.prod_cluster.module.node_groups.module.eks_managed_node_groups[\"general\"]",
      "mode": "data",
      "type": "aws_iam_policy_document",
      "name": "role",
      "provider": "provider[\"registry.terraform.io/hashicorp/aws\"]",
      "instances": []
    },
    {
      "module": "module.prod_cluster.module.node_groups.module.eks_managed_node_groups[\"general\"]",
      "mode": "data",
      "type": "aws_partition",
      "name": "current",
      "provider": "provider[\"registry.terraform.io/hashicorp/aws\"]",
      "instances": [
        {
          "schema_version": 0,
          "attributes": {
            "dns_suffix": "amazonaws.com",
            "id": "aws",
            "partition": "aws",
            "reverse_dns_prefix": "com.amazonaws"
          },
          "sensitive_attributes": [],
          "identity_schema_version": 0
        }
      ]
    },
    {
      "module": "module.prod_cluster.module.node_groups.module.eks_managed_node_groups[\"general\"]",
      "mode": "data",
      "type": "aws_ssm_parameter",
      "name": "ami",
      "provider": "provider[\"registry.terraform.io/hashicorp/aws\"]",
      "instances": []
    },
    {
      "module": "module.prod_cluster.module.node_groups.module.eks_managed_node_groups[\"general\"]",
      "mode": "data",
      "type": "aws_subnets",
      "name": "placement_group",
      "provider": "provider[\"registry.terraform.io/hashicorp/aws\"]",
      "instances": []
    },
    {
      "module": "module.prod_cluster.module.node_groups.module.eks_managed_node_groups[\"general\"]",
      "mode": "managed",
      "type": "aws_autoscaling_schedule",
      "name": "this",
      "provider": "provider[\"registry.terraform.io/hashicorp/aws\"]",
      "instances": []
    },
    {
      "module": "module.prod_cluster.module.node_groups.module.eks_managed_node_groups[\"general\"]",
      "mode": "managed",
      "type": "aws_eks_node_group",
      "name": "this",
      "provider": "provider[\"registry.terraform.io/hashicorp/aws\"]",
      "instances": [
        {
          "index_key": 0,
          "schema_version": 0,
          "attributes": {
            "ami_type": "AL2023_x86_64_STANDARD",
            "arn": "arn:aws:eks:eu-north-1:610964304971:nodegroup/devops-quiz-eks/general-20251111115827017800000019/d8cd3964-0ba4-6064-260b-5929cdddb953",
            "capacity_type": "ON_DEMAND",
            "cluster_name": "devops-quiz-eks",
            "disk_size": 0,
            "force_update_version": null,
            "id": "devops-quiz-eks:general-20251111115827017800000019",
            "instance_types": [
              "t3.medium"
            ],
            "labels": {},
            "launch_template": [
              {
                "id": "lt-08e10501c1fb0167a",
                "name": "general-eks-node-group-20251111115820594100000017",
                "version": "1"
              }
            ],
            "node_group_name": "general-20251111115827017800000019",
            "node_group_name_prefix": "general-",
            "node_repair_config": [],
            "node_role_arn": "arn:aws:iam::610964304971:role/general-eks-node-group-20251111115819224400000012",
            "release_version": "1.31.13-20251108",
            "remote_access": [],
            "resources": [
              {
                "autoscaling_groups": [
                  {
                    "name": "eks-general-20251111115827017800000019-d8cd3964-0ba4-6064-260b-5929cdddb953"
                  }
                ],
                "remote_access_security_group_id": ""
              }
            ],
            "scaling_config": [
              {
                "desired_size": 2,
                "max_size": 4,
                "min_size": 1
              }
            ],
            "status": "ACTIVE",
            "subnet_ids": [
              "subnet-08eaeacff5eb95b1f",
              "subnet-09a4843c98a8dcb8e"
            ],
            "tags": {
              "ClusterName": "devops-quiz-eks",
              "Environment": "production",
              "ManagedBy": "Terraform",
              "Name": "general",
              "Owner": "Liav",
              "Project": "Devops-Quiz"
            },
            "tags_all": {
              "ClusterName": "devops-quiz-eks",
              "Environment": "production",
              "ManagedBy": "Terraform",
              "Name": "general",
              "Owner": "Liav",
              "Project": "Devops-Quiz"
            },
            "taint": [],
            "timeouts": {
              "create": null,
              "delete": null,
              "update": null
            },
            "update_config": [
              {
                "max_unavailable": 0,
                "max_unavailable_percentage": 33
              }
            ],
            "version": "1.31"
          },
          "sensitive_attributes": [],
          "identity_schema_version": 0,
          "private": "eyJlMmJmYjczMC1lY2FhLTExZTYtOGY4OC0zNDM2M2JjN2M0YzAiOnsiY3JlYXRlIjozNjAwMDAwMDAwMDAwLCJkZWxldGUiOjM2MDAwMDAwMDAwMDAsInVwZGF0ZSI6MzYwMDAwMDAwMDAwMH19",
          "dependencies": [
            "module.prod_cluster.module.eks_cluster.data.aws_caller_identity.current",
            "module.prod_cluster.module.eks_cluster.module.eks.aws_cloudwatch_log_group.this",
            "module.prod_cluster.module.eks_cluster.module.eks.aws_ec2_tag.cluster_primary_security_group",
            "module.prod_cluster.module.eks_cluster.module.eks.aws_eks_access_entry.this",
            "module.prod_cluster.module.eks_cluster.module.eks.aws_eks_access_policy_association.this",
            "module.prod_cluster.module.eks_cluster.module.eks.aws_eks_addon.before_compute",
            "module.prod_cluster.module.eks_cluster.module.eks.aws_eks_addon.this",
            "module.prod_cluster.module.eks_cluster.module.eks.aws_eks_cluster.this",
            "module.prod_cluster.module.eks_cluster.module.eks.aws_eks_identity_provider_config.this",
            "module.prod_cluster.module.eks_cluster.module.eks.aws_iam_openid_connect_provider.oidc_provider",
            "module.prod_cluster.module.eks_cluster.module.eks.aws_iam_policy.cluster_encryption",
            "module.prod_cluster.module.eks_cluster.module.eks.aws_iam_policy.cni_ipv6_policy",
            "module.prod_cluster.module.eks_cluster.module.eks.aws_iam_policy.custom",
            "module.prod_cluster.module.eks_cluster.module.eks.aws_iam_role.eks_auto",
            "module.prod_cluster.module.eks_cluster.module.eks.aws_iam_role.this",
            "module.prod_cluster.module.eks_cluster.module.eks.aws_iam_role_policy_attachment.additional",
            "module.prod_cluster.module.eks_cluster.module.eks.aws_iam_role_policy_attachment.cluster_encryption",
            "module.prod_cluster.module.eks_cluster.module.eks.aws_iam_role_policy_attachment.custom",
            "module.prod_cluster.module.eks_cluster.module.eks.aws_iam_role_policy_attachment.eks_auto",
            "module.prod_cluster.module.eks_cluster.module.eks.aws_iam_role_policy_attachment.eks_auto_additional",
            "module.prod_cluster.module.eks_cluster.module.eks.aws_iam_role_policy_attachment.this",
            "module.prod_cluster.module.eks_cluster.module.eks.aws_security_group.cluster",
            "module.prod_cluster.module.eks_cluster.module.eks.aws_security_group.node",
            "module.prod_cluster.module.eks_cluster.module.eks.aws_security_group_rule.cluster",
            "module.prod_cluster.module.eks_cluster.module.eks.aws_security_group_rule.node",
            "module.prod_cluster.module.eks_cluster.module.eks.data.aws_caller_identity.current",
            "module.prod_cluster.module.eks_cluster.module.eks.data.aws_eks_addon_version.this",
            "module.prod_cluster.module.eks_cluster.module.eks.data.aws_iam_policy_document.assume_role_policy",
            "module.prod_cluster.module.eks_cluster.module.eks.data.aws_iam_policy_document.cni_ipv6_policy",
            "module.prod_cluster.module.eks_cluster.module.eks.data.aws_iam_policy_document.custom",
            "module.prod_cluster.module.eks_cluster.module.eks.data.aws_iam_policy_document.node_assume_role_policy",
            "module.prod_cluster.module.eks_cluster.module.eks.data.aws_iam_session_context.current",
            "module.prod_cluster.module.eks_cluster.module.eks.data.aws_partition.current",
            "module.prod_cluster.module.eks_cluster.module.eks.data.tls_certificate.this",
            "module.prod_cluster.module.eks_cluster.module.eks.module.eks_managed_node_group.aws_autoscaling_schedule.this",
            "module.prod_cluster.module.eks_cluster.module.eks.module.eks_managed_node_group.aws_eks_node_group.this",
            "module.prod_cluster.module.eks_cluster.module.eks.module.eks_managed_node_group.aws_iam_role.this",
            "module.prod_cluster.module.eks_cluster.module.eks.module.eks_managed_node_group.aws_iam_role_policy.this",
            "module.prod_cluster.module.eks_cluster.module.eks.module.eks_managed_node_group.aws_iam_role_policy_attachment.additional",
            "module.prod_cluster.module.eks_cluster.module.eks.module.eks_managed_node_group.aws_iam_role_policy_attachment.this",
            "module.prod_cluster.module.eks_cluster.module.eks.module.eks_managed_node_group.aws_launch_template.this",
            "module.prod_cluster.module.eks_cluster.module.eks.module.eks_managed_node_group.aws_placement_group.this",
            "module.prod_cluster.module.eks_cluster.module.eks.module.eks_managed_node_group.data.aws_caller_identity.current",
            "module.prod_cluster.module.eks_cluster.module.eks.module.eks_managed_node_group.data.aws_ec2_instance_type.this",
            "module.prod_cluster.module.eks_cluster.module.eks.module.eks_managed_node_group.data.aws_ec2_instance_type_offerings.this",
            "module.prod_cluster.module.eks_cluster.module.eks.module.eks_managed_node_group.data.aws_iam_policy_document.assume_role_policy",
            "module.prod_cluster.module.eks_cluster.module.eks.module.eks_managed_node_group.data.aws_iam_policy_document.role",
            "module.prod_cluster.module.eks_cluster.module.eks.module.eks_managed_node_group.data.aws_partition.current",
            "module.prod_cluster.module.eks_cluster.module.eks.module.eks_managed_node_group.data.aws_ssm_parameter.ami",
            "module.prod_cluster.module.eks_cluster.module.eks.module.eks_managed_node_group.data.aws_subnets.placement_group",
            "module.prod_cluster.module.eks_cluster.module.eks.module.eks_managed_node_group.module.user_data.data.cloudinit_config.al2023_eks_managed_node_group",
            "module.prod_cluster.module.eks_cluster.module.eks.module.eks_managed_node_group.module.user_data.data.cloudinit_config.linux_eks_managed_node_group",
            "module.prod_cluster.module.eks_cluster.module.eks.module.eks_managed_node_group.module.user_data.null_resource.validate_cluster_service_cidr",
            "module.prod_cluster.module.eks_cluster.module.eks.module.fargate_profile.aws_eks_fargate_profile.this",
            "module.prod_cluster.module.eks_cluster.module.eks.module.fargate_profile.aws_iam_role.this",
            "module.prod_cluster.module.eks_cluster.module.eks.module.fargate_profile.aws_iam_role_policy.this",
            "module.prod_cluster.module.eks_cluster.module.eks.module.fargate_profile.aws_iam_role_policy_attachment.additional",
            "module.prod_cluster.module.eks_cluster.module.eks.module.fargate_profile.aws_iam_role_policy_attachment.this",
            "module.prod_cluster.module.eks_cluster.module.eks.module.fargate_profile.data.aws_caller_identity.current",
            "module.prod_cluster.module.eks_cluster.module.eks.module.fargate_profile.data.aws_iam_policy_document.assume_role_policy",
            "module.prod_cluster.module.eks_cluster.module.eks.module.fargate_profile.data.aws_iam_policy_document.role",
            "module.prod_cluster.module.eks_cluster.module.eks.module.fargate_profile.data.aws_partition.current",
            "module.prod_cluster.module.eks_cluster.module.eks.module.fargate_profile.data.aws_region.current",
            "module.prod_cluster.module.eks_cluster.module.eks.module.kms.aws_kms_alias.this",
            "module.prod_cluster.module.eks_cluster.module.eks.module.kms.aws_kms_external_key.this",
            "module.prod_cluster.module.eks_cluster.module.eks.module.kms.aws_kms_grant.this",
            "module.prod_cluster.module.eks_cluster.module.eks.module.kms.aws_kms_key.this",
            "module.prod_cluster.module.eks_cluster.module.eks.module.kms.aws_kms_replica_external_key.this",
            "module.prod_cluster.module.eks_cluster.module.eks.module.kms.aws_kms_replica_key.this",
            "module.prod_cluster.module.eks_cluster.module.eks.module.kms.data.aws_caller_identity.current",
            "module.prod_cluster.module.eks_cluster.module.eks.module.kms.data.aws_iam_policy_document.this",
            "module.prod_cluster.module.eks_cluster.module.eks.module.kms.data.aws_partition.current",
            "module.prod_cluster.module.eks_cluster.module.eks.module.self_managed_node_group.aws_autoscaling_group.this",
            "module.prod_cluster.module.eks_cluster.module.eks.module.self_managed_node_group.aws_autoscaling_schedule.this",
            "module.prod_cluster.module.eks_cluster.module.eks.module.self_managed_node_group.aws_eks_access_entry.this",
            "module.prod_cluster.module.eks_cluster.module.eks.module.self_managed_node_group.aws_iam_instance_profile.this",
            "module.prod_cluster.module.eks_cluster.module.eks.module.self_managed_node_group.aws_iam_role.this",
            "module.prod_cluster.module.eks_cluster.module.eks.module.self_managed_node_group.aws_iam_role_policy.this",
            "module.prod_cluster.module.eks_cluster.module.eks.module.self_managed_node_group.aws_iam_role_policy_attachment.additional",
            "module.prod_cluster.module.eks_cluster.module.eks.module.self_managed_node_group.aws_iam_role_policy_attachment.this",
            "module.prod_cluster.module.eks_cluster.module.eks.module.self_managed_node_group.aws_launch_template.this",
            "module.prod_cluster.module.eks_cluster.module.eks.module.self_managed_node_group.aws_placement_group.this",
            "module.prod_cluster.module.eks_cluster.module.eks.module.self_managed_node_group.data.aws_caller_identity.current",
            "module.prod_cluster.module.eks_cluster.module.eks.module.self_managed_node_group.data.aws_ec2_instance_type.this",
            "module.prod_cluster.module.eks_cluster.module.eks.module.self_managed_node_group.data.aws_ec2_instance_type_offerings.this",
            "module.prod_cluster.module.eks_cluster.module.eks.module.self_managed_node_group.data.aws_iam_policy_document.assume_role_policy",
            "module.prod_cluster.module.eks_cluster.module.eks.module.self_managed_node_group.data.aws_iam_policy_document.role",
            "module.prod_cluster.module.eks_cluster.module.eks.module.self_managed_node_group.data.aws_partition.current",
            "module.prod_cluster.module.eks_cluster.module.eks.module.self_managed_node_group.data.aws_ssm_parameter.ami",
            "module.prod_cluster.module.eks_cluster.module.eks.module.self_managed_node_group.data.aws_subnets.placement_group",
            "module.prod_cluster.module.eks_cluster.module.eks.module.self_managed_node_group.module.user_data.data.cloudinit_config.al2023_eks_managed_node_group",
            "module.prod_cluster.module.eks_cluster.module.eks.module.self_managed_node_group.module.user_data.data.cloudinit_config.linux_eks_managed_node_group",
            "module.prod_cluster.module.eks_cluster.module.eks.module.self_managed_node_group.module.user_data.null_resource.validate_cluster_service_cidr",
            "module.prod_cluster.module.eks_cluster.module.eks.time_sleep.this",
            "module.prod_cluster.module.node_groups.module.eks_managed_node_groups.aws_iam_role.this",
            "module.prod_cluster.module.node_groups.module.eks_managed_node_groups.aws_iam_role_policy_attachment.additional",
            "module.prod_cluster.module.node_groups.module.eks_managed_node_groups.aws_iam_role_policy_attachment.this",
            "module.prod_cluster.module.node_groups.module.eks_managed_node_groups.aws_launch_template.this",
            "module.prod_cluster.module.node_groups.module.eks_managed_node_groups.aws_placement_group.this",
            "module.prod_cluster.module.node_groups.module.eks_managed_node_groups.data.aws_caller_identity.current",
            "module.prod_cluster.module.node_groups.module.eks_managed_node_groups.data.aws_ec2_instance_type.this",
            "module.prod_cluster.module.node_groups.module.eks_managed_node_groups.data.aws_ec2_instance_type_offerings.this",
            "module.prod_cluster.module.node_groups.module.eks_managed_node_groups.data.aws_iam_policy_document.assume_role_policy",
            "module.prod_cluster.module.node_groups.module.eks_managed_node_groups.data.aws_partition.current",
            "module.prod_cluster.module.node_groups.module.eks_managed_node_groups.data.aws_ssm_parameter.ami",
            "module.prod_cluster.module.node_groups.module.eks_managed_node_groups.data.aws_subnets.placement_group",
            "module.prod_cluster.module.node_groups.module.eks_managed_node_groups.module.user_data.data.cloudinit_config.al2023_eks_managed_node_group",
            "module.prod_cluster.module.node_groups.module.eks_managed_node_groups.module.user_data.data.cloudinit_config.linux_eks_managed_node_group",
            "module.vpc.module.subnets.aws_subnet.private",
            "module.vpc.module.vpc_core.aws_vpc.main"
          ],
          "create_before_destroy": true
        }
      ]
    },
    {
      "module": "module.prod_cluster.module.node_groups.module.eks_managed_node_groups[\"general\"]",
      "mode": "managed",
      "type": "aws_iam_role",
      "name": "this",
      "provider": "provider[\"registry.terraform.io/hashicorp/aws\"]",
      "instances": [
        {
          "index_key": 0,
          "schema_version": 0,
          "attributes": {
            "arn": "arn:aws:iam::610964304971:role/general-eks-node-group-20251111115819224400000012",
            "assume_role_policy": "{\"Statement\":[{\"Action\":\"sts:AssumeRole\",\"Effect\":\"Allow\",\"Principal\":{\"Service\":\"ec2.amazonaws.com\"},\"Sid\":\"EKSNodeAssumeRole\"}],\"Version\":\"2012-10-17\"}",
            "create_date": "2025-11-11T11:58:19Z",
            "description": "",
            "force_detach_policies": true,
            "id": "general-eks-node-group-20251111115819224400000012",
            "inline_policy": [],
            "managed_policy_arns": [
              "arn:aws:iam::aws:policy/AmazonEC2ContainerRegistryReadOnly",
              "arn:aws:iam::aws:policy/AmazonEKSWorkerNodePolicy",
              "arn:aws:iam::aws:policy/AmazonEKS_CNI_Policy",
              "arn:aws:iam::aws:policy/AmazonSSMManagedInstanceCore"
            ],
            "max_session_duration": 3600,
            "name": "general-eks-node-group-20251111115819224400000012",
            "name_prefix": "general-eks-node-group-",
            "path": "/",
            "permissions_boundary": "",
            "tags": {
              "ClusterName": "devops-quiz-eks",
              "Environment": "production",
              "ManagedBy": "Terraform",
              "Owner": "Liav",
              "Project": "Devops-Quiz"
            },
            "tags_all": {
              "ClusterName": "devops-quiz-eks",
              "Environment": "production",
              "ManagedBy": "Terraform",
              "Owner": "Liav",
              "Project": "Devops-Quiz"
            },
            "unique_id": "AROAY4QCPORF6WAD4OLDA"
          },
          "sensitive_attributes": [],
          "identity_schema_version": 0,
          "private": "bnVsbA==",
          "dependencies": [
            "module.prod_cluster.module.eks_cluster.data.aws_caller_identity.current",
            "module.prod_cluster.module.eks_cluster.module.eks.aws_cloudwatch_log_group.this",
            "module.prod_cluster.module.eks_cluster.module.eks.aws_ec2_tag.cluster_primary_security_group",
            "module.prod_cluster.module.eks_cluster.module.eks.aws_eks_access_entry.this",
            "module.prod_cluster.module.eks_cluster.module.eks.aws_eks_access_policy_association.this",
            "module.prod_cluster.module.eks_cluster.module.eks.aws_eks_addon.before_compute",
            "module.prod_cluster.module.eks_cluster.module.eks.aws_eks_addon.this",
            "module.prod_cluster.module.eks_cluster.module.eks.aws_eks_cluster.this",
            "module.prod_cluster.module.eks_cluster.module.eks.aws_eks_identity_provider_config.this",
            "module.prod_cluster.module.eks_cluster.module.eks.aws_iam_openid_connect_provider.oidc_provider",
            "module.prod_cluster.module.eks_cluster.module.eks.aws_iam_policy.cluster_encryption",
            "module.prod_cluster.module.eks_cluster.module.eks.aws_iam_policy.cni_ipv6_policy",
            "module.prod_cluster.module.eks_cluster.module.eks.aws_iam_policy.custom",
            "module.prod_cluster.module.eks_cluster.module.eks.aws_iam_role.eks_auto",
            "module.prod_cluster.module.eks_cluster.module.eks.aws_iam_role.this",
            "module.prod_cluster.module.eks_cluster.module.eks.aws_iam_role_policy_attachment.additional",
            "module.prod_cluster.module.eks_cluster.module.eks.aws_iam_role_policy_attachment.cluster_encryption",
            "module.prod_cluster.module.eks_cluster.module.eks.aws_iam_role_policy_attachment.custom",
            "module.prod_cluster.module.eks_cluster.module.eks.aws_iam_role_policy_attachment.eks_auto",
            "module.prod_cluster.module.eks_cluster.module.eks.aws_iam_role_policy_attachment.eks_auto_additional",
            "module.prod_cluster.module.eks_cluster.module.eks.aws_iam_role_policy_attachment.this",
            "module.prod_cluster.module.eks_cluster.module.eks.aws_security_group.cluster",
            "module.prod_cluster.module.eks_cluster.module.eks.aws_security_group.node",
            "module.prod_cluster.module.eks_cluster.module.eks.aws_security_group_rule.cluster",
            "module.prod_cluster.module.eks_cluster.module.eks.aws_security_group_rule.node",
            "module.prod_cluster.module.eks_cluster.module.eks.data.aws_caller_identity.current",
            "module.prod_cluster.module.eks_cluster.module.eks.data.aws_eks_addon_version.this",
            "module.prod_cluster.module.eks_cluster.module.eks.data.aws_iam_policy_document.assume_role_policy",
            "module.prod_cluster.module.eks_cluster.module.eks.data.aws_iam_policy_document.cni_ipv6_policy",
            "module.prod_cluster.module.eks_cluster.module.eks.data.aws_iam_policy_document.custom",
            "module.prod_cluster.module.eks_cluster.module.eks.data.aws_iam_policy_document.node_assume_role_policy",
            "module.prod_cluster.module.eks_cluster.module.eks.data.aws_iam_session_context.current",
            "module.prod_cluster.module.eks_cluster.module.eks.data.aws_partition.current",
            "module.prod_cluster.module.eks_cluster.module.eks.data.tls_certificate.this",
            "module.prod_cluster.module.eks_cluster.module.eks.module.eks_managed_node_group.aws_autoscaling_schedule.this",
            "module.prod_cluster.module.eks_cluster.module.eks.module.eks_managed_node_group.aws_eks_node_group.this",
            "module.prod_cluster.module.eks_cluster.module.eks.module.eks_managed_node_group.aws_iam_role.this",
            "module.prod_cluster.module.eks_cluster.module.eks.module.eks_managed_node_group.aws_iam_role_policy.this",
            "module.prod_cluster.module.eks_cluster.module.eks.module.eks_managed_node_group.aws_iam_role_policy_attachment.additional",
            "module.prod_cluster.module.eks_cluster.module.eks.module.eks_managed_node_group.aws_iam_role_policy_attachment.this",
            "module.prod_cluster.module.eks_cluster.module.eks.module.eks_managed_node_group.aws_launch_template.this",
            "module.prod_cluster.module.eks_cluster.module.eks.module.eks_managed_node_group.aws_placement_group.this",
            "module.prod_cluster.module.eks_cluster.module.eks.module.eks_managed_node_group.data.aws_caller_identity.current",
            "module.prod_cluster.module.eks_cluster.module.eks.module.eks_managed_node_group.data.aws_ec2_instance_type.this",
            "module.prod_cluster.module.eks_cluster.module.eks.module.eks_managed_node_group.data.aws_ec2_instance_type_offerings.this",
            "module.prod_cluster.module.eks_cluster.module.eks.module.eks_managed_node_group.data.aws_iam_policy_document.assume_role_policy",
            "module.prod_cluster.module.eks_cluster.module.eks.module.eks_managed_node_group.data.aws_iam_policy_document.role",
            "module.prod_cluster.module.eks_cluster.module.eks.module.eks_managed_node_group.data.aws_partition.current",
            "module.prod_cluster.module.eks_cluster.module.eks.module.eks_managed_node_group.data.aws_ssm_parameter.ami",
            "module.prod_cluster.module.eks_cluster.module.eks.module.eks_managed_node_group.data.aws_subnets.placement_group",
            "module.prod_cluster.module.eks_cluster.module.eks.module.eks_managed_node_group.module.user_data.data.cloudinit_config.al2023_eks_managed_node_group",
            "module.prod_cluster.module.eks_cluster.module.eks.module.eks_managed_node_group.module.user_data.data.cloudinit_config.linux_eks_managed_node_group",
            "module.prod_cluster.module.eks_cluster.module.eks.module.eks_managed_node_group.module.user_data.null_resource.validate_cluster_service_cidr",
            "module.prod_cluster.module.eks_cluster.module.eks.module.fargate_profile.aws_eks_fargate_profile.this",
            "module.prod_cluster.module.eks_cluster.module.eks.module.fargate_profile.aws_iam_role.this",
            "module.prod_cluster.module.eks_cluster.module.eks.module.fargate_profile.aws_iam_role_policy.this",
            "module.prod_cluster.module.eks_cluster.module.eks.module.fargate_profile.aws_iam_role_policy_attachment.additional",
            "module.prod_cluster.module.eks_cluster.module.eks.module.fargate_profile.aws_iam_role_policy_attachment.this",
            "module.prod_cluster.module.eks_cluster.module.eks.module.fargate_profile.data.aws_caller_identity.current",
            "module.prod_cluster.module.eks_cluster.module.eks.module.fargate_profile.data.aws_iam_policy_document.assume_role_policy",
            "module.prod_cluster.module.eks_cluster.module.eks.module.fargate_profile.data.aws_iam_policy_document.role",
            "module.prod_cluster.module.eks_cluster.module.eks.module.fargate_profile.data.aws_partition.current",
            "module.prod_cluster.module.eks_cluster.module.eks.module.fargate_profile.data.aws_region.current",
            "module.prod_cluster.module.eks_cluster.module.eks.module.kms.aws_kms_alias.this",
            "module.prod_cluster.module.eks_cluster.module.eks.module.kms.aws_kms_external_key.this",
            "module.prod_cluster.module.eks_cluster.module.eks.module.kms.aws_kms_grant.this",
            "module.prod_cluster.module.eks_cluster.module.eks.module.kms.aws_kms_key.this",
            "module.prod_cluster.module.eks_cluster.module.eks.module.kms.aws_kms_replica_external_key.this",
            "module.prod_cluster.module.eks_cluster.module.eks.module.kms.aws_kms_replica_key.this",
            "module.prod_cluster.module.eks_cluster.module.eks.module.kms.data.aws_caller_identity.current",
            "module.prod_cluster.module.eks_cluster.module.eks.module.kms.data.aws_iam_policy_document.this",
            "module.prod_cluster.module.eks_cluster.module.eks.module.kms.data.aws_partition.current",
            "module.prod_cluster.module.eks_cluster.module.eks.module.self_managed_node_group.aws_autoscaling_group.this",
            "module.prod_cluster.module.eks_cluster.module.eks.module.self_managed_node_group.aws_autoscaling_schedule.this",
            "module.prod_cluster.module.eks_cluster.module.eks.module.self_managed_node_group.aws_eks_access_entry.this",
            "module.prod_cluster.module.eks_cluster.module.eks.module.self_managed_node_group.aws_iam_instance_profile.this",
            "module.prod_cluster.module.eks_cluster.module.eks.module.self_managed_node_group.aws_iam_role.this",
            "module.prod_cluster.module.eks_cluster.module.eks.module.self_managed_node_group.aws_iam_role_policy.this",
            "module.prod_cluster.module.eks_cluster.module.eks.module.self_managed_node_group.aws_iam_role_policy_attachment.additional",
            "module.prod_cluster.module.eks_cluster.module.eks.module.self_managed_node_group.aws_iam_role_policy_attachment.this",
            "module.prod_cluster.module.eks_cluster.module.eks.module.self_managed_node_group.aws_launch_template.this",
            "module.prod_cluster.module.eks_cluster.module.eks.module.self_managed_node_group.aws_placement_group.this",
            "module.prod_cluster.module.eks_cluster.module.eks.module.self_managed_node_group.data.aws_caller_identity.current",
            "module.prod_cluster.module.eks_cluster.module.eks.module.self_managed_node_group.data.aws_ec2_instance_type.this",
            "module.prod_cluster.module.eks_cluster.module.eks.module.self_managed_node_group.data.aws_ec2_instance_type_offerings.this",
            "module.prod_cluster.module.eks_cluster.module.eks.module.self_managed_node_group.data.aws_iam_policy_document.assume_role_policy",
            "module.prod_cluster.module.eks_cluster.module.eks.module.self_managed_node_group.data.aws_iam_policy_document.role",
            "module.prod_cluster.module.eks_cluster.module.eks.module.self_managed_node_group.data.aws_partition.current",
            "module.prod_cluster.module.eks_cluster.module.eks.module.self_managed_node_group.data.aws_ssm_parameter.ami",
            "module.prod_cluster.module.eks_cluster.module.eks.module.self_managed_node_group.data.aws_subnets.placement_group",
            "module.prod_cluster.module.eks_cluster.module.eks.module.self_managed_node_group.module.user_data.data.cloudinit_config.al2023_eks_managed_node_group",
            "module.prod_cluster.module.eks_cluster.module.eks.module.self_managed_node_group.module.user_data.data.cloudinit_config.linux_eks_managed_node_group",
            "module.prod_cluster.module.eks_cluster.module.eks.module.self_managed_node_group.module.user_data.null_resource.validate_cluster_service_cidr",
            "module.prod_cluster.module.eks_cluster.module.eks.time_sleep.this",
            "module.prod_cluster.module.node_groups.module.eks_managed_node_groups.data.aws_iam_policy_document.assume_role_policy",
            "module.vpc.module.subnets.aws_subnet.private",
            "module.vpc.module.vpc_core.aws_vpc.main"
          ],
          "create_before_destroy": true
        }
      ]
    },
    {
      "module": "module.prod_cluster.module.node_groups.module.eks_managed_node_groups[\"general\"]",
      "mode": "managed",
      "type": "aws_iam_role_policy",
      "name": "this",
      "provider": "provider[\"registry.terraform.io/hashicorp/aws\"]",
      "instances": []
    },
    {
      "module": "module.prod_cluster.module.node_groups.module.eks_managed_node_groups[\"general\"]",
      "mode": "managed",
      "type": "aws_iam_role_policy_attachment",
      "name": "additional",
      "provider": "provider[\"registry.terraform.io/hashicorp/aws\"]",
      "instances": [
        {
          "index_key": "AmazonSSMManagedInstanceCore",
          "schema_version": 0,
          "attributes": {
            "id": "general-eks-node-group-20251111115819224400000012-20251111115820372400000015",
            "policy_arn": "arn:aws:iam::aws:policy/AmazonSSMManagedInstanceCore",
            "role": "general-eks-node-group-20251111115819224400000012"
          },
          "sensitive_attributes": [],
          "identity_schema_version": 0,
          "private": "bnVsbA==",
          "dependencies": [
            "module.prod_cluster.module.eks_cluster.data.aws_caller_identity.current",
            "module.prod_cluster.module.eks_cluster.module.eks.aws_cloudwatch_log_group.this",
            "module.prod_cluster.module.eks_cluster.module.eks.aws_ec2_tag.cluster_primary_security_group",
            "module.prod_cluster.module.eks_cluster.module.eks.aws_eks_access_entry.this",
            "module.prod_cluster.module.eks_cluster.module.eks.aws_eks_access_policy_association.this",
            "module.prod_cluster.module.eks_cluster.module.eks.aws_eks_addon.before_compute",
            "module.prod_cluster.module.eks_cluster.module.eks.aws_eks_addon.this",
            "module.prod_cluster.module.eks_cluster.module.eks.aws_eks_cluster.this",
            "module.prod_cluster.module.eks_cluster.module.eks.aws_eks_identity_provider_config.this",
            "module.prod_cluster.module.eks_cluster.module.eks.aws_iam_openid_connect_provider.oidc_provider",
            "module.prod_cluster.module.eks_cluster.module.eks.aws_iam_policy.cluster_encryption",
            "module.prod_cluster.module.eks_cluster.module.eks.aws_iam_policy.cni_ipv6_policy",
            "module.prod_cluster.module.eks_cluster.module.eks.aws_iam_policy.custom",
            "module.prod_cluster.module.eks_cluster.module.eks.aws_iam_role.eks_auto",
            "module.prod_cluster.module.eks_cluster.module.eks.aws_iam_role.this",
            "module.prod_cluster.module.eks_cluster.module.eks.aws_iam_role_policy_attachment.additional",
            "module.prod_cluster.module.eks_cluster.module.eks.aws_iam_role_policy_attachment.cluster_encryption",
            "module.prod_cluster.module.eks_cluster.module.eks.aws_iam_role_policy_attachment.custom",
            "module.prod_cluster.module.eks_cluster.module.eks.aws_iam_role_policy_attachment.eks_auto",
            "module.prod_cluster.module.eks_cluster.module.eks.aws_iam_role_policy_attachment.eks_auto_additional",
            "module.prod_cluster.module.eks_cluster.module.eks.aws_iam_role_policy_attachment.this",
            "module.prod_cluster.module.eks_cluster.module.eks.aws_security_group.cluster",
            "module.prod_cluster.module.eks_cluster.module.eks.aws_security_group.node",
            "module.prod_cluster.module.eks_cluster.module.eks.aws_security_group_rule.cluster",
            "module.prod_cluster.module.eks_cluster.module.eks.aws_security_group_rule.node",
            "module.prod_cluster.module.eks_cluster.module.eks.data.aws_caller_identity.current",
            "module.prod_cluster.module.eks_cluster.module.eks.data.aws_eks_addon_version.this",
            "module.prod_cluster.module.eks_cluster.module.eks.data.aws_iam_policy_document.assume_role_policy",
            "module.prod_cluster.module.eks_cluster.module.eks.data.aws_iam_policy_document.cni_ipv6_policy",
            "module.prod_cluster.module.eks_cluster.module.eks.data.aws_iam_policy_document.custom",
            "module.prod_cluster.module.eks_cluster.module.eks.data.aws_iam_policy_document.node_assume_role_policy",
            "module.prod_cluster.module.eks_cluster.module.eks.data.aws_iam_session_context.current",
            "module.prod_cluster.module.eks_cluster.module.eks.data.aws_partition.current",
            "module.prod_cluster.module.eks_cluster.module.eks.data.tls_certificate.this",
            "module.prod_cluster.module.eks_cluster.module.eks.module.eks_managed_node_group.aws_autoscaling_schedule.this",
            "module.prod_cluster.module.eks_cluster.module.eks.module.eks_managed_node_group.aws_eks_node_group.this",
            "module.prod_cluster.module.eks_cluster.module.eks.module.eks_managed_node_group.aws_iam_role.this",
            "module.prod_cluster.module.eks_cluster.module.eks.module.eks_managed_node_group.aws_iam_role_policy.this",
            "module.prod_cluster.module.eks_cluster.module.eks.module.eks_managed_node_group.aws_iam_role_policy_attachment.additional",
            "module.prod_cluster.module.eks_cluster.module.eks.module.eks_managed_node_group.aws_iam_role_policy_attachment.this",
            "module.prod_cluster.module.eks_cluster.module.eks.module.eks_managed_node_group.aws_launch_template.this",
            "module.prod_cluster.module.eks_cluster.module.eks.module.eks_managed_node_group.aws_placement_group.this",
            "module.prod_cluster.module.eks_cluster.module.eks.module.eks_managed_node_group.data.aws_caller_identity.current",
            "module.prod_cluster.module.eks_cluster.module.eks.module.eks_managed_node_group.data.aws_ec2_instance_type.this",
            "module.prod_cluster.module.eks_cluster.module.eks.module.eks_managed_node_group.data.aws_ec2_instance_type_offerings.this",
            "module.prod_cluster.module.eks_cluster.module.eks.module.eks_managed_node_group.data.aws_iam_policy_document.assume_role_policy",
            "module.prod_cluster.module.eks_cluster.module.eks.module.eks_managed_node_group.data.aws_iam_policy_document.role",
            "module.prod_cluster.module.eks_cluster.module.eks.module.eks_managed_node_group.data.aws_partition.current",
            "module.prod_cluster.module.eks_cluster.module.eks.module.eks_managed_node_group.data.aws_ssm_parameter.ami",
            "module.prod_cluster.module.eks_cluster.module.eks.module.eks_managed_node_group.data.aws_subnets.placement_group",
            "module.prod_cluster.module.eks_cluster.module.eks.module.eks_managed_node_group.module.user_data.data.cloudinit_config.al2023_eks_managed_node_group",
            "module.prod_cluster.module.eks_cluster.module.eks.module.eks_managed_node_group.module.user_data.data.cloudinit_config.linux_eks_managed_node_group",
            "module.prod_cluster.module.eks_cluster.module.eks.module.eks_managed_node_group.module.user_data.null_resource.validate_cluster_service_cidr",
            "module.prod_cluster.module.eks_cluster.module.eks.module.fargate_profile.aws_eks_fargate_profile.this",
            "module.prod_cluster.module.eks_cluster.module.eks.module.fargate_profile.aws_iam_role.this",
            "module.prod_cluster.module.eks_cluster.module.eks.module.fargate_profile.aws_iam_role_policy.this",
            "module.prod_cluster.module.eks_cluster.module.eks.module.fargate_profile.aws_iam_role_policy_attachment.additional",
            "module.prod_cluster.module.eks_cluster.module.eks.module.fargate_profile.aws_iam_role_policy_attachment.this",
            "module.prod_cluster.module.eks_cluster.module.eks.module.fargate_profile.data.aws_caller_identity.current",
            "module.prod_cluster.module.eks_cluster.module.eks.module.fargate_profile.data.aws_iam_policy_document.assume_role_policy",
            "module.prod_cluster.module.eks_cluster.module.eks.module.fargate_profile.data.aws_iam_policy_document.role",
            "module.prod_cluster.module.eks_cluster.module.eks.module.fargate_profile.data.aws_partition.current",
            "module.prod_cluster.module.eks_cluster.module.eks.module.fargate_profile.data.aws_region.current",
            "module.prod_cluster.module.eks_cluster.module.eks.module.kms.aws_kms_alias.this",
            "module.prod_cluster.module.eks_cluster.module.eks.module.kms.aws_kms_external_key.this",
            "module.prod_cluster.module.eks_cluster.module.eks.module.kms.aws_kms_grant.this",
            "module.prod_cluster.module.eks_cluster.module.eks.module.kms.aws_kms_key.this",
            "module.prod_cluster.module.eks_cluster.module.eks.module.kms.aws_kms_replica_external_key.this",
            "module.prod_cluster.module.eks_cluster.module.eks.module.kms.aws_kms_replica_key.this",
            "module.prod_cluster.module.eks_cluster.module.eks.module.kms.data.aws_caller_identity.current",
            "module.prod_cluster.module.eks_cluster.module.eks.module.kms.data.aws_iam_policy_document.this",
            "module.prod_cluster.module.eks_cluster.module.eks.module.kms.data.aws_partition.current",
            "module.prod_cluster.module.eks_cluster.module.eks.module.self_managed_node_group.aws_autoscaling_group.this",
            "module.prod_cluster.module.eks_cluster.module.eks.module.self_managed_node_group.aws_autoscaling_schedule.this",
            "module.prod_cluster.module.eks_cluster.module.eks.module.self_managed_node_group.aws_eks_access_entry.this",
            "module.prod_cluster.module.eks_cluster.module.eks.module.self_managed_node_group.aws_iam_instance_profile.this",
            "module.prod_cluster.module.eks_cluster.module.eks.module.self_managed_node_group.aws_iam_role.this",
            "module.prod_cluster.module.eks_cluster.module.eks.module.self_managed_node_group.aws_iam_role_policy.this",
            "module.prod_cluster.module.eks_cluster.module.eks.module.self_managed_node_group.aws_iam_role_policy_attachment.additional",
            "module.prod_cluster.module.eks_cluster.module.eks.module.self_managed_node_group.aws_iam_role_policy_attachment.this",
            "module.prod_cluster.module.eks_cluster.module.eks.module.self_managed_node_group.aws_launch_template.this",
            "module.prod_cluster.module.eks_cluster.module.eks.module.self_managed_node_group.aws_placement_group.this",
            "module.prod_cluster.module.eks_cluster.module.eks.module.self_managed_node_group.data.aws_caller_identity.current",
            "module.prod_cluster.module.eks_cluster.module.eks.module.self_managed_node_group.data.aws_ec2_instance_type.this",
            "module.prod_cluster.module.eks_cluster.module.eks.module.self_managed_node_group.data.aws_ec2_instance_type_offerings.this",
            "module.prod_cluster.module.eks_cluster.module.eks.module.self_managed_node_group.data.aws_iam_policy_document.assume_role_policy",
            "module.prod_cluster.module.eks_cluster.module.eks.module.self_managed_node_group.data.aws_iam_policy_document.role",
            "module.prod_cluster.module.eks_cluster.module.eks.module.self_managed_node_group.data.aws_partition.current",
            "module.prod_cluster.module.eks_cluster.module.eks.module.self_managed_node_group.data.aws_ssm_parameter.ami",
            "module.prod_cluster.module.eks_cluster.module.eks.module.self_managed_node_group.data.aws_subnets.placement_group",
            "module.prod_cluster.module.eks_cluster.module.eks.module.self_managed_node_group.module.user_data.data.cloudinit_config.al2023_eks_managed_node_group",
            "module.prod_cluster.module.eks_cluster.module.eks.module.self_managed_node_group.module.user_data.data.cloudinit_config.linux_eks_managed_node_group",
            "module.prod_cluster.module.eks_cluster.module.eks.module.self_managed_node_group.module.user_data.null_resource.validate_cluster_service_cidr",
            "module.prod_cluster.module.eks_cluster.module.eks.time_sleep.this",
            "module.prod_cluster.module.node_groups.module.eks_managed_node_groups.aws_iam_role.this",
            "module.prod_cluster.module.node_groups.module.eks_managed_node_groups.data.aws_iam_policy_document.assume_role_policy",
            "module.vpc.module.subnets.aws_subnet.private",
            "module.vpc.module.vpc_core.aws_vpc.main"
          ],
          "create_before_destroy": true
        }
      ]
    },
    {
      "module": "module.prod_cluster.module.node_groups.module.eks_managed_node_groups[\"general\"]",
      "mode": "managed",
      "type": "aws_iam_role_policy_attachment",
      "name": "this",
      "provider": "provider[\"registry.terraform.io/hashicorp/aws\"]",
      "instances": [
        {
          "index_key": "AmazonEC2ContainerRegistryReadOnly",
          "schema_version": 0,
          "attributes": {
            "id": "general-eks-node-group-20251111115819224400000012-20251111115820372400000014",
            "policy_arn": "arn:aws:iam::aws:policy/AmazonEC2ContainerRegistryReadOnly",
            "role": "general-eks-node-group-20251111115819224400000012"
          },
          "sensitive_attributes": [],
          "identity_schema_version": 0,
          "private": "bnVsbA==",
          "dependencies": [
            "module.prod_cluster.module.eks_cluster.data.aws_caller_identity.current",
            "module.prod_cluster.module.eks_cluster.module.eks.aws_cloudwatch_log_group.this",
            "module.prod_cluster.module.eks_cluster.module.eks.aws_ec2_tag.cluster_primary_security_group",
            "module.prod_cluster.module.eks_cluster.module.eks.aws_eks_access_entry.this",
            "module.prod_cluster.module.eks_cluster.module.eks.aws_eks_access_policy_association.this",
            "module.prod_cluster.module.eks_cluster.module.eks.aws_eks_addon.before_compute",
            "module.prod_cluster.module.eks_cluster.module.eks.aws_eks_addon.this",
            "module.prod_cluster.module.eks_cluster.module.eks.aws_eks_cluster.this",
            "module.prod_cluster.module.eks_cluster.module.eks.aws_eks_identity_provider_config.this",
            "module.prod_cluster.module.eks_cluster.module.eks.aws_iam_openid_connect_provider.oidc_provider",
            "module.prod_cluster.module.eks_cluster.module.eks.aws_iam_policy.cluster_encryption",
            "module.prod_cluster.module.eks_cluster.module.eks.aws_iam_policy.cni_ipv6_policy",
            "module.prod_cluster.module.eks_cluster.module.eks.aws_iam_policy.custom",
            "module.prod_cluster.module.eks_cluster.module.eks.aws_iam_role.eks_auto",
            "module.prod_cluster.module.eks_cluster.module.eks.aws_iam_role.this",
            "module.prod_cluster.module.eks_cluster.module.eks.aws_iam_role_policy_attachment.additional",
            "module.prod_cluster.module.eks_cluster.module.eks.aws_iam_role_policy_attachment.cluster_encryption",
            "module.prod_cluster.module.eks_cluster.module.eks.aws_iam_role_policy_attachment.custom",
            "module.prod_cluster.module.eks_cluster.module.eks.aws_iam_role_policy_attachment.eks_auto",
            "module.prod_cluster.module.eks_cluster.module.eks.aws_iam_role_policy_attachment.eks_auto_additional",
            "module.prod_cluster.module.eks_cluster.module.eks.aws_iam_role_policy_attachment.this",
            "module.prod_cluster.module.eks_cluster.module.eks.aws_security_group.cluster",
            "module.prod_cluster.module.eks_cluster.module.eks.aws_security_group.node",
            "module.prod_cluster.module.eks_cluster.module.eks.aws_security_group_rule.cluster",
            "module.prod_cluster.module.eks_cluster.module.eks.aws_security_group_rule.node",
            "module.prod_cluster.module.eks_cluster.module.eks.data.aws_caller_identity.current",
            "module.prod_cluster.module.eks_cluster.module.eks.data.aws_eks_addon_version.this",
            "module.prod_cluster.module.eks_cluster.module.eks.data.aws_iam_policy_document.assume_role_policy",
            "module.prod_cluster.module.eks_cluster.module.eks.data.aws_iam_policy_document.cni_ipv6_policy",
            "module.prod_cluster.module.eks_cluster.module.eks.data.aws_iam_policy_document.custom",
            "module.prod_cluster.module.eks_cluster.module.eks.data.aws_iam_policy_document.node_assume_role_policy",
            "module.prod_cluster.module.eks_cluster.module.eks.data.aws_iam_session_context.current",
            "module.prod_cluster.module.eks_cluster.module.eks.data.aws_partition.current",
            "module.prod_cluster.module.eks_cluster.module.eks.data.tls_certificate.this",
            "module.prod_cluster.module.eks_cluster.module.eks.module.eks_managed_node_group.aws_autoscaling_schedule.this",
            "module.prod_cluster.module.eks_cluster.module.eks.module.eks_managed_node_group.aws_eks_node_group.this",
            "module.prod_cluster.module.eks_cluster.module.eks.module.eks_managed_node_group.aws_iam_role.this",
            "module.prod_cluster.module.eks_cluster.module.eks.module.eks_managed_node_group.aws_iam_role_policy.this",
            "module.prod_cluster.module.eks_cluster.module.eks.module.eks_managed_node_group.aws_iam_role_policy_attachment.additional",
            "module.prod_cluster.module.eks_cluster.module.eks.module.eks_managed_node_group.aws_iam_role_policy_attachment.this",
            "module.prod_cluster.module.eks_cluster.module.eks.module.eks_managed_node_group.aws_launch_template.this",
            "module.prod_cluster.module.eks_cluster.module.eks.module.eks_managed_node_group.aws_placement_group.this",
            "module.prod_cluster.module.eks_cluster.module.eks.module.eks_managed_node_group.data.aws_caller_identity.current",
            "module.prod_cluster.module.eks_cluster.module.eks.module.eks_managed_node_group.data.aws_ec2_instance_type.this",
            "module.prod_cluster.module.eks_cluster.module.eks.module.eks_managed_node_group.data.aws_ec2_instance_type_offerings.this",
            "module.prod_cluster.module.eks_cluster.module.eks.module.eks_managed_node_group.data.aws_iam_policy_document.assume_role_policy",
            "module.prod_cluster.module.eks_cluster.module.eks.module.eks_managed_node_group.data.aws_iam_policy_document.role",
            "module.prod_cluster.module.eks_cluster.module.eks.module.eks_managed_node_group.data.aws_partition.current",
            "module.prod_cluster.module.eks_cluster.module.eks.module.eks_managed_node_group.data.aws_ssm_parameter.ami",
            "module.prod_cluster.module.eks_cluster.module.eks.module.eks_managed_node_group.data.aws_subnets.placement_group",
            "module.prod_cluster.module.eks_cluster.module.eks.module.eks_managed_node_group.module.user_data.data.cloudinit_config.al2023_eks_managed_node_group",
            "module.prod_cluster.module.eks_cluster.module.eks.module.eks_managed_node_group.module.user_data.data.cloudinit_config.linux_eks_managed_node_group",
            "module.prod_cluster.module.eks_cluster.module.eks.module.eks_managed_node_group.module.user_data.null_resource.validate_cluster_service_cidr",
            "module.prod_cluster.module.eks_cluster.module.eks.module.fargate_profile.aws_eks_fargate_profile.this",
            "module.prod_cluster.module.eks_cluster.module.eks.module.fargate_profile.aws_iam_role.this",
            "module.prod_cluster.module.eks_cluster.module.eks.module.fargate_profile.aws_iam_role_policy.this",
            "module.prod_cluster.module.eks_cluster.module.eks.module.fargate_profile.aws_iam_role_policy_attachment.additional",
            "module.prod_cluster.module.eks_cluster.module.eks.module.fargate_profile.aws_iam_role_policy_attachment.this",
            "module.prod_cluster.module.eks_cluster.module.eks.module.fargate_profile.data.aws_caller_identity.current",
            "module.prod_cluster.module.eks_cluster.module.eks.module.fargate_profile.data.aws_iam_policy_document.assume_role_policy",
            "module.prod_cluster.module.eks_cluster.module.eks.module.fargate_profile.data.aws_iam_policy_document.role",
            "module.prod_cluster.module.eks_cluster.module.eks.module.fargate_profile.data.aws_partition.current",
            "module.prod_cluster.module.eks_cluster.module.eks.module.fargate_profile.data.aws_region.current",
            "module.prod_cluster.module.eks_cluster.module.eks.module.kms.aws_kms_alias.this",
            "module.prod_cluster.module.eks_cluster.module.eks.module.kms.aws_kms_external_key.this",
            "module.prod_cluster.module.eks_cluster.module.eks.module.kms.aws_kms_grant.this",
            "module.prod_cluster.module.eks_cluster.module.eks.module.kms.aws_kms_key.this",
            "module.prod_cluster.module.eks_cluster.module.eks.module.kms.aws_kms_replica_external_key.this",
            "module.prod_cluster.module.eks_cluster.module.eks.module.kms.aws_kms_replica_key.this",
            "module.prod_cluster.module.eks_cluster.module.eks.module.kms.data.aws_caller_identity.current",
            "module.prod_cluster.module.eks_cluster.module.eks.module.kms.data.aws_iam_policy_document.this",
            "module.prod_cluster.module.eks_cluster.module.eks.module.kms.data.aws_partition.current",
            "module.prod_cluster.module.eks_cluster.module.eks.module.self_managed_node_group.aws_autoscaling_group.this",
            "module.prod_cluster.module.eks_cluster.module.eks.module.self_managed_node_group.aws_autoscaling_schedule.this",
            "module.prod_cluster.module.eks_cluster.module.eks.module.self_managed_node_group.aws_eks_access_entry.this",
            "module.prod_cluster.module.eks_cluster.module.eks.module.self_managed_node_group.aws_iam_instance_profile.this",
            "module.prod_cluster.module.eks_cluster.module.eks.module.self_managed_node_group.aws_iam_role.this",
            "module.prod_cluster.module.eks_cluster.module.eks.module.self_managed_node_group.aws_iam_role_policy.this",
            "module.prod_cluster.module.eks_cluster.module.eks.module.self_managed_node_group.aws_iam_role_policy_attachment.additional",
            "module.prod_cluster.module.eks_cluster.module.eks.module.self_managed_node_group.aws_iam_role_policy_attachment.this",
            "module.prod_cluster.module.eks_cluster.module.eks.module.self_managed_node_group.aws_launch_template.this",
            "module.prod_cluster.module.eks_cluster.module.eks.module.self_managed_node_group.aws_placement_group.this",
            "module.prod_cluster.module.eks_cluster.module.eks.module.self_managed_node_group.data.aws_caller_identity.current",
            "module.prod_cluster.module.eks_cluster.module.eks.module.self_managed_node_group.data.aws_ec2_instance_type.this",
            "module.prod_cluster.module.eks_cluster.module.eks.module.self_managed_node_group.data.aws_ec2_instance_type_offerings.this",
            "module.prod_cluster.module.eks_cluster.module.eks.module.self_managed_node_group.data.aws_iam_policy_document.assume_role_policy",
            "module.prod_cluster.module.eks_cluster.module.eks.module.self_managed_node_group.data.aws_iam_policy_document.role",
            "module.prod_cluster.module.eks_cluster.module.eks.module.self_managed_node_group.data.aws_partition.current",
            "module.prod_cluster.module.eks_cluster.module.eks.module.self_managed_node_group.data.aws_ssm_parameter.ami",
            "module.prod_cluster.module.eks_cluster.module.eks.module.self_managed_node_group.data.aws_subnets.placement_group",
            "module.prod_cluster.module.eks_cluster.module.eks.module.self_managed_node_group.module.user_data.data.cloudinit_config.al2023_eks_managed_node_group",
            "module.prod_cluster.module.eks_cluster.module.eks.module.self_managed_node_group.module.user_data.data.cloudinit_config.linux_eks_managed_node_group",
            "module.prod_cluster.module.eks_cluster.module.eks.module.self_managed_node_group.module.user_data.null_resource.validate_cluster_service_cidr",
            "module.prod_cluster.module.eks_cluster.module.eks.time_sleep.this",
            "module.prod_cluster.module.node_groups.module.eks_managed_node_groups.aws_iam_role.this",
            "module.prod_cluster.module.node_groups.module.eks_managed_node_groups.data.aws_caller_identity.current",
            "module.prod_cluster.module.node_groups.module.eks_managed_node_groups.data.aws_iam_policy_document.assume_role_policy",
            "module.prod_cluster.module.node_groups.module.eks_managed_node_groups.data.aws_partition.current",
            "module.vpc.module.subnets.aws_subnet.private",
            "module.vpc.module.vpc_core.aws_vpc.main"
          ],
          "create_before_destroy": true
        },
        {
          "index_key": "AmazonEKSWorkerNodePolicy",
          "schema_version": 0,
          "attributes": {
            "id": "general-eks-node-group-20251111115819224400000012-20251111115820382700000016",
            "policy_arn": "arn:aws:iam::aws:policy/AmazonEKSWorkerNodePolicy",
            "role": "general-eks-node-group-20251111115819224400000012"
          },
          "sensitive_attributes": [],
          "identity_schema_version": 0,
          "private": "bnVsbA==",
          "dependencies": [
            "module.prod_cluster.module.eks_cluster.data.aws_caller_identity.current",
            "module.prod_cluster.module.eks_cluster.module.eks.aws_cloudwatch_log_group.this",
            "module.prod_cluster.module.eks_cluster.module.eks.aws_ec2_tag.cluster_primary_security_group",
            "module.prod_cluster.module.eks_cluster.module.eks.aws_eks_access_entry.this",
            "module.prod_cluster.module.eks_cluster.module.eks.aws_eks_access_policy_association.this",
            "module.prod_cluster.module.eks_cluster.module.eks.aws_eks_addon.before_compute",
            "module.prod_cluster.module.eks_cluster.module.eks.aws_eks_addon.this",
            "module.prod_cluster.module.eks_cluster.module.eks.aws_eks_cluster.this",
            "module.prod_cluster.module.eks_cluster.module.eks.aws_eks_identity_provider_config.this",
            "module.prod_cluster.module.eks_cluster.module.eks.aws_iam_openid_connect_provider.oidc_provider",
            "module.prod_cluster.module.eks_cluster.module.eks.aws_iam_policy.cluster_encryption",
            "module.prod_cluster.module.eks_cluster.module.eks.aws_iam_policy.cni_ipv6_policy",
            "module.prod_cluster.module.eks_cluster.module.eks.aws_iam_policy.custom",
            "module.prod_cluster.module.eks_cluster.module.eks.aws_iam_role.eks_auto",
            "module.prod_cluster.module.eks_cluster.module.eks.aws_iam_role.this",
            "module.prod_cluster.module.eks_cluster.module.eks.aws_iam_role_policy_attachment.additional",
            "module.prod_cluster.module.eks_cluster.module.eks.aws_iam_role_policy_attachment.cluster_encryption",
            "module.prod_cluster.module.eks_cluster.module.eks.aws_iam_role_policy_attachment.custom",
            "module.prod_cluster.module.eks_cluster.module.eks.aws_iam_role_policy_attachment.eks_auto",
            "module.prod_cluster.module.eks_cluster.module.eks.aws_iam_role_policy_attachment.eks_auto_additional",
            "module.prod_cluster.module.eks_cluster.module.eks.aws_iam_role_policy_attachment.this",
            "module.prod_cluster.module.eks_cluster.module.eks.aws_security_group.cluster",
            "module.prod_cluster.module.eks_cluster.module.eks.aws_security_group.node",
            "module.prod_cluster.module.eks_cluster.module.eks.aws_security_group_rule.cluster",
            "module.prod_cluster.module.eks_cluster.module.eks.aws_security_group_rule.node",
            "module.prod_cluster.module.eks_cluster.module.eks.data.aws_caller_identity.current",
            "module.prod_cluster.module.eks_cluster.module.eks.data.aws_eks_addon_version.this",
            "module.prod_cluster.module.eks_cluster.module.eks.data.aws_iam_policy_document.assume_role_policy",
            "module.prod_cluster.module.eks_cluster.module.eks.data.aws_iam_policy_document.cni_ipv6_policy",
            "module.prod_cluster.module.eks_cluster.module.eks.data.aws_iam_policy_document.custom",
            "module.prod_cluster.module.eks_cluster.module.eks.data.aws_iam_policy_document.node_assume_role_policy",
            "module.prod_cluster.module.eks_cluster.module.eks.data.aws_iam_session_context.current",
            "module.prod_cluster.module.eks_cluster.module.eks.data.aws_partition.current",
            "module.prod_cluster.module.eks_cluster.module.eks.data.tls_certificate.this",
            "module.prod_cluster.module.eks_cluster.module.eks.module.eks_managed_node_group.aws_autoscaling_schedule.this",
            "module.prod_cluster.module.eks_cluster.module.eks.module.eks_managed_node_group.aws_eks_node_group.this",
            "module.prod_cluster.module.eks_cluster.module.eks.module.eks_managed_node_group.aws_iam_role.this",
            "module.prod_cluster.module.eks_cluster.module.eks.module.eks_managed_node_group.aws_iam_role_policy.this",
            "module.prod_cluster.module.eks_cluster.module.eks.module.eks_managed_node_group.aws_iam_role_policy_attachment.additional",
            "module.prod_cluster.module.eks_cluster.module.eks.module.eks_managed_node_group.aws_iam_role_policy_attachment.this",
            "module.prod_cluster.module.eks_cluster.module.eks.module.eks_managed_node_group.aws_launch_template.this",
            "module.prod_cluster.module.eks_cluster.module.eks.module.eks_managed_node_group.aws_placement_group.this",
            "module.prod_cluster.module.eks_cluster.module.eks.module.eks_managed_node_group.data.aws_caller_identity.current",
            "module.prod_cluster.module.eks_cluster.module.eks.module.eks_managed_node_group.data.aws_ec2_instance_type.this",
            "module.prod_cluster.module.eks_cluster.module.eks.module.eks_managed_node_group.data.aws_ec2_instance_type_offerings.this",
            "module.prod_cluster.module.eks_cluster.module.eks.module.eks_managed_node_group.data.aws_iam_policy_document.assume_role_policy",
            "module.prod_cluster.module.eks_cluster.module.eks.module.eks_managed_node_group.data.aws_iam_policy_document.role",
            "module.prod_cluster.module.eks_cluster.module.eks.module.eks_managed_node_group.data.aws_partition.current",
            "module.prod_cluster.module.eks_cluster.module.eks.module.eks_managed_node_group.data.aws_ssm_parameter.ami",
            "module.prod_cluster.module.eks_cluster.module.eks.module.eks_managed_node_group.data.aws_subnets.placement_group",
            "module.prod_cluster.module.eks_cluster.module.eks.module.eks_managed_node_group.module.user_data.data.cloudinit_config.al2023_eks_managed_node_group",
            "module.prod_cluster.module.eks_cluster.module.eks.module.eks_managed_node_group.module.user_data.data.cloudinit_config.linux_eks_managed_node_group",
            "module.prod_cluster.module.eks_cluster.module.eks.module.eks_managed_node_group.module.user_data.null_resource.validate_cluster_service_cidr",
            "module.prod_cluster.module.eks_cluster.module.eks.module.fargate_profile.aws_eks_fargate_profile.this",
            "module.prod_cluster.module.eks_cluster.module.eks.module.fargate_profile.aws_iam_role.this",
            "module.prod_cluster.module.eks_cluster.module.eks.module.fargate_profile.aws_iam_role_policy.this",
            "module.prod_cluster.module.eks_cluster.module.eks.module.fargate_profile.aws_iam_role_policy_attachment.additional",
            "module.prod_cluster.module.eks_cluster.module.eks.module.fargate_profile.aws_iam_role_policy_attachment.this",
            "module.prod_cluster.module.eks_cluster.module.eks.module.fargate_profile.data.aws_caller_identity.current",
            "module.prod_cluster.module.eks_cluster.module.eks.module.fargate_profile.data.aws_iam_policy_document.assume_role_policy",
            "module.prod_cluster.module.eks_cluster.module.eks.module.fargate_profile.data.aws_iam_policy_document.role",
            "module.prod_cluster.module.eks_cluster.module.eks.module.fargate_profile.data.aws_partition.current",
            "module.prod_cluster.module.eks_cluster.module.eks.module.fargate_profile.data.aws_region.current",
            "module.prod_cluster.module.eks_cluster.module.eks.module.kms.aws_kms_alias.this",
            "module.prod_cluster.module.eks_cluster.module.eks.module.kms.aws_kms_external_key.this",
            "module.prod_cluster.module.eks_cluster.module.eks.module.kms.aws_kms_grant.this",
            "module.prod_cluster.module.eks_cluster.module.eks.module.kms.aws_kms_key.this",
            "module.prod_cluster.module.eks_cluster.module.eks.module.kms.aws_kms_replica_external_key.this",
            "module.prod_cluster.module.eks_cluster.module.eks.module.kms.aws_kms_replica_key.this",
            "module.prod_cluster.module.eks_cluster.module.eks.module.kms.data.aws_caller_identity.current",
            "module.prod_cluster.module.eks_cluster.module.eks.module.kms.data.aws_iam_policy_document.this",
            "module.prod_cluster.module.eks_cluster.module.eks.module.kms.data.aws_partition.current",
            "module.prod_cluster.module.eks_cluster.module.eks.module.self_managed_node_group.aws_autoscaling_group.this",
            "module.prod_cluster.module.eks_cluster.module.eks.module.self_managed_node_group.aws_autoscaling_schedule.this",
            "module.prod_cluster.module.eks_cluster.module.eks.module.self_managed_node_group.aws_eks_access_entry.this",
            "module.prod_cluster.module.eks_cluster.module.eks.module.self_managed_node_group.aws_iam_instance_profile.this",
            "module.prod_cluster.module.eks_cluster.module.eks.module.self_managed_node_group.aws_iam_role.this",
            "module.prod_cluster.module.eks_cluster.module.eks.module.self_managed_node_group.aws_iam_role_policy.this",
            "module.prod_cluster.module.eks_cluster.module.eks.module.self_managed_node_group.aws_iam_role_policy_attachment.additional",
            "module.prod_cluster.module.eks_cluster.module.eks.module.self_managed_node_group.aws_iam_role_policy_attachment.this",
            "module.prod_cluster.module.eks_cluster.module.eks.module.self_managed_node_group.aws_launch_template.this",
            "module.prod_cluster.module.eks_cluster.module.eks.module.self_managed_node_group.aws_placement_group.this",
            "module.prod_cluster.module.eks_cluster.module.eks.module.self_managed_node_group.data.aws_caller_identity.current",
            "module.prod_cluster.module.eks_cluster.module.eks.module.self_managed_node_group.data.aws_ec2_instance_type.this",
            "module.prod_cluster.module.eks_cluster.module.eks.module.self_managed_node_group.data.aws_ec2_instance_type_offerings.this",
            "module.prod_cluster.module.eks_cluster.module.eks.module.self_managed_node_group.data.aws_iam_policy_document.assume_role_policy",
            "module.prod_cluster.module.eks_cluster.module.eks.module.self_managed_node_group.data.aws_iam_policy_document.role",
            "module.prod_cluster.module.eks_cluster.module.eks.module.self_managed_node_group.data.aws_partition.current",
            "module.prod_cluster.module.eks_cluster.module.eks.module.self_managed_node_group.data.aws_ssm_parameter.ami",
            "module.prod_cluster.module.eks_cluster.module.eks.module.self_managed_node_group.data.aws_subnets.placement_group",
            "module.prod_cluster.module.eks_cluster.module.eks.module.self_managed_node_group.module.user_data.data.cloudinit_config.al2023_eks_managed_node_group",
            "module.prod_cluster.module.eks_cluster.module.eks.module.self_managed_node_group.module.user_data.data.cloudinit_config.linux_eks_managed_node_group",
            "module.prod_cluster.module.eks_cluster.module.eks.module.self_managed_node_group.module.user_data.null_resource.validate_cluster_service_cidr",
            "module.prod_cluster.module.eks_cluster.module.eks.time_sleep.this",
            "module.prod_cluster.module.node_groups.module.eks_managed_node_groups.aws_iam_role.this",
            "module.prod_cluster.module.node_groups.module.eks_managed_node_groups.data.aws_caller_identity.current",
            "module.prod_cluster.module.node_groups.module.eks_managed_node_groups.data.aws_iam_policy_document.assume_role_policy",
            "module.prod_cluster.module.node_groups.module.eks_managed_node_groups.data.aws_partition.current",
            "module.vpc.module.subnets.aws_subnet.private",
            "module.vpc.module.vpc_core.aws_vpc.main"
          ],
          "create_before_destroy": true
        },
        {
          "index_key": "AmazonEKS_CNI_Policy",
          "schema_version": 0,
          "attributes": {
            "id": "general-eks-node-group-20251111115819224400000012-20251111115820372300000013",
            "policy_arn": "arn:aws:iam::aws:policy/AmazonEKS_CNI_Policy",
            "role": "general-eks-node-group-20251111115819224400000012"
          },
          "sensitive_attributes": [],
          "identity_schema_version": 0,
          "private": "bnVsbA==",
          "dependencies": [
            "module.prod_cluster.module.eks_cluster.data.aws_caller_identity.current",
            "module.prod_cluster.module.eks_cluster.module.eks.aws_cloudwatch_log_group.this",
            "module.prod_cluster.module.eks_cluster.module.eks.aws_ec2_tag.cluster_primary_security_group",
            "module.prod_cluster.module.eks_cluster.module.eks.aws_eks_access_entry.this",
            "module.prod_cluster.module.eks_cluster.module.eks.aws_eks_access_policy_association.this",
            "module.prod_cluster.module.eks_cluster.module.eks.aws_eks_addon.before_compute",
            "module.prod_cluster.module.eks_cluster.module.eks.aws_eks_addon.this",
            "module.prod_cluster.module.eks_cluster.module.eks.aws_eks_cluster.this",
            "module.prod_cluster.module.eks_cluster.module.eks.aws_eks_identity_provider_config.this",
            "module.prod_cluster.module.eks_cluster.module.eks.aws_iam_openid_connect_provider.oidc_provider",
            "module.prod_cluster.module.eks_cluster.module.eks.aws_iam_policy.cluster_encryption",
            "module.prod_cluster.module.eks_cluster.module.eks.aws_iam_policy.cni_ipv6_policy",
            "module.prod_cluster.module.eks_cluster.module.eks.aws_iam_policy.custom",
            "module.prod_cluster.module.eks_cluster.module.eks.aws_iam_role.eks_auto",
            "module.prod_cluster.module.eks_cluster.module.eks.aws_iam_role.this",
            "module.prod_cluster.module.eks_cluster.module.eks.aws_iam_role_policy_attachment.additional",
            "module.prod_cluster.module.eks_cluster.module.eks.aws_iam_role_policy_attachment.cluster_encryption",
            "module.prod_cluster.module.eks_cluster.module.eks.aws_iam_role_policy_attachment.custom",
            "module.prod_cluster.module.eks_cluster.module.eks.aws_iam_role_policy_attachment.eks_auto",
            "module.prod_cluster.module.eks_cluster.module.eks.aws_iam_role_policy_attachment.eks_auto_additional",
            "module.prod_cluster.module.eks_cluster.module.eks.aws_iam_role_policy_attachment.this",
            "module.prod_cluster.module.eks_cluster.module.eks.aws_security_group.cluster",
            "module.prod_cluster.module.eks_cluster.module.eks.aws_security_group.node",
            "module.prod_cluster.module.eks_cluster.module.eks.aws_security_group_rule.cluster",
            "module.prod_cluster.module.eks_cluster.module.eks.aws_security_group_rule.node",
            "module.prod_cluster.module.eks_cluster.module.eks.data.aws_caller_identity.current",
            "module.prod_cluster.module.eks_cluster.module.eks.data.aws_eks_addon_version.this",
            "module.prod_cluster.module.eks_cluster.module.eks.data.aws_iam_policy_document.assume_role_policy",
            "module.prod_cluster.module.eks_cluster.module.eks.data.aws_iam_policy_document.cni_ipv6_policy",
            "module.prod_cluster.module.eks_cluster.module.eks.data.aws_iam_policy_document.custom",
            "module.prod_cluster.module.eks_cluster.module.eks.data.aws_iam_policy_document.node_assume_role_policy",
            "module.prod_cluster.module.eks_cluster.module.eks.data.aws_iam_session_context.current",
            "module.prod_cluster.module.eks_cluster.module.eks.data.aws_partition.current",
            "module.prod_cluster.module.eks_cluster.module.eks.data.tls_certificate.this",
            "module.prod_cluster.module.eks_cluster.module.eks.module.eks_managed_node_group.aws_autoscaling_schedule.this",
            "module.prod_cluster.module.eks_cluster.module.eks.module.eks_managed_node_group.aws_eks_node_group.this",
            "module.prod_cluster.module.eks_cluster.module.eks.module.eks_managed_node_group.aws_iam_role.this",
            "module.prod_cluster.module.eks_cluster.module.eks.module.eks_managed_node_group.aws_iam_role_policy.this",
            "module.prod_cluster.module.eks_cluster.module.eks.module.eks_managed_node_group.aws_iam_role_policy_attachment.additional",
            "module.prod_cluster.module.eks_cluster.module.eks.module.eks_managed_node_group.aws_iam_role_policy_attachment.this",
            "module.prod_cluster.module.eks_cluster.module.eks.module.eks_managed_node_group.aws_launch_template.this",
            "module.prod_cluster.module.eks_cluster.module.eks.module.eks_managed_node_group.aws_placement_group.this",
            "module.prod_cluster.module.eks_cluster.module.eks.module.eks_managed_node_group.data.aws_caller_identity.current",
            "module.prod_cluster.module.eks_cluster.module.eks.module.eks_managed_node_group.data.aws_ec2_instance_type.this",
            "module.prod_cluster.module.eks_cluster.module.eks.module.eks_managed_node_group.data.aws_ec2_instance_type_offerings.this",
            "module.prod_cluster.module.eks_cluster.module.eks.module.eks_managed_node_group.data.aws_iam_policy_document.assume_role_policy",
            "module.prod_cluster.module.eks_cluster.module.eks.module.eks_managed_node_group.data.aws_iam_policy_document.role",
            "module.prod_cluster.module.eks_cluster.module.eks.module.eks_managed_node_group.data.aws_partition.current",
            "module.prod_cluster.module.eks_cluster.module.eks.module.eks_managed_node_group.data.aws_ssm_parameter.ami",
            "module.prod_cluster.module.eks_cluster.module.eks.module.eks_managed_node_group.data.aws_subnets.placement_group",
            "module.prod_cluster.module.eks_cluster.module.eks.module.eks_managed_node_group.module.user_data.data.cloudinit_config.al2023_eks_managed_node_group",
            "module.prod_cluster.module.eks_cluster.module.eks.module.eks_managed_node_group.module.user_data.data.cloudinit_config.linux_eks_managed_node_group",
            "module.prod_cluster.module.eks_cluster.module.eks.module.eks_managed_node_group.module.user_data.null_resource.validate_cluster_service_cidr",
            "module.prod_cluster.module.eks_cluster.module.eks.module.fargate_profile.aws_eks_fargate_profile.this",
            "module.prod_cluster.module.eks_cluster.module.eks.module.fargate_profile.aws_iam_role.this",
            "module.prod_cluster.module.eks_cluster.module.eks.module.fargate_profile.aws_iam_role_policy.this",
            "module.prod_cluster.module.eks_cluster.module.eks.module.fargate_profile.aws_iam_role_policy_attachment.additional",
            "module.prod_cluster.module.eks_cluster.module.eks.module.fargate_profile.aws_iam_role_policy_attachment.this",
            "module.prod_cluster.module.eks_cluster.module.eks.module.fargate_profile.data.aws_caller_identity.current",
            "module.prod_cluster.module.eks_cluster.module.eks.module.fargate_profile.data.aws_iam_policy_document.assume_role_policy",
            "module.prod_cluster.module.eks_cluster.module.eks.module.fargate_profile.data.aws_iam_policy_document.role",
            "module.prod_cluster.module.eks_cluster.module.eks.module.fargate_profile.data.aws_partition.current",
            "module.prod_cluster.module.eks_cluster.module.eks.module.fargate_profile.data.aws_region.current",
            "module.prod_cluster.module.eks_cluster.module.eks.module.kms.aws_kms_alias.this",
            "module.prod_cluster.module.eks_cluster.module.eks.module.kms.aws_kms_external_key.this",
            "module.prod_cluster.module.eks_cluster.module.eks.module.kms.aws_kms_grant.this",
            "module.prod_cluster.module.eks_cluster.module.eks.module.kms.aws_kms_key.this",
            "module.prod_cluster.module.eks_cluster.module.eks.module.kms.aws_kms_replica_external_key.this",
            "module.prod_cluster.module.eks_cluster.module.eks.module.kms.aws_kms_replica_key.this",
            "module.prod_cluster.module.eks_cluster.module.eks.module.kms.data.aws_caller_identity.current",
            "module.prod_cluster.module.eks_cluster.module.eks.module.kms.data.aws_iam_policy_document.this",
            "module.prod_cluster.module.eks_cluster.module.eks.module.kms.data.aws_partition.current",
            "module.prod_cluster.module.eks_cluster.module.eks.module.self_managed_node_group.aws_autoscaling_group.this",
            "module.prod_cluster.module.eks_cluster.module.eks.module.self_managed_node_group.aws_autoscaling_schedule.this",
            "module.prod_cluster.module.eks_cluster.module.eks.module.self_managed_node_group.aws_eks_access_entry.this",
            "module.prod_cluster.module.eks_cluster.module.eks.module.self_managed_node_group.aws_iam_instance_profile.this",
            "module.prod_cluster.module.eks_cluster.module.eks.module.self_managed_node_group.aws_iam_role.this",
            "module.prod_cluster.module.eks_cluster.module.eks.module.self_managed_node_group.aws_iam_role_policy.this",
            "module.prod_cluster.module.eks_cluster.module.eks.module.self_managed_node_group.aws_iam_role_policy_attachment.additional",
            "module.prod_cluster.module.eks_cluster.module.eks.module.self_managed_node_group.aws_iam_role_policy_attachment.this",
            "module.prod_cluster.module.eks_cluster.module.eks.module.self_managed_node_group.aws_launch_template.this",
            "module.prod_cluster.module.eks_cluster.module.eks.module.self_managed_node_group.aws_placement_group.this",
            "module.prod_cluster.module.eks_cluster.module.eks.module.self_managed_node_group.data.aws_caller_identity.current",
            "module.prod_cluster.module.eks_cluster.module.eks.module.self_managed_node_group.data.aws_ec2_instance_type.this",
            "module.prod_cluster.module.eks_cluster.module.eks.module.self_managed_node_group.data.aws_ec2_instance_type_offerings.this",
            "module.prod_cluster.module.eks_cluster.module.eks.module.self_managed_node_group.data.aws_iam_policy_document.assume_role_policy",
            "module.prod_cluster.module.eks_cluster.module.eks.module.self_managed_node_group.data.aws_iam_policy_document.role",
            "module.prod_cluster.module.eks_cluster.module.eks.module.self_managed_node_group.data.aws_partition.current",
            "module.prod_cluster.module.eks_cluster.module.eks.module.self_managed_node_group.data.aws_ssm_parameter.ami",
            "module.prod_cluster.module.eks_cluster.module.eks.module.self_managed_node_group.data.aws_subnets.placement_group",
            "module.prod_cluster.module.eks_cluster.module.eks.module.self_managed_node_group.module.user_data.data.cloudinit_config.al2023_eks_managed_node_group",
            "module.prod_cluster.module.eks_cluster.module.eks.module.self_managed_node_group.module.user_data.data.cloudinit_config.linux_eks_managed_node_group",
            "module.prod_cluster.module.eks_cluster.module.eks.module.self_managed_node_group.module.user_data.null_resource.validate_cluster_service_cidr",
            "module.prod_cluster.module.eks_cluster.module.eks.time_sleep.this",
            "module.prod_cluster.module.node_groups.module.eks_managed_node_groups.aws_iam_role.this",
            "module.prod_cluster.module.node_groups.module.eks_managed_node_groups.data.aws_caller_identity.current",
            "module.prod_cluster.module.node_groups.module.eks_managed_node_groups.data.aws_iam_policy_document.assume_role_policy",
            "module.prod_cluster.module.node_groups.module.eks_managed_node_groups.data.aws_partition.current",
            "module.vpc.module.subnets.aws_subnet.private",
            "module.vpc.module.vpc_core.aws_vpc.main"
          ],
          "create_before_destroy": true
        }
      ]
    },
    {
      "module": "module.prod_cluster.module.node_groups.module.eks_managed_node_groups[\"general\"]",
      "mode": "managed",
      "type": "aws_launch_template",
      "name": "this",
      "provider": "provider[\"registry.terraform.io/hashicorp/aws\"]",
      "instances": [
        {
          "index_key": 0,
          "schema_version": 0,
          "attributes": {
            "arn": "arn:aws:ec2:eu-north-1:610964304971:launch-template/lt-08e10501c1fb0167a",
            "block_device_mappings": [],
            "capacity_reservation_specification": [],
            "cpu_options": [],
            "credit_specification": [],
            "default_version": 1,
            "description": "",
            "disable_api_stop": false,
            "disable_api_termination": false,
            "ebs_optimized": "",
            "elastic_gpu_specifications": [],
            "elastic_inference_accelerator": [],
            "enclave_options": [],
            "hibernation_options": [],
            "iam_instance_profile": [],
            "id": "lt-08e10501c1fb0167a",
            "image_id": "",
            "instance_initiated_shutdown_behavior": "",
            "instance_market_options": [],
            "instance_requirements": [],
            "instance_type": "",
            "kernel_id": "",
            "key_name": "",
            "latest_version": 1,
            "license_specification": [],
            "maintenance_options": [],
            "metadata_options": [
              {
                "http_endpoint": "enabled",
                "http_protocol_ipv6": "",
                "http_put_response_hop_limit": 2,
                "http_tokens": "required",
                "instance_metadata_tags": ""
              }
            ],
            "monitoring": [
              {
                "enabled": true
              }
            ],
            "name": "general-eks-node-group-20251111115820594100000017",
            "name_prefix": "general-eks-node-group-",
            "network_interfaces": [],
            "placement": [],
            "private_dns_name_options": [],
            "ram_disk_id": "",
            "security_group_names": [],
            "tag_specifications": [
              {
                "resource_type": "instance",
                "tags": {
                  "ClusterName": "devops-quiz-eks",
                  "Environment": "production",
                  "ManagedBy": "Terraform",
                  "Name": "general",
                  "Owner": "Liav",
                  "Project": "Devops-Quiz"
                }
              },
              {
                "resource_type": "network-interface",
                "tags": {
                  "ClusterName": "devops-quiz-eks",
                  "Environment": "production",
                  "ManagedBy": "Terraform",
                  "Name": "general",
                  "Owner": "Liav",
                  "Project": "Devops-Quiz"
                }
              },
              {
                "resource_type": "volume",
                "tags": {
                  "ClusterName": "devops-quiz-eks",
                  "Environment": "production",
                  "ManagedBy": "Terraform",
                  "Name": "general",
                  "Owner": "Liav",
                  "Project": "Devops-Quiz"
                }
              }
            ],
            "tags": {
              "ClusterName": "devops-quiz-eks",
              "Environment": "production",
              "ManagedBy": "Terraform",
              "Owner": "Liav",
              "Project": "Devops-Quiz"
            },
            "tags_all": {
              "ClusterName": "devops-quiz-eks",
              "Environment": "production",
              "ManagedBy": "Terraform",
              "Owner": "Liav",
              "Project": "Devops-Quiz"
            },
            "update_default_version": true,
            "user_data": "",
            "vpc_security_group_ids": []
          },
          "sensitive_attributes": [],
          "identity_schema_version": 0,
          "private": "bnVsbA==",
          "dependencies": [
            "module.prod_cluster.module.eks_cluster.data.aws_caller_identity.current",
            "module.prod_cluster.module.eks_cluster.module.eks.aws_cloudwatch_log_group.this",
            "module.prod_cluster.module.eks_cluster.module.eks.aws_ec2_tag.cluster_primary_security_group",
            "module.prod_cluster.module.eks_cluster.module.eks.aws_eks_access_entry.this",
            "module.prod_cluster.module.eks_cluster.module.eks.aws_eks_access_policy_association.this",
            "module.prod_cluster.module.eks_cluster.module.eks.aws_eks_addon.before_compute",
            "module.prod_cluster.module.eks_cluster.module.eks.aws_eks_addon.this",
            "module.prod_cluster.module.eks_cluster.module.eks.aws_eks_cluster.this",
            "module.prod_cluster.module.eks_cluster.module.eks.aws_eks_identity_provider_config.this",
            "module.prod_cluster.module.eks_cluster.module.eks.aws_iam_openid_connect_provider.oidc_provider",
            "module.prod_cluster.module.eks_cluster.module.eks.aws_iam_policy.cluster_encryption",
            "module.prod_cluster.module.eks_cluster.module.eks.aws_iam_policy.cni_ipv6_policy",
            "module.prod_cluster.module.eks_cluster.module.eks.aws_iam_policy.custom",
            "module.prod_cluster.module.eks_cluster.module.eks.aws_iam_role.eks_auto",
            "module.prod_cluster.module.eks_cluster.module.eks.aws_iam_role.this",
            "module.prod_cluster.module.eks_cluster.module.eks.aws_iam_role_policy_attachment.additional",
            "module.prod_cluster.module.eks_cluster.module.eks.aws_iam_role_policy_attachment.cluster_encryption",
            "module.prod_cluster.module.eks_cluster.module.eks.aws_iam_role_policy_attachment.custom",
            "module.prod_cluster.module.eks_cluster.module.eks.aws_iam_role_policy_attachment.eks_auto",
            "module.prod_cluster.module.eks_cluster.module.eks.aws_iam_role_policy_attachment.eks_auto_additional",
            "module.prod_cluster.module.eks_cluster.module.eks.aws_iam_role_policy_attachment.this",
            "module.prod_cluster.module.eks_cluster.module.eks.aws_security_group.cluster",
            "module.prod_cluster.module.eks_cluster.module.eks.aws_security_group.node",
            "module.prod_cluster.module.eks_cluster.module.eks.aws_security_group_rule.cluster",
            "module.prod_cluster.module.eks_cluster.module.eks.aws_security_group_rule.node",
            "module.prod_cluster.module.eks_cluster.module.eks.data.aws_caller_identity.current",
            "module.prod_cluster.module.eks_cluster.module.eks.data.aws_eks_addon_version.this",
            "module.prod_cluster.module.eks_cluster.module.eks.data.aws_iam_policy_document.assume_role_policy",
            "module.prod_cluster.module.eks_cluster.module.eks.data.aws_iam_policy_document.cni_ipv6_policy",
            "module.prod_cluster.module.eks_cluster.module.eks.data.aws_iam_policy_document.custom",
            "module.prod_cluster.module.eks_cluster.module.eks.data.aws_iam_policy_document.node_assume_role_policy",
            "module.prod_cluster.module.eks_cluster.module.eks.data.aws_iam_session_context.current",
            "module.prod_cluster.module.eks_cluster.module.eks.data.aws_partition.current",
            "module.prod_cluster.module.eks_cluster.module.eks.data.tls_certificate.this",
            "module.prod_cluster.module.eks_cluster.module.eks.module.eks_managed_node_group.aws_autoscaling_schedule.this",
            "module.prod_cluster.module.eks_cluster.module.eks.module.eks_managed_node_group.aws_eks_node_group.this",
            "module.prod_cluster.module.eks_cluster.module.eks.module.eks_managed_node_group.aws_iam_role.this",
            "module.prod_cluster.module.eks_cluster.module.eks.module.eks_managed_node_group.aws_iam_role_policy.this",
            "module.prod_cluster.module.eks_cluster.module.eks.module.eks_managed_node_group.aws_iam_role_policy_attachment.additional",
            "module.prod_cluster.module.eks_cluster.module.eks.module.eks_managed_node_group.aws_iam_role_policy_attachment.this",
            "module.prod_cluster.module.eks_cluster.module.eks.module.eks_managed_node_group.aws_launch_template.this",
            "module.prod_cluster.module.eks_cluster.module.eks.module.eks_managed_node_group.aws_placement_group.this",
            "module.prod_cluster.module.eks_cluster.module.eks.module.eks_managed_node_group.data.aws_caller_identity.current",
            "module.prod_cluster.module.eks_cluster.module.eks.module.eks_managed_node_group.data.aws_ec2_instance_type.this",
            "module.prod_cluster.module.eks_cluster.module.eks.module.eks_managed_node_group.data.aws_ec2_instance_type_offerings.this",
            "module.prod_cluster.module.eks_cluster.module.eks.module.eks_managed_node_group.data.aws_iam_policy_document.assume_role_policy",
            "module.prod_cluster.module.eks_cluster.module.eks.module.eks_managed_node_group.data.aws_iam_policy_document.role",
            "module.prod_cluster.module.eks_cluster.module.eks.module.eks_managed_node_group.data.aws_partition.current",
            "module.prod_cluster.module.eks_cluster.module.eks.module.eks_managed_node_group.data.aws_ssm_parameter.ami",
            "module.prod_cluster.module.eks_cluster.module.eks.module.eks_managed_node_group.data.aws_subnets.placement_group",
            "module.prod_cluster.module.eks_cluster.module.eks.module.eks_managed_node_group.module.user_data.data.cloudinit_config.al2023_eks_managed_node_group",
            "module.prod_cluster.module.eks_cluster.module.eks.module.eks_managed_node_group.module.user_data.data.cloudinit_config.linux_eks_managed_node_group",
            "module.prod_cluster.module.eks_cluster.module.eks.module.eks_managed_node_group.module.user_data.null_resource.validate_cluster_service_cidr",
            "module.prod_cluster.module.eks_cluster.module.eks.module.fargate_profile.aws_eks_fargate_profile.this",
            "module.prod_cluster.module.eks_cluster.module.eks.module.fargate_profile.aws_iam_role.this",
            "module.prod_cluster.module.eks_cluster.module.eks.module.fargate_profile.aws_iam_role_policy.this",
            "module.prod_cluster.module.eks_cluster.module.eks.module.fargate_profile.aws_iam_role_policy_attachment.additional",
            "module.prod_cluster.module.eks_cluster.module.eks.module.fargate_profile.aws_iam_role_policy_attachment.this",
            "module.prod_cluster.module.eks_cluster.module.eks.module.fargate_profile.data.aws_caller_identity.current",
            "module.prod_cluster.module.eks_cluster.module.eks.module.fargate_profile.data.aws_iam_policy_document.assume_role_policy",
            "module.prod_cluster.module.eks_cluster.module.eks.module.fargate_profile.data.aws_iam_policy_document.role",
            "module.prod_cluster.module.eks_cluster.module.eks.module.fargate_profile.data.aws_partition.current",
            "module.prod_cluster.module.eks_cluster.module.eks.module.fargate_profile.data.aws_region.current",
            "module.prod_cluster.module.eks_cluster.module.eks.module.kms.aws_kms_alias.this",
            "module.prod_cluster.module.eks_cluster.module.eks.module.kms.aws_kms_external_key.this",
            "module.prod_cluster.module.eks_cluster.module.eks.module.kms.aws_kms_grant.this",
            "module.prod_cluster.module.eks_cluster.module.eks.module.kms.aws_kms_key.this",
            "module.prod_cluster.module.eks_cluster.module.eks.module.kms.aws_kms_replica_external_key.this",
            "module.prod_cluster.module.eks_cluster.module.eks.module.kms.aws_kms_replica_key.this",
            "module.prod_cluster.module.eks_cluster.module.eks.module.kms.data.aws_caller_identity.current",
            "module.prod_cluster.module.eks_cluster.module.eks.module.kms.data.aws_iam_policy_document.this",
            "module.prod_cluster.module.eks_cluster.module.eks.module.kms.data.aws_partition.current",
            "module.prod_cluster.module.eks_cluster.module.eks.module.self_managed_node_group.aws_autoscaling_group.this",
            "module.prod_cluster.module.eks_cluster.module.eks.module.self_managed_node_group.aws_autoscaling_schedule.this",
            "module.prod_cluster.module.eks_cluster.module.eks.module.self_managed_node_group.aws_eks_access_entry.this",
            "module.prod_cluster.module.eks_cluster.module.eks.module.self_managed_node_group.aws_iam_instance_profile.this",
            "module.prod_cluster.module.eks_cluster.module.eks.module.self_managed_node_group.aws_iam_role.this",
            "module.prod_cluster.module.eks_cluster.module.eks.module.self_managed_node_group.aws_iam_role_policy.this",
            "module.prod_cluster.module.eks_cluster.module.eks.module.self_managed_node_group.aws_iam_role_policy_attachment.additional",
            "module.prod_cluster.module.eks_cluster.module.eks.module.self_managed_node_group.aws_iam_role_policy_attachment.this",
            "module.prod_cluster.module.eks_cluster.module.eks.module.self_managed_node_group.aws_launch_template.this",
            "module.prod_cluster.module.eks_cluster.module.eks.module.self_managed_node_group.aws_placement_group.this",
            "module.prod_cluster.module.eks_cluster.module.eks.module.self_managed_node_group.data.aws_caller_identity.current",
            "module.prod_cluster.module.eks_cluster.module.eks.module.self_managed_node_group.data.aws_ec2_instance_type.this",
            "module.prod_cluster.module.eks_cluster.module.eks.module.self_managed_node_group.data.aws_ec2_instance_type_offerings.this",
            "module.prod_cluster.module.eks_cluster.module.eks.module.self_managed_node_group.data.aws_iam_policy_document.assume_role_policy",
            "module.prod_cluster.module.eks_cluster.module.eks.module.self_managed_node_group.data.aws_iam_policy_document.role",
            "module.prod_cluster.module.eks_cluster.module.eks.module.self_managed_node_group.data.aws_partition.current",
            "module.prod_cluster.module.eks_cluster.module.eks.module.self_managed_node_group.data.aws_ssm_parameter.ami",
            "module.prod_cluster.module.eks_cluster.module.eks.module.self_managed_node_group.data.aws_subnets.placement_group",
            "module.prod_cluster.module.eks_cluster.module.eks.module.self_managed_node_group.module.user_data.data.cloudinit_config.al2023_eks_managed_node_group",
            "module.prod_cluster.module.eks_cluster.module.eks.module.self_managed_node_group.module.user_data.data.cloudinit_config.linux_eks_managed_node_group",
            "module.prod_cluster.module.eks_cluster.module.eks.module.self_managed_node_group.module.user_data.null_resource.validate_cluster_service_cidr",
            "module.prod_cluster.module.eks_cluster.module.eks.time_sleep.this",
            "module.prod_cluster.module.node_groups.module.eks_managed_node_groups.aws_iam_role.this",
            "module.prod_cluster.module.node_groups.module.eks_managed_node_groups.aws_iam_role_policy_attachment.additional",
            "module.prod_cluster.module.node_groups.module.eks_managed_node_groups.aws_iam_role_policy_attachment.this",
            "module.prod_cluster.module.node_groups.module.eks_managed_node_groups.aws_placement_group.this",
            "module.prod_cluster.module.node_groups.module.eks_managed_node_groups.data.aws_caller_identity.current",
            "module.prod_cluster.module.node_groups.module.eks_managed_node_groups.data.aws_ec2_instance_type.this",
            "module.prod_cluster.module.node_groups.module.eks_managed_node_groups.data.aws_iam_policy_document.assume_role_policy",
            "module.prod_cluster.module.node_groups.module.eks_managed_node_groups.data.aws_partition.current",
            "module.prod_cluster.module.node_groups.module.eks_managed_node_groups.module.user_data.data.cloudinit_config.al2023_eks_managed_node_group",
            "module.prod_cluster.module.node_groups.module.eks_managed_node_groups.module.user_data.data.cloudinit_config.linux_eks_managed_node_group",
            "module.vpc.module.subnets.aws_subnet.private",
            "module.vpc.module.vpc_core.aws_vpc.main"
          ],
          "create_before_destroy": true
        }
      ]
    },
    {
      "module": "module.prod_cluster.module.node_groups.module.eks_managed_node_groups[\"general\"]",
      "mode": "managed",
      "type": "aws_placement_group",
      "name": "this",
      "provider": "provider[\"registry.terraform.io/hashicorp/aws\"]",
      "instances": []
    },
    {
      "module": "module.prod_cluster.module.node_groups.module.eks_managed_node_groups[\"general\"].module.user_data",
      "mode": "data",
      "type": "cloudinit_config",
      "name": "al2023_eks_managed_node_group",
      "provider": "provider[\"registry.terraform.io/hashicorp/cloudinit\"]",
      "instances": []
    },
    {
      "module": "module.prod_cluster.module.node_groups.module.eks_managed_node_groups[\"general\"].module.user_data",
      "mode": "data",
      "type": "cloudinit_config",
      "name": "linux_eks_managed_node_group",
      "provider": "provider[\"registry.terraform.io/hashicorp/cloudinit\"]",
      "instances": []
    },
    {
      "module": "module.prod_cluster.module.node_groups.module.eks_managed_node_groups[\"general\"].module.user_data",
      "mode": "managed",
      "type": "null_resource",
      "name": "validate_cluster_service_cidr",
      "provider": "provider[\"registry.terraform.io/hashicorp/null\"]",
      "instances": [
        {
          "schema_version": 0,
          "attributes": {
            "id": "2376359207638052362",
            "triggers": null
          },
          "sensitive_attributes": [],
          "identity_schema_version": 0,
          "dependencies": [
            "module.prod_cluster.module.eks_cluster.data.aws_caller_identity.current",
            "module.prod_cluster.module.eks_cluster.module.eks.aws_cloudwatch_log_group.this",
            "module.prod_cluster.module.eks_cluster.module.eks.aws_ec2_tag.cluster_primary_security_group",
            "module.prod_cluster.module.eks_cluster.module.eks.aws_eks_access_entry.this",
            "module.prod_cluster.module.eks_cluster.module.eks.aws_eks_access_policy_association.this",
            "module.prod_cluster.module.eks_cluster.module.eks.aws_eks_addon.before_compute",
            "module.prod_cluster.module.eks_cluster.module.eks.aws_eks_addon.this",
            "module.prod_cluster.module.eks_cluster.module.eks.aws_eks_cluster.this",
            "module.prod_cluster.module.eks_cluster.module.eks.aws_eks_identity_provider_config.this",
            "module.prod_cluster.module.eks_cluster.module.eks.aws_iam_openid_connect_provider.oidc_provider",
            "module.prod_cluster.module.eks_cluster.module.eks.aws_iam_policy.cluster_encryption",
            "module.prod_cluster.module.eks_cluster.module.eks.aws_iam_policy.cni_ipv6_policy",
            "module.prod_cluster.module.eks_cluster.module.eks.aws_iam_policy.custom",
            "module.prod_cluster.module.eks_cluster.module.eks.aws_iam_role.eks_auto",
            "module.prod_cluster.module.eks_cluster.module.eks.aws_iam_role.this",
            "module.prod_cluster.module.eks_cluster.module.eks.aws_iam_role_policy_attachment.additional",
            "module.prod_cluster.module.eks_cluster.module.eks.aws_iam_role_policy_attachment.cluster_encryption",
            "module.prod_cluster.module.eks_cluster.module.eks.aws_iam_role_policy_attachment.custom",
            "module.prod_cluster.module.eks_cluster.module.eks.aws_iam_role_policy_attachment.eks_auto",
            "module.prod_cluster.module.eks_cluster.module.eks.aws_iam_role_policy_attachment.eks_auto_additional",
            "module.prod_cluster.module.eks_cluster.module.eks.aws_iam_role_policy_attachment.this",
            "module.prod_cluster.module.eks_cluster.module.eks.aws_security_group.cluster",
            "module.prod_cluster.module.eks_cluster.module.eks.aws_security_group.node",
            "module.prod_cluster.module.eks_cluster.module.eks.aws_security_group_rule.cluster",
            "module.prod_cluster.module.eks_cluster.module.eks.aws_security_group_rule.node",
            "module.prod_cluster.module.eks_cluster.module.eks.data.aws_caller_identity.current",
            "module.prod_cluster.module.eks_cluster.module.eks.data.aws_eks_addon_version.this",
            "module.prod_cluster.module.eks_cluster.module.eks.data.aws_iam_policy_document.assume_role_policy",
            "module.prod_cluster.module.eks_cluster.module.eks.data.aws_iam_policy_document.cni_ipv6_policy",
            "module.prod_cluster.module.eks_cluster.module.eks.data.aws_iam_policy_document.custom",
            "module.prod_cluster.module.eks_cluster.module.eks.data.aws_iam_policy_document.node_assume_role_policy",
            "module.prod_cluster.module.eks_cluster.module.eks.data.aws_iam_session_context.current",
            "module.prod_cluster.module.eks_cluster.module.eks.data.aws_partition.current",
            "module.prod_cluster.module.eks_cluster.module.eks.data.tls_certificate.this",
            "module.prod_cluster.module.eks_cluster.module.eks.module.eks_managed_node_group.aws_autoscaling_schedule.this",
            "module.prod_cluster.module.eks_cluster.module.eks.module.eks_managed_node_group.aws_eks_node_group.this",
            "module.prod_cluster.module.eks_cluster.module.eks.module.eks_managed_node_group.aws_iam_role.this",
            "module.prod_cluster.module.eks_cluster.module.eks.module.eks_managed_node_group.aws_iam_role_policy.this",
            "module.prod_cluster.module.eks_cluster.module.eks.module.eks_managed_node_group.aws_iam_role_policy_attachment.additional",
            "module.prod_cluster.module.eks_cluster.module.eks.module.eks_managed_node_group.aws_iam_role_policy_attachment.this",
            "module.prod_cluster.module.eks_cluster.module.eks.module.eks_managed_node_group.aws_launch_template.this",
            "module.prod_cluster.module.eks_cluster.module.eks.module.eks_managed_node_group.aws_placement_group.this",
            "module.prod_cluster.module.eks_cluster.module.eks.module.eks_managed_node_group.data.aws_caller_identity.current",
            "module.prod_cluster.module.eks_cluster.module.eks.module.eks_managed_node_group.data.aws_ec2_instance_type.this",
            "module.prod_cluster.module.eks_cluster.module.eks.module.eks_managed_node_group.data.aws_ec2_instance_type_offerings.this",
            "module.prod_cluster.module.eks_cluster.module.eks.module.eks_managed_node_group.data.aws_iam_policy_document.assume_role_policy",
            "module.prod_cluster.module.eks_cluster.module.eks.module.eks_managed_node_group.data.aws_iam_policy_document.role",
            "module.prod_cluster.module.eks_cluster.module.eks.module.eks_managed_node_group.data.aws_partition.current",
            "module.prod_cluster.module.eks_cluster.module.eks.module.eks_managed_node_group.data.aws_ssm_parameter.ami",
            "module.prod_cluster.module.eks_cluster.module.eks.module.eks_managed_node_group.data.aws_subnets.placement_group",
            "module.prod_cluster.module.eks_cluster.module.eks.module.eks_managed_node_group.module.user_data.data.cloudinit_config.al2023_eks_managed_node_group",
            "module.prod_cluster.module.eks_cluster.module.eks.module.eks_managed_node_group.module.user_data.data.cloudinit_config.linux_eks_managed_node_group",
            "module.prod_cluster.module.eks_cluster.module.eks.module.eks_managed_node_group.module.user_data.null_resource.validate_cluster_service_cidr",
            "module.prod_cluster.module.eks_cluster.module.eks.module.fargate_profile.aws_eks_fargate_profile.this",
            "module.prod_cluster.module.eks_cluster.module.eks.module.fargate_profile.aws_iam_role.this",
            "module.prod_cluster.module.eks_cluster.module.eks.module.fargate_profile.aws_iam_role_policy.this",
            "module.prod_cluster.module.eks_cluster.module.eks.module.fargate_profile.aws_iam_role_policy_attachment.additional",
            "module.prod_cluster.module.eks_cluster.module.eks.module.fargate_profile.aws_iam_role_policy_attachment.this",
            "module.prod_cluster.module.eks_cluster.module.eks.module.fargate_profile.data.aws_caller_identity.current",
            "module.prod_cluster.module.eks_cluster.module.eks.module.fargate_profile.data.aws_iam_policy_document.assume_role_policy",
            "module.prod_cluster.module.eks_cluster.module.eks.module.fargate_profile.data.aws_iam_policy_document.role",
            "module.prod_cluster.module.eks_cluster.module.eks.module.fargate_profile.data.aws_partition.current",
            "module.prod_cluster.module.eks_cluster.module.eks.module.fargate_profile.data.aws_region.current",
            "module.prod_cluster.module.eks_cluster.module.eks.module.kms.aws_kms_alias.this",
            "module.prod_cluster.module.eks_cluster.module.eks.module.kms.aws_kms_external_key.this",
            "module.prod_cluster.module.eks_cluster.module.eks.module.kms.aws_kms_grant.this",
            "module.prod_cluster.module.eks_cluster.module.eks.module.kms.aws_kms_key.this",
            "module.prod_cluster.module.eks_cluster.module.eks.module.kms.aws_kms_replica_external_key.this",
            "module.prod_cluster.module.eks_cluster.module.eks.module.kms.aws_kms_replica_key.this",
            "module.prod_cluster.module.eks_cluster.module.eks.module.kms.data.aws_caller_identity.current",
            "module.prod_cluster.module.eks_cluster.module.eks.module.kms.data.aws_iam_policy_document.this",
            "module.prod_cluster.module.eks_cluster.module.eks.module.kms.data.aws_partition.current",
            "module.prod_cluster.module.eks_cluster.module.eks.module.self_managed_node_group.aws_autoscaling_group.this",
            "module.prod_cluster.module.eks_cluster.module.eks.module.self_managed_node_group.aws_autoscaling_schedule.this",
            "module.prod_cluster.module.eks_cluster.module.eks.module.self_managed_node_group.aws_eks_access_entry.this",
            "module.prod_cluster.module.eks_cluster.module.eks.module.self_managed_node_group.aws_iam_instance_profile.this",
            "module.prod_cluster.module.eks_cluster.module.eks.module.self_managed_node_group.aws_iam_role.this",
            "module.prod_cluster.module.eks_cluster.module.eks.module.self_managed_node_group.aws_iam_role_policy.this",
            "module.prod_cluster.module.eks_cluster.module.eks.module.self_managed_node_group.aws_iam_role_policy_attachment.additional",
            "module.prod_cluster.module.eks_cluster.module.eks.module.self_managed_node_group.aws_iam_role_policy_attachment.this",
            "module.prod_cluster.module.eks_cluster.module.eks.module.self_managed_node_group.aws_launch_template.this",
            "module.prod_cluster.module.eks_cluster.module.eks.module.self_managed_node_group.aws_placement_group.this",
            "module.prod_cluster.module.eks_cluster.module.eks.module.self_managed_node_group.data.aws_caller_identity.current",
            "module.prod_cluster.module.eks_cluster.module.eks.module.self_managed_node_group.data.aws_ec2_instance_type.this",
            "module.prod_cluster.module.eks_cluster.module.eks.module.self_managed_node_group.data.aws_ec2_instance_type_offerings.this",
            "module.prod_cluster.module.eks_cluster.module.eks.module.self_managed_node_group.data.aws_iam_policy_document.assume_role_policy",
            "module.prod_cluster.module.eks_cluster.module.eks.module.self_managed_node_group.data.aws_iam_policy_document.role",
            "module.prod_cluster.module.eks_cluster.module.eks.module.self_managed_node_group.data.aws_partition.current",
            "module.prod_cluster.module.eks_cluster.module.eks.module.self_managed_node_group.data.aws_ssm_parameter.ami",
            "module.prod_cluster.module.eks_cluster.module.eks.module.self_managed_node_group.data.aws_subnets.placement_group",
            "module.prod_cluster.module.eks_cluster.module.eks.module.self_managed_node_group.module.user_data.data.cloudinit_config.al2023_eks_managed_node_group",
            "module.prod_cluster.module.eks_cluster.module.eks.module.self_managed_node_group.module.user_data.data.cloudinit_config.linux_eks_managed_node_group",
            "module.prod_cluster.module.eks_cluster.module.eks.module.self_managed_node_group.module.user_data.null_resource.validate_cluster_service_cidr",
            "module.prod_cluster.module.eks_cluster.module.eks.time_sleep.this",
            "module.vpc.module.subnets.aws_subnet.private",
            "module.vpc.module.vpc_core.aws_vpc.main"
          ],
          "create_before_destroy": true
        }
      ]
    },
    {
      "module": "module.prod_cluster.module.security_groups",
      "mode": "managed",
      "type": "aws_security_group_rule",
      "name": "jenkins_egress_to_eks",
      "provider": "provider[\"registry.terraform.io/hashicorp/aws\"]",
      "instances": [
        {
          "schema_version": 2,
          "attributes": {
            "cidr_blocks": null,
            "description": "Allow Jenkins outbound to EKS cluster",
            "from_port": 443,
            "id": "sgrule-2570552486",
            "ipv6_cidr_blocks": null,
            "prefix_list_ids": null,
            "protocol": "tcp",
            "security_group_id": "sg-078243dc7754bacd2",
            "security_group_rule_id": "sgr-0c72874d8d9b3cad5",
            "self": false,
            "source_security_group_id": "sg-0fd0237edb783849e",
            "timeouts": null,
            "to_port": 443,
            "type": "egress"
          },
          "sensitive_attributes": [],
          "identity_schema_version": 0,
          "private": "eyJlMmJmYjczMC1lY2FhLTExZTYtOGY4OC0zNDM2M2JjN2M0YzAiOnsiY3JlYXRlIjozMDAwMDAwMDAwMDB9LCJzY2hlbWFfdmVyc2lvbiI6IjIifQ==",
          "dependencies": [
            "module.prod_cluster.module.eks_cluster.data.aws_caller_identity.current",
            "module.prod_cluster.module.eks_cluster.module.eks.aws_cloudwatch_log_group.this",
            "module.prod_cluster.module.eks_cluster.module.eks.aws_ec2_tag.cluster_primary_security_group",
            "module.prod_cluster.module.eks_cluster.module.eks.aws_eks_access_entry.this",
            "module.prod_cluster.module.eks_cluster.module.eks.aws_eks_access_policy_association.this",
            "module.prod_cluster.module.eks_cluster.module.eks.aws_eks_addon.before_compute",
            "module.prod_cluster.module.eks_cluster.module.eks.aws_eks_addon.this",
            "module.prod_cluster.module.eks_cluster.module.eks.aws_eks_cluster.this",
            "module.prod_cluster.module.eks_cluster.module.eks.aws_eks_identity_provider_config.this",
            "module.prod_cluster.module.eks_cluster.module.eks.aws_iam_openid_connect_provider.oidc_provider",
            "module.prod_cluster.module.eks_cluster.module.eks.aws_iam_policy.cluster_encryption",
            "module.prod_cluster.module.eks_cluster.module.eks.aws_iam_policy.cni_ipv6_policy",
            "module.prod_cluster.module.eks_cluster.module.eks.aws_iam_policy.custom",
            "module.prod_cluster.module.eks_cluster.module.eks.aws_iam_role.eks_auto",
            "module.prod_cluster.module.eks_cluster.module.eks.aws_iam_role.this",
            "module.prod_cluster.module.eks_cluster.module.eks.aws_iam_role_policy_attachment.additional",
            "module.prod_cluster.module.eks_cluster.module.eks.aws_iam_role_policy_attachment.cluster_encryption",
            "module.prod_cluster.module.eks_cluster.module.eks.aws_iam_role_policy_attachment.custom",
            "module.prod_cluster.module.eks_cluster.module.eks.aws_iam_role_policy_attachment.eks_auto",
            "module.prod_cluster.module.eks_cluster.module.eks.aws_iam_role_policy_attachment.eks_auto_additional",
            "module.prod_cluster.module.eks_cluster.module.eks.aws_iam_role_policy_attachment.this",
            "module.prod_cluster.module.eks_cluster.module.eks.aws_security_group.cluster",
            "module.prod_cluster.module.eks_cluster.module.eks.aws_security_group.node",
            "module.prod_cluster.module.eks_cluster.module.eks.aws_security_group_rule.cluster",
            "module.prod_cluster.module.eks_cluster.module.eks.aws_security_group_rule.node",
            "module.prod_cluster.module.eks_cluster.module.eks.data.aws_caller_identity.current",
            "module.prod_cluster.module.eks_cluster.module.eks.data.aws_eks_addon_version.this",
            "module.prod_cluster.module.eks_cluster.module.eks.data.aws_iam_policy_document.assume_role_policy",
            "module.prod_cluster.module.eks_cluster.module.eks.data.aws_iam_policy_document.cni_ipv6_policy",
            "module.prod_cluster.module.eks_cluster.module.eks.data.aws_iam_policy_document.custom",
            "module.prod_cluster.module.eks_cluster.module.eks.data.aws_iam_policy_document.node_assume_role_policy",
            "module.prod_cluster.module.eks_cluster.module.eks.data.aws_iam_session_context.current",
            "module.prod_cluster.module.eks_cluster.module.eks.data.aws_partition.current",
            "module.prod_cluster.module.eks_cluster.module.eks.data.tls_certificate.this",
            "module.prod_cluster.module.eks_cluster.module.eks.module.eks_managed_node_group.aws_autoscaling_schedule.this",
            "module.prod_cluster.module.eks_cluster.module.eks.module.eks_managed_node_group.aws_eks_node_group.this",
            "module.prod_cluster.module.eks_cluster.module.eks.module.eks_managed_node_group.aws_iam_role.this",
            "module.prod_cluster.module.eks_cluster.module.eks.module.eks_managed_node_group.aws_iam_role_policy.this",
            "module.prod_cluster.module.eks_cluster.module.eks.module.eks_managed_node_group.aws_iam_role_policy_attachment.additional",
            "module.prod_cluster.module.eks_cluster.module.eks.module.eks_managed_node_group.aws_iam_role_policy_attachment.this",
            "module.prod_cluster.module.eks_cluster.module.eks.module.eks_managed_node_group.aws_launch_template.this",
            "module.prod_cluster.module.eks_cluster.module.eks.module.eks_managed_node_group.aws_placement_group.this",
            "module.prod_cluster.module.eks_cluster.module.eks.module.eks_managed_node_group.data.aws_caller_identity.current",
            "module.prod_cluster.module.eks_cluster.module.eks.module.eks_managed_node_group.data.aws_ec2_instance_type.this",
            "module.prod_cluster.module.eks_cluster.module.eks.module.eks_managed_node_group.data.aws_ec2_instance_type_offerings.this",
            "module.prod_cluster.module.eks_cluster.module.eks.module.eks_managed_node_group.data.aws_iam_policy_document.assume_role_policy",
            "module.prod_cluster.module.eks_cluster.module.eks.module.eks_managed_node_group.data.aws_iam_policy_document.role",
            "module.prod_cluster.module.eks_cluster.module.eks.module.eks_managed_node_group.data.aws_partition.current",
            "module.prod_cluster.module.eks_cluster.module.eks.module.eks_managed_node_group.data.aws_ssm_parameter.ami",
            "module.prod_cluster.module.eks_cluster.module.eks.module.eks_managed_node_group.data.aws_subnets.placement_group",
            "module.prod_cluster.module.eks_cluster.module.eks.module.eks_managed_node_group.module.user_data.data.cloudinit_config.al2023_eks_managed_node_group",
            "module.prod_cluster.module.eks_cluster.module.eks.module.eks_managed_node_group.module.user_data.data.cloudinit_config.linux_eks_managed_node_group",
            "module.prod_cluster.module.eks_cluster.module.eks.module.eks_managed_node_group.module.user_data.null_resource.validate_cluster_service_cidr",
            "module.prod_cluster.module.eks_cluster.module.eks.module.fargate_profile.aws_eks_fargate_profile.this",
            "module.prod_cluster.module.eks_cluster.module.eks.module.fargate_profile.aws_iam_role.this",
            "module.prod_cluster.module.eks_cluster.module.eks.module.fargate_profile.aws_iam_role_policy.this",
            "module.prod_cluster.module.eks_cluster.module.eks.module.fargate_profile.aws_iam_role_policy_attachment.additional",
            "module.prod_cluster.module.eks_cluster.module.eks.module.fargate_profile.aws_iam_role_policy_attachment.this",
            "module.prod_cluster.module.eks_cluster.module.eks.module.fargate_profile.data.aws_caller_identity.current",
            "module.prod_cluster.module.eks_cluster.module.eks.module.fargate_profile.data.aws_iam_policy_document.assume_role_policy",
            "module.prod_cluster.module.eks_cluster.module.eks.module.fargate_profile.data.aws_iam_policy_document.role",
            "module.prod_cluster.module.eks_cluster.module.eks.module.fargate_profile.data.aws_partition.current",
            "module.prod_cluster.module.eks_cluster.module.eks.module.fargate_profile.data.aws_region.current",
            "module.prod_cluster.module.eks_cluster.module.eks.module.kms.aws_kms_alias.this",
            "module.prod_cluster.module.eks_cluster.module.eks.module.kms.aws_kms_external_key.this",
            "module.prod_cluster.module.eks_cluster.module.eks.module.kms.aws_kms_grant.this",
            "module.prod_cluster.module.eks_cluster.module.eks.module.kms.aws_kms_key.this",
            "module.prod_cluster.module.eks_cluster.module.eks.module.kms.aws_kms_replica_external_key.this",
            "module.prod_cluster.module.eks_cluster.module.eks.module.kms.aws_kms_replica_key.this",
            "module.prod_cluster.module.eks_cluster.module.eks.module.kms.data.aws_caller_identity.current",
            "module.prod_cluster.module.eks_cluster.module.eks.module.kms.data.aws_iam_policy_document.this",
            "module.prod_cluster.module.eks_cluster.module.eks.module.kms.data.aws_partition.current",
            "module.prod_cluster.module.eks_cluster.module.eks.module.self_managed_node_group.aws_autoscaling_group.this",
            "module.prod_cluster.module.eks_cluster.module.eks.module.self_managed_node_group.aws_autoscaling_schedule.this",
            "module.prod_cluster.module.eks_cluster.module.eks.module.self_managed_node_group.aws_eks_access_entry.this",
            "module.prod_cluster.module.eks_cluster.module.eks.module.self_managed_node_group.aws_iam_instance_profile.this",
            "module.prod_cluster.module.eks_cluster.module.eks.module.self_managed_node_group.aws_iam_role.this",
            "module.prod_cluster.module.eks_cluster.module.eks.module.self_managed_node_group.aws_iam_role_policy.this",
            "module.prod_cluster.module.eks_cluster.module.eks.module.self_managed_node_group.aws_iam_role_policy_attachment.additional",
            "module.prod_cluster.module.eks_cluster.module.eks.module.self_managed_node_group.aws_iam_role_policy_attachment.this",
            "module.prod_cluster.module.eks_cluster.module.eks.module.self_managed_node_group.aws_launch_template.this",
            "module.prod_cluster.module.eks_cluster.module.eks.module.self_managed_node_group.aws_placement_group.this",
            "module.prod_cluster.module.eks_cluster.module.eks.module.self_managed_node_group.data.aws_caller_identity.current",
            "module.prod_cluster.module.eks_cluster.module.eks.module.self_managed_node_group.data.aws_ec2_instance_type.this",
            "module.prod_cluster.module.eks_cluster.module.eks.module.self_managed_node_group.data.aws_ec2_instance_type_offerings.this",
            "module.prod_cluster.module.eks_cluster.module.eks.module.self_managed_node_group.data.aws_iam_policy_document.assume_role_policy",
            "module.prod_cluster.module.eks_cluster.module.eks.module.self_managed_node_group.data.aws_iam_policy_document.role",
            "module.prod_cluster.module.eks_cluster.module.eks.module.self_managed_node_group.data.aws_partition.current",
            "module.prod_cluster.module.eks_cluster.module.eks.module.self_managed_node_group.data.aws_ssm_parameter.ami",
            "module.prod_cluster.module.eks_cluster.module.eks.module.self_managed_node_group.data.aws_subnets.placement_group",
            "module.prod_cluster.module.eks_cluster.module.eks.module.self_managed_node_group.module.user_data.data.cloudinit_config.al2023_eks_managed_node_group",
            "module.prod_cluster.module.eks_cluster.module.eks.module.self_managed_node_group.module.user_data.data.cloudinit_config.linux_eks_managed_node_group",
            "module.prod_cluster.module.eks_cluster.module.eks.module.self_managed_node_group.module.user_data.null_resource.validate_cluster_service_cidr",
            "module.prod_cluster.module.eks_cluster.module.eks.time_sleep.this",
            "module.prod_cluster.module.node_groups.module.eks_managed_node_groups.aws_autoscaling_schedule.this",
            "module.prod_cluster.module.node_groups.module.eks_managed_node_groups.aws_eks_node_group.this",
            "module.prod_cluster.module.node_groups.module.eks_managed_node_groups.aws_iam_role.this",
            "module.prod_cluster.module.node_groups.module.eks_managed_node_groups.aws_iam_role_policy.this",
            "module.prod_cluster.module.node_groups.module.eks_managed_node_groups.aws_iam_role_policy_attachment.additional",
            "module.prod_cluster.module.node_groups.module.eks_managed_node_groups.aws_iam_role_policy_attachment.this",
            "module.prod_cluster.module.node_groups.module.eks_managed_node_groups.aws_launch_template.this",
            "module.prod_cluster.module.node_groups.module.eks_managed_node_groups.aws_placement_group.this",
            "module.prod_cluster.module.node_groups.module.eks_managed_node_groups.data.aws_caller_identity.current",
            "module.prod_cluster.module.node_groups.module.eks_managed_node_groups.data.aws_ec2_instance_type.this",
            "module.prod_cluster.module.node_groups.module.eks_managed_node_groups.data.aws_ec2_instance_type_offerings.this",
            "module.prod_cluster.module.node_groups.module.eks_managed_node_groups.data.aws_iam_policy_document.assume_role_policy",
            "module.prod_cluster.module.node_groups.module.eks_managed_node_groups.data.aws_iam_policy_document.role",
            "module.prod_cluster.module.node_groups.module.eks_managed_node_groups.data.aws_partition.current",
            "module.prod_cluster.module.node_groups.module.eks_managed_node_groups.data.aws_ssm_parameter.ami",
            "module.prod_cluster.module.node_groups.module.eks_managed_node_groups.data.aws_subnets.placement_group",
            "module.prod_cluster.module.node_groups.module.eks_managed_node_groups.module.user_data.data.cloudinit_config.al2023_eks_managed_node_group",
            "module.prod_cluster.module.node_groups.module.eks_managed_node_groups.module.user_data.data.cloudinit_config.linux_eks_managed_node_group",
            "module.prod_cluster.module.node_groups.module.eks_managed_node_groups.module.user_data.null_resource.validate_cluster_service_cidr",
            "module.security_groups.aws_security_group.jenkins",
            "module.vpc.module.subnets.aws_subnet.private",
            "module.vpc.module.vpc_core.aws_vpc.main"
          ]
        }
      ]
    },
    {
      "module": "module.prod_cluster.module.security_groups",
      "mode": "managed",
      "type": "aws_security_group_rule",
      "name": "jenkins_to_eks_api",
      "provider": "provider[\"registry.terraform.io/hashicorp/aws\"]",
      "instances": [
        {
          "schema_version": 2,
          "attributes": {
            "cidr_blocks": null,
            "description": "Allow Jenkins to communicate with EKS API Server",
            "from_port": 443,
            "id": "sgrule-3448685362",
            "ipv6_cidr_blocks": null,
            "prefix_list_ids": null,
            "protocol": "tcp",
            "security_group_id": "sg-0fd0237edb783849e",
            "security_group_rule_id": "sgr-0e4209e378e18363f",
            "self": false,
            "source_security_group_id": "sg-078243dc7754bacd2",
            "timeouts": null,
            "to_port": 443,
            "type": "ingress"
          },
          "sensitive_attributes": [],
          "identity_schema_version": 0,
          "private": "eyJlMmJmYjczMC1lY2FhLTExZTYtOGY4OC0zNDM2M2JjN2M0YzAiOnsiY3JlYXRlIjozMDAwMDAwMDAwMDB9LCJzY2hlbWFfdmVyc2lvbiI6IjIifQ==",
          "dependencies": [
            "module.prod_cluster.module.eks_cluster.data.aws_caller_identity.current",
            "module.prod_cluster.module.eks_cluster.module.eks.aws_cloudwatch_log_group.this",
            "module.prod_cluster.module.eks_cluster.module.eks.aws_ec2_tag.cluster_primary_security_group",
            "module.prod_cluster.module.eks_cluster.module.eks.aws_eks_access_entry.this",
            "module.prod_cluster.module.eks_cluster.module.eks.aws_eks_access_policy_association.this",
            "module.prod_cluster.module.eks_cluster.module.eks.aws_eks_addon.before_compute",
            "module.prod_cluster.module.eks_cluster.module.eks.aws_eks_addon.this",
            "module.prod_cluster.module.eks_cluster.module.eks.aws_eks_cluster.this",
            "module.prod_cluster.module.eks_cluster.module.eks.aws_eks_identity_provider_config.this",
            "module.prod_cluster.module.eks_cluster.module.eks.aws_iam_openid_connect_provider.oidc_provider",
            "module.prod_cluster.module.eks_cluster.module.eks.aws_iam_policy.cluster_encryption",
            "module.prod_cluster.module.eks_cluster.module.eks.aws_iam_policy.cni_ipv6_policy",
            "module.prod_cluster.module.eks_cluster.module.eks.aws_iam_policy.custom",
            "module.prod_cluster.module.eks_cluster.module.eks.aws_iam_role.eks_auto",
            "module.prod_cluster.module.eks_cluster.module.eks.aws_iam_role.this",
            "module.prod_cluster.module.eks_cluster.module.eks.aws_iam_role_policy_attachment.additional",
            "module.prod_cluster.module.eks_cluster.module.eks.aws_iam_role_policy_attachment.cluster_encryption",
            "module.prod_cluster.module.eks_cluster.module.eks.aws_iam_role_policy_attachment.custom",
            "module.prod_cluster.module.eks_cluster.module.eks.aws_iam_role_policy_attachment.eks_auto",
            "module.prod_cluster.module.eks_cluster.module.eks.aws_iam_role_policy_attachment.eks_auto_additional",
            "module.prod_cluster.module.eks_cluster.module.eks.aws_iam_role_policy_attachment.this",
            "module.prod_cluster.module.eks_cluster.module.eks.aws_security_group.cluster",
            "module.prod_cluster.module.eks_cluster.module.eks.aws_security_group.node",
            "module.prod_cluster.module.eks_cluster.module.eks.aws_security_group_rule.cluster",
            "module.prod_cluster.module.eks_cluster.module.eks.aws_security_group_rule.node",
            "module.prod_cluster.module.eks_cluster.module.eks.data.aws_caller_identity.current",
            "module.prod_cluster.module.eks_cluster.module.eks.data.aws_eks_addon_version.this",
            "module.prod_cluster.module.eks_cluster.module.eks.data.aws_iam_policy_document.assume_role_policy",
            "module.prod_cluster.module.eks_cluster.module.eks.data.aws_iam_policy_document.cni_ipv6_policy",
            "module.prod_cluster.module.eks_cluster.module.eks.data.aws_iam_policy_document.custom",
            "module.prod_cluster.module.eks_cluster.module.eks.data.aws_iam_policy_document.node_assume_role_policy",
            "module.prod_cluster.module.eks_cluster.module.eks.data.aws_iam_session_context.current",
            "module.prod_cluster.module.eks_cluster.module.eks.data.aws_partition.current",
            "module.prod_cluster.module.eks_cluster.module.eks.data.tls_certificate.this",
            "module.prod_cluster.module.eks_cluster.module.eks.module.eks_managed_node_group.aws_autoscaling_schedule.this",
            "module.prod_cluster.module.eks_cluster.module.eks.module.eks_managed_node_group.aws_eks_node_group.this",
            "module.prod_cluster.module.eks_cluster.module.eks.module.eks_managed_node_group.aws_iam_role.this",
            "module.prod_cluster.module.eks_cluster.module.eks.module.eks_managed_node_group.aws_iam_role_policy.this",
            "module.prod_cluster.module.eks_cluster.module.eks.module.eks_managed_node_group.aws_iam_role_policy_attachment.additional",
            "module.prod_cluster.module.eks_cluster.module.eks.module.eks_managed_node_group.aws_iam_role_policy_attachment.this",
            "module.prod_cluster.module.eks_cluster.module.eks.module.eks_managed_node_group.aws_launch_template.this",
            "module.prod_cluster.module.eks_cluster.module.eks.module.eks_managed_node_group.aws_placement_group.this",
            "module.prod_cluster.module.eks_cluster.module.eks.module.eks_managed_node_group.data.aws_caller_identity.current",
            "module.prod_cluster.module.eks_cluster.module.eks.module.eks_managed_node_group.data.aws_ec2_instance_type.this",
            "module.prod_cluster.module.eks_cluster.module.eks.module.eks_managed_node_group.data.aws_ec2_instance_type_offerings.this",
            "module.prod_cluster.module.eks_cluster.module.eks.module.eks_managed_node_group.data.aws_iam_policy_document.assume_role_policy",
            "module.prod_cluster.module.eks_cluster.module.eks.module.eks_managed_node_group.data.aws_iam_policy_document.role",
            "module.prod_cluster.module.eks_cluster.module.eks.module.eks_managed_node_group.data.aws_partition.current",
            "module.prod_cluster.module.eks_cluster.module.eks.module.eks_managed_node_group.data.aws_ssm_parameter.ami",
            "module.prod_cluster.module.eks_cluster.module.eks.module.eks_managed_node_group.data.aws_subnets.placement_group",
            "module.prod_cluster.module.eks_cluster.module.eks.module.eks_managed_node_group.module.user_data.data.cloudinit_config.al2023_eks_managed_node_group",
            "module.prod_cluster.module.eks_cluster.module.eks.module.eks_managed_node_group.module.user_data.data.cloudinit_config.linux_eks_managed_node_group",
            "module.prod_cluster.module.eks_cluster.module.eks.module.eks_managed_node_group.module.user_data.null_resource.validate_cluster_service_cidr",
            "module.prod_cluster.module.eks_cluster.module.eks.module.fargate_profile.aws_eks_fargate_profile.this",
            "module.prod_cluster.module.eks_cluster.module.eks.module.fargate_profile.aws_iam_role.this",
            "module.prod_cluster.module.eks_cluster.module.eks.module.fargate_profile.aws_iam_role_policy.this",
            "module.prod_cluster.module.eks_cluster.module.eks.module.fargate_profile.aws_iam_role_policy_attachment.additional",
            "module.prod_cluster.module.eks_cluster.module.eks.module.fargate_profile.aws_iam_role_policy_attachment.this",
            "module.prod_cluster.module.eks_cluster.module.eks.module.fargate_profile.data.aws_caller_identity.current",
            "module.prod_cluster.module.eks_cluster.module.eks.module.fargate_profile.data.aws_iam_policy_document.assume_role_policy",
            "module.prod_cluster.module.eks_cluster.module.eks.module.fargate_profile.data.aws_iam_policy_document.role",
            "module.prod_cluster.module.eks_cluster.module.eks.module.fargate_profile.data.aws_partition.current",
            "module.prod_cluster.module.eks_cluster.module.eks.module.fargate_profile.data.aws_region.current",
            "module.prod_cluster.module.eks_cluster.module.eks.module.kms.aws_kms_alias.this",
            "module.prod_cluster.module.eks_cluster.module.eks.module.kms.aws_kms_external_key.this",
            "module.prod_cluster.module.eks_cluster.module.eks.module.kms.aws_kms_grant.this",
            "module.prod_cluster.module.eks_cluster.module.eks.module.kms.aws_kms_key.this",
            "module.prod_cluster.module.eks_cluster.module.eks.module.kms.aws_kms_replica_external_key.this",
            "module.prod_cluster.module.eks_cluster.module.eks.module.kms.aws_kms_replica_key.this",
            "module.prod_cluster.module.eks_cluster.module.eks.module.kms.data.aws_caller_identity.current",
            "module.prod_cluster.module.eks_cluster.module.eks.module.kms.data.aws_iam_policy_document.this",
            "module.prod_cluster.module.eks_cluster.module.eks.module.kms.data.aws_partition.current",
            "module.prod_cluster.module.eks_cluster.module.eks.module.self_managed_node_group.aws_autoscaling_group.this",
            "module.prod_cluster.module.eks_cluster.module.eks.module.self_managed_node_group.aws_autoscaling_schedule.this",
            "module.prod_cluster.module.eks_cluster.module.eks.module.self_managed_node_group.aws_eks_access_entry.this",
            "module.prod_cluster.module.eks_cluster.module.eks.module.self_managed_node_group.aws_iam_instance_profile.this",
            "module.prod_cluster.module.eks_cluster.module.eks.module.self_managed_node_group.aws_iam_role.this",
            "module.prod_cluster.module.eks_cluster.module.eks.module.self_managed_node_group.aws_iam_role_policy.this",
            "module.prod_cluster.module.eks_cluster.module.eks.module.self_managed_node_group.aws_iam_role_policy_attachment.additional",
            "module.prod_cluster.module.eks_cluster.module.eks.module.self_managed_node_group.aws_iam_role_policy_attachment.this",
            "module.prod_cluster.module.eks_cluster.module.eks.module.self_managed_node_group.aws_launch_template.this",
            "module.prod_cluster.module.eks_cluster.module.eks.module.self_managed_node_group.aws_placement_group.this",
            "module.prod_cluster.module.eks_cluster.module.eks.module.self_managed_node_group.data.aws_caller_identity.current",
            "module.prod_cluster.module.eks_cluster.module.eks.module.self_managed_node_group.data.aws_ec2_instance_type.this",
            "module.prod_cluster.module.eks_cluster.module.eks.module.self_managed_node_group.data.aws_ec2_instance_type_offerings.this",
            "module.prod_cluster.module.eks_cluster.module.eks.module.self_managed_node_group.data.aws_iam_policy_document.assume_role_policy",
            "module.prod_cluster.module.eks_cluster.module.eks.module.self_managed_node_group.data.aws_iam_policy_document.role",
            "module.prod_cluster.module.eks_cluster.module.eks.module.self_managed_node_group.data.aws_partition.current",
            "module.prod_cluster.module.eks_cluster.module.eks.module.self_managed_node_group.data.aws_ssm_parameter.ami",
            "module.prod_cluster.module.eks_cluster.module.eks.module.self_managed_node_group.data.aws_subnets.placement_group",
            "module.prod_cluster.module.eks_cluster.module.eks.module.self_managed_node_group.module.user_data.data.cloudinit_config.al2023_eks_managed_node_group",
            "module.prod_cluster.module.eks_cluster.module.eks.module.self_managed_node_group.module.user_data.data.cloudinit_config.linux_eks_managed_node_group",
            "module.prod_cluster.module.eks_cluster.module.eks.module.self_managed_node_group.module.user_data.null_resource.validate_cluster_service_cidr",
            "module.prod_cluster.module.eks_cluster.module.eks.time_sleep.this",
            "module.prod_cluster.module.node_groups.module.eks_managed_node_groups.aws_autoscaling_schedule.this",
            "module.prod_cluster.module.node_groups.module.eks_managed_node_groups.aws_eks_node_group.this",
            "module.prod_cluster.module.node_groups.module.eks_managed_node_groups.aws_iam_role.this",
            "module.prod_cluster.module.node_groups.module.eks_managed_node_groups.aws_iam_role_policy.this",
            "module.prod_cluster.module.node_groups.module.eks_managed_node_groups.aws_iam_role_policy_attachment.additional",
            "module.prod_cluster.module.node_groups.module.eks_managed_node_groups.aws_iam_role_policy_attachment.this",
            "module.prod_cluster.module.node_groups.module.eks_managed_node_groups.aws_launch_template.this",
            "module.prod_cluster.module.node_groups.module.eks_managed_node_groups.aws_placement_group.this",
            "module.prod_cluster.module.node_groups.module.eks_managed_node_groups.data.aws_caller_identity.current",
            "module.prod_cluster.module.node_groups.module.eks_managed_node_groups.data.aws_ec2_instance_type.this",
            "module.prod_cluster.module.node_groups.module.eks_managed_node_groups.data.aws_ec2_instance_type_offerings.this",
            "module.prod_cluster.module.node_groups.module.eks_managed_node_groups.data.aws_iam_policy_document.assume_role_policy",
            "module.prod_cluster.module.node_groups.module.eks_managed_node_groups.data.aws_iam_policy_document.role",
            "module.prod_cluster.module.node_groups.module.eks_managed_node_groups.data.aws_partition.current",
            "module.prod_cluster.module.node_groups.module.eks_managed_node_groups.data.aws_ssm_parameter.ami",
            "module.prod_cluster.module.node_groups.module.eks_managed_node_groups.data.aws_subnets.placement_group",
            "module.prod_cluster.module.node_groups.module.eks_managed_node_groups.module.user_data.data.cloudinit_config.al2023_eks_managed_node_group",
            "module.prod_cluster.module.node_groups.module.eks_managed_node_groups.module.user_data.data.cloudinit_config.linux_eks_managed_node_group",
            "module.prod_cluster.module.node_groups.module.eks_managed_node_groups.module.user_data.null_resource.validate_cluster_service_cidr",
            "module.security_groups.aws_security_group.jenkins",
            "module.vpc.module.subnets.aws_subnet.private",
            "module.vpc.module.vpc_core.aws_vpc.main"
          ]
        }
      ]
    },
    {
      "module": "module.prod_cluster.module.security_groups",
      "mode": "managed",
      "type": "aws_security_group_rule",
      "name": "jenkins_to_worker_nodes",
      "provider": "provider[\"registry.terraform.io/hashicorp/aws\"]",
      "instances": [
        {
          "schema_version": 2,
          "attributes": {
            "cidr_blocks": null,
            "description": "Allow Jenkins to access worker nodes",
            "from_port": 0,
            "id": "sgrule-3204458301",
            "ipv6_cidr_blocks": null,
            "prefix_list_ids": null,
            "protocol": "tcp",
            "security_group_id": "sg-019a30919e7723882",
            "security_group_rule_id": "sgr-0d78e864ef59ef958",
            "self": false,
            "source_security_group_id": "sg-078243dc7754bacd2",
            "timeouts": null,
            "to_port": 65535,
            "type": "ingress"
          },
          "sensitive_attributes": [],
          "identity_schema_version": 0,
          "private": "eyJlMmJmYjczMC1lY2FhLTExZTYtOGY4OC0zNDM2M2JjN2M0YzAiOnsiY3JlYXRlIjozMDAwMDAwMDAwMDB9LCJzY2hlbWFfdmVyc2lvbiI6IjIifQ==",
          "dependencies": [
            "module.prod_cluster.module.eks_cluster.data.aws_caller_identity.current",
            "module.prod_cluster.module.eks_cluster.module.eks.aws_cloudwatch_log_group.this",
            "module.prod_cluster.module.eks_cluster.module.eks.aws_ec2_tag.cluster_primary_security_group",
            "module.prod_cluster.module.eks_cluster.module.eks.aws_eks_access_entry.this",
            "module.prod_cluster.module.eks_cluster.module.eks.aws_eks_access_policy_association.this",
            "module.prod_cluster.module.eks_cluster.module.eks.aws_eks_addon.before_compute",
            "module.prod_cluster.module.eks_cluster.module.eks.aws_eks_addon.this",
            "module.prod_cluster.module.eks_cluster.module.eks.aws_eks_cluster.this",
            "module.prod_cluster.module.eks_cluster.module.eks.aws_eks_identity_provider_config.this",
            "module.prod_cluster.module.eks_cluster.module.eks.aws_iam_openid_connect_provider.oidc_provider",
            "module.prod_cluster.module.eks_cluster.module.eks.aws_iam_policy.cluster_encryption",
            "module.prod_cluster.module.eks_cluster.module.eks.aws_iam_policy.cni_ipv6_policy",
            "module.prod_cluster.module.eks_cluster.module.eks.aws_iam_policy.custom",
            "module.prod_cluster.module.eks_cluster.module.eks.aws_iam_role.eks_auto",
            "module.prod_cluster.module.eks_cluster.module.eks.aws_iam_role.this",
            "module.prod_cluster.module.eks_cluster.module.eks.aws_iam_role_policy_attachment.additional",
            "module.prod_cluster.module.eks_cluster.module.eks.aws_iam_role_policy_attachment.cluster_encryption",
            "module.prod_cluster.module.eks_cluster.module.eks.aws_iam_role_policy_attachment.custom",
            "module.prod_cluster.module.eks_cluster.module.eks.aws_iam_role_policy_attachment.eks_auto",
            "module.prod_cluster.module.eks_cluster.module.eks.aws_iam_role_policy_attachment.eks_auto_additional",
            "module.prod_cluster.module.eks_cluster.module.eks.aws_iam_role_policy_attachment.this",
            "module.prod_cluster.module.eks_cluster.module.eks.aws_security_group.cluster",
            "module.prod_cluster.module.eks_cluster.module.eks.aws_security_group.node",
            "module.prod_cluster.module.eks_cluster.module.eks.aws_security_group_rule.cluster",
            "module.prod_cluster.module.eks_cluster.module.eks.aws_security_group_rule.node",
            "module.prod_cluster.module.eks_cluster.module.eks.data.aws_caller_identity.current",
            "module.prod_cluster.module.eks_cluster.module.eks.data.aws_eks_addon_version.this",
            "module.prod_cluster.module.eks_cluster.module.eks.data.aws_iam_policy_document.assume_role_policy",
            "module.prod_cluster.module.eks_cluster.module.eks.data.aws_iam_policy_document.cni_ipv6_policy",
            "module.prod_cluster.module.eks_cluster.module.eks.data.aws_iam_policy_document.custom",
            "module.prod_cluster.module.eks_cluster.module.eks.data.aws_iam_policy_document.node_assume_role_policy",
            "module.prod_cluster.module.eks_cluster.module.eks.data.aws_iam_session_context.current",
            "module.prod_cluster.module.eks_cluster.module.eks.data.aws_partition.current",
            "module.prod_cluster.module.eks_cluster.module.eks.data.tls_certificate.this",
            "module.prod_cluster.module.eks_cluster.module.eks.module.eks_managed_node_group.aws_autoscaling_schedule.this",
            "module.prod_cluster.module.eks_cluster.module.eks.module.eks_managed_node_group.aws_eks_node_group.this",
            "module.prod_cluster.module.eks_cluster.module.eks.module.eks_managed_node_group.aws_iam_role.this",
            "module.prod_cluster.module.eks_cluster.module.eks.module.eks_managed_node_group.aws_iam_role_policy.this",
            "module.prod_cluster.module.eks_cluster.module.eks.module.eks_managed_node_group.aws_iam_role_policy_attachment.additional",
            "module.prod_cluster.module.eks_cluster.module.eks.module.eks_managed_node_group.aws_iam_role_policy_attachment.this",
            "module.prod_cluster.module.eks_cluster.module.eks.module.eks_managed_node_group.aws_launch_template.this",
            "module.prod_cluster.module.eks_cluster.module.eks.module.eks_managed_node_group.aws_placement_group.this",
            "module.prod_cluster.module.eks_cluster.module.eks.module.eks_managed_node_group.data.aws_caller_identity.current",
            "module.prod_cluster.module.eks_cluster.module.eks.module.eks_managed_node_group.data.aws_ec2_instance_type.this",
            "module.prod_cluster.module.eks_cluster.module.eks.module.eks_managed_node_group.data.aws_ec2_instance_type_offerings.this",
            "module.prod_cluster.module.eks_cluster.module.eks.module.eks_managed_node_group.data.aws_iam_policy_document.assume_role_policy",
            "module.prod_cluster.module.eks_cluster.module.eks.module.eks_managed_node_group.data.aws_iam_policy_document.role",
            "module.prod_cluster.module.eks_cluster.module.eks.module.eks_managed_node_group.data.aws_partition.current",
            "module.prod_cluster.module.eks_cluster.module.eks.module.eks_managed_node_group.data.aws_ssm_parameter.ami",
            "module.prod_cluster.module.eks_cluster.module.eks.module.eks_managed_node_group.data.aws_subnets.placement_group",
            "module.prod_cluster.module.eks_cluster.module.eks.module.eks_managed_node_group.module.user_data.data.cloudinit_config.al2023_eks_managed_node_group",
            "module.prod_cluster.module.eks_cluster.module.eks.module.eks_managed_node_group.module.user_data.data.cloudinit_config.linux_eks_managed_node_group",
            "module.prod_cluster.module.eks_cluster.module.eks.module.eks_managed_node_group.module.user_data.null_resource.validate_cluster_service_cidr",
            "module.prod_cluster.module.eks_cluster.module.eks.module.fargate_profile.aws_eks_fargate_profile.this",
            "module.prod_cluster.module.eks_cluster.module.eks.module.fargate_profile.aws_iam_role.this",
            "module.prod_cluster.module.eks_cluster.module.eks.module.fargate_profile.aws_iam_role_policy.this",
            "module.prod_cluster.module.eks_cluster.module.eks.module.fargate_profile.aws_iam_role_policy_attachment.additional",
            "module.prod_cluster.module.eks_cluster.module.eks.module.fargate_profile.aws_iam_role_policy_attachment.this",
            "module.prod_cluster.module.eks_cluster.module.eks.module.fargate_profile.data.aws_caller_identity.current",
            "module.prod_cluster.module.eks_cluster.module.eks.module.fargate_profile.data.aws_iam_policy_document.assume_role_policy",
            "module.prod_cluster.module.eks_cluster.module.eks.module.fargate_profile.data.aws_iam_policy_document.role",
            "module.prod_cluster.module.eks_cluster.module.eks.module.fargate_profile.data.aws_partition.current",
            "module.prod_cluster.module.eks_cluster.module.eks.module.fargate_profile.data.aws_region.current",
            "module.prod_cluster.module.eks_cluster.module.eks.module.kms.aws_kms_alias.this",
            "module.prod_cluster.module.eks_cluster.module.eks.module.kms.aws_kms_external_key.this",
            "module.prod_cluster.module.eks_cluster.module.eks.module.kms.aws_kms_grant.this",
            "module.prod_cluster.module.eks_cluster.module.eks.module.kms.aws_kms_key.this",
            "module.prod_cluster.module.eks_cluster.module.eks.module.kms.aws_kms_replica_external_key.this",
            "module.prod_cluster.module.eks_cluster.module.eks.module.kms.aws_kms_replica_key.this",
            "module.prod_cluster.module.eks_cluster.module.eks.module.kms.data.aws_caller_identity.current",
            "module.prod_cluster.module.eks_cluster.module.eks.module.kms.data.aws_iam_policy_document.this",
            "module.prod_cluster.module.eks_cluster.module.eks.module.kms.data.aws_partition.current",
            "module.prod_cluster.module.eks_cluster.module.eks.module.self_managed_node_group.aws_autoscaling_group.this",
            "module.prod_cluster.module.eks_cluster.module.eks.module.self_managed_node_group.aws_autoscaling_schedule.this",
            "module.prod_cluster.module.eks_cluster.module.eks.module.self_managed_node_group.aws_eks_access_entry.this",
            "module.prod_cluster.module.eks_cluster.module.eks.module.self_managed_node_group.aws_iam_instance_profile.this",
            "module.prod_cluster.module.eks_cluster.module.eks.module.self_managed_node_group.aws_iam_role.this",
            "module.prod_cluster.module.eks_cluster.module.eks.module.self_managed_node_group.aws_iam_role_policy.this",
            "module.prod_cluster.module.eks_cluster.module.eks.module.self_managed_node_group.aws_iam_role_policy_attachment.additional",
            "module.prod_cluster.module.eks_cluster.module.eks.module.self_managed_node_group.aws_iam_role_policy_attachment.this",
            "module.prod_cluster.module.eks_cluster.module.eks.module.self_managed_node_group.aws_launch_template.this",
            "module.prod_cluster.module.eks_cluster.module.eks.module.self_managed_node_group.aws_placement_group.this",
            "module.prod_cluster.module.eks_cluster.module.eks.module.self_managed_node_group.data.aws_caller_identity.current",
            "module.prod_cluster.module.eks_cluster.module.eks.module.self_managed_node_group.data.aws_ec2_instance_type.this",
            "module.prod_cluster.module.eks_cluster.module.eks.module.self_managed_node_group.data.aws_ec2_instance_type_offerings.this",
            "module.prod_cluster.module.eks_cluster.module.eks.module.self_managed_node_group.data.aws_iam_policy_document.assume_role_policy",
            "module.prod_cluster.module.eks_cluster.module.eks.module.self_managed_node_group.data.aws_iam_policy_document.role",
            "module.prod_cluster.module.eks_cluster.module.eks.module.self_managed_node_group.data.aws_partition.current",
            "module.prod_cluster.module.eks_cluster.module.eks.module.self_managed_node_group.data.aws_ssm_parameter.ami",
            "module.prod_cluster.module.eks_cluster.module.eks.module.self_managed_node_group.data.aws_subnets.placement_group",
            "module.prod_cluster.module.eks_cluster.module.eks.module.self_managed_node_group.module.user_data.data.cloudinit_config.al2023_eks_managed_node_group",
            "module.prod_cluster.module.eks_cluster.module.eks.module.self_managed_node_group.module.user_data.data.cloudinit_config.linux_eks_managed_node_group",
            "module.prod_cluster.module.eks_cluster.module.eks.module.self_managed_node_group.module.user_data.null_resource.validate_cluster_service_cidr",
            "module.prod_cluster.module.eks_cluster.module.eks.time_sleep.this",
            "module.prod_cluster.module.node_groups.module.eks_managed_node_groups.aws_autoscaling_schedule.this",
            "module.prod_cluster.module.node_groups.module.eks_managed_node_groups.aws_eks_node_group.this",
            "module.prod_cluster.module.node_groups.module.eks_managed_node_groups.aws_iam_role.this",
            "module.prod_cluster.module.node_groups.module.eks_managed_node_groups.aws_iam_role_policy.this",
            "module.prod_cluster.module.node_groups.module.eks_managed_node_groups.aws_iam_role_policy_attachment.additional",
            "module.prod_cluster.module.node_groups.module.eks_managed_node_groups.aws_iam_role_policy_attachment.this",
            "module.prod_cluster.module.node_groups.module.eks_managed_node_groups.aws_launch_template.this",
            "module.prod_cluster.module.node_groups.module.eks_managed_node_groups.aws_placement_group.this",
            "module.prod_cluster.module.node_groups.module.eks_managed_node_groups.data.aws_caller_identity.current",
            "module.prod_cluster.module.node_groups.module.eks_managed_node_groups.data.aws_ec2_instance_type.this",
            "module.prod_cluster.module.node_groups.module.eks_managed_node_groups.data.aws_ec2_instance_type_offerings.this",
            "module.prod_cluster.module.node_groups.module.eks_managed_node_groups.data.aws_iam_policy_document.assume_role_policy",
            "module.prod_cluster.module.node_groups.module.eks_managed_node_groups.data.aws_iam_policy_document.role",
            "module.prod_cluster.module.node_groups.module.eks_managed_node_groups.data.aws_partition.current",
            "module.prod_cluster.module.node_groups.module.eks_managed_node_groups.data.aws_ssm_parameter.ami",
            "module.prod_cluster.module.node_groups.module.eks_managed_node_groups.data.aws_subnets.placement_group",
            "module.prod_cluster.module.node_groups.module.eks_managed_node_groups.module.user_data.data.cloudinit_config.al2023_eks_managed_node_group",
            "module.prod_cluster.module.node_groups.module.eks_managed_node_groups.module.user_data.data.cloudinit_config.linux_eks_managed_node_group",
            "module.prod_cluster.module.node_groups.module.eks_managed_node_groups.module.user_data.null_resource.validate_cluster_service_cidr",
            "module.security_groups.aws_security_group.jenkins",
            "module.vpc.module.subnets.aws_subnet.private",
            "module.vpc.module.vpc_core.aws_vpc.main"
          ]
        }
      ]
    },
    {
      "module": "module.route53",
      "mode": "data",
      "type": "aws_route53_zone",
      "name": "public",
      "provider": "provider[\"registry.terraform.io/hashicorp/aws\"]",
      "instances": [
        {
          "index_key": 0,
          "schema_version": 0,
          "attributes": {
            "arn": "arn:aws:route53:::hostedzone/Z06307832TD07PZVN77GO",
            "caller_reference": "f8b15066-a0ea-4094-9821-939626f05de8",
            "comment": "",
            "id": "Z06307832TD07PZVN77GO",
            "linked_service_description": null,
            "linked_service_principal": null,
            "name": "weatherlabs.org",
            "name_servers": [
              "ns-34.awsdns-04.com",
              "ns-589.awsdns-09.net",
              "ns-1141.awsdns-14.org",
              "ns-1717.awsdns-22.co.uk"
            ],
            "primary_name_server": "ns-34.awsdns-04.com",
            "private_zone": false,
            "resource_record_set_count": 9,
            "tags": {},
            "vpc_id": null,
            "zone_id": "Z06307832TD07PZVN77GO"
          },
          "sensitive_attributes": [],
          "identity_schema_version": 0
        }
      ]
    },
    {
      "module": "module.route53",
      "mode": "managed",
      "type": "aws_acm_certificate",
      "name": "main",
      "provider": "provider[\"registry.terraform.io/hashicorp/aws\"]",
      "instances": [
        {
          "index_key": 0,
          "schema_version": 0,
          "attributes": {
            "arn": "arn:aws:acm:eu-north-1:610964304971:certificate/6cea771c-f3f2-41ee-996b-d15a51239f36",
            "certificate_authority_arn": "",
            "certificate_body": null,
            "certificate_chain": null,
            "domain_name": "quiz.weatherlabs.org",
            "domain_validation_options": [
              {
                "domain_name": "argocd.weatherlabs.org",
                "resource_record_name": "_fe2f8815975b2d50ce1279d4a6c9e392.argocd.weatherlabs.org.",
                "resource_record_type": "CNAME",
                "resource_record_value": "_9e69da4afa7a546391882977e72541ca.jkddzztszm.acm-validations.aws."
              },
              {
                "domain_name": "jenkins.weatherlabs.org",
                "resource_record_name": "_82e2f9240996a0bc9820b9a55521b149.jenkins.weatherlabs.org.",
                "resource_record_type": "CNAME",
                "resource_record_value": "_ddea7206d5803d69373004b13dd4f0fe.jkddzztszm.acm-validations.aws."
              },
              {
                "domain_name": "quiz.weatherlabs.org",
                "resource_record_name": "_5743cb74933cb8e2bf198c0ba2bb9a38.quiz.weatherlabs.org.",
                "resource_record_type": "CNAME",
                "resource_record_value": "_3fccc3db35a5c21afcc66a5b10010be4.jkddzztszm.acm-validations.aws."
              }
            ],
            "early_renewal_duration": "",
            "id": "arn:aws:acm:eu-north-1:610964304971:certificate/6cea771c-f3f2-41ee-996b-d15a51239f36",
            "key_algorithm": "RSA_2048",
            "not_after": "2026-12-10T23:59:59Z",
            "not_before": "2025-11-11T00:00:00Z",
            "options": [
              {
                "certificate_transparency_logging_preference": "ENABLED"
              }
            ],
            "pending_renewal": false,
            "private_key": null,
            "renewal_eligibility": "ELIGIBLE",
            "renewal_summary": [],
            "status": "ISSUED",
            "subject_alternative_names": [
              "argocd.weatherlabs.org",
              "jenkins.weatherlabs.org",
              "quiz.weatherlabs.org"
            ],
            "tags": {
              "Environment": "Production",
              "ManagedBy": "Terraform",
              "Name": "devops-quiz HTTPS Certificate",
              "Owner": "Liav",
              "Project": "Devops-Quiz"
            },
            "tags_all": {
              "Environment": "Production",
              "ManagedBy": "Terraform",
              "Name": "devops-quiz HTTPS Certificate",
              "Owner": "Liav",
              "Project": "Devops-Quiz"
            },
            "type": "AMAZON_ISSUED",
            "validation_emails": [],
            "validation_method": "DNS",
            "validation_option": []
          },
          "sensitive_attributes": [
            [
              {
                "type": "get_attr",
                "value": "private_key"
              }
            ]
          ],
          "identity_schema_version": 0,
          "private": "bnVsbA==",
          "create_before_destroy": true
        }
      ]
    },
    {
      "module": "module.route53",
      "mode": "managed",
      "type": "aws_acm_certificate_validation",
      "name": "main",
      "provider": "provider[\"registry.terraform.io/hashicorp/aws\"]",
      "instances": [
        {
          "index_key": 0,
          "schema_version": 0,
          "attributes": {
            "certificate_arn": "arn:aws:acm:eu-north-1:610964304971:certificate/6cea771c-f3f2-41ee-996b-d15a51239f36",
            "id": "2025-11-11 11:46:47.859 +0000 UTC",
            "timeouts": null,
            "validation_record_fqdns": [
              "_5743cb74933cb8e2bf198c0ba2bb9a38.quiz.weatherlabs.org",
              "_82e2f9240996a0bc9820b9a55521b149.jenkins.weatherlabs.org",
              "_fe2f8815975b2d50ce1279d4a6c9e392.argocd.weatherlabs.org"
            ]
          },
          "sensitive_attributes": [],
          "identity_schema_version": 0,
          "private": "eyJlMmJmYjczMC1lY2FhLTExZTYtOGY4OC0zNDM2M2JjN2M0YzAiOnsiY3JlYXRlIjo0NTAwMDAwMDAwMDAwfX0=",
          "dependencies": [
            "module.route53.aws_acm_certificate.main",
            "module.route53.aws_route53_record.cert_validation",
            "module.route53.data.aws_route53_zone.public"
          ]
        }
      ]
    },
    {
      "module": "module.route53",
      "mode": "managed",
      "type": "aws_route53_record",
      "name": "cert_validation",
      "provider": "provider[\"registry.terraform.io/hashicorp/aws\"]",
      "instances": [
        {
          "index_key": "argocd.weatherlabs.org",
          "schema_version": 2,
          "attributes": {
            "alias": [],
            "allow_overwrite": true,
            "cidr_routing_policy": [],
            "failover_routing_policy": [],
            "fqdn": "_fe2f8815975b2d50ce1279d4a6c9e392.argocd.weatherlabs.org",
            "geolocation_routing_policy": [],
            "geoproximity_routing_policy": [],
            "health_check_id": "",
            "id": "Z06307832TD07PZVN77GO__fe2f8815975b2d50ce1279d4a6c9e392.argocd.weatherlabs.org._CNAME",
            "latency_routing_policy": [],
            "multivalue_answer_routing_policy": false,
            "name": "_fe2f8815975b2d50ce1279d4a6c9e392.argocd.weatherlabs.org",
            "records": [
              "_9e69da4afa7a546391882977e72541ca.jkddzztszm.acm-validations.aws."
            ],
            "set_identifier": "",
            "timeouts": null,
            "ttl": 60,
            "type": "CNAME",
            "weighted_routing_policy": [],
            "zone_id": "Z06307832TD07PZVN77GO"
          },
          "sensitive_attributes": [],
          "identity_schema_version": 0,
          "private": "eyJlMmJmYjczMC1lY2FhLTExZTYtOGY4OC0zNDM2M2JjN2M0YzAiOnsiY3JlYXRlIjoxODAwMDAwMDAwMDAwLCJkZWxldGUiOjE4MDAwMDAwMDAwMDAsInVwZGF0ZSI6MTgwMDAwMDAwMDAwMH0sInNjaGVtYV92ZXJzaW9uIjoiMiJ9",
          "dependencies": [
            "module.route53.aws_acm_certificate.main",
            "module.route53.data.aws_route53_zone.public"
          ]
        },
        {
          "index_key": "jenkins.weatherlabs.org",
          "schema_version": 2,
          "attributes": {
            "alias": [],
            "allow_overwrite": true,
            "cidr_routing_policy": [],
            "failover_routing_policy": [],
            "fqdn": "_82e2f9240996a0bc9820b9a55521b149.jenkins.weatherlabs.org",
            "geolocation_routing_policy": [],
            "geoproximity_routing_policy": [],
            "health_check_id": "",
            "id": "Z06307832TD07PZVN77GO__82e2f9240996a0bc9820b9a55521b149.jenkins.weatherlabs.org._CNAME",
            "latency_routing_policy": [],
            "multivalue_answer_routing_policy": false,
            "name": "_82e2f9240996a0bc9820b9a55521b149.jenkins.weatherlabs.org",
            "records": [
              "_ddea7206d5803d69373004b13dd4f0fe.jkddzztszm.acm-validations.aws."
            ],
            "set_identifier": "",
            "timeouts": null,
            "ttl": 60,
            "type": "CNAME",
            "weighted_routing_policy": [],
            "zone_id": "Z06307832TD07PZVN77GO"
          },
          "sensitive_attributes": [],
          "identity_schema_version": 0,
          "private": "eyJlMmJmYjczMC1lY2FhLTExZTYtOGY4OC0zNDM2M2JjN2M0YzAiOnsiY3JlYXRlIjoxODAwMDAwMDAwMDAwLCJkZWxldGUiOjE4MDAwMDAwMDAwMDAsInVwZGF0ZSI6MTgwMDAwMDAwMDAwMH0sInNjaGVtYV92ZXJzaW9uIjoiMiJ9",
          "dependencies": [
            "module.route53.aws_acm_certificate.main",
            "module.route53.data.aws_route53_zone.public"
          ]
        },
        {
          "index_key": "quiz.weatherlabs.org",
          "schema_version": 2,
          "attributes": {
            "alias": [],
            "allow_overwrite": true,
            "cidr_routing_policy": [],
            "failover_routing_policy": [],
            "fqdn": "_5743cb74933cb8e2bf198c0ba2bb9a38.quiz.weatherlabs.org",
            "geolocation_routing_policy": [],
            "geoproximity_routing_policy": [],
            "health_check_id": "",
            "id": "Z06307832TD07PZVN77GO__5743cb74933cb8e2bf198c0ba2bb9a38.quiz.weatherlabs.org._CNAME",
            "latency_routing_policy": [],
            "multivalue_answer_routing_policy": false,
            "name": "_5743cb74933cb8e2bf198c0ba2bb9a38.quiz.weatherlabs.org",
            "records": [
              "_3fccc3db35a5c21afcc66a5b10010be4.jkddzztszm.acm-validations.aws."
            ],
            "set_identifier": "",
            "timeouts": null,
            "ttl": 60,
            "type": "CNAME",
            "weighted_routing_policy": [],
            "zone_id": "Z06307832TD07PZVN77GO"
          },
          "sensitive_attributes": [],
          "identity_schema_version": 0,
          "private": "eyJlMmJmYjczMC1lY2FhLTExZTYtOGY4OC0zNDM2M2JjN2M0YzAiOnsiY3JlYXRlIjoxODAwMDAwMDAwMDAwLCJkZWxldGUiOjE4MDAwMDAwMDAwMDAsInVwZGF0ZSI6MTgwMDAwMDAwMDAwMH0sInNjaGVtYV92ZXJzaW9uIjoiMiJ9",
          "dependencies": [
            "module.route53.aws_acm_certificate.main",
            "module.route53.data.aws_route53_zone.public"
          ]
        }
      ]
    },
    {
      "module": "module.route53",
      "mode": "managed",
      "type": "aws_route53_record",
      "name": "jenkins",
      "provider": "provider[\"registry.terraform.io/hashicorp/aws\"]",
      "instances": [
        {
          "schema_version": 2,
          "attributes": {
            "alias": [],
            "allow_overwrite": null,
            "cidr_routing_policy": [],
            "failover_routing_policy": [],
            "fqdn": "jenkins.weatherlabs.internal",
            "geolocation_routing_policy": [],
            "geoproximity_routing_policy": [],
            "health_check_id": "",
            "id": "Z0628937334O6F070MOEN_jenkins.weatherlabs.internal_A",
            "latency_routing_policy": [],
            "multivalue_answer_routing_policy": false,
            "name": "jenkins.weatherlabs.internal",
            "records": [
              "10.0.4.59"
            ],
            "set_identifier": "",
            "timeouts": null,
            "ttl": 300,
            "type": "A",
            "weighted_routing_policy": [],
            "zone_id": "Z0628937334O6F070MOEN"
          },
          "sensitive_attributes": [],
          "identity_schema_version": 0,
          "private": "eyJlMmJmYjczMC1lY2FhLTExZTYtOGY4OC0zNDM2M2JjN2M0YzAiOnsiY3JlYXRlIjoxODAwMDAwMDAwMDAwLCJkZWxldGUiOjE4MDAwMDAwMDAwMDAsInVwZGF0ZSI6MTgwMDAwMDAwMDAwMH0sInNjaGVtYV92ZXJzaW9uIjoiMiJ9",
          "dependencies": [
            "module.iam.aws_iam_instance_profile.ec2_instance_profile",
            "module.iam.aws_iam_role.ec2_instance_role",
            "module.jenkins.aws_instance.jenkins",
            "module.route53.aws_route53_zone.private",
            "module.security_groups.aws_security_group.jenkins",
            "module.vpc.module.subnets.aws_subnet.private",
            "module.vpc.module.vpc_core.aws_vpc.main"
          ]
        }
      ]
    },
    {
      "module": "module.route53",
      "mode": "managed",
      "type": "aws_route53_zone",
      "name": "private",
      "provider": "provider[\"registry.terraform.io/hashicorp/aws\"]",
      "instances": [
        {
          "schema_version": 0,
          "attributes": {
            "arn": "arn:aws:route53:::hostedzone/Z0628937334O6F070MOEN",
            "comment": "Managed by Terraform",
            "delegation_set_id": "",
            "force_destroy": false,
            "id": "Z0628937334O6F070MOEN",
            "name": "weatherlabs.internal",
            "name_servers": [
              "ns-0.awsdns-00.com.",
              "ns-1024.awsdns-00.org.",
              "ns-1536.awsdns-00.co.uk.",
              "ns-512.awsdns-00.net."
            ],
            "primary_name_server": "ns-0.awsdns-00.com.",
            "tags": {
              "Environment": "production",
              "ManagedBy": "Terraform",
              "Name": "devops-quiz Private DNS Zone",
              "Owner": "Liav",
              "Project": "Devops-Quiz",
              "Service": "DNS"
            },
            "tags_all": {
              "Environment": "production",
              "ManagedBy": "Terraform",
              "Name": "devops-quiz Private DNS Zone",
              "Owner": "Liav",
              "Project": "Devops-Quiz",
              "Service": "DNS"
            },
            "timeouts": null,
            "vpc": [
              {
                "vpc_id": "vpc-08d3d5be591726bdb",
                "vpc_region": "eu-north-1"
              }
            ],
            "zone_id": "Z0628937334O6F070MOEN"
          },
          "sensitive_attributes": [],
          "identity_schema_version": 0,
          "private": "eyJlMmJmYjczMC1lY2FhLTExZTYtOGY4OC0zNDM2M2JjN2M0YzAiOnsiY3JlYXRlIjoxODAwMDAwMDAwMDAwLCJkZWxldGUiOjE4MDAwMDAwMDAwMDAsInVwZGF0ZSI6MTgwMDAwMDAwMDAwMH19",
          "dependencies": [
            "module.vpc.module.vpc_core.aws_vpc.main"
          ]
        }
      ]
    },
    {
      "module": "module.security_groups",
      "mode": "managed",
      "type": "aws_security_group",
      "name": "jenkins",
      "provider": "provider[\"registry.terraform.io/hashicorp/aws\"]",
      "instances": [
        {
          "schema_version": 1,
          "attributes": {
            "arn": "arn:aws:ec2:eu-north-1:610964304971:security-group/sg-078243dc7754bacd2",
            "description": "Security group for Jenkins controller",
            "egress": [
              {
                "cidr_blocks": [
                  "0.0.0.0/0"
                ],
                "description": "All outbound traffic",
                "from_port": 0,
                "ipv6_cidr_blocks": [],
                "prefix_list_ids": [],
                "protocol": "-1",
                "security_groups": [],
                "self": false,
                "to_port": 0
              }
            ],
            "id": "sg-078243dc7754bacd2",
            "ingress": [
              {
                "cidr_blocks": [
                  "0.0.0.0/0"
                ],
                "description": "Jenkins Web UI - External NLB Access",
                "from_port": 8080,
                "ipv6_cidr_blocks": [],
                "prefix_list_ids": [],
                "protocol": "tcp",
                "security_groups": [],
                "self": false,
                "to_port": 8080
              },
              {
                "cidr_blocks": [
                  "10.0.0.0/16"
                ],
                "description": "Jenkins Agent Communication",
                "from_port": 50000,
                "ipv6_cidr_blocks": [],
                "prefix_list_ids": [],
                "protocol": "tcp",
                "security_groups": [],
                "self": false,
                "to_port": 50000
              },
              {
                "cidr_blocks": [
                  "10.0.0.0/16"
                ],
                "description": "Jenkins Web UI - Internal",
                "from_port": 8080,
                "ipv6_cidr_blocks": [],
                "prefix_list_ids": [],
                "protocol": "tcp",
                "security_groups": [],
                "self": false,
                "to_port": 8080
              }
            ],
            "name": "devops-jenkins-sg",
            "name_prefix": "",
            "owner_id": "610964304971",
            "revoke_rules_on_delete": true,
            "tags": {
              "Environment": "production",
              "Name": "Jenkins Security Group",
              "Service": "Jenkins"
            },
            "tags_all": {
              "Environment": "production",
              "ManagedBy": "Terraform",
              "Name": "Jenkins Security Group",
              "Owner": "Liav",
              "Project": "Devops-Quiz",
              "Service": "Jenkins"
            },
            "timeouts": null,
            "vpc_id": "vpc-08d3d5be591726bdb"
          },
          "sensitive_attributes": [],
          "identity_schema_version": 0,
          "private": "eyJlMmJmYjczMC1lY2FhLTExZTYtOGY4OC0zNDM2M2JjN2M0YzAiOnsiY3JlYXRlIjo2MDAwMDAwMDAwMDAsImRlbGV0ZSI6OTAwMDAwMDAwMDAwfSwic2NoZW1hX3ZlcnNpb24iOiIxIn0=",
          "dependencies": [
            "module.vpc.module.vpc_core.aws_vpc.main"
          ]
        }
      ]
    },
    {
      "module": "module.security_groups",
      "mode": "managed",
      "type": "aws_security_group",
      "name": "kubernetes",
      "provider": "provider[\"registry.terraform.io/hashicorp/aws\"]",
      "instances": [
        {
          "schema_version": 1,
          "attributes": {
            "arn": "arn:aws:ec2:eu-north-1:610964304971:security-group/sg-0e171b1cfe37858ac",
            "description": "Security group for Kubernetes cluster nodes",
            "egress": [
              {
                "cidr_blocks": [
                  "0.0.0.0/0"
                ],
                "description": "All outbound traffic",
                "from_port": 0,
                "ipv6_cidr_blocks": [],
                "prefix_list_ids": [],
                "protocol": "-1",
                "security_groups": [],
                "self": false,
                "to_port": 0
              }
            ],
            "id": "sg-0e171b1cfe37858ac",
            "ingress": [
              {
                "cidr_blocks": [
                  "10.0.0.0/16"
                ],
                "description": "Kubernetes API Server",
                "from_port": 6443,
                "ipv6_cidr_blocks": [],
                "prefix_list_ids": [],
                "protocol": "tcp",
                "security_groups": [],
                "self": false,
                "to_port": 6443
              },
              {
                "cidr_blocks": [
                  "10.0.0.0/16"
                ],
                "description": "NodePort Services",
                "from_port": 30000,
                "ipv6_cidr_blocks": [],
                "prefix_list_ids": [],
                "protocol": "tcp",
                "security_groups": [],
                "self": false,
                "to_port": 32767
              },
              {
                "cidr_blocks": [
                  "10.0.0.0/16"
                ],
                "description": "SSH from bastion",
                "from_port": 22,
                "ipv6_cidr_blocks": [],
                "prefix_list_ids": [],
                "protocol": "tcp",
                "security_groups": [],
                "self": false,
                "to_port": 22
              },
              {
                "cidr_blocks": [
                  "10.0.0.0/16"
                ],
                "description": "etcd client communication",
                "from_port": 2379,
                "ipv6_cidr_blocks": [],
                "prefix_list_ids": [],
                "protocol": "tcp",
                "security_groups": [],
                "self": false,
                "to_port": 2380
              },
              {
                "cidr_blocks": [
                  "10.0.0.0/16"
                ],
                "description": "kube-controller-manager",
                "from_port": 10257,
                "ipv6_cidr_blocks": [],
                "prefix_list_ids": [],
                "protocol": "tcp",
                "security_groups": [],
                "self": false,
                "to_port": 10257
              },
              {
                "cidr_blocks": [
                  "10.0.0.0/16"
                ],
                "description": "kube-scheduler",
                "from_port": 10259,
                "ipv6_cidr_blocks": [],
                "prefix_list_ids": [],
                "protocol": "tcp",
                "security_groups": [],
                "self": false,
                "to_port": 10259
              },
              {
                "cidr_blocks": [
                  "10.0.0.0/16"
                ],
                "description": "kubelet API",
                "from_port": 10250,
                "ipv6_cidr_blocks": [],
                "prefix_list_ids": [],
                "protocol": "tcp",
                "security_groups": [],
                "self": false,
                "to_port": 10250
              }
            ],
            "name": "devops-kubernetes-sg",
            "name_prefix": "",
            "owner_id": "610964304971",
            "revoke_rules_on_delete": true,
            "tags": {
              "Environment": "production",
              "Name": "Kubernetes Security Group",
              "Service": "Kubernetes",
              "Type": "Cluster"
            },
            "tags_all": {
              "Environment": "production",
              "ManagedBy": "Terraform",
              "Name": "Kubernetes Security Group",
              "Owner": "Liav",
              "Project": "Devops-Quiz",
              "Service": "Kubernetes",
              "Type": "Cluster"
            },
            "timeouts": null,
            "vpc_id": "vpc-08d3d5be591726bdb"
          },
          "sensitive_attributes": [],
          "identity_schema_version": 0,
          "private": "eyJlMmJmYjczMC1lY2FhLTExZTYtOGY4OC0zNDM2M2JjN2M0YzAiOnsiY3JlYXRlIjo2MDAwMDAwMDAwMDAsImRlbGV0ZSI6OTAwMDAwMDAwMDAwfSwic2NoZW1hX3ZlcnNpb24iOiIxIn0=",
          "dependencies": [
            "module.vpc.module.vpc_core.aws_vpc.main"
          ]
        }
      ]
    },
    {
      "module": "module.security_groups",
      "mode": "managed",
      "type": "aws_security_group_rule",
      "name": "kubernetes_inter_cluster",
      "provider": "provider[\"registry.terraform.io/hashicorp/aws\"]",
      "instances": [
        {
          "schema_version": 2,
          "attributes": {
            "cidr_blocks": null,
            "description": "Inter-cluster communication - All Traffic",
            "from_port": 0,
            "id": "sgrule-357466771",
            "ipv6_cidr_blocks": null,
            "prefix_list_ids": null,
            "protocol": "-1",
            "security_group_id": "sg-0e171b1cfe37858ac",
            "security_group_rule_id": "sgr-066c1e1362e69bdce",
            "self": false,
            "source_security_group_id": "sg-0e171b1cfe37858ac",
            "timeouts": null,
            "to_port": 0,
            "type": "ingress"
          },
          "sensitive_attributes": [],
          "identity_schema_version": 0,
          "private": "eyJlMmJmYjczMC1lY2FhLTExZTYtOGY4OC0zNDM2M2JjN2M0YzAiOnsiY3JlYXRlIjozMDAwMDAwMDAwMDB9LCJzY2hlbWFfdmVyc2lvbiI6IjIifQ==",
          "dependencies": [
            "module.security_groups.aws_security_group.kubernetes",
            "module.vpc.module.vpc_core.aws_vpc.main"
          ]
        }
      ]
    },
    {
      "module": "module.vpc.module.internet_gateway",
      "mode": "managed",
      "type": "aws_internet_gateway",
      "name": "igw",
      "provider": "provider[\"registry.terraform.io/hashicorp/aws\"]",
      "instances": [
        {
          "schema_version": 0,
          "attributes": {
            "arn": "arn:aws:ec2:eu-north-1:610964304971:internet-gateway/igw-091bf27c726e28982",
            "id": "igw-091bf27c726e28982",
            "owner_id": "610964304971",
            "tags": {
              "Environment": "production",
              "Name": "devops-quiz-igw-production",
              "Project": "devops-quiz"
            },
            "tags_all": {
              "Environment": "production",
              "ManagedBy": "Terraform",
              "Name": "devops-quiz-igw-production",
              "Owner": "Liav",
              "Project": "devops-quiz"
            },
            "timeouts": null,
            "vpc_id": "vpc-08d3d5be591726bdb"
          },
          "sensitive_attributes": [],
          "identity_schema_version": 0,
          "private": "eyJlMmJmYjczMC1lY2FhLTExZTYtOGY4OC0zNDM2M2JjN2M0YzAiOnsiY3JlYXRlIjoxMjAwMDAwMDAwMDAwLCJkZWxldGUiOjEyMDAwMDAwMDAwMDAsInVwZGF0ZSI6MTIwMDAwMDAwMDAwMH19",
          "dependencies": [
            "module.vpc.module.vpc_core.aws_vpc.main"
          ]
        }
      ]
    },
    {
      "module": "module.vpc.module.nat_instance",
      "mode": "managed",
      "type": "aws_eip",
      "name": "nat",
      "provider": "provider[\"registry.terraform.io/hashicorp/aws\"]",
      "instances": [
        {
          "schema_version": 0,
          "attributes": {
            "address": null,
            "allocation_id": "eipalloc-0c409a74927dde802",
            "arn": "arn:aws:ec2:eu-north-1:610964304971:elastic-ip/eipalloc-0c409a74927dde802",
            "associate_with_private_ip": null,
            "association_id": "eipassoc-040a84589e241bd04",
            "carrier_ip": "",
            "customer_owned_ip": "",
            "customer_owned_ipv4_pool": "",
            "domain": "vpc",
            "id": "eipalloc-0c409a74927dde802",
            "instance": "i-07b47c5a5b731b820",
            "ipam_pool_id": null,
            "network_border_group": "eu-north-1",
            "network_interface": "eni-0777b806966a2d417",
            "private_dns": "ip-10-0-1-20.eu-north-1.compute.internal",
            "private_ip": "10.0.1.20",
            "ptr_record": "",
            "public_dns": "ec2-16-170-100-251.eu-north-1.compute.amazonaws.com",
            "public_ip": "16.170.100.251",
            "public_ipv4_pool": "amazon",
            "tags": {
              "Environment": "production",
              "Name": "NAT Instance EIP"
            },
            "tags_all": {
              "Environment": "production",
              "ManagedBy": "Terraform",
              "Name": "NAT Instance EIP",
              "Owner": "Liav",
              "Project": "Devops-Quiz"
            },
            "timeouts": null,
            "vpc": true
          },
          "sensitive_attributes": [],
          "identity_schema_version": 0,
          "private": "eyJlMmJmYjczMC1lY2FhLTExZTYtOGY4OC0zNDM2M2JjN2M0YzAiOnsiZGVsZXRlIjoxODAwMDAwMDAwMDAsInJlYWQiOjkwMDAwMDAwMDAwMCwidXBkYXRlIjozMDAwMDAwMDAwMDB9fQ==",
          "dependencies": [
            "module.vpc.module.nat_instance.aws_instance.nat",
            "module.vpc.module.nat_instance.aws_security_group.nat_instance",
            "module.vpc.module.subnets.aws_subnet.public",
            "module.vpc.module.vpc_core.aws_vpc.main"
          ]
        }
      ]
    },
    {
      "module": "module.vpc.module.nat_instance",
      "mode": "managed",
      "type": "aws_instance",
      "name": "nat",
      "provider": "provider[\"registry.terraform.io/hashicorp/aws\"]",
      "instances": [
        {
          "schema_version": 1,
          "attributes": {
            "ami": "ami-087612fa932c8f075",
            "arn": "arn:aws:ec2:eu-north-1:610964304971:instance/i-07b47c5a5b731b820",
            "associate_public_ip_address": true,
            "availability_zone": "eu-north-1a",
            "capacity_reservation_specification": [
              {
                "capacity_reservation_preference": "open",
                "capacity_reservation_target": []
              }
            ],
            "cpu_core_count": 1,
            "cpu_options": [
              {
                "amd_sev_snp": "",
                "core_count": 1,
                "threads_per_core": 2
              }
            ],
            "cpu_threads_per_core": 2,
            "credit_specification": [
              {
                "cpu_credits": "unlimited"
              }
            ],
            "disable_api_stop": false,
            "disable_api_termination": false,
            "ebs_block_device": [],
            "ebs_optimized": false,
            "enable_primary_ipv6": null,
            "enclave_options": [
              {
                "enabled": false
              }
            ],
            "ephemeral_block_device": [],
            "get_password_data": false,
            "hibernation": false,
            "host_id": "",
            "host_resource_group_arn": null,
            "iam_instance_profile": "",
            "id": "i-07b47c5a5b731b820",
            "instance_initiated_shutdown_behavior": "stop",
            "instance_lifecycle": "",
            "instance_market_options": [],
            "instance_state": "running",
            "instance_type": "t3.micro",
            "ipv6_address_count": 0,
            "ipv6_addresses": [],
            "key_name": "",
            "launch_template": [],
            "maintenance_options": [
              {
                "auto_recovery": "default"
              }
            ],
            "metadata_options": [
              {
                "http_endpoint": "enabled",
                "http_protocol_ipv6": "disabled",
                "http_put_response_hop_limit": 2,
                "http_tokens": "required",
                "instance_metadata_tags": "disabled"
              }
            ],
            "monitoring": false,
            "network_interface": [],
            "outpost_arn": "",
            "password_data": "",
            "placement_group": "",
            "placement_partition_number": 0,
            "primary_network_interface_id": "eni-0777b806966a2d417",
            "private_dns": "ip-10-0-1-20.eu-north-1.compute.internal",
            "private_dns_name_options": [
              {
                "enable_resource_name_dns_a_record": false,
                "enable_resource_name_dns_aaaa_record": false,
                "hostname_type": "ip-name"
              }
            ],
            "private_ip": "10.0.1.20",
            "public_dns": "ec2-16-170-100-251.eu-north-1.compute.amazonaws.com",
            "public_ip": "16.170.100.251",
            "root_block_device": [
              {
                "delete_on_termination": true,
                "device_name": "/dev/xvda",
                "encrypted": true,
                "iops": 3000,
                "kms_key_id": "arn:aws:kms:eu-north-1:610964304971:key/18d95a5d-82e4-425d-a8ed-b34964566fc5",
                "tags": {},
                "tags_all": {
                  "Environment": "Production",
                  "ManagedBy": "Terraform",
                  "Owner": "Liav",
                  "Project": "Devops-Quiz"
                },
                "throughput": 125,
                "volume_id": "vol-00010912fa6567511",
                "volume_size": 8,
                "volume_type": "gp3"
              }
            ],
            "secondary_private_ips": [],
            "security_groups": [],
            "source_dest_check": false,
            "spot_instance_request_id": "",
            "subnet_id": "subnet-06f00d26a06aeda30",
            "tags": {
              "Environment": "production",
              "Name": "NAT Instance",
              "Purpose": "Cost-optimized NAT Gateway replacement",
              "Service": "NAT",
              "Subnet": "Public",
              "Type": "Network Infrastructure"
            },
            "tags_all": {
              "Environment": "production",
              "ManagedBy": "Terraform",
              "Name": "NAT Instance",
              "Owner": "Liav",
              "Project": "Devops-Quiz",
              "Purpose": "Cost-optimized NAT Gateway replacement",
              "Service": "NAT",
              "Subnet": "Public",
              "Type": "Network Infrastructure"
            },
            "tenancy": "default",
            "timeouts": null,
            "user_data": null,
            "user_data_base64": null,
            "user_data_replace_on_change": false,
            "volume_tags": null,
            "vpc_security_group_ids": [
              "sg-06d0df4ea3b314183"
            ]
          },
          "sensitive_attributes": [],
          "identity_schema_version": 0,
          "private": "eyJlMmJmYjczMC1lY2FhLTExZTYtOGY4OC0zNDM2M2JjN2M0YzAiOnsiY3JlYXRlIjo2MDAwMDAwMDAwMDAsImRlbGV0ZSI6MTIwMDAwMDAwMDAwMCwicmVhZCI6OTAwMDAwMDAwMDAwLCJ1cGRhdGUiOjYwMDAwMDAwMDAwMH0sInNjaGVtYV92ZXJzaW9uIjoiMSJ9",
          "dependencies": [
            "module.vpc.module.nat_instance.aws_security_group.nat_instance",
            "module.vpc.module.subnets.aws_subnet.public",
            "module.vpc.module.vpc_core.aws_vpc.main"
          ]
        }
      ]
    },
    {
      "module": "module.vpc.module.nat_instance",
      "mode": "managed",
      "type": "aws_security_group",
      "name": "nat_instance",
      "provider": "provider[\"registry.terraform.io/hashicorp/aws\"]",
      "instances": [
        {
          "schema_version": 1,
          "attributes": {
            "arn": "arn:aws:ec2:eu-north-1:610964304971:security-group/sg-06d0df4ea3b314183",
            "description": "Managed by Terraform",
            "egress": [
              {
                "cidr_blocks": [
                  "0.0.0.0/0"
                ],
                "description": "",
                "from_port": 0,
                "ipv6_cidr_blocks": [],
                "prefix_list_ids": [],
                "protocol": "-1",
                "security_groups": [],
                "self": false,
                "to_port": 0
              }
            ],
            "id": "sg-06d0df4ea3b314183",
            "ingress": [
              {
                "cidr_blocks": [
                  "10.0.3.0/24",
                  "10.0.4.0/24"
                ],
                "description": "All TCP from private subnets",
                "from_port": 1024,
                "ipv6_cidr_blocks": [],
                "prefix_list_ids": [],
                "protocol": "tcp",
                "security_groups": [],
                "self": false,
                "to_port": 65535
              },
              {
                "cidr_blocks": [
                  "10.0.3.0/24",
                  "10.0.4.0/24"
                ],
                "description": "HTTP from private subnets",
                "from_port": 80,
                "ipv6_cidr_blocks": [],
                "prefix_list_ids": [],
                "protocol": "tcp",
                "security_groups": [],
                "self": false,
                "to_port": 80
              },
              {
                "cidr_blocks": [
                  "10.0.3.0/24",
                  "10.0.4.0/24"
                ],
                "description": "HTTPS from private subnets",
                "from_port": 443,
                "ipv6_cidr_blocks": [],
                "prefix_list_ids": [],
                "protocol": "tcp",
                "security_groups": [],
                "self": false,
                "to_port": 443
              }
            ],
            "name": "devops-quiz-nat-instance-production-20251111114638459900000009",
            "name_prefix": "devops-quiz-nat-instance-production-",
            "owner_id": "610964304971",
            "revoke_rules_on_delete": false,
            "tags": {
              "Environment": "production",
              "Name": "devops-quiz-nat-security-group-production",
              "Project": "devops-quiz",
              "Type": "NAT"
            },
            "tags_all": {
              "Environment": "production",
              "ManagedBy": "Terraform",
              "Name": "devops-quiz-nat-security-group-production",
              "Owner": "Liav",
              "Project": "devops-quiz",
              "Type": "NAT"
            },
            "timeouts": null,
            "vpc_id": "vpc-08d3d5be591726bdb"
          },
          "sensitive_attributes": [],
          "identity_schema_version": 0,
          "private": "eyJlMmJmYjczMC1lY2FhLTExZTYtOGY4OC0zNDM2M2JjN2M0YzAiOnsiY3JlYXRlIjo2MDAwMDAwMDAwMDAsImRlbGV0ZSI6OTAwMDAwMDAwMDAwfSwic2NoZW1hX3ZlcnNpb24iOiIxIn0=",
          "dependencies": [
            "module.vpc.module.vpc_core.aws_vpc.main"
          ]
        }
      ]
    },
    {
      "module": "module.vpc.module.route_tables",
      "mode": "managed",
      "type": "aws_route",
      "name": "private_nat",
      "provider": "provider[\"registry.terraform.io/hashicorp/aws\"]",
      "instances": [
        {
          "schema_version": 0,
          "attributes": {
            "carrier_gateway_id": "",
            "core_network_arn": "",
            "destination_cidr_block": "0.0.0.0/0",
            "destination_ipv6_cidr_block": "",
            "destination_prefix_list_id": "",
            "egress_only_gateway_id": "",
            "gateway_id": "",
            "id": "r-rtb-0c0f6b12963709d9f1080289494",
            "instance_id": "i-07b47c5a5b731b820",
            "instance_owner_id": "610964304971",
            "local_gateway_id": "",
            "nat_gateway_id": "",
            "network_interface_id": "eni-0777b806966a2d417",
            "origin": "CreateRoute",
            "route_table_id": "rtb-0c0f6b12963709d9f",
            "state": "active",
            "timeouts": null,
            "transit_gateway_id": "",
            "vpc_endpoint_id": "",
            "vpc_peering_connection_id": ""
          },
          "sensitive_attributes": [],
          "identity_schema_version": 0,
          "private": "eyJlMmJmYjczMC1lY2FhLTExZTYtOGY4OC0zNDM2M2JjN2M0YzAiOnsiY3JlYXRlIjozMDAwMDAwMDAwMDAsImRlbGV0ZSI6MzAwMDAwMDAwMDAwLCJ1cGRhdGUiOjEyMDAwMDAwMDAwMH19",
          "dependencies": [
            "module.vpc.module.nat_instance.aws_instance.nat",
            "module.vpc.module.nat_instance.aws_security_group.nat_instance",
            "module.vpc.module.route_tables.aws_route_table.private",
            "module.vpc.module.subnets.aws_subnet.public",
            "module.vpc.module.vpc_core.aws_vpc.main"
          ]
        }
      ]
    },
    {
      "module": "module.vpc.module.route_tables",
      "mode": "managed",
      "type": "aws_route_table",
      "name": "private",
      "provider": "provider[\"registry.terraform.io/hashicorp/aws\"]",
      "instances": [
        {
          "schema_version": 0,
          "attributes": {
            "arn": "arn:aws:ec2:eu-north-1:610964304971:route-table/rtb-0c0f6b12963709d9f",
            "id": "rtb-0c0f6b12963709d9f",
            "owner_id": "610964304971",
            "propagating_vgws": [],
            "route": [
              {
                "carrier_gateway_id": "",
                "cidr_block": "0.0.0.0/0",
                "core_network_arn": "",
                "destination_prefix_list_id": "",
                "egress_only_gateway_id": "",
                "gateway_id": "",
                "ipv6_cidr_block": "",
                "local_gateway_id": "",
                "nat_gateway_id": "",
                "network_interface_id": "eni-0777b806966a2d417",
                "transit_gateway_id": "",
                "vpc_endpoint_id": "",
                "vpc_peering_connection_id": ""
              }
            ],
            "tags": {
              "Environment": "production",
              "Name": "devops-quiz-private-rt-production",
              "Project": "devops-quiz",
              "Type": "Private"
            },
            "tags_all": {
              "Environment": "production",
              "ManagedBy": "Terraform",
              "Name": "devops-quiz-private-rt-production",
              "Owner": "Liav",
              "Project": "devops-quiz",
              "Type": "Private"
            },
            "timeouts": null,
            "vpc_id": "vpc-08d3d5be591726bdb"
          },
          "sensitive_attributes": [],
          "identity_schema_version": 0,
          "private": "eyJlMmJmYjczMC1lY2FhLTExZTYtOGY4OC0zNDM2M2JjN2M0YzAiOnsiY3JlYXRlIjozMDAwMDAwMDAwMDAsImRlbGV0ZSI6MzAwMDAwMDAwMDAwLCJ1cGRhdGUiOjEyMDAwMDAwMDAwMH19",
          "dependencies": [
            "module.vpc.module.vpc_core.aws_vpc.main"
          ]
        }
      ]
    },
    {
      "module": "module.vpc.module.route_tables",
      "mode": "managed",
      "type": "aws_route_table",
      "name": "public",
      "provider": "provider[\"registry.terraform.io/hashicorp/aws\"]",
      "instances": [
        {
          "schema_version": 0,
          "attributes": {
            "arn": "arn:aws:ec2:eu-north-1:610964304971:route-table/rtb-06bb7709598c7e450",
            "id": "rtb-06bb7709598c7e450",
            "owner_id": "610964304971",
            "propagating_vgws": [],
            "route": [
              {
                "carrier_gateway_id": "",
                "cidr_block": "0.0.0.0/0",
                "core_network_arn": "",
                "destination_prefix_list_id": "",
                "egress_only_gateway_id": "",
                "gateway_id": "igw-091bf27c726e28982",
                "ipv6_cidr_block": "",
                "local_gateway_id": "",
                "nat_gateway_id": "",
                "network_interface_id": "",
                "transit_gateway_id": "",
                "vpc_endpoint_id": "",
                "vpc_peering_connection_id": ""
              }
            ],
            "tags": {
              "Environment": "production",
              "Name": "devops-quiz-public-rt-production",
              "Project": "devops-quiz",
              "Type": "Public"
            },
            "tags_all": {
              "Environment": "production",
              "ManagedBy": "Terraform",
              "Name": "devops-quiz-public-rt-production",
              "Owner": "Liav",
              "Project": "devops-quiz",
              "Type": "Public"
            },
            "timeouts": null,
            "vpc_id": "vpc-08d3d5be591726bdb"
          },
          "sensitive_attributes": [],
          "identity_schema_version": 0,
          "private": "eyJlMmJmYjczMC1lY2FhLTExZTYtOGY4OC0zNDM2M2JjN2M0YzAiOnsiY3JlYXRlIjozMDAwMDAwMDAwMDAsImRlbGV0ZSI6MzAwMDAwMDAwMDAwLCJ1cGRhdGUiOjEyMDAwMDAwMDAwMH19",
          "dependencies": [
            "module.vpc.module.internet_gateway.aws_internet_gateway.igw",
            "module.vpc.module.vpc_core.aws_vpc.main"
          ]
        }
      ]
    },
    {
      "module": "module.vpc.module.route_tables",
      "mode": "managed",
      "type": "aws_route_table_association",
      "name": "private",
      "provider": "provider[\"registry.terraform.io/hashicorp/aws\"]",
      "instances": [
        {
          "index_key": 0,
          "schema_version": 0,
          "attributes": {
            "gateway_id": "",
            "id": "rtbassoc-0b76d005f14d5f5d4",
            "route_table_id": "rtb-0c0f6b12963709d9f",
            "subnet_id": "subnet-09a4843c98a8dcb8e",
            "timeouts": null
          },
          "sensitive_attributes": [],
          "identity_schema_version": 0,
          "private": "eyJlMmJmYjczMC1lY2FhLTExZTYtOGY4OC0zNDM2M2JjN2M0YzAiOnsiY3JlYXRlIjozMDAwMDAwMDAwMDAsImRlbGV0ZSI6MzAwMDAwMDAwMDAwLCJ1cGRhdGUiOjEyMDAwMDAwMDAwMH19",
          "dependencies": [
            "module.vpc.module.route_tables.aws_route_table.private",
            "module.vpc.module.subnets.aws_subnet.private",
            "module.vpc.module.vpc_core.aws_vpc.main"
          ]
        },
        {
          "index_key": 1,
          "schema_version": 0,
          "attributes": {
            "gateway_id": "",
            "id": "rtbassoc-0a09bef89cba10dae",
            "route_table_id": "rtb-0c0f6b12963709d9f",
            "subnet_id": "subnet-08eaeacff5eb95b1f",
            "timeouts": null
          },
          "sensitive_attributes": [],
          "identity_schema_version": 0,
          "private": "eyJlMmJmYjczMC1lY2FhLTExZTYtOGY4OC0zNDM2M2JjN2M0YzAiOnsiY3JlYXRlIjozMDAwMDAwMDAwMDAsImRlbGV0ZSI6MzAwMDAwMDAwMDAwLCJ1cGRhdGUiOjEyMDAwMDAwMDAwMH19",
          "dependencies": [
            "module.vpc.module.route_tables.aws_route_table.private",
            "module.vpc.module.subnets.aws_subnet.private",
            "module.vpc.module.vpc_core.aws_vpc.main"
          ]
        }
      ]
    },
    {
      "module": "module.vpc.module.route_tables",
      "mode": "managed",
      "type": "aws_route_table_association",
      "name": "public",
      "provider": "provider[\"registry.terraform.io/hashicorp/aws\"]",
      "instances": [
        {
          "index_key": 0,
          "schema_version": 0,
          "attributes": {
            "gateway_id": "",
            "id": "rtbassoc-04d7b4620dc6533d5",
            "route_table_id": "rtb-06bb7709598c7e450",
            "subnet_id": "subnet-06f00d26a06aeda30",
            "timeouts": null
          },
          "sensitive_attributes": [],
          "identity_schema_version": 0,
          "private": "eyJlMmJmYjczMC1lY2FhLTExZTYtOGY4OC0zNDM2M2JjN2M0YzAiOnsiY3JlYXRlIjozMDAwMDAwMDAwMDAsImRlbGV0ZSI6MzAwMDAwMDAwMDAwLCJ1cGRhdGUiOjEyMDAwMDAwMDAwMH19",
          "dependencies": [
            "module.vpc.module.internet_gateway.aws_internet_gateway.igw",
            "module.vpc.module.route_tables.aws_route_table.public",
            "module.vpc.module.subnets.aws_subnet.public",
            "module.vpc.module.vpc_core.aws_vpc.main"
          ]
        },
        {
          "index_key": 1,
          "schema_version": 0,
          "attributes": {
            "gateway_id": "",
            "id": "rtbassoc-0ae8fff878b136140",
            "route_table_id": "rtb-06bb7709598c7e450",
            "subnet_id": "subnet-04286572934b29f17",
            "timeouts": null
          },
          "sensitive_attributes": [],
          "identity_schema_version": 0,
          "private": "eyJlMmJmYjczMC1lY2FhLTExZTYtOGY4OC0zNDM2M2JjN2M0YzAiOnsiY3JlYXRlIjozMDAwMDAwMDAwMDAsImRlbGV0ZSI6MzAwMDAwMDAwMDAwLCJ1cGRhdGUiOjEyMDAwMDAwMDAwMH19",
          "dependencies": [
            "module.vpc.module.internet_gateway.aws_internet_gateway.igw",
            "module.vpc.module.route_tables.aws_route_table.public",
            "module.vpc.module.subnets.aws_subnet.public",
            "module.vpc.module.vpc_core.aws_vpc.main"
          ]
        }
      ]
    },
    {
      "module": "module.vpc.module.subnets",
      "mode": "managed",
      "type": "aws_subnet",
      "name": "private",
      "provider": "provider[\"registry.terraform.io/hashicorp/aws\"]",
      "instances": [
        {
          "index_key": 0,
          "schema_version": 1,
          "attributes": {
            "arn": "arn:aws:ec2:eu-north-1:610964304971:subnet/subnet-09a4843c98a8dcb8e",
            "assign_ipv6_address_on_creation": false,
            "availability_zone": "eu-north-1a",
            "availability_zone_id": "eun1-az1",
            "cidr_block": "10.0.3.0/24",
            "customer_owned_ipv4_pool": "",
            "enable_dns64": false,
            "enable_lni_at_device_index": 0,
            "enable_resource_name_dns_a_record_on_launch": false,
            "enable_resource_name_dns_aaaa_record_on_launch": false,
            "id": "subnet-09a4843c98a8dcb8e",
            "ipv6_cidr_block": "",
            "ipv6_cidr_block_association_id": "",
            "ipv6_native": false,
            "map_customer_owned_ip_on_launch": false,
            "map_public_ip_on_launch": false,
            "outpost_arn": "",
            "owner_id": "610964304971",
            "private_dns_hostname_type_on_launch": "ip-name",
            "tags": {
              "AZ": "eu-north-1a",
              "Environment": "production",
              "Name": "devops-quiz-private-subnet-1-production",
              "Project": "devops-quiz",
              "Type": "Private",
              "kubernetes.io/cluster/devops-quiz-eks": "shared",
              "kubernetes.io/role/internal-elb": "1"
            },
            "tags_all": {
              "AZ": "eu-north-1a",
              "Environment": "production",
              "ManagedBy": "Terraform",
              "Name": "devops-quiz-private-subnet-1-production",
              "Owner": "Liav",
              "Project": "devops-quiz",
              "Type": "Private",
              "kubernetes.io/cluster/devops-quiz-eks": "shared",
              "kubernetes.io/role/internal-elb": "1"
            },
            "timeouts": null,
            "vpc_id": "vpc-08d3d5be591726bdb"
          },
          "sensitive_attributes": [],
          "identity_schema_version": 0,
          "private": "eyJlMmJmYjczMC1lY2FhLTExZTYtOGY4OC0zNDM2M2JjN2M0YzAiOnsiY3JlYXRlIjo2MDAwMDAwMDAwMDAsImRlbGV0ZSI6MTIwMDAwMDAwMDAwMH0sInNjaGVtYV92ZXJzaW9uIjoiMSJ9",
          "dependencies": [
            "module.vpc.module.vpc_core.aws_vpc.main"
          ],
          "create_before_destroy": true
        },
        {
          "index_key": 1,
          "schema_version": 1,
          "attributes": {
            "arn": "arn:aws:ec2:eu-north-1:610964304971:subnet/subnet-08eaeacff5eb95b1f",
            "assign_ipv6_address_on_creation": false,
            "availability_zone": "eu-north-1b",
            "availability_zone_id": "eun1-az2",
            "cidr_block": "10.0.4.0/24",
            "customer_owned_ipv4_pool": "",
            "enable_dns64": false,
            "enable_lni_at_device_index": 0,
            "enable_resource_name_dns_a_record_on_launch": false,
            "enable_resource_name_dns_aaaa_record_on_launch": false,
            "id": "subnet-08eaeacff5eb95b1f",
            "ipv6_cidr_block": "",
            "ipv6_cidr_block_association_id": "",
            "ipv6_native": false,
            "map_customer_owned_ip_on_launch": false,
            "map_public_ip_on_launch": false,
            "outpost_arn": "",
            "owner_id": "610964304971",
            "private_dns_hostname_type_on_launch": "ip-name",
            "tags": {
              "AZ": "eu-north-1b",
              "Environment": "production",
              "Name": "devops-quiz-private-subnet-2-production",
              "Project": "devops-quiz",
              "Type": "Private",
              "kubernetes.io/cluster/devops-quiz-eks": "shared",
              "kubernetes.io/role/internal-elb": "1"
            },
            "tags_all": {
              "AZ": "eu-north-1b",
              "Environment": "production",
              "ManagedBy": "Terraform",
              "Name": "devops-quiz-private-subnet-2-production",
              "Owner": "Liav",
              "Project": "devops-quiz",
              "Type": "Private",
              "kubernetes.io/cluster/devops-quiz-eks": "shared",
              "kubernetes.io/role/internal-elb": "1"
            },
            "timeouts": null,
            "vpc_id": "vpc-08d3d5be591726bdb"
          },
          "sensitive_attributes": [],
          "identity_schema_version": 0,
          "private": "eyJlMmJmYjczMC1lY2FhLTExZTYtOGY4OC0zNDM2M2JjN2M0YzAiOnsiY3JlYXRlIjo2MDAwMDAwMDAwMDAsImRlbGV0ZSI6MTIwMDAwMDAwMDAwMH0sInNjaGVtYV92ZXJzaW9uIjoiMSJ9",
          "dependencies": [
            "module.vpc.module.vpc_core.aws_vpc.main"
          ],
          "create_before_destroy": true
        }
      ]
    },
    {
      "module": "module.vpc.module.subnets",
      "mode": "managed",
      "type": "aws_subnet",
      "name": "public",
      "provider": "provider[\"registry.terraform.io/hashicorp/aws\"]",
      "instances": [
        {
          "index_key": 0,
          "schema_version": 1,
          "attributes": {
            "arn": "arn:aws:ec2:eu-north-1:610964304971:subnet/subnet-06f00d26a06aeda30",
            "assign_ipv6_address_on_creation": false,
            "availability_zone": "eu-north-1a",
            "availability_zone_id": "eun1-az1",
            "cidr_block": "10.0.1.0/24",
            "customer_owned_ipv4_pool": "",
            "enable_dns64": false,
            "enable_lni_at_device_index": 0,
            "enable_resource_name_dns_a_record_on_launch": false,
            "enable_resource_name_dns_aaaa_record_on_launch": false,
            "id": "subnet-06f00d26a06aeda30",
            "ipv6_cidr_block": "",
            "ipv6_cidr_block_association_id": "",
            "ipv6_native": false,
            "map_customer_owned_ip_on_launch": false,
            "map_public_ip_on_launch": true,
            "outpost_arn": "",
            "owner_id": "610964304971",
            "private_dns_hostname_type_on_launch": "ip-name",
            "tags": {
              "AZ": "eu-north-1a",
              "Environment": "production",
              "Name": "devops-quiz-public-subnet-1-production",
              "Project": "devops-quiz",
              "Type": "Public",
              "kubernetes.io/cluster/devops-quiz-eks": "shared",
              "kubernetes.io/role/elb": "1"
            },
            "tags_all": {
              "AZ": "eu-north-1a",
              "Environment": "production",
              "ManagedBy": "Terraform",
              "Name": "devops-quiz-public-subnet-1-production",
              "Owner": "Liav",
              "Project": "devops-quiz",
              "Type": "Public",
              "kubernetes.io/cluster/devops-quiz-eks": "shared",
              "kubernetes.io/role/elb": "1"
            },
            "timeouts": null,
            "vpc_id": "vpc-08d3d5be591726bdb"
          },
          "sensitive_attributes": [],
          "identity_schema_version": 0,
          "private": "eyJlMmJmYjczMC1lY2FhLTExZTYtOGY4OC0zNDM2M2JjN2M0YzAiOnsiY3JlYXRlIjo2MDAwMDAwMDAwMDAsImRlbGV0ZSI6MTIwMDAwMDAwMDAwMH0sInNjaGVtYV92ZXJzaW9uIjoiMSJ9",
          "dependencies": [
            "module.vpc.module.vpc_core.aws_vpc.main"
          ]
        },
        {
          "index_key": 1,
          "schema_version": 1,
          "attributes": {
            "arn": "arn:aws:ec2:eu-north-1:610964304971:subnet/subnet-04286572934b29f17",
            "assign_ipv6_address_on_creation": false,
            "availability_zone": "eu-north-1b",
            "availability_zone_id": "eun1-az2",
            "cidr_block": "10.0.2.0/24",
            "customer_owned_ipv4_pool": "",
            "enable_dns64": false,
            "enable_lni_at_device_index": 0,
            "enable_resource_name_dns_a_record_on_launch": false,
            "enable_resource_name_dns_aaaa_record_on_launch": false,
            "id": "subnet-04286572934b29f17",
            "ipv6_cidr_block": "",
            "ipv6_cidr_block_association_id": "",
            "ipv6_native": false,
            "map_customer_owned_ip_on_launch": false,
            "map_public_ip_on_launch": true,
            "outpost_arn": "",
            "owner_id": "610964304971",
            "private_dns_hostname_type_on_launch": "ip-name",
            "tags": {
              "AZ": "eu-north-1b",
              "Environment": "production",
              "Name": "devops-quiz-public-subnet-2-production",
              "Project": "devops-quiz",
              "Type": "Public",
              "kubernetes.io/cluster/devops-quiz-eks": "shared",
              "kubernetes.io/role/elb": "1"
            },
            "tags_all": {
              "AZ": "eu-north-1b",
              "Environment": "production",
              "ManagedBy": "Terraform",
              "Name": "devops-quiz-public-subnet-2-production",
              "Owner": "Liav",
              "Project": "devops-quiz",
              "Type": "Public",
              "kubernetes.io/cluster/devops-quiz-eks": "shared",
              "kubernetes.io/role/elb": "1"
            },
            "timeouts": null,
            "vpc_id": "vpc-08d3d5be591726bdb"
          },
          "sensitive_attributes": [],
          "identity_schema_version": 0,
          "private": "eyJlMmJmYjczMC1lY2FhLTExZTYtOGY4OC0zNDM2M2JjN2M0YzAiOnsiY3JlYXRlIjo2MDAwMDAwMDAwMDAsImRlbGV0ZSI6MTIwMDAwMDAwMDAwMH0sInNjaGVtYV92ZXJzaW9uIjoiMSJ9",
          "dependencies": [
            "module.vpc.module.vpc_core.aws_vpc.main"
          ]
        }
      ]
    },
    {
      "module": "module.vpc.module.vpc_core",
      "mode": "managed",
      "type": "aws_vpc",
      "name": "main",
      "provider": "provider[\"registry.terraform.io/hashicorp/aws\"]",
      "instances": [
        {
          "schema_version": 1,
          "attributes": {
            "arn": "arn:aws:ec2:eu-north-1:610964304971:vpc/vpc-08d3d5be591726bdb",
            "assign_generated_ipv6_cidr_block": false,
            "cidr_block": "10.0.0.0/16",
            "default_network_acl_id": "acl-0d18af6990283b767",
            "default_route_table_id": "rtb-09fc522e9b2242938",
            "default_security_group_id": "sg-05f899e66a585d4da",
            "dhcp_options_id": "dopt-04ac4a8882ba95604",
            "enable_dns_hostnames": true,
            "enable_dns_support": true,
            "enable_network_address_usage_metrics": false,
            "id": "vpc-08d3d5be591726bdb",
            "instance_tenancy": "default",
            "ipv4_ipam_pool_id": null,
            "ipv4_netmask_length": null,
            "ipv6_association_id": "",
            "ipv6_cidr_block": "",
            "ipv6_cidr_block_network_border_group": "",
            "ipv6_ipam_pool_id": "",
            "ipv6_netmask_length": 0,
            "main_route_table_id": "rtb-09fc522e9b2242938",
            "owner_id": "610964304971",
            "tags": {
              "Environment": "production",
              "Name": "devops-quiz-vpc",
              "Project": "devops-quiz"
            },
            "tags_all": {
              "Environment": "production",
              "ManagedBy": "Terraform",
              "Name": "devops-quiz-vpc",
              "Owner": "Liav",
              "Project": "devops-quiz"
            }
          },
          "sensitive_attributes": [],
          "identity_schema_version": 0,
          "private": "eyJzY2hlbWFfdmVyc2lvbiI6IjEifQ==",
          "create_before_destroy": true
        }
      ]
    }
  ],
  "check_results": [
    {
      "object_kind": "resource",
      "config_addr": "module.prod_cluster.module.eks_cluster.module.eks.module.eks_managed_node_group.module.user_data.null_resource.validate_cluster_service_cidr",
      "status": "pass",
      "objects": null
    },
    {
      "object_kind": "var",
      "config_addr": "module.prod_cluster.module.eks_cluster.module.eks.module.self_managed_node_group.var.platform",
      "status": "pass",
      "objects": null
    },
    {
      "object_kind": "resource",
      "config_addr": "module.prod_cluster.module.eks_cluster.module.eks.module.self_managed_node_group.module.user_data.null_resource.validate_cluster_service_cidr",
      "status": "pass",
      "objects": null
    },
    {
      "object_kind": "resource",
      "config_addr": "module.prod_cluster.module.node_groups.module.eks_managed_node_groups.module.user_data.null_resource.validate_cluster_service_cidr",
      "status": "pass",
      "objects": [
        {
          "object_addr": "module.prod_cluster.module.node_groups.module.eks_managed_node_groups[\"general\"].module.user_data.null_resource.validate_cluster_service_cidr",
          "status": "pass"
        }
      ]
    }
  ]
}
